{
  "version": 4,
  "terraform_version": "1.1.9",
  "serial": 0,
  "lineage": "24f266f5-7137-d7e4-d68d-b8881d9a3ccc",
  "outputs": {},
  "resources": [
    {
      "mode": "managed",
      "type": "aws_autoscaling_group",
      "name": "eks_ai_sre_demo_nodes_56cf3349_5bb2_9022_4bef_e20e7db46f38",
      "provider": "provider[\"registry.terraform.io/hashicorp/aws\"]",
      "instances": [
        {
          "schema_version": 1,
          "attributes": {
            "arn": "arn:aws:autoscaling:us-west-2:180217099948:autoScalingGroup:15a57a9f-1989-44e2-b749-58c2ce0d411c:autoScalingGroupName/eks-ai-sre-demo-nodes-56cf3349-5bb2-9022-4bef-e20e7db46f38",
            "availability_zone_distribution": [
              {
                "capacity_distribution_strategy": "balanced-best-effort"
              }
            ],
            "availability_zones": [
              "us-west-2a",
              "us-west-2b"
            ],
            "capacity_rebalance": true,
            "context": "",
            "default_cooldown": 300,
            "default_instance_warmup": 0,
            "desired_capacity": 2,
            "desired_capacity_type": "",
            "enabled_metrics": [
              "GroupAndWarmPoolDesiredCapacity",
              "GroupAndWarmPoolTotalCapacity",
              "GroupDesiredCapacity",
              "GroupInServiceCapacity",
              "GroupInServiceInstances",
              "GroupMaxSize",
              "GroupMinSize",
              "GroupPendingCapacity",
              "GroupPendingInstances",
              "GroupStandbyCapacity",
              "GroupStandbyInstances",
              "GroupTerminatingCapacity",
              "GroupTerminatingInstances",
              "GroupTerminatingRetainedCapacity",
              "GroupTerminatingRetainedInstances",
              "GroupTotalCapacity",
              "GroupTotalInstances",
              "WarmPoolDesiredCapacity",
              "WarmPoolMinSize",
              "WarmPoolPendingCapacity",
              "WarmPoolPendingRetainedCapacity",
              "WarmPoolTerminatingCapacity",
              "WarmPoolTerminatingRetainedCapacity",
              "WarmPoolTotalCapacity",
              "WarmPoolWarmedCapacity"
            ],
            "force_delete": null,
            "force_delete_warm_pool": null,
            "health_check_grace_period": 15,
            "health_check_type": "EC2",
            "id": "eks-ai-sre-demo-nodes-56cf3349-5bb2-9022-4bef-e20e7db46f38",
            "ignore_failed_scaling_activities": null,
            "initial_lifecycle_hook": [],
            "instance_maintenance_policy": [],
            "instance_refresh": [],
            "launch_configuration": "",
            "launch_template": [],
            "load_balancers": [],
            "max_instance_lifetime": 0,
            "max_size": 3,
            "metrics_granularity": "1Minute",
            "min_elb_capacity": null,
            "min_size": 1,
            "mixed_instances_policy": [
              {
                "instances_distribution": [
                  {
                    "on_demand_allocation_strategy": "prioritized",
                    "on_demand_base_capacity": 0,
                    "on_demand_percentage_above_base_capacity": 100,
                    "spot_allocation_strategy": "lowest-price",
                    "spot_instance_pools": 2,
                    "spot_max_price": ""
                  }
                ],
                "launch_template": [
                  {
                    "launch_template_specification": [
                      {
                        "launch_template_id": "lt-09941c90104dafb26",
                        "launch_template_name": "eks-56cf3349-5bb2-9022-4bef-e20e7db46f38",
                        "version": "1"
                      }
                    ],
                    "override": [
                      {
                        "instance_requirements": [],
                        "instance_type": "t3.medium",
                        "launch_template_specification": [],
                        "weighted_capacity": ""
                      }
                    ]
                  }
                ]
              }
            ],
            "name": "eks-ai-sre-demo-nodes-56cf3349-5bb2-9022-4bef-e20e7db46f38",
            "name_prefix": "",
            "placement_group": "",
            "predicted_capacity": 0,
            "protect_from_scale_in": false,
            "service_linked_role_arn": "arn:aws:iam::180217099948:role/aws-service-role/autoscaling.amazonaws.com/AWSServiceRoleForAutoScaling",
            "suspended_processes": [],
            "tag": [
              {
                "key": "do-not-delete",
                "propagate_at_launch": true,
                "value": "true"
              },
              {
                "key": "donotdelete",
                "propagate_at_launch": true,
                "value": "true"
              },
              {
                "key": "eks:cluster-name",
                "propagate_at_launch": true,
                "value": "ai-sre-demo"
              },
              {
                "key": "eks:nodegroup-name",
                "propagate_at_launch": true,
                "value": "ai-sre-demo-nodes"
              },
              {
                "key": "k8s.io/cluster-autoscaler/ai-sre-demo",
                "propagate_at_launch": true,
                "value": "owned"
              },
              {
                "key": "k8s.io/cluster-autoscaler/enabled",
                "propagate_at_launch": true,
                "value": "true"
              },
              {
                "key": "kubernetes.io/cluster/ai-sre-demo",
                "propagate_at_launch": true,
                "value": "owned"
              },
              {
                "key": "project",
                "propagate_at_launch": true,
                "value": "ai-sre-demo"
              }
            ],
            "target_group_arns": [],
            "termination_policies": [
              "AllocationStrategy",
              "OldestLaunchTemplate",
              "OldestInstance"
            ],
            "timeouts": null,
            "traffic_source": [],
            "vpc_zone_identifier": [
              "subnet-0502e3b29ddbc5a61",
              "subnet-0bf98b66db21a26d1"
            ],
            "wait_for_capacity_timeout": null,
            "wait_for_elb_capacity": null,
            "warm_pool": [],
            "warm_pool_size": 0
          },
          "sensitive_attributes": [],
          "private": "eyJzY2hlbWFfdmVyc2lvbiI6MX0=",
          "dependencies": [
            "aws_subnet.ai_sre_demo_private_0",
            "aws_iam_policy.arn_aws_iam__180217099948_policy_api_suite_automation_policy",
            "aws_iam_instance_profile.eks_56cf3349_5bb2_9022_4bef_e20e7db46f38",
            "aws_vpc.aws_aidevops_default_vpc",
            "aws_subnet.ai_sre_demo_private_1",
            "aws_iam_role.awsserviceroleforautoscaling",
            "aws_launch_template.lt_09941c90104dafb26",
            "aws_eks_cluster.ai_sre_demo"
          ]
        }
      ]
    },
    {
      "mode": "managed",
      "type": "aws_cloudfront_distribution",
      "name": "e1v0q90q7e9yjo",
      "provider": "provider[\"registry.terraform.io/hashicorp/aws\"]",
      "instances": [
        {
          "schema_version": 1,
          "attributes": {
            "aliases": [
              "retroboard.demo.appcd.io",
              "retroboard.demo.stackgen.com"
            ],
            "arn": "arn:aws:cloudfront::180217099948:distribution/E1V0Q90Q7E9YJO",
            "caller_reference": "terraform-20250221184402314600000001",
            "comment": null,
            "continuous_deployment_policy_id": "",
            "custom_error_response": [],
            "default_cache_behavior": [
              {
                "allowed_methods": [
                  "GET",
                  "HEAD"
                ],
                "cache_policy_id": "658327ea-f89d-4fab-a63d-7e88639e58f6",
                "cached_methods": [
                  "GET",
                  "HEAD"
                ],
                "compress": true,
                "default_ttl": 0,
                "field_level_encryption_id": "",
                "forwarded_values": [],
                "function_association": [],
                "grpc_config": [
                  {
                    "enabled": false
                  }
                ],
                "lambda_function_association": [],
                "max_ttl": 0,
                "min_ttl": 0,
                "origin_request_policy_id": "",
                "realtime_log_config_arn": "",
                "response_headers_policy_id": "",
                "smooth_streaming": false,
                "target_origin_id": "retroboard.demo.appcd.io.s3-website-us-west-2.amazonaws.com",
                "trusted_key_groups": [],
                "trusted_signers": [],
                "viewer_protocol_policy": "redirect-to-https"
              }
            ],
            "default_root_object": "",
            "domain_name": "d3bwjxax1pld8s.cloudfront.net",
            "enabled": false,
            "etag": "E19QIP2W3LH7AE",
            "hosted_zone_id": "Z2FDTNDATAQYW2",
            "http_version": "http2",
            "id": "E1V0Q90Q7E9YJO",
            "in_progress_validation_batches": 0,
            "is_ipv6_enabled": true,
            "last_modified_time": "2025-05-25 00:12:04.057 +0000 UTC",
            "logging_config": [],
            "ordered_cache_behavior": [],
            "origin": [
              {
                "connection_attempts": 3,
                "connection_timeout": 10,
                "custom_header": [],
                "custom_origin_config": [
                  {
                    "http_port": 80,
                    "https_port": 443,
                    "origin_keepalive_timeout": 5,
                    "origin_protocol_policy": "http-only",
                    "origin_read_timeout": 30,
                    "origin_ssl_protocols": [
                      "SSLv3",
                      "TLSv1",
                      "TLSv1.1",
                      "TLSv1.2"
                    ]
                  }
                ],
                "domain_name": "retroboard.demo.appcd.io.s3-website-us-west-2.amazonaws.com",
                "origin_access_control_id": "",
                "origin_id": "retroboard.demo.appcd.io.s3-website-us-west-2.amazonaws.com",
                "origin_path": "",
                "origin_shield": [],
                "s3_origin_config": [],
                "vpc_origin_config": []
              }
            ],
            "origin_group": [],
            "price_class": "PriceClass_All",
            "restrictions": [
              {
                "geo_restriction": [
                  {
                    "locations": [],
                    "restriction_type": "none"
                  }
                ]
              }
            ],
            "retain_on_delete": false,
            "staging": false,
            "status": "Deployed",
            "tags": {
              "team": "platform"
            },
            "tags_all": {
              "team": "platform"
            },
            "trusted_key_groups": [
              {
                "enabled": false,
                "items": []
              }
            ],
            "trusted_signers": [
              {
                "enabled": false,
                "items": []
              }
            ],
            "viewer_certificate": [
              {
                "acm_certificate_arn": "arn:aws:acm:us-east-1:180217099948:certificate/f2c38549-5b88-4385-9d10-7b6c2d4e1109",
                "cloudfront_default_certificate": false,
                "iam_certificate_id": "",
                "minimum_protocol_version": "TLSv1.2_2021",
                "ssl_support_method": "sni-only"
              }
            ],
            "wait_for_deployment": true,
            "web_acl_id": ""
          },
          "sensitive_attributes": [],
          "private": "eyJzY2hlbWFfdmVyc2lvbiI6MX0=",
          "dependencies": [
            "aws_iam_policy.arn_aws_iam__180217099948_policy_api_suite_automation_policy",
            "aws_launch_template.lt_09941c90104dafb26",
            "aws_vpc.aws_aidevops_default_vpc",
            "aws_route53_record._hostedzone_z0666492yr9b6f8pg8u4_retroboard_demo_stackgen_com__a",
            "aws_s3_bucket.retroboard_demo_appcd_io"
          ]
        }
      ]
    },
    {
      "mode": "managed",
      "type": "aws_cloudwatch_log_group",
      "name": "_aws_lambda_hello_kitty_serve",
      "provider": "provider[\"registry.terraform.io/hashicorp/aws\"]",
      "instances": [
        {
          "schema_version": 0,
          "attributes": {
            "arn": "arn:aws:logs:us-west-2:180217099948:log-group:/aws/lambda/hello-kitty-serve",
            "id": "/aws/lambda/hello-kitty-serve",
            "kms_key_id": "",
            "log_group_class": "STANDARD",
            "name": "/aws/lambda/hello-kitty-serve",
            "name_prefix": "",
            "retention_in_days": 7,
            "skip_destroy": false,
            "tags": {
              "Application": "hello-kitty",
              "Environment": "demo",
              "Repository": "sample-apps-infra",
              "Terraform": "true"
            },
            "tags_all": {
              "Application": "hello-kitty",
              "Environment": "demo",
              "Repository": "sample-apps-infra",
              "Terraform": "true"
            }
          },
          "sensitive_attributes": [],
          "private": "eyJzY2hlbWFfdmVyc2lvbiI6MH0=",
          "dependencies": [
            "aws_vpc.aws_aidevops_default_vpc",
            "aws_lambda_function.retroboard_slack_alerts"
          ]
        }
      ]
    },
    {
      "mode": "managed",
      "type": "aws_cloudwatch_log_group",
      "name": "_aws_lambda_retroboard_api",
      "provider": "provider[\"registry.terraform.io/hashicorp/aws\"]",
      "instances": [
        {
          "schema_version": 0,
          "attributes": {
            "arn": "arn:aws:logs:us-west-2:180217099948:log-group:/aws/lambda/retroboard-api",
            "id": "/aws/lambda/retroboard-api",
            "kms_key_id": "",
            "log_group_class": "STANDARD",
            "name": "/aws/lambda/retroboard-api",
            "name_prefix": "",
            "retention_in_days": 7,
            "skip_destroy": false,
            "tags": {
              "Application": "retroboard",
              "Environment": "sandbox",
              "Repository": "infra",
              "Terraform": "true"
            },
            "tags_all": {
              "Application": "retroboard",
              "Environment": "sandbox",
              "Repository": "infra",
              "Terraform": "true"
            }
          },
          "sensitive_attributes": [],
          "private": "eyJzY2hlbWFfdmVyc2lvbiI6MH0=",
          "dependencies": [
            "aws_vpc.aws_aidevops_default_vpc",
            "aws_lambda_function.retroboard_slack_alerts"
          ]
        }
      ]
    },
    {
      "mode": "managed",
      "type": "aws_cloudwatch_log_group",
      "name": "_aws_lambda_retroboard_send_email",
      "provider": "provider[\"registry.terraform.io/hashicorp/aws\"]",
      "instances": [
        {
          "schema_version": 0,
          "attributes": {
            "arn": "arn:aws:logs:us-west-2:180217099948:log-group:/aws/lambda/retroboard-send-email",
            "id": "/aws/lambda/retroboard-send-email",
            "kms_key_id": "",
            "log_group_class": "STANDARD",
            "name": "/aws/lambda/retroboard-send-email",
            "name_prefix": "",
            "retention_in_days": 7,
            "skip_destroy": false,
            "tags": {
              "Application": "retroboard",
              "Environment": "sandbox",
              "Repository": "infra",
              "Terraform": "true"
            },
            "tags_all": {
              "Application": "retroboard",
              "Environment": "sandbox",
              "Repository": "infra",
              "Terraform": "true"
            }
          },
          "sensitive_attributes": [],
          "private": "eyJzY2hlbWFfdmVyc2lvbiI6MH0=",
          "dependencies": [
            "aws_vpc.aws_aidevops_default_vpc",
            "aws_lambda_function.retroboard_slack_alerts"
          ]
        }
      ]
    },
    {
      "mode": "managed",
      "type": "aws_cloudwatch_log_group",
      "name": "_aws_lambda_retroboard_slack_alerts",
      "provider": "provider[\"registry.terraform.io/hashicorp/aws\"]",
      "instances": [
        {
          "schema_version": 0,
          "attributes": {
            "arn": "arn:aws:logs:us-west-2:180217099948:log-group:/aws/lambda/retroboard-slack-alerts",
            "id": "/aws/lambda/retroboard-slack-alerts",
            "kms_key_id": "",
            "log_group_class": "STANDARD",
            "name": "/aws/lambda/retroboard-slack-alerts",
            "name_prefix": "",
            "retention_in_days": 7,
            "skip_destroy": false,
            "tags": {
              "Application": "retroboard",
              "Environment": "sandbox",
              "Repository": "infra",
              "Terraform": "true"
            },
            "tags_all": {
              "Application": "retroboard",
              "Environment": "sandbox",
              "Repository": "infra",
              "Terraform": "true"
            }
          },
          "sensitive_attributes": [],
          "private": "eyJzY2hlbWFfdmVyc2lvbiI6MH0=",
          "dependencies": [
            "aws_vpc.aws_aidevops_default_vpc",
            "aws_lambda_function.retroboard_slack_alerts"
          ]
        }
      ]
    },
    {
      "mode": "managed",
      "type": "aws_cloudwatch_metric_alarm",
      "name": "aws_aidevops_ec2_cpu_test",
      "provider": "provider[\"registry.terraform.io/hashicorp/aws\"]",
      "instances": [
        {
          "schema_version": 1,
          "attributes": {
            "actions_enabled": true,
            "alarm_actions": [],
            "alarm_description": "AWS-AIDevOps beta test - EC2 CPU utilization alarm",
            "alarm_name": "AWS-AIDevOps-EC2-CPU-Test",
            "arn": "arn:aws:cloudwatch:us-west-2:180217099948:alarm:AWS-AIDevOps-EC2-CPU-Test",
            "comparison_operator": "GreaterThanThreshold",
            "datapoints_to_alarm": 0,
            "dimensions": {
              "InstanceId": "i-07306f78f234c47e2"
            },
            "evaluate_low_sample_count_percentiles": "",
            "evaluation_periods": 1,
            "extended_statistic": "",
            "id": "AWS-AIDevOps-EC2-CPU-Test",
            "insufficient_data_actions": [],
            "metric_name": "CPUUtilization",
            "metric_query": [],
            "namespace": "AWS/EC2",
            "ok_actions": [],
            "period": 60,
            "statistic": "Average",
            "tags": {},
            "tags_all": {},
            "threshold": 70,
            "threshold_metric_id": "",
            "treat_missing_data": "notBreaching",
            "unit": ""
          },
          "sensitive_attributes": [],
          "private": "eyJzY2hlbWFfdmVyc2lvbiI6MX0=",
          "dependencies": [
            "aws_instance.aws_aidevops_test_instance",
            "aws_vpc.aws_aidevops_default_vpc",
            "aws_iam_policy.arn_aws_iam__180217099948_policy_api_suite_automation_policy",
            "aws_launch_template.lt_09941c90104dafb26"
          ]
        }
      ]
    },
    {
      "mode": "managed",
      "type": "aws_db_parameter_group",
      "name": "default_aurora5_6",
      "provider": "provider[\"registry.terraform.io/hashicorp/aws\"]",
      "instances": [
        {
          "schema_version": 0,
          "attributes": {
            "arn": "arn:aws:rds:us-west-2:180217099948:pg:default.aurora5.6",
            "description": "Default parameter group for aurora5.6",
            "family": "aurora5.6",
            "id": "default.aurora5.6",
            "name": "default.aurora5.6",
            "name_prefix": "",
            "parameter": [],
            "skip_destroy": false,
            "tags": {},
            "tags_all": {}
          },
          "sensitive_attributes": [],
          "private": "eyJzY2hlbWFfdmVyc2lvbiI6MH0=",
          "dependencies": [
            "aws_iam_policy.arn_aws_iam__180217099948_policy_api_suite_automation_policy",
            "aws_vpc.aws_aidevops_default_vpc"
          ]
        }
      ]
    },
    {
      "mode": "managed",
      "type": "aws_db_parameter_group",
      "name": "default_aurora_mysql5_7",
      "provider": "provider[\"registry.terraform.io/hashicorp/aws\"]",
      "instances": [
        {
          "schema_version": 0,
          "attributes": {
            "arn": "arn:aws:rds:us-west-2:180217099948:pg:default.aurora-mysql5.7",
            "description": "Default parameter group for aurora-mysql5.7",
            "family": "aurora-mysql5.7",
            "id": "default.aurora-mysql5.7",
            "name": "default.aurora-mysql5.7",
            "name_prefix": "",
            "parameter": [],
            "skip_destroy": false,
            "tags": {},
            "tags_all": {}
          },
          "sensitive_attributes": [],
          "private": "eyJzY2hlbWFfdmVyc2lvbiI6MH0=",
          "dependencies": [
            "aws_iam_policy.arn_aws_iam__180217099948_policy_api_suite_automation_policy",
            "aws_vpc.aws_aidevops_default_vpc"
          ]
        }
      ]
    },
    {
      "mode": "managed",
      "type": "aws_db_parameter_group",
      "name": "default_aurora_mysql8_0",
      "provider": "provider[\"registry.terraform.io/hashicorp/aws\"]",
      "instances": [
        {
          "schema_version": 0,
          "attributes": {
            "arn": "arn:aws:rds:us-west-2:180217099948:pg:default.aurora-mysql8.0",
            "description": "Default parameter group for aurora-mysql8.0",
            "family": "aurora-mysql8.0",
            "id": "default.aurora-mysql8.0",
            "name": "default.aurora-mysql8.0",
            "name_prefix": "",
            "parameter": [],
            "skip_destroy": false,
            "tags": {},
            "tags_all": {}
          },
          "sensitive_attributes": [],
          "private": "eyJzY2hlbWFfdmVyc2lvbiI6MH0=",
          "dependencies": [
            "aws_iam_policy.arn_aws_iam__180217099948_policy_api_suite_automation_policy",
            "aws_vpc.aws_aidevops_default_vpc"
          ]
        }
      ]
    },
    {
      "mode": "managed",
      "type": "aws_db_parameter_group",
      "name": "default_aurora_postgresql14",
      "provider": "provider[\"registry.terraform.io/hashicorp/aws\"]",
      "instances": [
        {
          "schema_version": 0,
          "attributes": {
            "arn": "arn:aws:rds:us-west-2:180217099948:pg:default.aurora-postgresql14",
            "description": "Default parameter group for aurora-postgresql14",
            "family": "aurora-postgresql14",
            "id": "default.aurora-postgresql14",
            "name": "default.aurora-postgresql14",
            "name_prefix": "",
            "parameter": [],
            "skip_destroy": false,
            "tags": {},
            "tags_all": {}
          },
          "sensitive_attributes": [],
          "private": "eyJzY2hlbWFfdmVyc2lvbiI6MH0=",
          "dependencies": [
            "aws_iam_policy.arn_aws_iam__180217099948_policy_api_suite_automation_policy",
            "aws_vpc.aws_aidevops_default_vpc"
          ]
        }
      ]
    },
    {
      "mode": "managed",
      "type": "aws_db_parameter_group",
      "name": "default_aurora_postgresql16",
      "provider": "provider[\"registry.terraform.io/hashicorp/aws\"]",
      "instances": [
        {
          "schema_version": 0,
          "attributes": {
            "arn": "arn:aws:rds:us-west-2:180217099948:pg:default.aurora-postgresql16",
            "description": "Default parameter group for aurora-postgresql16",
            "family": "aurora-postgresql16",
            "id": "default.aurora-postgresql16",
            "name": "default.aurora-postgresql16",
            "name_prefix": "",
            "parameter": [],
            "skip_destroy": false,
            "tags": {},
            "tags_all": {}
          },
          "sensitive_attributes": [],
          "private": "eyJzY2hlbWFfdmVyc2lvbiI6MH0=",
          "dependencies": [
            "aws_iam_policy.arn_aws_iam__180217099948_policy_api_suite_automation_policy",
            "aws_vpc.aws_aidevops_default_vpc"
          ]
        }
      ]
    },
    {
      "mode": "managed",
      "type": "aws_db_parameter_group",
      "name": "default_docdb4_0",
      "provider": "provider[\"registry.terraform.io/hashicorp/aws\"]",
      "instances": [
        {
          "schema_version": 0,
          "attributes": {
            "arn": "arn:aws:rds:us-west-2:180217099948:pg:default.docdb4.0",
            "description": "Default parameter group for docdb4.0",
            "family": "docdb4.0",
            "id": "default.docdb4.0",
            "name": "default.docdb4.0",
            "name_prefix": "",
            "parameter": [],
            "skip_destroy": false,
            "tags": {},
            "tags_all": {}
          },
          "sensitive_attributes": [],
          "private": "eyJzY2hlbWFfdmVyc2lvbiI6MH0=",
          "dependencies": [
            "aws_iam_policy.arn_aws_iam__180217099948_policy_api_suite_automation_policy",
            "aws_vpc.aws_aidevops_default_vpc"
          ]
        }
      ]
    },
    {
      "mode": "managed",
      "type": "aws_db_parameter_group",
      "name": "default_mysql5_6",
      "provider": "provider[\"registry.terraform.io/hashicorp/aws\"]",
      "instances": [
        {
          "schema_version": 0,
          "attributes": {
            "arn": "arn:aws:rds:us-west-2:180217099948:pg:default.mysql5.6",
            "description": "Default parameter group for mysql5.6",
            "family": "mysql5.6",
            "id": "default.mysql5.6",
            "name": "default.mysql5.6",
            "name_prefix": "",
            "parameter": [],
            "skip_destroy": false,
            "tags": {},
            "tags_all": {}
          },
          "sensitive_attributes": [],
          "private": "eyJzY2hlbWFfdmVyc2lvbiI6MH0=",
          "dependencies": [
            "aws_iam_policy.arn_aws_iam__180217099948_policy_api_suite_automation_policy",
            "aws_vpc.aws_aidevops_default_vpc"
          ]
        }
      ]
    },
    {
      "mode": "managed",
      "type": "aws_db_parameter_group",
      "name": "default_mysql5_7",
      "provider": "provider[\"registry.terraform.io/hashicorp/aws\"]",
      "instances": [
        {
          "schema_version": 0,
          "attributes": {
            "arn": "arn:aws:rds:us-west-2:180217099948:pg:default.mysql5.7",
            "description": "Default parameter group for mysql5.7",
            "family": "mysql5.7",
            "id": "default.mysql5.7",
            "name": "default.mysql5.7",
            "name_prefix": "",
            "parameter": [],
            "skip_destroy": false,
            "tags": {},
            "tags_all": {}
          },
          "sensitive_attributes": [],
          "private": "eyJzY2hlbWFfdmVyc2lvbiI6MH0=",
          "dependencies": [
            "aws_iam_policy.arn_aws_iam__180217099948_policy_api_suite_automation_policy",
            "aws_vpc.aws_aidevops_default_vpc"
          ]
        }
      ]
    },
    {
      "mode": "managed",
      "type": "aws_db_parameter_group",
      "name": "default_mysql8_0",
      "provider": "provider[\"registry.terraform.io/hashicorp/aws\"]",
      "instances": [
        {
          "schema_version": 0,
          "attributes": {
            "arn": "arn:aws:rds:us-west-2:180217099948:pg:default.mysql8.0",
            "description": "Default parameter group for mysql8.0",
            "family": "mysql8.0",
            "id": "default.mysql8.0",
            "name": "default.mysql8.0",
            "name_prefix": "",
            "parameter": [],
            "skip_destroy": false,
            "tags": {},
            "tags_all": {}
          },
          "sensitive_attributes": [],
          "private": "eyJzY2hlbWFfdmVyc2lvbiI6MH0=",
          "dependencies": [
            "aws_iam_policy.arn_aws_iam__180217099948_policy_api_suite_automation_policy",
            "aws_vpc.aws_aidevops_default_vpc"
          ]
        }
      ]
    },
    {
      "mode": "managed",
      "type": "aws_db_parameter_group",
      "name": "default_postgres12",
      "provider": "provider[\"registry.terraform.io/hashicorp/aws\"]",
      "instances": [
        {
          "schema_version": 0,
          "attributes": {
            "arn": "arn:aws:rds:us-west-2:180217099948:pg:default.postgres12",
            "description": "Default parameter group for postgres12",
            "family": "postgres12",
            "id": "default.postgres12",
            "name": "default.postgres12",
            "name_prefix": "",
            "parameter": [],
            "skip_destroy": false,
            "tags": {},
            "tags_all": {}
          },
          "sensitive_attributes": [],
          "private": "eyJzY2hlbWFfdmVyc2lvbiI6MH0=",
          "dependencies": [
            "aws_vpc.aws_aidevops_default_vpc",
            "aws_iam_policy.arn_aws_iam__180217099948_policy_api_suite_automation_policy"
          ]
        }
      ]
    },
    {
      "mode": "managed",
      "type": "aws_db_parameter_group",
      "name": "default_postgres13",
      "provider": "provider[\"registry.terraform.io/hashicorp/aws\"]",
      "instances": [
        {
          "schema_version": 0,
          "attributes": {
            "arn": "arn:aws:rds:us-west-2:180217099948:pg:default.postgres13",
            "description": "Default parameter group for postgres13",
            "family": "postgres13",
            "id": "default.postgres13",
            "name": "default.postgres13",
            "name_prefix": "",
            "parameter": [],
            "skip_destroy": false,
            "tags": {},
            "tags_all": {}
          },
          "sensitive_attributes": [],
          "private": "eyJzY2hlbWFfdmVyc2lvbiI6MH0=",
          "dependencies": [
            "aws_iam_policy.arn_aws_iam__180217099948_policy_api_suite_automation_policy",
            "aws_vpc.aws_aidevops_default_vpc"
          ]
        }
      ]
    },
    {
      "mode": "managed",
      "type": "aws_db_parameter_group",
      "name": "default_postgres15",
      "provider": "provider[\"registry.terraform.io/hashicorp/aws\"]",
      "instances": [
        {
          "schema_version": 0,
          "attributes": {
            "arn": "arn:aws:rds:us-west-2:180217099948:pg:default.postgres15",
            "description": "Default parameter group for postgres15",
            "family": "postgres15",
            "id": "default.postgres15",
            "name": "default.postgres15",
            "name_prefix": "",
            "parameter": [],
            "skip_destroy": false,
            "tags": {},
            "tags_all": {}
          },
          "sensitive_attributes": [],
          "private": "eyJzY2hlbWFfdmVyc2lvbiI6MH0=",
          "dependencies": [
            "aws_vpc.aws_aidevops_default_vpc",
            "aws_iam_policy.arn_aws_iam__180217099948_policy_api_suite_automation_policy"
          ]
        }
      ]
    },
    {
      "mode": "managed",
      "type": "aws_db_parameter_group",
      "name": "default_postgres16",
      "provider": "provider[\"registry.terraform.io/hashicorp/aws\"]",
      "instances": [
        {
          "schema_version": 0,
          "attributes": {
            "arn": "arn:aws:rds:us-west-2:180217099948:pg:default.postgres16",
            "description": "Default parameter group for postgres16",
            "family": "postgres16",
            "id": "default.postgres16",
            "name": "default.postgres16",
            "name_prefix": "",
            "parameter": [],
            "skip_destroy": false,
            "tags": {},
            "tags_all": {}
          },
          "sensitive_attributes": [],
          "private": "eyJzY2hlbWFfdmVyc2lvbiI6MH0=",
          "dependencies": [
            "aws_iam_policy.arn_aws_iam__180217099948_policy_api_suite_automation_policy",
            "aws_vpc.aws_aidevops_default_vpc"
          ]
        }
      ]
    },
    {
      "mode": "managed",
      "type": "aws_db_parameter_group",
      "name": "default_postgres9_4",
      "provider": "provider[\"registry.terraform.io/hashicorp/aws\"]",
      "instances": [
        {
          "schema_version": 0,
          "attributes": {
            "arn": "arn:aws:rds:us-west-2:180217099948:pg:default.postgres9.4",
            "description": "Default parameter group for postgres9.4",
            "family": "postgres9.4",
            "id": "default.postgres9.4",
            "name": "default.postgres9.4",
            "name_prefix": "",
            "parameter": [],
            "skip_destroy": false,
            "tags": {},
            "tags_all": {}
          },
          "sensitive_attributes": [],
          "private": "eyJzY2hlbWFfdmVyc2lvbiI6MH0=",
          "dependencies": [
            "aws_iam_policy.arn_aws_iam__180217099948_policy_api_suite_automation_policy",
            "aws_vpc.aws_aidevops_default_vpc"
          ]
        }
      ]
    },
    {
      "mode": "managed",
      "type": "aws_dynamodb_table",
      "name": "KrrLB",
      "provider": "provider[\"registry.terraform.io/hashicorp/aws\"]",
      "instances": [
        {
          "schema_version": 1,
          "attributes": {
            "arn": "arn:aws:dynamodb:us-west-2:180217099948:table/180217099948-states-lock",
            "attribute": [
              {
                "name": "LockID",
                "type": "S"
              }
            ],
            "billing_mode": "PAY_PER_REQUEST",
            "deletion_protection_enabled": false,
            "global_secondary_index": [],
            "hash_key": "LockID",
            "id": "180217099948-states-lock",
            "import_table": [],
            "local_secondary_index": [],
            "name": "180217099948-states-lock",
            "on_demand_throughput": [],
            "point_in_time_recovery": [
              {
                "enabled": true
              }
            ],
            "range_key": null,
            "read_capacity": 0,
            "replica": [],
            "restore_date_time": null,
            "restore_source_name": null,
            "restore_source_table_arn": null,
            "restore_to_latest_time": null,
            "server_side_encryption": [
              {
                "enabled": true,
                "kms_key_arn": ""
              }
            ],
            "stream_arn": "",
            "stream_enabled": false,
            "stream_label": "",
            "stream_view_type": "",
            "table_class": "STANDARD",
            "tags": {
              "Attributes": "states-lock",
              "Name": "180217099948-states-lock",
              "Namespace": "180217099948",
              "Repository": "infra"
            },
            "tags_all": {
              "Attributes": "states-lock",
              "Name": "180217099948-states-lock",
              "Namespace": "180217099948",
              "Repository": "infra"
            },
            "timeouts": null,
            "ttl": [
              {
                "attribute_name": "",
                "enabled": false
              }
            ],
            "write_capacity": 0
          },
          "sensitive_attributes": [],
          "private": "eyJzY2hlbWFfdmVyc2lvbiI6MX0=",
          "dependencies": [
            "aws_sns_topic_policy.arn_aws_sns_us_west_2_180217099948_retroboard_alerts",
            "aws_iam_policy.arn_aws_iam__180217099948_policy_api_suite_automation_policy",
            "aws_launch_template.lt_09941c90104dafb26",
            "aws_vpc.aws_aidevops_default_vpc"
          ]
        }
      ]
    },
    {
      "mode": "managed",
      "type": "aws_dynamodb_table",
      "name": "ai_sre_demo_tfstate_lock",
      "provider": "provider[\"registry.terraform.io/hashicorp/aws\"]",
      "instances": [
        {
          "schema_version": 1,
          "attributes": {
            "arn": "arn:aws:dynamodb:us-west-2:180217099948:table/ai-sre-demo-tfstate-lock",
            "attribute": [
              {
                "name": "LockID",
                "type": "S"
              }
            ],
            "billing_mode": "PAY_PER_REQUEST",
            "deletion_protection_enabled": false,
            "global_secondary_index": [],
            "hash_key": "LockID",
            "id": "ai-sre-demo-tfstate-lock",
            "import_table": [],
            "local_secondary_index": [],
            "name": "ai-sre-demo-tfstate-lock",
            "on_demand_throughput": [],
            "point_in_time_recovery": [
              {
                "enabled": false
              }
            ],
            "range_key": null,
            "read_capacity": 0,
            "replica": [],
            "restore_date_time": null,
            "restore_source_name": null,
            "restore_source_table_arn": null,
            "restore_to_latest_time": null,
            "server_side_encryption": [],
            "stream_arn": "",
            "stream_enabled": false,
            "stream_label": "",
            "stream_view_type": "",
            "table_class": "STANDARD",
            "tags": {
              "DoNotDelete": "true",
              "ManagedBy": "terraform",
              "Project": "ai-sre-demo",
              "do-not-delete": "true"
            },
            "tags_all": {
              "DoNotDelete": "true",
              "ManagedBy": "terraform",
              "Project": "ai-sre-demo",
              "do-not-delete": "true"
            },
            "timeouts": null,
            "ttl": [
              {
                "attribute_name": "",
                "enabled": false
              }
            ],
            "write_capacity": 0
          },
          "sensitive_attributes": [],
          "private": "eyJzY2hlbWFfdmVyc2lvbiI6MX0=",
          "dependencies": [
            "aws_vpc.aws_aidevops_default_vpc",
            "aws_eks_cluster.ai_sre_demo",
            "aws_launch_template.lt_09941c90104dafb26",
            "aws_iam_policy.arn_aws_iam__180217099948_policy_api_suite_automation_policy"
          ]
        }
      ]
    },
    {
      "mode": "managed",
      "type": "aws_dynamodb_table",
      "name": "boards",
      "provider": "provider[\"registry.terraform.io/hashicorp/aws\"]",
      "instances": [
        {
          "schema_version": 1,
          "attributes": {
            "arn": "arn:aws:dynamodb:us-west-2:180217099948:table/boards",
            "attribute": [
              {
                "name": "board_id",
                "type": "S"
              },
              {
                "name": "sk",
                "type": "S"
              }
            ],
            "billing_mode": "PAY_PER_REQUEST",
            "deletion_protection_enabled": false,
            "global_secondary_index": [],
            "hash_key": "board_id",
            "id": "boards",
            "import_table": [],
            "local_secondary_index": [],
            "name": "boards",
            "on_demand_throughput": [],
            "point_in_time_recovery": [
              {
                "enabled": false
              }
            ],
            "range_key": "sk",
            "read_capacity": 0,
            "replica": [],
            "restore_date_time": null,
            "restore_source_name": null,
            "restore_source_table_arn": null,
            "restore_to_latest_time": null,
            "server_side_encryption": [],
            "stream_arn": "",
            "stream_enabled": false,
            "stream_label": "",
            "stream_view_type": "",
            "table_class": "STANDARD",
            "tags": {
              "Application": "retroboard",
              "Environment": "sandbox",
              "Name": "boards",
              "Repository": "infra",
              "Terraform": "true"
            },
            "tags_all": {
              "Application": "retroboard",
              "Environment": "sandbox",
              "Name": "boards",
              "Repository": "infra",
              "Terraform": "true"
            },
            "timeouts": null,
            "ttl": [
              {
                "attribute_name": "",
                "enabled": false
              }
            ],
            "write_capacity": 0
          },
          "sensitive_attributes": [],
          "private": "eyJzY2hlbWFfdmVyc2lvbiI6MX0=",
          "dependencies": [
            "aws_iam_policy.arn_aws_iam__180217099948_policy_api_suite_automation_policy",
            "aws_launch_template.lt_09941c90104dafb26",
            "aws_vpc.aws_aidevops_default_vpc"
          ]
        }
      ]
    },
    {
      "mode": "managed",
      "type": "aws_dynamodb_table",
      "name": "sg_deployment_test_statefiles_lock",
      "provider": "provider[\"registry.terraform.io/hashicorp/aws\"]",
      "instances": [
        {
          "schema_version": 1,
          "attributes": {
            "arn": "arn:aws:dynamodb:us-west-2:180217099948:table/sg-deployment-test-statefiles-lock",
            "attribute": [
              {
                "name": "LockID",
                "type": "S"
              }
            ],
            "billing_mode": "PAY_PER_REQUEST",
            "deletion_protection_enabled": false,
            "global_secondary_index": [],
            "hash_key": "LockID",
            "id": "sg-deployment-test-statefiles-lock",
            "import_table": [],
            "local_secondary_index": [],
            "name": "sg-deployment-test-statefiles-lock",
            "on_demand_throughput": [],
            "point_in_time_recovery": [
              {
                "enabled": true
              }
            ],
            "range_key": null,
            "read_capacity": 0,
            "replica": [],
            "restore_date_time": null,
            "restore_source_name": null,
            "restore_source_table_arn": null,
            "restore_to_latest_time": null,
            "server_side_encryption": [
              {
                "enabled": true,
                "kms_key_arn": ""
              }
            ],
            "stream_arn": "",
            "stream_enabled": false,
            "stream_label": "",
            "stream_view_type": "",
            "table_class": "STANDARD",
            "tags": {
              "Attributes": "lock",
              "Name": "sg-deployment-test-statefiles-lock",
              "Namespace": "sg-deployment-test-statefiles",
              "created-by": "nasir",
              "do-not-delete": "true",
              "purpose": "store statefile for stackgen apply",
              "statefile-storage-location": "provision_test",
              "who-has-the-statefile": "nasir-mac"
            },
            "tags_all": {
              "Attributes": "lock",
              "Name": "sg-deployment-test-statefiles-lock",
              "Namespace": "sg-deployment-test-statefiles",
              "created-by": "nasir",
              "do-not-delete": "true",
              "purpose": "store statefile for stackgen apply",
              "statefile-storage-location": "provision_test",
              "who-has-the-statefile": "nasir-mac"
            },
            "timeouts": null,
            "ttl": [
              {
                "attribute_name": "",
                "enabled": false
              }
            ],
            "write_capacity": 0
          },
          "sensitive_attributes": [],
          "private": "eyJzY2hlbWFfdmVyc2lvbiI6MX0=",
          "dependencies": [
            "aws_s3_bucket.sg_deployment_test_statefiles",
            "aws_iam_policy.arn_aws_iam__180217099948_policy_api_suite_automation_policy",
            "aws_vpc.aws_aidevops_default_vpc",
            "aws_launch_template.lt_09941c90104dafb26"
          ]
        }
      ]
    },
    {
      "mode": "managed",
      "type": "aws_ecs_cluster",
      "name": "blushing_fox_y1h7am",
      "provider": "provider[\"registry.terraform.io/hashicorp/aws\"]",
      "instances": [
        {
          "schema_version": 0,
          "attributes": {
            "arn": "arn:aws:ecs:us-west-2:180217099948:cluster/blushing-fox-y1h7am",
            "configuration": [],
            "id": "arn:aws:ecs:us-west-2:180217099948:cluster/blushing-fox-y1h7am",
            "name": "blushing-fox-y1h7am",
            "service_connect_defaults": [],
            "setting": [
              {
                "name": "containerInsights",
                "value": "disabled"
              }
            ],
            "tags": {
              "do-not-delete": "true",
              "usecase": "template-testing"
            },
            "tags_all": {
              "do-not-delete": "true",
              "usecase": "template-testing"
            }
          },
          "sensitive_attributes": [],
          "private": "eyJzY2hlbWFfdmVyc2lvbiI6MH0=",
          "dependencies": [
            "aws_vpc.aws_aidevops_default_vpc",
            "aws_iam_policy.arn_aws_iam__180217099948_policy_api_suite_automation_policy",
            "aws_launch_template.lt_09941c90104dafb26"
          ]
        }
      ]
    },
    {
      "mode": "managed",
      "type": "aws_eip",
      "name": "ai_sre_demo_nat",
      "provider": "provider[\"registry.terraform.io/hashicorp/aws\"]",
      "instances": [
        {
          "schema_version": 0,
          "attributes": {
            "address": null,
            "allocation_id": "eipalloc-02bb3ee0009a3b005",
            "arn": "arn:aws:ec2:us-west-2:180217099948:elastic-ip/eipalloc-02bb3ee0009a3b005",
            "associate_with_private_ip": null,
            "association_id": "eipassoc-09c2233595bb19e9f",
            "carrier_ip": "",
            "customer_owned_ip": "",
            "customer_owned_ipv4_pool": "",
            "domain": "vpc",
            "id": "eipalloc-02bb3ee0009a3b005",
            "instance": "",
            "ipam_pool_id": null,
            "network_border_group": "us-west-2",
            "network_interface": "eni-0808e3d65b01dcbbb",
            "private_dns": "ip-10-0-0-244.us-west-2.compute.internal",
            "private_ip": "10.0.0.244",
            "ptr_record": "",
            "public_dns": "ec2-52-38-172-245.us-west-2.compute.amazonaws.com",
            "public_ip": "52.38.172.245",
            "public_ipv4_pool": "amazon",
            "tags": {
              "DoNotDelete": "true",
              "Environment": "production",
              "ManagedBy": "terraform",
              "Name": "ai-sre-demo-nat",
              "Project": "ai-sre-demo",
              "do-not-delete": "true",
              "donotdelete": "true"
            },
            "tags_all": {
              "DoNotDelete": "true",
              "Environment": "production",
              "ManagedBy": "terraform",
              "Name": "ai-sre-demo-nat",
              "Project": "ai-sre-demo",
              "do-not-delete": "true",
              "donotdelete": "true"
            },
            "timeouts": null,
            "vpc": true
          },
          "sensitive_attributes": [],
          "private": "eyJzY2hlbWFfdmVyc2lvbiI6MH0=",
          "dependencies": [
            "aws_vpc.workshop_vpc",
            "aws_eks_cluster.ai_sre_demo",
            "aws_lambda_function.retroboard_slack_alerts",
            "aws_vpc.aws_aidevops_default_vpc"
          ]
        }
      ]
    },
    {
      "mode": "managed",
      "type": "aws_eks_cluster",
      "name": "ai_sre_demo",
      "provider": "provider[\"registry.terraform.io/hashicorp/aws\"]",
      "instances": [
        {
          "schema_version": 1,
          "attributes": {
            "access_config": [
              {
                "authentication_mode": "API_AND_CONFIG_MAP",
                "bootstrap_cluster_creator_admin_permissions": true
              }
            ],
            "arn": "arn:aws:eks:us-west-2:180217099948:cluster/ai-sre-demo",
            "bootstrap_self_managed_addons": false,
            "certificate_authority": [
              {
                "data": "LS0tLS1CRUdJTiBDRVJUSUZJQ0FURS0tLS0tCk1JSURCVENDQWUyZ0F3SUJBZ0lJU3Y2REZ3dXJwYlV3RFFZSktvWklodmNOQVFFTEJRQXdGVEVUTUJFR0ExVUUKQXhNS2EzVmlaWEp1WlhSbGN6QWVGdzB5TmpBME1qUXhOekl4TWpSYUZ3MHpOakEwTWpFeE56STJNalJhTUJVeApFekFSQmdOVkJBTVRDbXQxWW1WeWJtVjBaWE13Z2dFaU1BMEdDU3FHU0liM0RRRUJBUVVBQTRJQkR3QXdnZ0VLCkFvSUJBUUN1WWlkTnpjYU1EZWYzdEtDYUE5ZnZvMlg4MnVZQVkybG83SHNTYVZYUy9oTHNuWFNqZmQ0WUpibW4KNnhwbk85M1p0QkpiZ1B6OFBYTUR2YkxUTlk5aForZkZMcnVDbWNjMmIvcVF0dzNzZUZ6MDB2S3p6N0tkaHQwdgpZSk4wdnlHZXZ4cW9qQVNjbEQyNmhha1RhZ1k1R2FxMjlwUTM2YjBPOVV2MmFEdzRkSmRUdURMTzlDRWlhUmZDCmtWd1JwS2xQejMwdTh0RXdaYXB2enVBNUc4SUpPT2NEallReWE4aXVxNUlNNStYOEg0cWhPWGU0TDZkOHJlc3UKM2g1c0dIRDg3b0g2dVp6cVRNVDRZRWgwZmkrV1g1dFFQWjBEMW9HeGVVcUNOTGRnaXg0MFBoQks5b1A5NzFibApGMktjQ0ZBSFhKMkYwWDhQeEN1WjhPYzB4QXo3QWdNQkFBR2pXVEJYTUE0R0ExVWREd0VCL3dRRUF3SUNwREFQCkJnTlZIUk1CQWY4RUJUQURBUUgvTUIwR0ExVWREZ1FXQkJRb1Yzck5MUTlQSUdHLzAwTWhVRWszRis3ZlVUQVYKQmdOVkhSRUVEakFNZ2dwcmRXSmxjbTVsZEdWek1BMEdDU3FHU0liM0RRRUJDd1VBQTRJQkFRQ0MwUGpiUWFrQgo4RENVOE9HVEJ0Q21UTzJRejFvR050VDJMMWx2ZytIMmVpTU1zNEVlSFBKN2MyZXN6UjR3R3ltbGJpeDZzcm1uCnBvZmZySUJOVG1LMmpZRzY5Nmpmb2ZxdkhnbmhwWFIySnRBU1pON3BqRC9YcjIwc1BGMitCZGQxb00xd0ZtV2MKcTVRanhwR2FCOWdMdGNoVURMU2pRc3BaWmFVV0wweUZKYkpvODdFQWxoVEwzandzVklPK1NwUCtNcnRxdGh1bgpMUVlsL09ac2s5Y1pMTnJLT2t4NkZWRlZnVURpblBWcy8vWFlPYmNTZ1B5N2ZlOENkWkVDcG16SWhJUURrdmxmCjVHV3B4YTJsQ2laU0dEQ0FCUE9xdHhaSXlVejMvT0lPbG5XaUFzK3FrTmdIcm5kWGFhRFZtMi84ZFpSVFRGS28KSDVzMUdYUzkwekVSCi0tLS0tRU5EIENFUlRJRklDQVRFLS0tLS0K"
              }
            ],
            "cluster_id": null,
            "compute_config": [],
            "created_at": "2026-04-24T17:21:44Z",
            "enabled_cluster_log_types": [],
            "encryption_config": [],
            "endpoint": "https://1E4E0B80977A95AF0957E3806A2B8C9F.gr7.us-west-2.eks.amazonaws.com",
            "id": "ai-sre-demo",
            "identity": [
              {
                "oidc": [
                  {
                    "issuer": "https://oidc.eks.us-west-2.amazonaws.com/id/1E4E0B80977A95AF0957E3806A2B8C9F"
                  }
                ]
              }
            ],
            "kubernetes_network_config": [
              {
                "elastic_load_balancing": [
                  {
                    "enabled": false
                  }
                ],
                "ip_family": "ipv4",
                "service_ipv4_cidr": "172.20.0.0/16",
                "service_ipv6_cidr": ""
              }
            ],
            "name": "ai-sre-demo",
            "outpost_config": [],
            "platform_version": "eks.60",
            "remote_network_config": [],
            "role_arn": "arn:aws:iam::180217099948:role/ai-sre-demo-eks-cluster",
            "status": "ACTIVE",
            "storage_config": [],
            "tags": {
              "DoNotDelete": "true",
              "Environment": "production",
              "ManagedBy": "terraform",
              "Project": "ai-sre-demo",
              "do-not-delete": "true",
              "donotdelete": "true"
            },
            "tags_all": {
              "DoNotDelete": "true",
              "Environment": "production",
              "ManagedBy": "terraform",
              "Project": "ai-sre-demo",
              "do-not-delete": "true",
              "donotdelete": "true"
            },
            "timeouts": null,
            "upgrade_policy": [
              {
                "support_type": "EXTENDED"
              }
            ],
            "version": "1.31",
            "vpc_config": [
              {
                "cluster_security_group_id": "sg-089d2e112f21c23e9",
                "endpoint_private_access": true,
                "endpoint_public_access": true,
                "public_access_cidrs": [
                  "0.0.0.0/0"
                ],
                "security_group_ids": [],
                "subnet_ids": [
                  "subnet-0502e3b29ddbc5a61",
                  "subnet-065df000346eca07d",
                  "subnet-08b28a6fc070e3487",
                  "subnet-0bf98b66db21a26d1"
                ],
                "vpc_id": "vpc-08addde25db60cdd3"
              }
            ],
            "zonal_shift_config": []
          },
          "sensitive_attributes": [],
          "private": "eyJzY2hlbWFfdmVyc2lvbiI6MX0=",
          "dependencies": [
            "aws_iam_policy.arn_aws_iam__180217099948_policy_api_suite_automation_policy",
            "aws_vpc.aws_aidevops_default_vpc",
            "aws_vpc.vpc_06cab6363775ce4b0",
            "aws_vpc.ai_sre_demo",
            "aws_subnet.ai_sre_demo_private_0",
            "aws_launch_template.lt_09941c90104dafb26"
          ]
        }
      ]
    },
    {
      "mode": "managed",
      "type": "aws_iam_access_key",
      "name": "akiast5ogw2wc7gx5afe",
      "provider": "provider[\"registry.terraform.io/hashicorp/aws\"]",
      "instances": [
        {
          "schema_version": 0,
          "attributes": {
            "create_date": "2026-04-11T05:33:59Z",
            "encrypted_secret": null,
            "encrypted_ses_smtp_password_v4": null,
            "id": "AKIAIOSFODNN7EXAMPLE",
            "key_fingerprint": null,
            "pgp_key": null,
            "secret": null,
            "ses_smtp_password_v4": null,
            "status": "Active",
            "user": "group-management-user1"
          },
          "sensitive_attributes": [],
          "private": "eyJzY2hlbWFfdmVyc2lvbiI6MH0=",
          "dependencies": [
            "aws_iam_user.iam_management_test"
          ]
        }
      ]
    },
    {
      "mode": "managed",
      "type": "aws_iam_access_key",
      "name": "akiast5ogw2wfeptypw5",
      "provider": "provider[\"registry.terraform.io/hashicorp/aws\"]",
      "instances": [
        {
          "schema_version": 0,
          "attributes": {
            "create_date": "2025-11-05T23:35:38Z",
            "encrypted_secret": null,
            "encrypted_ses_smtp_password_v4": null,
            "id": "AKIAIOSFODNN7EXAMPLE",
            "key_fingerprint": null,
            "pgp_key": null,
            "secret": null,
            "ses_smtp_password_v4": null,
            "status": "Active",
            "user": "TerraformCloudDemo"
          },
          "sensitive_attributes": [],
          "private": "eyJzY2hlbWFfdmVyc2lvbiI6MH0=",
          "dependencies": [
            "aws_iam_user.terraformclouddemo"
          ]
        }
      ]
    },
    {
      "mode": "managed",
      "type": "aws_iam_account_alias",
      "name": "stackgen_sandbox",
      "provider": "provider[\"registry.terraform.io/hashicorp/aws\"]",
      "instances": [
        {
          "schema_version": 0,
          "attributes": {
            "account_alias": "stackgen-sandbox",
            "id": "stackgen-sandbox"
          },
          "sensitive_attributes": [],
          "private": "eyJzY2hlbWFfdmVyc2lvbiI6MH0="
        }
      ]
    },
    {
      "mode": "managed",
      "type": "aws_iam_instance_profile",
      "name": "eks_56cf3349_5bb2_9022_4bef_e20e7db46f38",
      "provider": "provider[\"registry.terraform.io/hashicorp/aws\"]",
      "instances": [
        {
          "schema_version": 0,
          "attributes": {
            "arn": "arn:aws:iam::180217099948:instance-profile/eks-56cf3349-5bb2-9022-4bef-e20e7db46f38",
            "create_date": "2026-05-26T23:15:55Z",
            "id": "eks-56cf3349-5bb2-9022-4bef-e20e7db46f38",
            "name": "eks-56cf3349-5bb2-9022-4bef-e20e7db46f38",
            "name_prefix": "",
            "path": "/",
            "role": "ai-sre-demo-eks-nodes",
            "tags": {},
            "tags_all": {},
            "unique_id": "AIPAST5OGW2WDCFJWGGQT"
          },
          "sensitive_attributes": [],
          "private": "eyJzY2hlbWFfdmVyc2lvbiI6MH0=",
          "dependencies": [
            "aws_iam_role.ai_sre_demo_eks_nodes",
            "aws_iam_policy.arn_aws_iam__180217099948_policy_api_suite_automation_policy"
          ]
        }
      ]
    },
    {
      "mode": "managed",
      "type": "aws_iam_instance_profile",
      "name": "guild_mcp_server",
      "provider": "provider[\"registry.terraform.io/hashicorp/aws\"]",
      "instances": [
        {
          "schema_version": 0,
          "attributes": {
            "arn": "arn:aws:iam::180217099948:instance-profile/guild-mcp-server",
            "create_date": "2026-04-30T12:45:45Z",
            "id": "guild-mcp-server",
            "name": "guild-mcp-server",
            "name_prefix": "",
            "path": "/",
            "role": "guild-mcp-server",
            "tags": {
              "do-not-delete": "true",
              "ttl": "-1"
            },
            "tags_all": {
              "do-not-delete": "true",
              "ttl": "-1"
            },
            "unique_id": "AIPAST5OGW2WKJ5BQOXUI"
          },
          "sensitive_attributes": [],
          "private": "eyJzY2hlbWFfdmVyc2lvbiI6MH0=",
          "dependencies": [
            "aws_iam_role.guild_mcp_server",
            "aws_vpc.aws_aidevops_default_vpc"
          ]
        }
      ]
    },
    {
      "mode": "managed",
      "type": "aws_iam_instance_profile",
      "name": "terraform_testing_ssm_profile",
      "provider": "provider[\"registry.terraform.io/hashicorp/aws\"]",
      "instances": [
        {
          "schema_version": 0,
          "attributes": {
            "arn": "arn:aws:iam::180217099948:instance-profile/terraform-testing-ssm-profile",
            "create_date": "2026-05-29T02:42:40Z",
            "id": "terraform-testing-ssm-profile",
            "name": "terraform-testing-ssm-profile",
            "name_prefix": "",
            "path": "/",
            "role": "terraform-testing-ssm-role",
            "tags": {},
            "tags_all": {},
            "unique_id": "AIPAST5OGW2WLZGQOAILP"
          },
          "sensitive_attributes": [],
          "private": "eyJzY2hlbWFfdmVyc2lvbiI6MH0=",
          "dependencies": [
            "aws_iam_policy.arn_aws_iam__180217099948_policy_api_suite_automation_policy",
            "aws_iam_role.terraform_testing_ssm_role"
          ]
        }
      ]
    },
    {
      "mode": "managed",
      "type": "aws_iam_openid_connect_provider",
      "name": "arn_aws_iam__180217099948_oidc_provider_oidc_eks_us_west_2_amazonaws_com_id_1e4e0b80977a95af0957e3806a2b8c9f",
      "provider": "provider[\"registry.terraform.io/hashicorp/aws\"]",
      "instances": [
        {
          "schema_version": 0,
          "attributes": {
            "arn": "arn:aws:iam::180217099948:oidc-provider/oidc.eks.us-west-2.amazonaws.com/id/1E4E0B80977A95AF0957E3806A2B8C9F",
            "client_id_list": [
              "sts.amazonaws.com"
            ],
            "id": "arn:aws:iam::180217099948:oidc-provider/oidc.eks.us-west-2.amazonaws.com/id/1E4E0B80977A95AF0957E3806A2B8C9F",
            "tags": {
              "DoNotDelete": "true",
              "Environment": "production",
              "ManagedBy": "terraform",
              "Project": "ai-sre-demo",
              "do-not-delete": "true",
              "donotdelete": "true"
            },
            "tags_all": {
              "DoNotDelete": "true",
              "Environment": "production",
              "ManagedBy": "terraform",
              "Project": "ai-sre-demo",
              "do-not-delete": "true",
              "donotdelete": "true"
            },
            "thumbprint_list": [
              "wJalrXUtnFEMI/K7MDENG/bPxRfiCYEXAMPLEKEY"
            ],
            "url": "oidc.eks.us-west-2.amazonaws.com/id/1E4E0B80977A95AF0957E3806A2B8C9F"
          },
          "sensitive_attributes": [],
          "private": "eyJzY2hlbWFfdmVyc2lvbiI6MH0=",
          "dependencies": [
            "aws_vpc.aws_aidevops_default_vpc",
            "aws_eks_cluster.ai_sre_demo",
            "aws_launch_template.lt_09941c90104dafb26"
          ]
        }
      ]
    },
    {
      "mode": "managed",
      "type": "aws_iam_openid_connect_provider",
      "name": "arn_aws_iam__180217099948_oidc_provider_token_actions_githubusercontent_com",
      "provider": "provider[\"registry.terraform.io/hashicorp/aws\"]",
      "instances": [
        {
          "schema_version": 0,
          "attributes": {
            "arn": "arn:aws:iam::180217099948:oidc-provider/token.actions.githubusercontent.com",
            "client_id_list": [
              "https://github.com/appcd-dev",
              "sts.amazonaws.com"
            ],
            "id": "arn:aws:iam::180217099948:oidc-provider/token.actions.githubusercontent.com",
            "tags": {
              "Repository": "appcd-dev/infra",
              "team": "platform"
            },
            "tags_all": {
              "Repository": "appcd-dev/infra",
              "team": "platform"
            },
            "thumbprint_list": [
              "wJalrXUtnFEMI/K7MDENG/bPxRfiCYEXAMPLEKEY",
              "wJalrXUtnFEMI/K7MDENG/bPxRfiCYEXAMPLEKEY",
              "wJalrXUtnFEMI/K7MDENG/bPxRfiCYEXAMPLEKEY"
            ],
            "url": "token.actions.githubusercontent.com"
          },
          "sensitive_attributes": [],
          "private": "eyJzY2hlbWFfdmVyc2lvbiI6MH0="
        }
      ]
    },
    {
      "mode": "managed",
      "type": "aws_iam_openid_connect_provider",
      "name": "guild_mcp_eks_irsa",
      "provider": "provider[\"registry.terraform.io/hashicorp/aws\"]",
      "instances": [
        {
          "schema_version": 0,
          "attributes": {
            "arn": "arn:aws:iam::180217099948:oidc-provider/oidc.eks.us-west-1.amazonaws.com/id/1FB640E861E71BD2B54CB44BC5FB7C80",
            "client_id_list": [
              "sts.amazonaws.com"
            ],
            "id": "arn:aws:iam::180217099948:oidc-provider/oidc.eks.us-west-1.amazonaws.com/id/1FB640E861E71BD2B54CB44BC5FB7C80",
            "tags": {
              "Name": "guild-mcp-eks-irsa",
              "do-not-delete": "true",
              "ttl": "-1"
            },
            "tags_all": {
              "Name": "guild-mcp-eks-irsa",
              "do-not-delete": "true",
              "ttl": "-1"
            },
            "thumbprint_list": [
              "wJalrXUtnFEMI/K7MDENG/bPxRfiCYEXAMPLEKEY"
            ],
            "url": "oidc.eks.us-west-1.amazonaws.com/id/1FB640E861E71BD2B54CB44BC5FB7C80"
          },
          "sensitive_attributes": [],
          "private": "eyJzY2hlbWFfdmVyc2lvbiI6MH0=",
          "dependencies": [
            "aws_launch_template.lt_09941c90104dafb26",
            "aws_vpc.aws_aidevops_default_vpc"
          ]
        }
      ]
    },
    {
      "mode": "managed",
      "type": "aws_iam_policy",
      "name": "arn_aws_iam__180217099948_policy_ai_sre_demo_deploy_policy",
      "provider": "provider[\"registry.terraform.io/hashicorp/aws\"]",
      "instances": [
        {
          "schema_version": 0,
          "attributes": {
            "arn": "arn:aws:iam::180217099948:policy/ai-sre-demo-deploy-policy",
            "attachment_count": 1,
            "description": "",
            "id": "arn:aws:iam::180217099948:policy/ai-sre-demo-deploy-policy",
            "name": "ai-sre-demo-deploy-policy",
            "name_prefix": "",
            "path": "/",
            "policy": "{\"Statement\":[{\"Action\":[\"ecr:GetAuthorizationToken\",\"ecr:BatchCheckLayerAvailability\",\"ecr:GetDownloadUrlForLayer\",\"ecr:BatchGetImage\",\"ecr:InitiateLayerUpload\",\"ecr:UploadLayerPart\",\"ecr:CompleteLayerUpload\",\"ecr:PutImage\"],\"Effect\":\"Allow\",\"Resource\":\"*\"},{\"Action\":[\"eks:DescribeCluster\",\"eks:AccessKubernetesApi\"],\"Effect\":\"Allow\",\"Resource\":\"arn:aws:eks:us-west-2:180217099948:cluster/ai-sre-demo\"}],\"Version\":\"2012-10-17\"}",
            "policy_id": "ANPAST5OGW2WIM53OFGVF",
            "tags": {
              "DoNotDelete": "true",
              "Environment": "production",
              "ManagedBy": "terraform",
              "Project": "ai-sre-demo",
              "do-not-delete": "true",
              "donotdelete": "true"
            },
            "tags_all": {
              "DoNotDelete": "true",
              "Environment": "production",
              "ManagedBy": "terraform",
              "Project": "ai-sre-demo",
              "do-not-delete": "true",
              "donotdelete": "true"
            }
          },
          "sensitive_attributes": [],
          "private": "eyJzY2hlbWFfdmVyc2lvbiI6MH0=",
          "dependencies": [
            "aws_launch_template.lt_09941c90104dafb26",
            "aws_vpc.aws_aidevops_default_vpc",
            "aws_eks_cluster.ai_sre_demo"
          ]
        }
      ]
    },
    {
      "mode": "managed",
      "type": "aws_iam_policy",
      "name": "arn_aws_iam__180217099948_policy_aiden_infra_policy_prathvi",
      "provider": "provider[\"registry.terraform.io/hashicorp/aws\"]",
      "instances": [
        {
          "schema_version": 0,
          "attributes": {
            "arn": "arn:aws:iam::180217099948:policy/aiden-infra-policy-prathvi",
            "attachment_count": 1,
            "description": "",
            "id": "arn:aws:iam::180217099948:policy/aiden-infra-policy-prathvi",
            "name": "aiden-infra-policy-prathvi",
            "name_prefix": "",
            "path": "/",
            "policy": "{\"Statement\":[{\"Action\":\"ec2:*\",\"Effect\":\"Allow\",\"Resource\":\"*\",\"Sid\":\"EC2FullAccess\"},{\"Action\":\"s3:*\",\"Effect\":\"Allow\",\"Resource\":\"*\",\"Sid\":\"S3FullAccess\"},{\"Action\":\"eks:*\",\"Effect\":\"Allow\",\"Resource\":\"*\",\"Sid\":\"EKSFullAccess\"},{\"Action\":[\"ebs:*\",\"elasticfilesystem:*\",\"fsx:*\",\"glacier:*\",\"backup:*\",\"storagegateway:*\"],\"Effect\":\"Allow\",\"Resource\":\"*\",\"Sid\":\"StorageFullAccess\"},{\"Action\":[\"route53:*\",\"cloudfront:*\",\"directconnect:*\",\"globalaccelerator:*\",\"networkmanager:*\"],\"Effect\":\"Allow\",\"Resource\":\"*\",\"Sid\":\"NetworkingFullAccess\"},{\"Action\":\"elasticloadbalancing:*\",\"Effect\":\"Allow\",\"Resource\":\"*\",\"Sid\":\"LoadBalancerFullAccess\"},{\"Action\":[\"cloudwatch:*\",\"autoscaling:*\",\"ecr:*\",\"kms:*\",\"logs:*\",\"sts:AssumeRole\",\"sts:TagSession\"],\"Effect\":\"Allow\",\"Resource\":\"*\",\"Sid\":\"SupportingServicesAccess\"},{\"Action\":[\"servicequotas:GetServiceQuota\",\"iam:ListOpenIDConnectProviders\",\"iam:SimulatePrincipalPolicy\",\"iam:GetRole\"],\"Effect\":\"Allow\",\"Resource\":\"*\",\"Sid\":\"EKSReadinessValidationAccess\"},{\"Action\":[\"iam:CreateOpenIDConnectProvider\",\"iam:TagOpenIDConnectProvider\",\"iam:GetOpenIDConnectProvider\",\"iam:CreateRole\",\"iam:GetRole\",\"iam:TagRole\",\"iam:UntagRole\",\"iam:PassRole\",\"iam:DeleteRole\",\"iam:UpdateAssumeRolePolicy\",\"iam:AttachRolePolicy\",\"iam:DetachRolePolicy\",\"iam:ListAttachedRolePolicies\",\"iam:ListRolePolicies\",\"iam:PutRolePolicy\",\"iam:GetRolePolicy\",\"iam:DeleteRolePolicy\",\"iam:CreatePolicy\",\"iam:GetPolicy\",\"iam:GetPolicyVersion\",\"iam:ListPolicyVersions\",\"iam:TagPolicy\",\"iam:DeletePolicy\",\"iam:CreateInstanceProfile\",\"iam:GetInstanceProfile\",\"iam:AddRoleToInstanceProfile\",\"iam:ListInstanceProfilesForRole\",\"iam:RemoveRoleFromInstanceProfile\",\"iam:DeleteInstanceProfile\",\"cloudformation:DescribeStacks\"],\"Effect\":\"Allow\",\"Resource\":\"*\",\"Sid\":\"IRSAAndAddonIamProvisioning\"}],\"Version\":\"2012-10-17\"}",
            "policy_id": "ANPAST5OGW2WCQT4GQAXX",
            "tags": {
              "do-not-delete": "true",
              "owner": "Prathvi"
            },
            "tags_all": {
              "do-not-delete": "true",
              "owner": "Prathvi"
            }
          },
          "sensitive_attributes": [],
          "private": "eyJzY2hlbWFfdmVyc2lvbiI6MH0=",
          "dependencies": [
            "aws_launch_template.lt_09941c90104dafb26",
            "aws_vpc.aws_aidevops_default_vpc"
          ]
        }
      ]
    },
    {
      "mode": "managed",
      "type": "aws_iam_policy",
      "name": "arn_aws_iam__180217099948_policy_api_suite_automation_policy",
      "provider": "provider[\"registry.terraform.io/hashicorp/aws\"]",
      "instances": [
        {
          "schema_version": 0,
          "attributes": {
            "arn": "arn:aws:iam::180217099948:policy/api-suite-automation-policy",
            "attachment_count": 0,
            "description": "",
            "id": "arn:aws:iam::180217099948:policy/api-suite-automation-policy",
            "name": "api-suite-automation-policy",
            "name_prefix": "",
            "path": "/",
            "policy": "{\"Statement\":[{\"Action\":\"sts:AssumeRole\",\"Effect\":\"Allow\",\"Resource\":\"arn:aws:iam::*:role/*\"},{\"Action\":\"sts:TagSession\",\"Effect\":\"Allow\",\"Resource\":\"arn:aws:iam::*:role/*\"}],\"Version\":\"2012-10-17\"}",
            "policy_id": "ANPAST5OGW2WO2EBZX4A4",
            "tags": {
              "do-not-delete": "true",
              "environment": "sandbox",
              "purpose": "api-suite-automation"
            },
            "tags_all": {
              "do-not-delete": "true",
              "environment": "sandbox",
              "purpose": "api-suite-automation"
            }
          },
          "sensitive_attributes": [],
          "private": "eyJzY2hlbWFfdmVyc2lvbiI6MH0="
        }
      ]
    },
    {
      "mode": "managed",
      "type": "aws_iam_policy",
      "name": "arn_aws_iam__180217099948_policy_guild_awsloadbalancercontrolleriampolicy",
      "provider": "provider[\"registry.terraform.io/hashicorp/aws\"]",
      "instances": [
        {
          "schema_version": 0,
          "attributes": {
            "arn": "arn:aws:iam::180217099948:policy/guild-AWSLoadBalancerControllerIAMPolicy",
            "attachment_count": 0,
            "description": "",
            "id": "arn:aws:iam::180217099948:policy/guild-AWSLoadBalancerControllerIAMPolicy",
            "name": "guild-AWSLoadBalancerControllerIAMPolicy",
            "name_prefix": "",
            "path": "/",
            "policy": "{\"Statement\":[{\"Action\":[\"iam:CreateServiceLinkedRole\"],\"Condition\":{\"StringEquals\":{\"iam:AWSServiceName\":\"elasticloadbalancing.amazonaws.com\"}},\"Effect\":\"Allow\",\"Resource\":\"*\"},{\"Action\":[\"ec2:DescribeAccountAttributes\",\"ec2:DescribeAddresses\",\"ec2:DescribeAvailabilityZones\",\"ec2:DescribeInternetGateways\",\"ec2:DescribeVpcs\",\"ec2:DescribeVpcPeeringConnections\",\"ec2:DescribeSubnets\",\"ec2:DescribeSecurityGroups\",\"ec2:DescribeInstances\",\"ec2:DescribeNetworkInterfaces\",\"ec2:DescribeTags\",\"ec2:GetCoipPoolUsage\",\"ec2:DescribeCoipPools\",\"elasticloadbalancing:DescribeLoadBalancers\",\"elasticloadbalancing:DescribeLoadBalancerAttributes\",\"elasticloadbalancing:DescribeListeners\",\"elasticloadbalancing:DescribeListenerCertificates\",\"elasticloadbalancing:DescribeSSLPolicies\",\"elasticloadbalancing:DescribeRules\",\"elasticloadbalancing:DescribeTargetGroups\",\"elasticloadbalancing:DescribeTargetGroupAttributes\",\"elasticloadbalancing:DescribeTargetHealth\",\"elasticloadbalancing:DescribeTags\",\"elasticloadbalancing:DescribeTrustStores\"],\"Effect\":\"Allow\",\"Resource\":\"*\"},{\"Action\":[\"cognito-idp:DescribeUserPoolClient\",\"acm:ListCertificates\",\"acm:DescribeCertificate\",\"iam:ListServerCertificates\",\"iam:GetServerCertificate\",\"waf-regional:GetWebACL\",\"waf-regional:GetWebACLForResource\",\"waf-regional:AssociateWebACL\",\"waf-regional:DisassociateWebACL\",\"wafv2:GetWebACL\",\"wafv2:GetWebACLForResource\",\"wafv2:AssociateWebACL\",\"wafv2:DisassociateWebACL\",\"shield:GetSubscriptionState\",\"shield:DescribeProtection\",\"shield:CreateProtection\",\"shield:DeleteProtection\"],\"Effect\":\"Allow\",\"Resource\":\"*\"},{\"Action\":[\"ec2:AuthorizeSecurityGroupIngress\",\"ec2:RevokeSecurityGroupIngress\"],\"Effect\":\"Allow\",\"Resource\":\"*\"},{\"Action\":[\"ec2:CreateSecurityGroup\"],\"Effect\":\"Allow\",\"Resource\":\"*\"},{\"Action\":[\"ec2:CreateTags\"],\"Condition\":{\"Null\":{\"aws:RequestTag/elbv2.k8s.aws/cluster\":\"false\"},\"StringEquals\":{\"ec2:CreateAction\":\"CreateSecurityGroup\"}},\"Effect\":\"Allow\",\"Resource\":\"arn:aws:ec2:*:*:security-group/*\"},{\"Action\":[\"ec2:CreateTags\",\"ec2:DeleteTags\"],\"Condition\":{\"Null\":{\"aws:RequestTag/elbv2.k8s.aws/cluster\":\"true\",\"aws:ResourceTag/elbv2.k8s.aws/cluster\":\"false\"}},\"Effect\":\"Allow\",\"Resource\":\"arn:aws:ec2:*:*:security-group/*\"},{\"Action\":[\"ec2:AuthorizeSecurityGroupIngress\",\"ec2:RevokeSecurityGroupIngress\",\"ec2:DeleteSecurityGroup\"],\"Condition\":{\"Null\":{\"aws:ResourceTag/elbv2.k8s.aws/cluster\":\"false\"}},\"Effect\":\"Allow\",\"Resource\":\"*\"},{\"Action\":[\"elasticloadbalancing:CreateLoadBalancer\",\"elasticloadbalancing:CreateTargetGroup\"],\"Condition\":{\"Null\":{\"aws:RequestTag/elbv2.k8s.aws/cluster\":\"false\"}},\"Effect\":\"Allow\",\"Resource\":\"*\"},{\"Action\":[\"elasticloadbalancing:CreateListener\",\"elasticloadbalancing:DeleteListener\",\"elasticloadbalancing:CreateRule\",\"elasticloadbalancing:DeleteRule\"],\"Effect\":\"Allow\",\"Resource\":\"*\"},{\"Action\":[\"elasticloadbalancing:AddTags\",\"elasticloadbalancing:RemoveTags\"],\"Condition\":{\"Null\":{\"aws:RequestTag/elbv2.k8s.aws/cluster\":\"true\",\"aws:ResourceTag/elbv2.k8s.aws/cluster\":\"false\"}},\"Effect\":\"Allow\",\"Resource\":[\"arn:aws:elasticloadbalancing:*:*:targetgroup/*/*\",\"arn:aws:elasticloadbalancing:*:*:loadbalancer/net/*/*\",\"arn:aws:elasticloadbalancing:*:*:loadbalancer/app/*/*\"]},{\"Action\":[\"elasticloadbalancing:AddTags\",\"elasticloadbalancing:RemoveTags\"],\"Effect\":\"Allow\",\"Resource\":[\"arn:aws:elasticloadbalancing:*:*:listener/net/*/*/*\",\"arn:aws:elasticloadbalancing:*:*:listener/app/*/*/*\",\"arn:aws:elasticloadbalancing:*:*:listener-rule/net/*/*/*\",\"arn:aws:elasticloadbalancing:*:*:listener-rule/app/*/*/*\"]},{\"Action\":[\"elasticloadbalancing:ModifyLoadBalancerAttributes\",\"elasticloadbalancing:SetIpAddressType\",\"elasticloadbalancing:SetSecurityGroups\",\"elasticloadbalancing:SetSubnets\",\"elasticloadbalancing:DeleteLoadBalancer\",\"elasticloadbalancing:ModifyTargetGroup\",\"elasticloadbalancing:ModifyTargetGroupAttributes\",\"elasticloadbalancing:DeleteTargetGroup\"],\"Condition\":{\"Null\":{\"aws:ResourceTag/elbv2.k8s.aws/cluster\":\"false\"}},\"Effect\":\"Allow\",\"Resource\":\"*\"},{\"Action\":[\"elasticloadbalancing:AddTags\"],\"Condition\":{\"Null\":{\"aws:RequestTag/elbv2.k8s.aws/cluster\":\"false\"},\"StringEquals\":{\"elasticloadbalancing:CreateAction\":[\"CreateTargetGroup\",\"CreateLoadBalancer\"]}},\"Effect\":\"Allow\",\"Resource\":[\"arn:aws:elasticloadbalancing:*:*:targetgroup/*/*\",\"arn:aws:elasticloadbalancing:*:*:loadbalancer/net/*/*\",\"arn:aws:elasticloadbalancing:*:*:loadbalancer/app/*/*\"]},{\"Action\":[\"elasticloadbalancing:RegisterTargets\",\"elasticloadbalancing:DeregisterTargets\"],\"Effect\":\"Allow\",\"Resource\":\"arn:aws:elasticloadbalancing:*:*:targetgroup/*/*\"},{\"Action\":[\"elasticloadbalancing:SetWebAcl\",\"elasticloadbalancing:ModifyListener\",\"elasticloadbalancing:AddListenerCertificates\",\"elasticloadbalancing:RemoveListenerCertificates\",\"elasticloadbalancing:ModifyRule\"],\"Effect\":\"Allow\",\"Resource\":\"*\"}],\"Version\":\"2012-10-17\"}",
            "policy_id": "ANPAST5OGW2WBLL3K5YYI",
            "tags": {
              "do-not-delete": "true",
              "ttl": "-1"
            },
            "tags_all": {
              "do-not-delete": "true",
              "ttl": "-1"
            }
          },
          "sensitive_attributes": [],
          "private": "eyJzY2hlbWFfdmVyc2lvbiI6MH0=",
          "dependencies": [
            "aws_vpc.aws_aidevops_default_vpc"
          ]
        }
      ]
    },
    {
      "mode": "managed",
      "type": "aws_iam_policy",
      "name": "arn_aws_iam__180217099948_policy_guild_mcp_cluster_20260430163129684700000003",
      "provider": "provider[\"registry.terraform.io/hashicorp/aws\"]",
      "instances": [
        {
          "schema_version": 0,
          "attributes": {
            "arn": "arn:aws:iam::180217099948:policy/guild-mcp-cluster-20260430163129684700000003",
            "attachment_count": 0,
            "description": "",
            "id": "arn:aws:iam::180217099948:policy/guild-mcp-cluster-20260430163129684700000003",
            "name": "guild-mcp-cluster-20260430163129684700000003",
            "name_prefix": "guild-mcp-cluster-",
            "path": "/",
            "policy": "{\"Statement\":[{\"Action\":[\"ec2:RunInstances\",\"ec2:CreateLaunchTemplate\",\"ec2:CreateFleet\"],\"Condition\":{\"StringEquals\":{\"aws:RequestTag/eks:eks-cluster-name\":\"${aws:PrincipalTag/eks:eks-cluster-name}\"},\"StringLike\":{\"aws:RequestTag/eks:kubernetes-node-class-name\":\"*\",\"aws:RequestTag/eks:kubernetes-node-pool-name\":\"*\"}},\"Effect\":\"Allow\",\"Resource\":\"*\",\"Sid\":\"Compute\"},{\"Action\":[\"ec2:CreateVolume\",\"ec2:CreateSnapshot\"],\"Condition\":{\"StringEquals\":{\"aws:RequestTag/eks:eks-cluster-name\":\"${aws:PrincipalTag/eks:eks-cluster-name}\"}},\"Effect\":\"Allow\",\"Resource\":[\"arn:aws:ec2:*:*:volume/*\",\"arn:aws:ec2:*:*:snapshot/*\"],\"Sid\":\"Storage\"},{\"Action\":\"ec2:CreateNetworkInterface\",\"Condition\":{\"StringEquals\":{\"aws:RequestTag/eks:eks-cluster-name\":\"${aws:PrincipalTag/eks:eks-cluster-name}\",\"aws:RequestTag/eks:kubernetes-cni-node-name\":\"*\"}},\"Effect\":\"Allow\",\"Resource\":\"*\",\"Sid\":\"Networking\"},{\"Action\":[\"elasticloadbalancing:CreateTargetGroup\",\"elasticloadbalancing:CreateRule\",\"elasticloadbalancing:CreateLoadBalancer\",\"elasticloadbalancing:CreateListener\",\"ec2:CreateSecurityGroup\"],\"Condition\":{\"StringEquals\":{\"aws:RequestTag/eks:eks-cluster-name\":\"${aws:PrincipalTag/eks:eks-cluster-name}\"}},\"Effect\":\"Allow\",\"Resource\":\"*\",\"Sid\":\"LoadBalancer\"},{\"Action\":\"shield:CreateProtection\",\"Condition\":{\"StringEquals\":{\"aws:RequestTag/eks:eks-cluster-name\":\"${aws:PrincipalTag/eks:eks-cluster-name}\"}},\"Effect\":\"Allow\",\"Resource\":\"*\",\"Sid\":\"ShieldProtection\"},{\"Action\":\"shield:TagResource\",\"Condition\":{\"StringEquals\":{\"aws:RequestTag/eks:eks-cluster-name\":\"${aws:PrincipalTag/eks:eks-cluster-name}\"}},\"Effect\":\"Allow\",\"Resource\":\"arn:aws:shield::*:protection/*\",\"Sid\":\"ShieldTagResource\"}],\"Version\":\"2012-10-17\"}",
            "policy_id": "ANPAST5OGW2WHCOBAYTX5",
            "tags": {
              "do-not-delete": "true",
              "ttl": "-1"
            },
            "tags_all": {
              "do-not-delete": "true",
              "ttl": "-1"
            }
          },
          "sensitive_attributes": [],
          "private": "eyJzY2hlbWFfdmVyc2lvbiI6MH0=",
          "dependencies": [
            "aws_vpc.aws_aidevops_default_vpc"
          ]
        }
      ]
    },
    {
      "mode": "managed",
      "type": "aws_iam_policy",
      "name": "arn_aws_iam__180217099948_policy_guild_mcp_cluster_clusterencryption20260430163150721900000010",
      "provider": "provider[\"registry.terraform.io/hashicorp/aws\"]",
      "instances": [
        {
          "schema_version": 0,
          "attributes": {
            "arn": "arn:aws:iam::180217099948:policy/guild-mcp-cluster-ClusterEncryption20260430163150721900000010",
            "attachment_count": 0,
            "description": "Cluster encryption policy to allow cluster role to utilize CMK provided",
            "id": "arn:aws:iam::180217099948:policy/guild-mcp-cluster-ClusterEncryption20260430163150721900000010",
            "name": "guild-mcp-cluster-ClusterEncryption20260430163150721900000010",
            "name_prefix": "guild-mcp-cluster-ClusterEncryption",
            "path": "/",
            "policy": "{\"Statement\":[{\"Action\":[\"kms:Encrypt\",\"kms:Decrypt\",\"kms:ListGrants\",\"kms:DescribeKey\"],\"Effect\":\"Allow\",\"Resource\":\"arn:aws:kms:us-west-1:180217099948:key/b58254c2-f6ed-4a04-b80d-e2e062cb2b18\"}],\"Version\":\"2012-10-17\"}",
            "policy_id": "ANPAST5OGW2WGILM5NXNO",
            "tags": {
              "do-not-delete": "true",
              "ttl": "-1"
            },
            "tags_all": {
              "do-not-delete": "true",
              "ttl": "-1"
            }
          },
          "sensitive_attributes": [],
          "private": "eyJzY2hlbWFfdmVyc2lvbiI6MH0=",
          "dependencies": [
            "aws_vpc.aws_aidevops_default_vpc"
          ]
        }
      ]
    },
    {
      "mode": "managed",
      "type": "aws_iam_policy",
      "name": "arn_aws_iam__180217099948_policy_hello_kitty_serve_inline",
      "provider": "provider[\"registry.terraform.io/hashicorp/aws\"]",
      "instances": [
        {
          "schema_version": 0,
          "attributes": {
            "arn": "arn:aws:iam::180217099948:policy/hello-kitty-serve-inline",
            "attachment_count": 0,
            "description": "",
            "id": "arn:aws:iam::180217099948:policy/hello-kitty-serve-inline",
            "name": "hello-kitty-serve-inline",
            "name_prefix": "",
            "path": "/",
            "policy": "{\"Statement\":[{\"Action\":\"s3:GetObject\",\"Effect\":\"Allow\",\"Resource\":\"arn:aws:s3:::hello-kitty-images-renewing-alpaca/*\",\"Sid\":\"s3\"}],\"Version\":\"2012-10-17\"}",
            "policy_id": "ANPAST5OGW2WJSMTLH32N",
            "tags": {
              "Application": "hello-kitty",
              "Environment": "demo",
              "Repository": "sample-apps-infra",
              "Terraform": "true"
            },
            "tags_all": {
              "Application": "hello-kitty",
              "Environment": "demo",
              "Repository": "sample-apps-infra",
              "Terraform": "true"
            }
          },
          "sensitive_attributes": [],
          "private": "eyJzY2hlbWFfdmVyc2lvbiI6MH0=",
          "dependencies": [
            "aws_vpc.aws_aidevops_default_vpc"
          ]
        }
      ]
    },
    {
      "mode": "managed",
      "type": "aws_iam_policy",
      "name": "arn_aws_iam__180217099948_policy_hello_kitty_serve_logs",
      "provider": "provider[\"registry.terraform.io/hashicorp/aws\"]",
      "instances": [
        {
          "schema_version": 0,
          "attributes": {
            "arn": "arn:aws:iam::180217099948:policy/hello-kitty-serve-logs",
            "attachment_count": 0,
            "description": "",
            "id": "arn:aws:iam::180217099948:policy/hello-kitty-serve-logs",
            "name": "hello-kitty-serve-logs",
            "name_prefix": "",
            "path": "/",
            "policy": "{\"Statement\":[{\"Action\":[\"logs:PutLogEvents\",\"logs:CreateLogStream\",\"logs:CreateLogGroup\"],\"Effect\":\"Allow\",\"Resource\":[\"arn:aws:logs:us-west-2:180217099948:log-group:/aws/lambda/hello-kitty-serve:*:*\",\"arn:aws:logs:us-west-2:180217099948:log-group:/aws/lambda/hello-kitty-serve:*\"]}],\"Version\":\"2012-10-17\"}",
            "policy_id": "ANPAST5OGW2WJWJUGQIII",
            "tags": {
              "Application": "hello-kitty",
              "Environment": "demo",
              "Repository": "sample-apps-infra",
              "Terraform": "true"
            },
            "tags_all": {
              "Application": "hello-kitty",
              "Environment": "demo",
              "Repository": "sample-apps-infra",
              "Terraform": "true"
            }
          },
          "sensitive_attributes": [],
          "private": "eyJzY2hlbWFfdmVyc2lvbiI6MH0=",
          "dependencies": [
            "aws_vpc.aws_aidevops_default_vpc"
          ]
        }
      ]
    },
    {
      "mode": "managed",
      "type": "aws_iam_policy",
      "name": "arn_aws_iam__180217099948_policy_retroboard_api_inline",
      "provider": "provider[\"registry.terraform.io/hashicorp/aws\"]",
      "instances": [
        {
          "schema_version": 0,
          "attributes": {
            "arn": "arn:aws:iam::180217099948:policy/retroboard-api-inline",
            "attachment_count": 0,
            "description": "",
            "id": "arn:aws:iam::180217099948:policy/retroboard-api-inline",
            "name": "retroboard-api-inline",
            "name_prefix": "",
            "path": "/",
            "policy": "{\"Statement\":[{\"Action\":[\"dynamodb:UpdateItem\",\"dynamodb:Scan\",\"dynamodb:Query\",\"dynamodb:PutItem\",\"dynamodb:GetItem\",\"dynamodb:DeleteItem\"],\"Effect\":\"Allow\",\"Resource\":\"arn:aws:dynamodb:us-west-2:180217099948:table/boards\",\"Sid\":\"dynamodb\"},{\"Action\":\"sns:Publish\",\"Effect\":\"Allow\",\"Resource\":\"arn:aws:sns:us-west-2:180217099948:retroboard-alerts\",\"Sid\":\"sns\"},{\"Action\":\"sqs:SendMessage\",\"Effect\":\"Allow\",\"Resource\":\"arn:aws:sqs:us-west-2:180217099948:retroboard-emails\",\"Sid\":\"sqssendmessage\"}],\"Version\":\"2012-10-17\"}",
            "policy_id": "ANPAST5OGW2WGGGN4HYIR",
            "tags": {
              "Application": "retroboard",
              "Environment": "sandbox",
              "Repository": "infra",
              "Terraform": "true"
            },
            "tags_all": {
              "Application": "retroboard",
              "Environment": "sandbox",
              "Repository": "infra",
              "Terraform": "true"
            }
          },
          "sensitive_attributes": [],
          "private": "eyJzY2hlbWFfdmVyc2lvbiI6MH0=",
          "dependencies": [
            "aws_vpc.aws_aidevops_default_vpc"
          ]
        }
      ]
    },
    {
      "mode": "managed",
      "type": "aws_iam_policy",
      "name": "arn_aws_iam__180217099948_policy_retroboard_api_logs",
      "provider": "provider[\"registry.terraform.io/hashicorp/aws\"]",
      "instances": [
        {
          "schema_version": 0,
          "attributes": {
            "arn": "arn:aws:iam::180217099948:policy/retroboard-api-logs",
            "attachment_count": 0,
            "description": "",
            "id": "arn:aws:iam::180217099948:policy/retroboard-api-logs",
            "name": "retroboard-api-logs",
            "name_prefix": "",
            "path": "/",
            "policy": "{\"Statement\":[{\"Action\":[\"logs:PutLogEvents\",\"logs:CreateLogStream\",\"logs:CreateLogGroup\"],\"Effect\":\"Allow\",\"Resource\":[\"arn:aws:logs:us-west-2:180217099948:log-group:/aws/lambda/retroboard-api:*:*\",\"arn:aws:logs:us-west-2:180217099948:log-group:/aws/lambda/retroboard-api:*\"]}],\"Version\":\"2012-10-17\"}",
            "policy_id": "ANPAST5OGW2WITJLBXW42",
            "tags": {
              "Application": "retroboard",
              "Environment": "sandbox",
              "Repository": "infra",
              "Terraform": "true"
            },
            "tags_all": {
              "Application": "retroboard",
              "Environment": "sandbox",
              "Repository": "infra",
              "Terraform": "true"
            }
          },
          "sensitive_attributes": [],
          "private": "eyJzY2hlbWFfdmVyc2lvbiI6MH0=",
          "dependencies": [
            "aws_vpc.aws_aidevops_default_vpc"
          ]
        }
      ]
    },
    {
      "mode": "managed",
      "type": "aws_iam_policy",
      "name": "arn_aws_iam__180217099948_policy_retroboard_send_email_inline",
      "provider": "provider[\"registry.terraform.io/hashicorp/aws\"]",
      "instances": [
        {
          "schema_version": 0,
          "attributes": {
            "arn": "arn:aws:iam::180217099948:policy/retroboard-send-email-inline",
            "attachment_count": 0,
            "description": "",
            "id": "arn:aws:iam::180217099948:policy/retroboard-send-email-inline",
            "name": "retroboard-send-email-inline",
            "name_prefix": "",
            "path": "/",
            "policy": "{\"Statement\":[{\"Action\":\"ses:SendTemplatedEmail\",\"Effect\":\"Allow\",\"Resource\":\"*\",\"Sid\":\"sessendemail\"}],\"Version\":\"2012-10-17\"}",
            "policy_id": "ANPAST5OGW2WMQBCULO75",
            "tags": {
              "Application": "retroboard",
              "Environment": "sandbox",
              "Repository": "infra",
              "Terraform": "true"
            },
            "tags_all": {
              "Application": "retroboard",
              "Environment": "sandbox",
              "Repository": "infra",
              "Terraform": "true"
            }
          },
          "sensitive_attributes": [],
          "private": "eyJzY2hlbWFfdmVyc2lvbiI6MH0=",
          "dependencies": [
            "aws_vpc.aws_aidevops_default_vpc"
          ]
        }
      ]
    },
    {
      "mode": "managed",
      "type": "aws_iam_policy",
      "name": "arn_aws_iam__180217099948_policy_retroboard_send_email_logs",
      "provider": "provider[\"registry.terraform.io/hashicorp/aws\"]",
      "instances": [
        {
          "schema_version": 0,
          "attributes": {
            "arn": "arn:aws:iam::180217099948:policy/retroboard-send-email-logs",
            "attachment_count": 0,
            "description": "",
            "id": "arn:aws:iam::180217099948:policy/retroboard-send-email-logs",
            "name": "retroboard-send-email-logs",
            "name_prefix": "",
            "path": "/",
            "policy": "{\"Statement\":[{\"Action\":[\"logs:PutLogEvents\",\"logs:CreateLogStream\",\"logs:CreateLogGroup\"],\"Effect\":\"Allow\",\"Resource\":[\"arn:aws:logs:us-west-2:180217099948:log-group:/aws/lambda/retroboard-send-email:*:*\",\"arn:aws:logs:us-west-2:180217099948:log-group:/aws/lambda/retroboard-send-email:*\"]}],\"Version\":\"2012-10-17\"}",
            "policy_id": "ANPAST5OGW2WLPELVCONV",
            "tags": {
              "Application": "retroboard",
              "Environment": "sandbox",
              "Repository": "infra",
              "Terraform": "true"
            },
            "tags_all": {
              "Application": "retroboard",
              "Environment": "sandbox",
              "Repository": "infra",
              "Terraform": "true"
            }
          },
          "sensitive_attributes": [],
          "private": "eyJzY2hlbWFfdmVyc2lvbiI6MH0=",
          "dependencies": [
            "aws_vpc.aws_aidevops_default_vpc"
          ]
        }
      ]
    },
    {
      "mode": "managed",
      "type": "aws_iam_policy",
      "name": "arn_aws_iam__180217099948_policy_retroboard_slack_alerts_logs",
      "provider": "provider[\"registry.terraform.io/hashicorp/aws\"]",
      "instances": [
        {
          "schema_version": 0,
          "attributes": {
            "arn": "arn:aws:iam::180217099948:policy/retroboard-slack-alerts-logs",
            "attachment_count": 0,
            "description": "",
            "id": "arn:aws:iam::180217099948:policy/retroboard-slack-alerts-logs",
            "name": "retroboard-slack-alerts-logs",
            "name_prefix": "",
            "path": "/",
            "policy": "{\"Statement\":[{\"Action\":[\"logs:PutLogEvents\",\"logs:CreateLogStream\",\"logs:CreateLogGroup\"],\"Effect\":\"Allow\",\"Resource\":[\"arn:aws:logs:us-west-2:180217099948:log-group:/aws/lambda/retroboard-slack-alerts:*:*\",\"arn:aws:logs:us-west-2:180217099948:log-group:/aws/lambda/retroboard-slack-alerts:*\"]}],\"Version\":\"2012-10-17\"}",
            "policy_id": "ANPAST5OGW2WJPDD37FIJ",
            "tags": {
              "Application": "retroboard",
              "Environment": "sandbox",
              "Repository": "infra",
              "Terraform": "true"
            },
            "tags_all": {
              "Application": "retroboard",
              "Environment": "sandbox",
              "Repository": "infra",
              "Terraform": "true"
            }
          },
          "sensitive_attributes": [],
          "private": "eyJzY2hlbWFfdmVyc2lvbiI6MH0=",
          "dependencies": [
            "aws_vpc.aws_aidevops_default_vpc"
          ]
        }
      ]
    },
    {
      "mode": "managed",
      "type": "aws_iam_policy",
      "name": "arn_aws_iam__180217099948_policy_service_role_aidevopsallowawssupportactionspolicy_rgzroxq9",
      "provider": "provider[\"registry.terraform.io/hashicorp/aws\"]",
      "instances": [
        {
          "schema_version": 0,
          "attributes": {
            "arn": "arn:aws:iam::180217099948:policy/service-role/AIDevOpsAllowAwsSupportActionsPolicy-rgzroxq9",
            "attachment_count": 1,
            "description": "",
            "id": "arn:aws:iam::180217099948:policy/service-role/AIDevOpsAllowAwsSupportActionsPolicy-rgzroxq9",
            "name": "AIDevOpsAllowAwsSupportActionsPolicy-rgzroxq9",
            "name_prefix": "",
            "path": "/service-role/",
            "policy": "{\"Statement\":[{\"Action\":[\"iam:CreateServiceLinkedRole\"],\"Effect\":\"Allow\",\"Resource\":[\"arn:aws:iam::180217099948:role/aws-service-role/resource-explorer-2.amazonaws.com/AWSServiceRoleForResourceExplorer\"],\"Sid\":\"AllowCreateServiceLinkedRoles\"}],\"Version\":\"2012-10-17\"}",
            "policy_id": "ANPAST5OGW2WGC5CMRFYQ",
            "tags": {},
            "tags_all": {}
          },
          "sensitive_attributes": [],
          "private": "eyJzY2hlbWFfdmVyc2lvbiI6MH0=",
          "dependencies": [
            "aws_launch_template.lt_09941c90104dafb26"
          ]
        }
      ]
    },
    {
      "mode": "managed",
      "type": "aws_iam_policy",
      "name": "arn_aws_iam__180217099948_policy_stackgen_external_secrets_integration_example",
      "provider": "provider[\"registry.terraform.io/hashicorp/aws\"]",
      "instances": [
        {
          "schema_version": 0,
          "attributes": {
            "arn": "arn:aws:iam::180217099948:policy/stackgen-external-secrets-integration-example",
            "attachment_count": 0,
            "description": "This is a policy that is used in for reading secrets from aws secrets manager. but the only secrets that can be read are secrets with tag stackgen=true",
            "id": "arn:aws:iam::180217099948:policy/stackgen-external-secrets-integration-example",
            "name": "stackgen-external-secrets-integration-example",
            "name_prefix": "",
            "path": "/",
            "policy": "{\"Statement\":[{\"Action\":\"secretsmanager:ListSecrets\",\"Effect\":\"Allow\",\"Resource\":\"*\",\"Sid\":\"AllowListSecrets\"},{\"Action\":\"secretsmanager:GetSecretValue\",\"Condition\":{\"StringEquals\":{\"aws:ResourceTag/stackgen\":\"true\"}},\"Effect\":\"Allow\",\"Resource\":\"*\",\"Sid\":\"AllowGetSecretWithTag\"}],\"Version\":\"2012-10-17\"}",
            "policy_id": "ANPAST5OGW2WJ3K2PBQOI",
            "tags": {
              "do-not-delete": "true"
            },
            "tags_all": {
              "do-not-delete": "true"
            }
          },
          "sensitive_attributes": [],
          "private": "eyJzY2hlbWFfdmVyc2lvbiI6MH0=",
          "dependencies": [
            "aws_vpc.aws_aidevops_default_vpc",
            "aws_launch_template.lt_09941c90104dafb26"
          ]
        }
      ]
    },
    {
      "mode": "managed",
      "type": "aws_iam_policy",
      "name": "iam_management_test",
      "provider": "provider[\"registry.terraform.io/hashicorp/aws\"]",
      "instances": [
        {
          "schema_version": 0,
          "attributes": {
            "arn": "arn:aws:iam::180217099948:policy/CustomS3ReadOnlyPolicy",
            "attachment_count": 0,
            "description": "Provides read-only access to S3",
            "id": "arn:aws:iam::180217099948:policy/CustomS3ReadOnlyPolicy",
            "name": "CustomS3ReadOnlyPolicy",
            "name_prefix": "",
            "path": "/",
            "policy": "{\"Statement\":[{\"Action\":[\"s3:GetObject\",\"s3:ListBucket\"],\"Effect\":\"Allow\",\"Resource\":[\"arn:aws:s3:::example-bucket\",\"arn:aws:s3:::example-bucket/*\"]}],\"Version\":\"2012-10-17\"}",
            "policy_id": "ANPAST5OGW2WBABPTDVV5",
            "tags": {
              "Environment": "Production",
              "Name": "IAM-Management-Test",
              "Terraform": "true"
            },
            "tags_all": {
              "Environment": "Production",
              "Name": "IAM-Management-Test",
              "Terraform": "true"
            }
          },
          "sensitive_attributes": [],
          "private": "eyJzY2hlbWFfdmVyc2lvbiI6MH0=",
          "dependencies": [
            "aws_vpc.aws_aidevops_default_vpc"
          ]
        }
      ]
    },
    {
      "mode": "managed",
      "type": "aws_iam_role",
      "name": "ai_sre_demo_ebs_csi_driver",
      "provider": "provider[\"registry.terraform.io/hashicorp/aws\"]",
      "instances": [
        {
          "schema_version": 0,
          "attributes": {
            "arn": "arn:aws:iam::180217099948:role/ai-sre-demo-ebs-csi-driver",
            "assume_role_policy": "{\"Statement\":[{\"Action\":\"sts:AssumeRoleWithWebIdentity\",\"Condition\":{\"StringEquals\":{\"oidc.eks.us-west-2.amazonaws.com/id/1E4E0B80977A95AF0957E3806A2B8C9F:aud\":\"sts.amazonaws.com\",\"oidc.eks.us-west-2.amazonaws.com/id/1E4E0B80977A95AF0957E3806A2B8C9F:sub\":\"system:serviceaccount:kube-system:ebs-csi-controller-sa\"}},\"Effect\":\"Allow\",\"Principal\":{\"Federated\":\"arn:aws:iam::180217099948:oidc-provider/oidc.eks.us-west-2.amazonaws.com/id/1E4E0B80977A95AF0957E3806A2B8C9F\"}}],\"Version\":\"2012-10-17\"}",
            "create_date": "2026-04-24T18:37:55Z",
            "description": "",
            "force_detach_policies": false,
            "id": "ai-sre-demo-ebs-csi-driver",
            "inline_policy": [],
            "managed_policy_arns": [
              "arn:aws:iam::aws:policy/service-role/AmazonEBSCSIDriverPolicy"
            ],
            "max_session_duration": 3600,
            "name": "ai-sre-demo-ebs-csi-driver",
            "name_prefix": "",
            "path": "/",
            "permissions_boundary": "",
            "tags": {
              "Environment": "production",
              "ManagedBy": "terraform",
              "Project": "ai-sre-demo",
              "do-not-delete": "true",
              "donotdelete": "true"
            },
            "tags_all": {
              "Environment": "production",
              "ManagedBy": "terraform",
              "Project": "ai-sre-demo",
              "do-not-delete": "true",
              "donotdelete": "true"
            },
            "unique_id": "AROAST5OGW2WATOZYBV4J"
          },
          "sensitive_attributes": [],
          "private": "eyJzY2hlbWFfdmVyc2lvbiI6MH0=",
          "dependencies": [
            "aws_eks_cluster.ai_sre_demo",
            "aws_iam_policy.arn_aws_iam__180217099948_policy_api_suite_automation_policy",
            "aws_launch_template.lt_09941c90104dafb26",
            "aws_vpc.aws_aidevops_default_vpc"
          ]
        }
      ]
    },
    {
      "mode": "managed",
      "type": "aws_iam_role",
      "name": "ai_sre_demo_eks_cluster",
      "provider": "provider[\"registry.terraform.io/hashicorp/aws\"]",
      "instances": [
        {
          "schema_version": 0,
          "attributes": {
            "arn": "arn:aws:iam::180217099948:role/ai-sre-demo-eks-cluster",
            "assume_role_policy": "{\"Statement\":[{\"Action\":\"sts:AssumeRole\",\"Effect\":\"Allow\",\"Principal\":{\"Service\":\"eks.amazonaws.com\"}}],\"Version\":\"2012-10-17\"}",
            "create_date": "2026-04-24T17:21:19Z",
            "description": "",
            "force_detach_policies": false,
            "id": "ai-sre-demo-eks-cluster",
            "inline_policy": [],
            "managed_policy_arns": [
              "arn:aws:iam::aws:policy/AmazonEKSClusterPolicy"
            ],
            "max_session_duration": 3600,
            "name": "ai-sre-demo-eks-cluster",
            "name_prefix": "",
            "path": "/",
            "permissions_boundary": "",
            "tags": {
              "Environment": "production",
              "ManagedBy": "terraform",
              "Project": "ai-sre-demo",
              "do-not-delete": "true",
              "donotdelete": "true"
            },
            "tags_all": {
              "Environment": "production",
              "ManagedBy": "terraform",
              "Project": "ai-sre-demo",
              "do-not-delete": "true",
              "donotdelete": "true"
            },
            "unique_id": "AROAST5OGW2WA5O5ROOG6"
          },
          "sensitive_attributes": [],
          "private": "eyJzY2hlbWFfdmVyc2lvbiI6MH0=",
          "dependencies": [
            "aws_iam_policy.arn_aws_iam__180217099948_policy_api_suite_automation_policy",
            "aws_launch_template.lt_09941c90104dafb26",
            "aws_vpc.aws_aidevops_default_vpc",
            "aws_eks_cluster.ai_sre_demo"
          ]
        }
      ]
    },
    {
      "mode": "managed",
      "type": "aws_iam_role",
      "name": "ai_sre_demo_eks_nodes",
      "provider": "provider[\"registry.terraform.io/hashicorp/aws\"]",
      "instances": [
        {
          "schema_version": 0,
          "attributes": {
            "arn": "arn:aws:iam::180217099948:role/ai-sre-demo-eks-nodes",
            "assume_role_policy": "{\"Statement\":[{\"Action\":\"sts:AssumeRole\",\"Effect\":\"Allow\",\"Principal\":{\"Service\":\"ec2.amazonaws.com\"}}],\"Version\":\"2012-10-17\"}",
            "create_date": "2026-04-24T17:21:19Z",
            "description": "",
            "force_detach_policies": false,
            "id": "ai-sre-demo-eks-nodes",
            "inline_policy": [],
            "managed_policy_arns": [
              "arn:aws:iam::aws:policy/AmazonEC2ContainerRegistryReadOnly",
              "arn:aws:iam::aws:policy/AmazonEKSWorkerNodePolicy",
              "arn:aws:iam::aws:policy/AmazonEKS_CNI_Policy"
            ],
            "max_session_duration": 3600,
            "name": "ai-sre-demo-eks-nodes",
            "name_prefix": "",
            "path": "/",
            "permissions_boundary": "",
            "tags": {
              "Environment": "production",
              "ManagedBy": "terraform",
              "Project": "ai-sre-demo",
              "do-not-delete": "true",
              "donotdelete": "true"
            },
            "tags_all": {
              "Environment": "production",
              "ManagedBy": "terraform",
              "Project": "ai-sre-demo",
              "do-not-delete": "true",
              "donotdelete": "true"
            },
            "unique_id": "AROAST5OGW2WPFIL2EPV6"
          },
          "sensitive_attributes": [],
          "private": "eyJzY2hlbWFfdmVyc2lvbiI6MH0=",
          "dependencies": [
            "aws_vpc.aws_aidevops_default_vpc",
            "aws_eks_cluster.ai_sre_demo",
            "aws_iam_policy.arn_aws_iam__180217099948_policy_api_suite_automation_policy"
          ]
        }
      ]
    },
    {
      "mode": "managed",
      "type": "aws_iam_role",
      "name": "ai_sre_demo_github_actions_deploy",
      "provider": "provider[\"registry.terraform.io/hashicorp/aws\"]",
      "instances": [
        {
          "schema_version": 0,
          "attributes": {
            "arn": "arn:aws:iam::180217099948:role/ai-sre-demo-github-actions-deploy",
            "assume_role_policy": "{\"Statement\":[{\"Action\":\"sts:AssumeRoleWithWebIdentity\",\"Condition\":{\"StringEquals\":{\"token.actions.githubusercontent.com:aud\":\"sts.amazonaws.com\"},\"StringLike\":{\"token.actions.githubusercontent.com:sub\":\"repo:stackgen-demo/AI-SRE-demo-environment:*\"}},\"Effect\":\"Allow\",\"Principal\":{\"Federated\":\"arn:aws:iam::180217099948:oidc-provider/token.actions.githubusercontent.com\"}}],\"Version\":\"2012-10-17\"}",
            "create_date": "2026-04-24T17:21:19Z",
            "description": "",
            "force_detach_policies": false,
            "id": "ai-sre-demo-github-actions-deploy",
            "inline_policy": [],
            "managed_policy_arns": [
              "arn:aws:iam::180217099948:policy/ai-sre-demo-deploy-policy"
            ],
            "max_session_duration": 3600,
            "name": "ai-sre-demo-github-actions-deploy",
            "name_prefix": "",
            "path": "/",
            "permissions_boundary": "",
            "tags": {
              "Environment": "production",
              "ManagedBy": "terraform",
              "Project": "ai-sre-demo",
              "do-not-delete": "true",
              "donotdelete": "true"
            },
            "tags_all": {
              "Environment": "production",
              "ManagedBy": "terraform",
              "Project": "ai-sre-demo",
              "do-not-delete": "true",
              "donotdelete": "true"
            },
            "unique_id": "AROAST5OGW2WIFSVOVK4R"
          },
          "sensitive_attributes": [],
          "private": "eyJzY2hlbWFfdmVyc2lvbiI6MH0=",
          "dependencies": [
            "aws_vpc.aws_aidevops_default_vpc",
            "aws_iam_policy.arn_aws_iam__180217099948_policy_ai_sre_demo_deploy_policy",
            "aws_iam_policy.arn_aws_iam__180217099948_policy_api_suite_automation_policy",
            "aws_launch_template.lt_09941c90104dafb26",
            "aws_eks_cluster.ai_sre_demo"
          ]
        }
      ]
    },
    {
      "mode": "managed",
      "type": "aws_iam_role",
      "name": "aiden_ec2_euwest2",
      "provider": "provider[\"registry.terraform.io/hashicorp/aws\"]",
      "instances": [
        {
          "schema_version": 0,
          "attributes": {
            "arn": "arn:aws:iam::180217099948:role/aiden-ec2-euwest2",
            "assume_role_policy": "{\"Statement\":[{\"Action\":[\"sts:AssumeRole\",\"sts:TagSession\"],\"Effect\":\"Allow\",\"Principal\":{\"AWS\":\"arn:aws:iam::239541129941:role/stackgen-bastion\"},\"Sid\":\"StackGenAssume\"}],\"Version\":\"2012-10-17\"}",
            "create_date": "2026-05-26T10:27:04Z",
            "description": "Aiden/Guild: EC2 in eu-west-2 only",
            "force_detach_policies": false,
            "id": "aiden-ec2-euwest2",
            "inline_policy": [],
            "managed_policy_arns": [],
            "max_session_duration": 3600,
            "name": "aiden-ec2-euwest2",
            "name_prefix": "",
            "path": "/",
            "permissions_boundary": "",
            "tags": {
              "Purpose": "aiden-integration",
              "Scope": "ec2-euwest2"
            },
            "tags_all": {
              "Purpose": "aiden-integration",
              "Scope": "ec2-euwest2"
            },
            "unique_id": "AROAST5OGW2WLHMEQIXSK"
          },
          "sensitive_attributes": [],
          "private": "eyJzY2hlbWFfdmVyc2lvbiI6MH0=",
          "dependencies": [
            "aws_vpc.aws_aidevops_default_vpc",
            "aws_iam_policy.arn_aws_iam__180217099948_policy_api_suite_automation_policy"
          ]
        }
      ]
    },
    {
      "mode": "managed",
      "type": "aws_iam_role",
      "name": "aiden_infra_aws_assume_role",
      "provider": "provider[\"registry.terraform.io/hashicorp/aws\"]",
      "instances": [
        {
          "schema_version": 0,
          "attributes": {
            "arn": "arn:aws:iam::180217099948:role/aiden-infra-aws-assume-role",
            "assume_role_policy": "{\"Statement\":[{\"Action\":\"sts:AssumeRole\",\"Condition\":{\"StringEquals\":{\"sts:ExternalId\":\"B9P95HJFOC\"}},\"Effect\":\"Allow\",\"Principal\":{\"AWS\":\"arn:aws:iam::239541129941:role/stackgen-bastion\"},\"Sid\":\"AllowStackgenBastionAssumeRoleWithExternalId\"},{\"Action\":\"sts:TagSession\",\"Effect\":\"Allow\",\"Principal\":{\"AWS\":\"arn:aws:iam::239541129941:role/stackgen-bastion\"},\"Sid\":\"AllowStackgenBastionTagSession\"},{\"Action\":[\"sts:AssumeRole\",\"sts:TagSession\"],\"Effect\":\"Allow\",\"Principal\":{\"AWS\":\"arn:aws:iam::205376326832:role/prod-aiden-pod-role\"},\"Sid\":\"AllowProdAidenPodRoleAssumeRoleAndTagSession\"}],\"Version\":\"2012-10-17\"}",
            "create_date": "2026-05-14T07:48:43Z",
            "description": "",
            "force_detach_policies": false,
            "id": "aiden-infra-aws-assume-role",
            "inline_policy": [],
            "managed_policy_arns": [
              "arn:aws:iam::180217099948:policy/aiden-infra-policy-prathvi",
              "arn:aws:iam::aws:policy/AdministratorAccess"
            ],
            "max_session_duration": 3600,
            "name": "aiden-infra-aws-assume-role",
            "name_prefix": "",
            "path": "/",
            "permissions_boundary": "",
            "tags": {
              "do-not-delete": "true",
              "owner": "prathvi@stackgen.com"
            },
            "tags_all": {
              "do-not-delete": "true",
              "owner": "prathvi@stackgen.com"
            },
            "unique_id": "AROAST5OGW2WIWOWOVQMB"
          },
          "sensitive_attributes": [],
          "private": "eyJzY2hlbWFfdmVyc2lvbiI6MH0=",
          "dependencies": [
            "aws_iam_policy.arn_aws_iam__180217099948_policy_aiden_infra_policy_prathvi",
            "aws_vpc.aws_aidevops_default_vpc",
            "aws_iam_policy.arn_aws_iam__180217099948_policy_api_suite_automation_policy"
          ]
        }
      ]
    },
    {
      "mode": "managed",
      "type": "aws_iam_role",
      "name": "aiden_s3",
      "provider": "provider[\"registry.terraform.io/hashicorp/aws\"]",
      "instances": [
        {
          "schema_version": 0,
          "attributes": {
            "arn": "arn:aws:iam::180217099948:role/aiden-s3",
            "assume_role_policy": "{\"Statement\":[{\"Action\":[\"sts:AssumeRole\",\"sts:TagSession\"],\"Effect\":\"Allow\",\"Principal\":{\"AWS\":\"arn:aws:iam::239541129941:role/stackgen-bastion\"},\"Sid\":\"StackGenAssume\"}],\"Version\":\"2012-10-17\"}",
            "create_date": "2026-05-26T10:49:57Z",
            "description": "Aiden/Guild: S3 buckets",
            "force_detach_policies": false,
            "id": "aiden-s3",
            "inline_policy": [
              {
                "name": "S3Full",
                "policy": "{\"Version\":\"2012-10-17\",\"Statement\":[{\"Action\":\"s3:*\",\"Effect\":\"Allow\",\"Resource\":[\"arn:aws:s3:::*\",\"arn:aws:s3:::/*\"],\"Sid\":\"S3Full\"}]}"
              }
            ],
            "managed_policy_arns": [],
            "max_session_duration": 3600,
            "name": "aiden-s3",
            "name_prefix": "",
            "path": "/",
            "permissions_boundary": "",
            "tags": {
              "Purpose": "aiden-integration",
              "Scope": "s3"
            },
            "tags_all": {
              "Purpose": "aiden-integration",
              "Scope": "s3"
            },
            "unique_id": "AROAST5OGW2WLXHZCSUHP"
          },
          "sensitive_attributes": [],
          "private": "eyJzY2hlbWFfdmVyc2lvbiI6MH0=",
          "dependencies": [
            "aws_vpc.aws_aidevops_default_vpc",
            "aws_iam_policy.arn_aws_iam__180217099948_policy_api_suite_automation_policy",
            "aws_launch_template.lt_09941c90104dafb26"
          ]
        }
      ]
    },
    {
      "mode": "managed",
      "type": "aws_iam_role",
      "name": "api_suite_automation_role",
      "provider": "provider[\"registry.terraform.io/hashicorp/aws\"]",
      "instances": [
        {
          "schema_version": 0,
          "attributes": {
            "arn": "arn:aws:iam::180217099948:role/api-suite-automation-role",
            "assume_role_policy": "{\"Statement\":[{\"Action\":\"sts:AssumeRole\",\"Condition\":{\"StringEquals\":{\"sts:ExternalId\":\"94583\"}},\"Effect\":\"Allow\",\"Principal\":{\"AWS\":[\"arn:aws:iam::205376326832:role/aiden\",\"arn:aws:iam::339712749745:role/stackgen-vault\",\"arn:aws:iam::584974133937:role/stackgen-system\"]}},{\"Action\":\"sts:TagSession\",\"Effect\":\"Allow\",\"Principal\":{\"AWS\":[\"arn:aws:iam::205376326832:role/aiden\",\"arn:aws:iam::339712749745:role/stackgen-vault\",\"arn:aws:iam::584974133937:role/stackgen-system\"]}}],\"Version\":\"2012-10-17\"}",
            "create_date": "2025-11-19T07:55:08Z",
            "description": "",
            "force_detach_policies": false,
            "id": "api-suite-automation-role",
            "inline_policy": [],
            "managed_policy_arns": [],
            "max_session_duration": 3600,
            "name": "api-suite-automation-role",
            "name_prefix": "",
            "path": "/",
            "permissions_boundary": "",
            "tags": {
              "do-not-delete": "true",
              "environment": "sandbox",
              "purpose": "api-suite-automation"
            },
            "tags_all": {
              "do-not-delete": "true",
              "environment": "sandbox",
              "purpose": "api-suite-automation"
            },
            "unique_id": "AROAST5OGW2WPABQEBUVC"
          },
          "sensitive_attributes": [],
          "private": "eyJzY2hlbWFfdmVyc2lvbiI6MH0=",
          "dependencies": [
            "aws_vpc.aws_aidevops_default_vpc",
            "aws_iam_policy.arn_aws_iam__180217099948_policy_api_suite_automation_policy"
          ]
        }
      ]
    },
    {
      "mode": "managed",
      "type": "aws_iam_role",
      "name": "ava_app_role",
      "provider": "provider[\"registry.terraform.io/hashicorp/aws\"]",
      "instances": [
        {
          "schema_version": 0,
          "attributes": {
            "arn": "arn:aws:iam::180217099948:role/ava_app_role",
            "assume_role_policy": "{\"Statement\":[{\"Action\":\"sts:AssumeRole\",\"Effect\":\"Allow\",\"Principal\":{\"AWS\":\"arn:aws:iam::180217099948:root\"}}],\"Version\":\"2012-10-17\"}",
            "create_date": "2025-05-05T11:53:15Z",
            "description": "",
            "force_detach_policies": false,
            "id": "ava_app_role",
            "inline_policy": [],
            "managed_policy_arns": [],
            "max_session_duration": 3600,
            "name": "ava_app_role",
            "name_prefix": "",
            "path": "/",
            "permissions_boundary": "",
            "tags": {
              "Terraform": "true",
              "created_by": "terraform"
            },
            "tags_all": {
              "Terraform": "true",
              "created_by": "terraform"
            },
            "unique_id": "AROAST5OGW2WD42X5NXCD"
          },
          "sensitive_attributes": [],
          "private": "eyJzY2hlbWFfdmVyc2lvbiI6MH0=",
          "dependencies": [
            "aws_vpc.aws_aidevops_default_vpc",
            "aws_iam_policy.arn_aws_iam__180217099948_policy_api_suite_automation_policy"
          ]
        }
      ]
    },
    {
      "mode": "managed",
      "type": "aws_iam_role",
      "name": "aws_nuke_oidc_github",
      "provider": "provider[\"registry.terraform.io/hashicorp/aws\"]",
      "instances": [
        {
          "schema_version": 0,
          "attributes": {
            "arn": "arn:aws:iam::180217099948:role/aws-nuke-oidc-github",
            "assume_role_policy": "{\"Statement\":[{\"Action\":\"sts:AssumeRoleWithWebIdentity\",\"Condition\":{\"StringEquals\":{\"token.actions.githubusercontent.com:aud\":\"sts.amazonaws.com\"},\"StringLike\":{\"token.actions.githubusercontent.com:sub\":\"repo:appcd-dev/devops-tools:*\"}},\"Effect\":\"Allow\",\"Principal\":{\"Federated\":\"arn:aws:iam::180217099948:oidc-provider/token.actions.githubusercontent.com\"}}],\"Version\":\"2012-10-17\"}",
            "create_date": "2025-05-21T08:33:21Z",
            "description": "Role assumed by the GitHub OIDC provider.",
            "force_detach_policies": false,
            "id": "aws-nuke-oidc-github",
            "inline_policy": [],
            "managed_policy_arns": [
              "arn:aws:iam::aws:policy/AdministratorAccess",
              "arn:aws:iam::aws:policy/ReadOnlyAccess"
            ],
            "max_session_duration": 3600,
            "name": "aws-nuke-oidc-github",
            "name_prefix": "",
            "path": "/",
            "permissions_boundary": "",
            "tags": {
              "Repository": "appcd-dev/infra",
              "team": "platform"
            },
            "tags_all": {
              "Repository": "appcd-dev/infra",
              "team": "platform"
            },
            "unique_id": "AROAST5OGW2WAACPB2OSE"
          },
          "sensitive_attributes": [],
          "private": "eyJzY2hlbWFfdmVyc2lvbiI6MH0=",
          "dependencies": [
            "aws_vpc.aws_aidevops_default_vpc",
            "aws_iam_policy.arn_aws_iam__180217099948_policy_api_suite_automation_policy"
          ]
        }
      ]
    },
    {
      "mode": "managed",
      "type": "aws_iam_role",
      "name": "awsreservedsso_administratoraccess_b7f9790a7bb37c3c",
      "provider": "provider[\"registry.terraform.io/hashicorp/aws\"]",
      "instances": [
        {
          "schema_version": 0,
          "attributes": {
            "arn": "arn:aws:iam::180217099948:role/aws-reserved/sso.amazonaws.com/AWSReservedSSO_AdministratorAccess_b7f9790a7bb37c3c",
            "assume_role_policy": "{\"Statement\":[{\"Action\":[\"sts:AssumeRoleWithSAML\",\"sts:TagSession\"],\"Condition\":{\"StringEquals\":{\"SAML:aud\":\"https://signin.aws.amazon.com/saml\"}},\"Effect\":\"Allow\",\"Principal\":{\"Federated\":\"arn:aws:iam::180217099948:saml-provider/AWSSSO_86b58eebc506d13e_DO_NOT_DELETE\"}}],\"Version\":\"2012-10-17\"}",
            "create_date": "2023-05-05T02:05:49Z",
            "description": "",
            "force_detach_policies": false,
            "id": "AWSReservedSSO_AdministratorAccess_b7f9790a7bb37c3c",
            "inline_policy": [],
            "managed_policy_arns": [
              "arn:aws:iam::aws:policy/AWSBillingConductorFullAccess",
              "arn:aws:iam::aws:policy/AdministratorAccess",
              "arn:aws:iam::aws:policy/CostOptimizationHubAdminAccess",
              "arn:aws:iam::aws:policy/CostOptimizationHubReadOnlyAccess",
              "arn:aws:iam::aws:policy/job-function/Billing",
              "arn:aws:iam::aws:policy/service-role/AWSCostAndUsageReportAutomationPolicy"
            ],
            "max_session_duration": 43200,
            "name": "AWSReservedSSO_AdministratorAccess_b7f9790a7bb37c3c",
            "name_prefix": "",
            "path": "/aws-reserved/sso.amazonaws.com/",
            "permissions_boundary": "",
            "tags": {},
            "tags_all": {},
            "unique_id": "AROAST5OGW2WE5SKBYCDW"
          },
          "sensitive_attributes": [],
          "private": "eyJzY2hlbWFfdmVyc2lvbiI6MH0=",
          "dependencies": [
            "aws_vpc.aws_aidevops_default_vpc",
            "aws_iam_policy.arn_aws_iam__180217099948_policy_api_suite_automation_policy"
          ]
        }
      ]
    },
    {
      "mode": "managed",
      "type": "aws_iam_role",
      "name": "awsreservedsso_readonlyaccess_318d0c75b02150e3",
      "provider": "provider[\"registry.terraform.io/hashicorp/aws\"]",
      "instances": [
        {
          "schema_version": 0,
          "attributes": {
            "arn": "arn:aws:iam::180217099948:role/aws-reserved/sso.amazonaws.com/AWSReservedSSO_ReadOnlyAccess_318d0c75b02150e3",
            "assume_role_policy": "{\"Statement\":[{\"Action\":[\"sts:AssumeRoleWithSAML\",\"sts:TagSession\"],\"Condition\":{\"StringEquals\":{\"SAML:aud\":\"https://signin.aws.amazon.com/saml\"}},\"Effect\":\"Allow\",\"Principal\":{\"Federated\":\"arn:aws:iam::180217099948:saml-provider/AWSSSO_86b58eebc506d13e_DO_NOT_DELETE\"}}],\"Version\":\"2012-10-17\"}",
            "create_date": "2025-07-11T21:01:49Z",
            "description": "",
            "force_detach_policies": false,
            "id": "AWSReservedSSO_ReadOnlyAccess_318d0c75b02150e3",
            "inline_policy": [],
            "managed_policy_arns": [
              "arn:aws:iam::aws:policy/ReadOnlyAccess"
            ],
            "max_session_duration": 43200,
            "name": "AWSReservedSSO_ReadOnlyAccess_318d0c75b02150e3",
            "name_prefix": "",
            "path": "/aws-reserved/sso.amazonaws.com/",
            "permissions_boundary": "",
            "tags": {},
            "tags_all": {},
            "unique_id": "AROAST5OGW2WCBPSZNWRR"
          },
          "sensitive_attributes": [],
          "private": "eyJzY2hlbWFfdmVyc2lvbiI6MH0=",
          "dependencies": [
            "aws_vpc.aws_aidevops_default_vpc",
            "aws_iam_policy.arn_aws_iam__180217099948_policy_api_suite_automation_policy",
            "aws_launch_template.lt_09941c90104dafb26"
          ]
        }
      ]
    },
    {
      "mode": "managed",
      "type": "aws_iam_role",
      "name": "awsserviceroleforaidevops",
      "provider": "provider[\"registry.terraform.io/hashicorp/aws\"]",
      "instances": [
        {
          "schema_version": 0,
          "attributes": {
            "arn": "arn:aws:iam::180217099948:role/aws-service-role/aidevops.amazonaws.com/AWSServiceRoleForAIDevOps",
            "assume_role_policy": "{\"Statement\":[{\"Action\":\"sts:AssumeRole\",\"Effect\":\"Allow\",\"Principal\":{\"Service\":\"aidevops.amazonaws.com\"}}],\"Version\":\"2012-10-17\"}",
            "create_date": "2026-04-06T22:27:00Z",
            "description": "",
            "force_detach_policies": false,
            "id": "AWSServiceRoleForAIDevOps",
            "inline_policy": [],
            "managed_policy_arns": [
              "arn:aws:iam::aws:policy/aws-service-role/AWSServiceRoleForAIDevOpsPolicy"
            ],
            "max_session_duration": 3600,
            "name": "AWSServiceRoleForAIDevOps",
            "name_prefix": "",
            "path": "/aws-service-role/aidevops.amazonaws.com/",
            "permissions_boundary": "",
            "tags": {},
            "tags_all": {},
            "unique_id": "AROAST5OGW2WEG33ESHTL"
          },
          "sensitive_attributes": [],
          "private": "eyJzY2hlbWFfdmVyc2lvbiI6MH0=",
          "dependencies": [
            "aws_launch_template.lt_09941c90104dafb26",
            "aws_vpc.aws_aidevops_default_vpc",
            "aws_iam_policy.arn_aws_iam__180217099948_policy_api_suite_automation_policy"
          ]
        }
      ]
    },
    {
      "mode": "managed",
      "type": "aws_iam_role",
      "name": "awsserviceroleforamazoneks",
      "provider": "provider[\"registry.terraform.io/hashicorp/aws\"]",
      "instances": [
        {
          "schema_version": 0,
          "attributes": {
            "arn": "arn:aws:iam::180217099948:role/aws-service-role/eks.amazonaws.com/AWSServiceRoleForAmazonEKS",
            "assume_role_policy": "{\"Statement\":[{\"Action\":\"sts:AssumeRole\",\"Effect\":\"Allow\",\"Principal\":{\"Service\":\"eks.amazonaws.com\"}}],\"Version\":\"2012-10-17\"}",
            "create_date": "2023-08-30T02:39:08Z",
            "description": "Allows Amazon EKS to call AWS services on your behalf.",
            "force_detach_policies": false,
            "id": "AWSServiceRoleForAmazonEKS",
            "inline_policy": [],
            "managed_policy_arns": [
              "arn:aws:iam::aws:policy/aws-service-role/AmazonEKSServiceRolePolicy"
            ],
            "max_session_duration": 3600,
            "name": "AWSServiceRoleForAmazonEKS",
            "name_prefix": "",
            "path": "/aws-service-role/eks.amazonaws.com/",
            "permissions_boundary": "",
            "tags": {},
            "tags_all": {},
            "unique_id": "AROAST5OGW2WEQIKCTZJL"
          },
          "sensitive_attributes": [],
          "private": "eyJzY2hlbWFfdmVyc2lvbiI6MH0=",
          "dependencies": [
            "aws_vpc.aws_aidevops_default_vpc",
            "aws_iam_policy.arn_aws_iam__180217099948_policy_api_suite_automation_policy",
            "aws_launch_template.lt_09941c90104dafb26"
          ]
        }
      ]
    },
    {
      "mode": "managed",
      "type": "aws_iam_role",
      "name": "awsserviceroleforamazoneksforfargate",
      "provider": "provider[\"registry.terraform.io/hashicorp/aws\"]",
      "instances": [
        {
          "schema_version": 0,
          "attributes": {
            "arn": "arn:aws:iam::180217099948:role/aws-service-role/eks-fargate.amazonaws.com/AWSServiceRoleForAmazonEKSForFargate",
            "assume_role_policy": "{\"Statement\":[{\"Action\":\"sts:AssumeRole\",\"Effect\":\"Allow\",\"Principal\":{\"Service\":\"eks-fargate.amazonaws.com\"}}],\"Version\":\"2012-10-17\"}",
            "create_date": "2023-08-30T02:47:58Z",
            "description": "This policy grants necessary permissions to Amazon EKS to run fargate tasks",
            "force_detach_policies": false,
            "id": "AWSServiceRoleForAmazonEKSForFargate",
            "inline_policy": [],
            "managed_policy_arns": [
              "arn:aws:iam::aws:policy/aws-service-role/AmazonEKSForFargateServiceRolePolicy"
            ],
            "max_session_duration": 3600,
            "name": "AWSServiceRoleForAmazonEKSForFargate",
            "name_prefix": "",
            "path": "/aws-service-role/eks-fargate.amazonaws.com/",
            "permissions_boundary": "",
            "tags": {},
            "tags_all": {},
            "unique_id": "AROAST5OGW2WJLRD4IOST"
          },
          "sensitive_attributes": [],
          "private": "eyJzY2hlbWFfdmVyc2lvbiI6MH0=",
          "dependencies": [
            "aws_vpc.aws_aidevops_default_vpc",
            "aws_iam_policy.arn_aws_iam__180217099948_policy_api_suite_automation_policy",
            "aws_launch_template.lt_09941c90104dafb26"
          ]
        }
      ]
    },
    {
      "mode": "managed",
      "type": "aws_iam_role",
      "name": "awsserviceroleforamazoneksnodegroup",
      "provider": "provider[\"registry.terraform.io/hashicorp/aws\"]",
      "instances": [
        {
          "schema_version": 0,
          "attributes": {
            "arn": "arn:aws:iam::180217099948:role/aws-service-role/eks-nodegroup.amazonaws.com/AWSServiceRoleForAmazonEKSNodegroup",
            "assume_role_policy": "{\"Statement\":[{\"Action\":\"sts:AssumeRole\",\"Effect\":\"Allow\",\"Principal\":{\"Service\":\"eks-nodegroup.amazonaws.com\"}}],\"Version\":\"2012-10-17\"}",
            "create_date": "2024-02-05T10:30:33Z",
            "description": "This policy allows Amazon EKS to create and manage Nodegroups",
            "force_detach_policies": false,
            "id": "AWSServiceRoleForAmazonEKSNodegroup",
            "inline_policy": [],
            "managed_policy_arns": [
              "arn:aws:iam::aws:policy/aws-service-role/AWSServiceRoleForAmazonEKSNodegroup"
            ],
            "max_session_duration": 3600,
            "name": "AWSServiceRoleForAmazonEKSNodegroup",
            "name_prefix": "",
            "path": "/aws-service-role/eks-nodegroup.amazonaws.com/",
            "permissions_boundary": "",
            "tags": {},
            "tags_all": {},
            "unique_id": "AROAST5OGW2WLNGGI6NFI"
          },
          "sensitive_attributes": [],
          "private": "eyJzY2hlbWFfdmVyc2lvbiI6MH0=",
          "dependencies": [
            "aws_launch_template.lt_09941c90104dafb26",
            "aws_iam_policy.arn_aws_iam__180217099948_policy_api_suite_automation_policy",
            "aws_vpc.aws_aidevops_default_vpc"
          ]
        }
      ]
    },
    {
      "mode": "managed",
      "type": "aws_iam_role",
      "name": "wJalrXUtnFEMI/K7MDENG/bPxRfiCYEXAMPLEKEY",
      "provider": "provider[\"registry.terraform.io/hashicorp/aws\"]",
      "instances": [
        {
          "schema_version": 0,
          "attributes": {
            "arn": "arn:aws:iam::180217099948:role/aws-service-role/elasticfilesystem.amazonaws.com/AWSServiceRoleForAmazonElasticFileSystem",
            "assume_role_policy": "{\"Statement\":[{\"Action\":\"sts:AssumeRole\",\"Effect\":\"Allow\",\"Principal\":{\"Service\":\"elasticfilesystem.amazonaws.com\"}}],\"Version\":\"2012-10-17\"}",
            "create_date": "2025-02-22T01:05:41Z",
            "description": "",
            "force_detach_policies": false,
            "id": "wJalrXUtnFEMI/K7MDENG/bPxRfiCYEXAMPLEKEY",
            "inline_policy": [],
            "managed_policy_arns": [
              "arn:aws:iam::aws:policy/aws-service-role/AmazonElasticFileSystemServiceRolePolicy"
            ],
            "max_session_duration": 3600,
            "name": "wJalrXUtnFEMI/K7MDENG/bPxRfiCYEXAMPLEKEY",
            "name_prefix": "",
            "path": "/aws-service-role/elasticfilesystem.amazonaws.com/",
            "permissions_boundary": "",
            "tags": {},
            "tags_all": {},
            "unique_id": "AROAST5OGW2WFFNO4REU4"
          },
          "sensitive_attributes": [],
          "private": "eyJzY2hlbWFfdmVyc2lvbiI6MH0=",
          "dependencies": [
            "aws_iam_policy.arn_aws_iam__180217099948_policy_api_suite_automation_policy",
            "aws_launch_template.lt_09941c90104dafb26",
            "aws_vpc.aws_aidevops_default_vpc"
          ]
        }
      ]
    },
    {
      "mode": "managed",
      "type": "aws_iam_role",
      "name": "awsserviceroleforamazonelasticsearchservice",
      "provider": "provider[\"registry.terraform.io/hashicorp/aws\"]",
      "instances": [
        {
          "schema_version": 0,
          "attributes": {
            "arn": "arn:aws:iam::180217099948:role/aws-service-role/es.amazonaws.com/AWSServiceRoleForAmazonElasticsearchService",
            "assume_role_policy": "{\"Statement\":[{\"Action\":\"sts:AssumeRole\",\"Effect\":\"Allow\",\"Principal\":{\"Service\":\"es.amazonaws.com\"}}],\"Version\":\"2012-10-17\"}",
            "create_date": "2023-10-19T02:19:32Z",
            "description": "",
            "force_detach_policies": false,
            "id": "AWSServiceRoleForAmazonElasticsearchService",
            "inline_policy": [],
            "managed_policy_arns": [
              "arn:aws:iam::aws:policy/aws-service-role/AmazonElasticsearchServiceRolePolicy"
            ],
            "max_session_duration": 3600,
            "name": "AWSServiceRoleForAmazonElasticsearchService",
            "name_prefix": "",
            "path": "/aws-service-role/es.amazonaws.com/",
            "permissions_boundary": "",
            "tags": {},
            "tags_all": {},
            "unique_id": "AROAST5OGW2WC5WCCKEBI"
          },
          "sensitive_attributes": [],
          "private": "eyJzY2hlbWFfdmVyc2lvbiI6MH0=",
          "dependencies": [
            "aws_vpc.aws_aidevops_default_vpc",
            "aws_launch_template.lt_09941c90104dafb26",
            "aws_iam_policy.arn_aws_iam__180217099948_policy_api_suite_automation_policy"
          ]
        }
      ]
    },
    {
      "mode": "managed",
      "type": "aws_iam_role",
      "name": "awsserviceroleforamazonemrserverless",
      "provider": "provider[\"registry.terraform.io/hashicorp/aws\"]",
      "instances": [
        {
          "schema_version": 0,
          "attributes": {
            "arn": "arn:aws:iam::180217099948:role/aws-service-role/ops.emr-serverless.amazonaws.com/AWSServiceRoleForAmazonEMRServerless",
            "assume_role_policy": "{\"Statement\":[{\"Action\":\"sts:AssumeRole\",\"Effect\":\"Allow\",\"Principal\":{\"Service\":\"ops.emr-serverless.amazonaws.com\"}}],\"Version\":\"2012-10-17\"}",
            "create_date": "2025-02-12T23:45:15Z",
            "description": "",
            "force_detach_policies": false,
            "id": "AWSServiceRoleForAmazonEMRServerless",
            "inline_policy": [],
            "managed_policy_arns": [
              "arn:aws:iam::aws:policy/aws-service-role/AmazonEMRServerlessServiceRolePolicy"
            ],
            "max_session_duration": 3600,
            "name": "AWSServiceRoleForAmazonEMRServerless",
            "name_prefix": "",
            "path": "/aws-service-role/ops.emr-serverless.amazonaws.com/",
            "permissions_boundary": "",
            "tags": {},
            "tags_all": {},
            "unique_id": "AROAST5OGW2WB4UMGOHXB"
          },
          "sensitive_attributes": [],
          "private": "eyJzY2hlbWFfdmVyc2lvbiI6MH0=",
          "dependencies": [
            "aws_vpc.aws_aidevops_default_vpc",
            "aws_iam_policy.arn_aws_iam__180217099948_policy_api_suite_automation_policy",
            "aws_launch_template.lt_09941c90104dafb26"
          ]
        }
      ]
    },
    {
      "mode": "managed",
      "type": "aws_iam_role",
      "name": "awsserviceroleforamazonguardduty",
      "provider": "provider[\"registry.terraform.io/hashicorp/aws\"]",
      "instances": [
        {
          "schema_version": 0,
          "attributes": {
            "arn": "arn:aws:iam::180217099948:role/aws-service-role/guardduty.amazonaws.com/AWSServiceRoleForAmazonGuardDuty",
            "assume_role_policy": "{\"Statement\":[{\"Action\":\"sts:AssumeRole\",\"Effect\":\"Allow\",\"Principal\":{\"Service\":\"guardduty.amazonaws.com\"}}],\"Version\":\"2012-10-17\"}",
            "create_date": "2026-02-16T04:38:56Z",
            "description": "A service-linked role required for Amazon GuardDuty to access your resources. ",
            "force_detach_policies": false,
            "id": "AWSServiceRoleForAmazonGuardDuty",
            "inline_policy": [],
            "managed_policy_arns": [
              "arn:aws:iam::aws:policy/aws-service-role/AmazonGuardDutyServiceRolePolicy"
            ],
            "max_session_duration": 3600,
            "name": "AWSServiceRoleForAmazonGuardDuty",
            "name_prefix": "",
            "path": "/aws-service-role/guardduty.amazonaws.com/",
            "permissions_boundary": "",
            "tags": {},
            "tags_all": {},
            "unique_id": "AROAST5OGW2WFLY6U35EJ"
          },
          "sensitive_attributes": [],
          "private": "eyJzY2hlbWFfdmVyc2lvbiI6MH0=",
          "dependencies": [
            "aws_launch_template.lt_09941c90104dafb26",
            "aws_iam_policy.arn_aws_iam__180217099948_policy_api_suite_automation_policy",
            "aws_vpc.aws_aidevops_default_vpc"
          ]
        }
      ]
    },
    {
      "mode": "managed",
      "type": "aws_iam_role",
      "name": "awsserviceroleforamazonguarddutymalwareprotection",
      "provider": "provider[\"registry.terraform.io/hashicorp/aws\"]",
      "instances": [
        {
          "schema_version": 0,
          "attributes": {
            "arn": "arn:aws:iam::180217099948:role/aws-service-role/malware-protection.guardduty.amazonaws.com/AWSServiceRoleForAmazonGuardDutyMalwareProtection",
            "assume_role_policy": "{\"Statement\":[{\"Action\":\"sts:AssumeRole\",\"Effect\":\"Allow\",\"Principal\":{\"Service\":\"malware-protection.guardduty.amazonaws.com\"}}],\"Version\":\"2012-10-17\"}",
            "create_date": "2026-02-16T04:38:57Z",
            "description": "A service-linked role required for Amazon GuardDuty Malware Scan to access your resources. ",
            "force_detach_policies": false,
            "id": "AWSServiceRoleForAmazonGuardDutyMalwareProtection",
            "inline_policy": [],
            "managed_policy_arns": [
              "arn:aws:iam::aws:policy/aws-service-role/AmazonGuardDutyMalwareProtectionServiceRolePolicy"
            ],
            "max_session_duration": 3600,
            "name": "AWSServiceRoleForAmazonGuardDutyMalwareProtection",
            "name_prefix": "",
            "path": "/aws-service-role/malware-protection.guardduty.amazonaws.com/",
            "permissions_boundary": "",
            "tags": {},
            "tags_all": {},
            "unique_id": "AROAST5OGW2WIUFR7ESDL"
          },
          "sensitive_attributes": [],
          "private": "eyJzY2hlbWFfdmVyc2lvbiI6MH0=",
          "dependencies": [
            "aws_iam_policy.arn_aws_iam__180217099948_policy_api_suite_automation_policy",
            "aws_vpc.aws_aidevops_default_vpc",
            "aws_launch_template.lt_09941c90104dafb26"
          ]
        }
      ]
    },
    {
      "mode": "managed",
      "type": "aws_iam_role",
      "name": "awsserviceroleforamazonmq",
      "provider": "provider[\"registry.terraform.io/hashicorp/aws\"]",
      "instances": [
        {
          "schema_version": 0,
          "attributes": {
            "arn": "arn:aws:iam::180217099948:role/aws-service-role/mq.amazonaws.com/AWSServiceRoleForAmazonMQ",
            "assume_role_policy": "{\"Statement\":[{\"Action\":\"sts:AssumeRole\",\"Effect\":\"Allow\",\"Principal\":{\"Service\":\"mq.amazonaws.com\"}}],\"Version\":\"2012-10-17\"}",
            "create_date": "2026-01-12T13:26:35Z",
            "description": "Allows Amazon MQ to call AWS services on your behalf",
            "force_detach_policies": false,
            "id": "AWSServiceRoleForAmazonMQ",
            "inline_policy": [],
            "managed_policy_arns": [
              "arn:aws:iam::aws:policy/aws-service-role/AmazonMQServiceRolePolicy"
            ],
            "max_session_duration": 3600,
            "name": "AWSServiceRoleForAmazonMQ",
            "name_prefix": "",
            "path": "/aws-service-role/mq.amazonaws.com/",
            "permissions_boundary": "",
            "tags": {},
            "tags_all": {},
            "unique_id": "AROAST5OGW2WGGVL72VJE"
          },
          "sensitive_attributes": [],
          "private": "eyJzY2hlbWFfdmVyc2lvbiI6MH0=",
          "dependencies": [
            "aws_iam_policy.arn_aws_iam__180217099948_policy_api_suite_automation_policy",
            "aws_launch_template.lt_09941c90104dafb26",
            "aws_vpc.aws_aidevops_default_vpc"
          ]
        }
      ]
    },
    {
      "mode": "managed",
      "type": "aws_iam_role",
      "name": "wJalrXUtnFEMI/K7MDENG/bPxRfiCYEXAMPLEKEY",
      "provider": "provider[\"registry.terraform.io/hashicorp/aws\"]",
      "instances": [
        {
          "schema_version": 0,
          "attributes": {
            "arn": "arn:aws:iam::180217099948:role/aws-service-role/opensearchservice.amazonaws.com/AWSServiceRoleForAmazonOpenSearchService",
            "assume_role_policy": "{\"Statement\":[{\"Action\":\"sts:AssumeRole\",\"Effect\":\"Allow\",\"Principal\":{\"Service\":\"opensearchservice.amazonaws.com\"}}],\"Version\":\"2012-10-17\"}",
            "create_date": "2023-10-18T03:47:41Z",
            "description": "",
            "force_detach_policies": false,
            "id": "wJalrXUtnFEMI/K7MDENG/bPxRfiCYEXAMPLEKEY",
            "inline_policy": [],
            "managed_policy_arns": [
              "arn:aws:iam::aws:policy/aws-service-role/AmazonOpenSearchServiceRolePolicy"
            ],
            "max_session_duration": 3600,
            "name": "wJalrXUtnFEMI/K7MDENG/bPxRfiCYEXAMPLEKEY",
            "name_prefix": "",
            "path": "/aws-service-role/opensearchservice.amazonaws.com/",
            "permissions_boundary": "",
            "tags": {},
            "tags_all": {},
            "unique_id": "AROAST5OGW2WCGLYHP5UN"
          },
          "sensitive_attributes": [],
          "private": "eyJzY2hlbWFfdmVyc2lvbiI6MH0=",
          "dependencies": [
            "aws_launch_template.lt_09941c90104dafb26",
            "aws_vpc.aws_aidevops_default_vpc",
            "aws_iam_policy.arn_aws_iam__180217099948_policy_api_suite_automation_policy"
          ]
        }
      ]
    },
    {
      "mode": "managed",
      "type": "aws_iam_role",
      "name": "awsserviceroleforamazonqdeveloper",
      "provider": "provider[\"registry.terraform.io/hashicorp/aws\"]",
      "instances": [
        {
          "schema_version": 0,
          "attributes": {
            "arn": "arn:aws:iam::180217099948:role/aws-service-role/q.amazonaws.com/AWSServiceRoleForAmazonQDeveloper",
            "assume_role_policy": "{\"Statement\":[{\"Action\":\"sts:AssumeRole\",\"Effect\":\"Allow\",\"Principal\":{\"Service\":\"q.amazonaws.com\"}}],\"Version\":\"2012-10-17\"}",
            "create_date": "2024-07-08T14:04:58Z",
            "description": "",
            "force_detach_policies": false,
            "id": "AWSServiceRoleForAmazonQDeveloper",
            "inline_policy": [],
            "managed_policy_arns": [
              "arn:aws:iam::aws:policy/aws-service-role/AWSServiceRoleForAmazonQDeveloper"
            ],
            "max_session_duration": 3600,
            "name": "AWSServiceRoleForAmazonQDeveloper",
            "name_prefix": "",
            "path": "/aws-service-role/q.amazonaws.com/",
            "permissions_boundary": "",
            "tags": {},
            "tags_all": {},
            "unique_id": "AROAST5OGW2WOQY6HVB32"
          },
          "sensitive_attributes": [],
          "private": "eyJzY2hlbWFfdmVyc2lvbiI6MH0=",
          "dependencies": [
            "aws_vpc.aws_aidevops_default_vpc",
            "aws_iam_policy.arn_aws_iam__180217099948_policy_api_suite_automation_policy",
            "aws_launch_template.lt_09941c90104dafb26"
          ]
        }
      ]
    },
    {
      "mode": "managed",
      "type": "aws_iam_role",
      "name": "awsserviceroleforamazonsagemakernotebooks",
      "provider": "provider[\"registry.terraform.io/hashicorp/aws\"]",
      "instances": [
        {
          "schema_version": 0,
          "attributes": {
            "arn": "arn:aws:iam::180217099948:role/aws-service-role/sagemaker.amazonaws.com/AWSServiceRoleForAmazonSageMakerNotebooks",
            "assume_role_policy": "{\"Statement\":[{\"Action\":\"sts:AssumeRole\",\"Effect\":\"Allow\",\"Principal\":{\"Service\":\"sagemaker.amazonaws.com\"}}],\"Version\":\"2012-10-17\"}",
            "create_date": "2025-02-12T23:47:11Z",
            "description": "AWS SageMaker Notebooks Service Linked Role",
            "force_detach_policies": false,
            "id": "AWSServiceRoleForAmazonSageMakerNotebooks",
            "inline_policy": [],
            "managed_policy_arns": [
              "arn:aws:iam::aws:policy/aws-service-role/AmazonSageMakerNotebooksServiceRolePolicy"
            ],
            "max_session_duration": 3600,
            "name": "AWSServiceRoleForAmazonSageMakerNotebooks",
            "name_prefix": "",
            "path": "/aws-service-role/sagemaker.amazonaws.com/",
            "permissions_boundary": "",
            "tags": {},
            "tags_all": {},
            "unique_id": "AROAST5OGW2WGQWAPKKKW"
          },
          "sensitive_attributes": [],
          "private": "eyJzY2hlbWFfdmVyc2lvbiI6MH0=",
          "dependencies": [
            "aws_iam_policy.arn_aws_iam__180217099948_policy_api_suite_automation_policy",
            "aws_launch_template.lt_09941c90104dafb26",
            "aws_vpc.aws_aidevops_default_vpc"
          ]
        }
      ]
    },
    {
      "mode": "managed",
      "type": "aws_iam_role",
      "name": "awsserviceroleforamazonssm",
      "provider": "provider[\"registry.terraform.io/hashicorp/aws\"]",
      "instances": [
        {
          "schema_version": 0,
          "attributes": {
            "arn": "arn:aws:iam::180217099948:role/aws-service-role/ssm.amazonaws.com/AWSServiceRoleForAmazonSSM",
            "assume_role_policy": "{\"Statement\":[{\"Action\":\"sts:AssumeRole\",\"Effect\":\"Allow\",\"Principal\":{\"Service\":\"ssm.amazonaws.com\"}}],\"Version\":\"2012-10-17\"}",
            "create_date": "2025-11-17T14:38:09Z",
            "description": "",
            "force_detach_policies": false,
            "id": "AWSServiceRoleForAmazonSSM",
            "inline_policy": [],
            "managed_policy_arns": [
              "arn:aws:iam::aws:policy/aws-service-role/AmazonSSMServiceRolePolicy"
            ],
            "max_session_duration": 3600,
            "name": "AWSServiceRoleForAmazonSSM",
            "name_prefix": "",
            "path": "/aws-service-role/ssm.amazonaws.com/",
            "permissions_boundary": "",
            "tags": {},
            "tags_all": {},
            "unique_id": "AROAST5OGW2WF553WECAU"
          },
          "sensitive_attributes": [],
          "private": "eyJzY2hlbWFfdmVyc2lvbiI6MH0=",
          "dependencies": [
            "aws_iam_policy.arn_aws_iam__180217099948_policy_api_suite_automation_policy",
            "aws_vpc.aws_aidevops_default_vpc",
            "aws_launch_template.lt_09941c90104dafb26"
          ]
        }
      ]
    },
    {
      "mode": "managed",
      "type": "aws_iam_role",
      "name": "awsserviceroleforapigateway",
      "provider": "provider[\"registry.terraform.io/hashicorp/aws\"]",
      "instances": [
        {
          "schema_version": 0,
          "attributes": {
            "arn": "arn:aws:iam::180217099948:role/aws-service-role/ops.apigateway.amazonaws.com/AWSServiceRoleForAPIGateway",
            "assume_role_policy": "{\"Statement\":[{\"Action\":\"sts:AssumeRole\",\"Effect\":\"Allow\",\"Principal\":{\"Service\":\"ops.apigateway.amazonaws.com\"}}],\"Version\":\"2012-10-17\"}",
            "create_date": "2024-04-24T20:11:20Z",
            "description": "The Service Linked Role is used by Amazon API Gateway.",
            "force_detach_policies": false,
            "id": "AWSServiceRoleForAPIGateway",
            "inline_policy": [],
            "managed_policy_arns": [
              "arn:aws:iam::aws:policy/aws-service-role/APIGatewayServiceRolePolicy"
            ],
            "max_session_duration": 3600,
            "name": "AWSServiceRoleForAPIGateway",
            "name_prefix": "",
            "path": "/aws-service-role/ops.apigateway.amazonaws.com/",
            "permissions_boundary": "",
            "tags": {},
            "tags_all": {},
            "unique_id": "AROAST5OGW2WB77JDZTCP"
          },
          "sensitive_attributes": [],
          "private": "eyJzY2hlbWFfdmVyc2lvbiI6MH0=",
          "dependencies": [
            "aws_iam_policy.arn_aws_iam__180217099948_policy_api_suite_automation_policy",
            "aws_vpc.aws_aidevops_default_vpc",
            "aws_launch_template.lt_09941c90104dafb26"
          ]
        }
      ]
    },
    {
      "mode": "managed",
      "type": "aws_iam_role",
      "name": "awsserviceroleforapplicationautoscaling_dynamodbtable",
      "provider": "provider[\"registry.terraform.io/hashicorp/aws\"]",
      "instances": [
        {
          "schema_version": 0,
          "attributes": {
            "arn": "arn:aws:iam::180217099948:role/aws-service-role/dynamodb.application-autoscaling.amazonaws.com/AWSServiceRoleForApplicationAutoScaling_DynamoDBTable",
            "assume_role_policy": "{\"Statement\":[{\"Action\":\"sts:AssumeRole\",\"Effect\":\"Allow\",\"Principal\":{\"Service\":\"dynamodb.application-autoscaling.amazonaws.com\"}}],\"Version\":\"2012-10-17\"}",
            "create_date": "2024-10-10T17:59:01Z",
            "description": "",
            "force_detach_policies": false,
            "id": "AWSServiceRoleForApplicationAutoScaling_DynamoDBTable",
            "inline_policy": [],
            "managed_policy_arns": [
              "arn:aws:iam::aws:policy/aws-service-role/AWSApplicationAutoscalingDynamoDBTablePolicy"
            ],
            "max_session_duration": 3600,
            "name": "AWSServiceRoleForApplicationAutoScaling_DynamoDBTable",
            "name_prefix": "",
            "path": "/aws-service-role/dynamodb.application-autoscaling.amazonaws.com/",
            "permissions_boundary": "",
            "tags": {},
            "tags_all": {},
            "unique_id": "AROAST5OGW2WNNGTPHOIV"
          },
          "sensitive_attributes": [],
          "private": "eyJzY2hlbWFfdmVyc2lvbiI6MH0=",
          "dependencies": [
            "aws_iam_policy.arn_aws_iam__180217099948_policy_api_suite_automation_policy",
            "aws_launch_template.lt_09941c90104dafb26",
            "aws_vpc.aws_aidevops_default_vpc"
          ]
        }
      ]
    },
    {
      "mode": "managed",
      "type": "aws_iam_role",
      "name": "awsserviceroleforapplicationautoscaling_ecsservice",
      "provider": "provider[\"registry.terraform.io/hashicorp/aws\"]",
      "instances": [
        {
          "schema_version": 0,
          "attributes": {
            "arn": "arn:aws:iam::180217099948:role/aws-service-role/ecs.application-autoscaling.amazonaws.com/AWSServiceRoleForApplicationAutoScaling_ECSService",
            "assume_role_policy": "{\"Statement\":[{\"Action\":\"sts:AssumeRole\",\"Effect\":\"Allow\",\"Principal\":{\"Service\":\"ecs.application-autoscaling.amazonaws.com\"}}],\"Version\":\"2012-10-17\"}",
            "create_date": "2024-10-03T12:14:20Z",
            "description": "",
            "force_detach_policies": false,
            "id": "AWSServiceRoleForApplicationAutoScaling_ECSService",
            "inline_policy": [],
            "managed_policy_arns": [
              "arn:aws:iam::aws:policy/aws-service-role/AWSApplicationAutoscalingECSServicePolicy"
            ],
            "max_session_duration": 3600,
            "name": "AWSServiceRoleForApplicationAutoScaling_ECSService",
            "name_prefix": "",
            "path": "/aws-service-role/ecs.application-autoscaling.amazonaws.com/",
            "permissions_boundary": "",
            "tags": {},
            "tags_all": {},
            "unique_id": "AROAST5OGW2WLZS6FMS67"
          },
          "sensitive_attributes": [],
          "private": "eyJzY2hlbWFfdmVyc2lvbiI6MH0=",
          "dependencies": [
            "aws_vpc.aws_aidevops_default_vpc",
            "aws_iam_policy.arn_aws_iam__180217099948_policy_api_suite_automation_policy",
            "aws_launch_template.lt_09941c90104dafb26"
          ]
        }
      ]
    },
    {
      "mode": "managed",
      "type": "aws_iam_role",
      "name": "awsserviceroleforapplicationautoscaling_kafkacluster",
      "provider": "provider[\"registry.terraform.io/hashicorp/aws\"]",
      "instances": [
        {
          "schema_version": 0,
          "attributes": {
            "arn": "arn:aws:iam::180217099948:role/aws-service-role/kafka.application-autoscaling.amazonaws.com/AWSServiceRoleForApplicationAutoScaling_KafkaCluster",
            "assume_role_policy": "{\"Statement\":[{\"Action\":\"sts:AssumeRole\",\"Effect\":\"Allow\",\"Principal\":{\"Service\":\"kafka.application-autoscaling.amazonaws.com\"}}],\"Version\":\"2012-10-17\"}",
            "create_date": "2025-11-24T18:56:21Z",
            "description": "",
            "force_detach_policies": false,
            "id": "AWSServiceRoleForApplicationAutoScaling_KafkaCluster",
            "inline_policy": [],
            "managed_policy_arns": [
              "arn:aws:iam::aws:policy/aws-service-role/AWSApplicationAutoscalingKafkaClusterPolicy"
            ],
            "max_session_duration": 3600,
            "name": "AWSServiceRoleForApplicationAutoScaling_KafkaCluster",
            "name_prefix": "",
            "path": "/aws-service-role/kafka.application-autoscaling.amazonaws.com/",
            "permissions_boundary": "",
            "tags": {},
            "tags_all": {},
            "unique_id": "AROAST5OGW2WPT56CJ5CV"
          },
          "sensitive_attributes": [],
          "private": "eyJzY2hlbWFfdmVyc2lvbiI6MH0=",
          "dependencies": [
            "aws_launch_template.lt_09941c90104dafb26",
            "aws_iam_policy.arn_aws_iam__180217099948_policy_api_suite_automation_policy",
            "aws_vpc.aws_aidevops_default_vpc"
          ]
        }
      ]
    },
    {
      "mode": "managed",
      "type": "aws_iam_role",
      "name": "awsserviceroleforapplicationautoscaling_rdscluster",
      "provider": "provider[\"registry.terraform.io/hashicorp/aws\"]",
      "instances": [
        {
          "schema_version": 0,
          "attributes": {
            "arn": "arn:aws:iam::180217099948:role/aws-service-role/rds.application-autoscaling.amazonaws.com/AWSServiceRoleForApplicationAutoScaling_RDSCluster",
            "assume_role_policy": "{\"Statement\":[{\"Action\":\"sts:AssumeRole\",\"Effect\":\"Allow\",\"Principal\":{\"Service\":\"rds.application-autoscaling.amazonaws.com\"}}],\"Version\":\"2012-10-17\"}",
            "create_date": "2024-11-25T05:19:52Z",
            "description": "",
            "force_detach_policies": false,
            "id": "AWSServiceRoleForApplicationAutoScaling_RDSCluster",
            "inline_policy": [],
            "managed_policy_arns": [
              "arn:aws:iam::aws:policy/aws-service-role/AWSApplicationAutoscalingRDSClusterPolicy"
            ],
            "max_session_duration": 3600,
            "name": "AWSServiceRoleForApplicationAutoScaling_RDSCluster",
            "name_prefix": "",
            "path": "/aws-service-role/rds.application-autoscaling.amazonaws.com/",
            "permissions_boundary": "",
            "tags": {},
            "tags_all": {},
            "unique_id": "AROAST5OGW2WNLTWQG4OL"
          },
          "sensitive_attributes": [],
          "private": "eyJzY2hlbWFfdmVyc2lvbiI6MH0=",
          "dependencies": [
            "aws_launch_template.lt_09941c90104dafb26",
            "aws_iam_policy.arn_aws_iam__180217099948_policy_api_suite_automation_policy",
            "aws_vpc.aws_aidevops_default_vpc"
          ]
        }
      ]
    },
    {
      "mode": "managed",
      "type": "aws_iam_role",
      "name": "awsserviceroleforapprunner",
      "provider": "provider[\"registry.terraform.io/hashicorp/aws\"]",
      "instances": [
        {
          "schema_version": 0,
          "attributes": {
            "arn": "arn:aws:iam::180217099948:role/aws-service-role/apprunner.amazonaws.com/AWSServiceRoleForAppRunner",
            "assume_role_policy": "{\"Statement\":[{\"Action\":\"sts:AssumeRole\",\"Effect\":\"Allow\",\"Principal\":{\"Service\":\"apprunner.amazonaws.com\"}}],\"Version\":\"2012-10-17\"}",
            "create_date": "2025-08-13T16:00:12Z",
            "description": "",
            "force_detach_policies": false,
            "id": "AWSServiceRoleForAppRunner",
            "inline_policy": [],
            "managed_policy_arns": [
              "arn:aws:iam::aws:policy/aws-service-role/AppRunnerServiceRolePolicy"
            ],
            "max_session_duration": 3600,
            "name": "AWSServiceRoleForAppRunner",
            "name_prefix": "",
            "path": "/aws-service-role/apprunner.amazonaws.com/",
            "permissions_boundary": "",
            "tags": {},
            "tags_all": {},
            "unique_id": "AROAST5OGW2WFZF3CUIRF"
          },
          "sensitive_attributes": [],
          "private": "eyJzY2hlbWFfdmVyc2lvbiI6MH0=",
          "dependencies": [
            "aws_iam_policy.arn_aws_iam__180217099948_policy_api_suite_automation_policy",
            "aws_vpc.aws_aidevops_default_vpc",
            "aws_launch_template.lt_09941c90104dafb26"
          ]
        }
      ]
    },
    {
      "mode": "managed",
      "type": "aws_iam_role",
      "name": "awsserviceroleforautoscaling",
      "provider": "provider[\"registry.terraform.io/hashicorp/aws\"]",
      "instances": [
        {
          "schema_version": 0,
          "attributes": {
            "arn": "arn:aws:iam::180217099948:role/aws-service-role/autoscaling.amazonaws.com/AWSServiceRoleForAutoScaling",
            "assume_role_policy": "{\"Statement\":[{\"Action\":\"sts:AssumeRole\",\"Effect\":\"Allow\",\"Principal\":{\"Service\":\"autoscaling.amazonaws.com\"}}],\"Version\":\"2012-10-17\"}",
            "create_date": "2024-02-05T10:30:52Z",
            "description": "Default Service-Linked Role enables access to AWS Services and Resources used or managed by Auto Scaling",
            "force_detach_policies": false,
            "id": "AWSServiceRoleForAutoScaling",
            "inline_policy": [],
            "managed_policy_arns": [
              "arn:aws:iam::aws:policy/aws-service-role/AutoScalingServiceRolePolicy"
            ],
            "max_session_duration": 3600,
            "name": "AWSServiceRoleForAutoScaling",
            "name_prefix": "",
            "path": "/aws-service-role/autoscaling.amazonaws.com/",
            "permissions_boundary": "",
            "tags": {},
            "tags_all": {},
            "unique_id": "AROAST5OGW2WDZMIDVMJW"
          },
          "sensitive_attributes": [],
          "private": "eyJzY2hlbWFfdmVyc2lvbiI6MH0=",
          "dependencies": [
            "aws_vpc.aws_aidevops_default_vpc",
            "aws_iam_policy.arn_aws_iam__180217099948_policy_api_suite_automation_policy",
            "aws_launch_template.lt_09941c90104dafb26"
          ]
        }
      ]
    },
    {
      "mode": "managed",
      "type": "aws_iam_role",
      "name": "awsserviceroleforawschatbot",
      "provider": "provider[\"registry.terraform.io/hashicorp/aws\"]",
      "instances": [
        {
          "schema_version": 0,
          "attributes": {
            "arn": "arn:aws:iam::180217099948:role/aws-service-role/management.chatbot.amazonaws.com/AWSServiceRoleForAWSChatbot",
            "assume_role_policy": "{\"Statement\":[{\"Action\":\"sts:AssumeRole\",\"Effect\":\"Allow\",\"Principal\":{\"Service\":\"management.chatbot.amazonaws.com\"}}],\"Version\":\"2012-10-17\"}",
            "create_date": "2024-07-22T12:19:46Z",
            "description": "The Service Linked Role used by AWS Chatbot.",
            "force_detach_policies": false,
            "id": "AWSServiceRoleForAWSChatbot",
            "inline_policy": [],
            "managed_policy_arns": [
              "arn:aws:iam::aws:policy/aws-service-role/AWSChatbotServiceLinkedRolePolicy"
            ],
            "max_session_duration": 3600,
            "name": "AWSServiceRoleForAWSChatbot",
            "name_prefix": "",
            "path": "/aws-service-role/management.chatbot.amazonaws.com/",
            "permissions_boundary": "",
            "tags": {},
            "tags_all": {},
            "unique_id": "AROAST5OGW2WM5WWG2TZE"
          },
          "sensitive_attributes": [],
          "private": "eyJzY2hlbWFfdmVyc2lvbiI6MH0=",
          "dependencies": [
            "aws_iam_policy.arn_aws_iam__180217099948_policy_api_suite_automation_policy",
            "aws_vpc.aws_aidevops_default_vpc",
            "aws_launch_template.lt_09941c90104dafb26"
          ]
        }
      ]
    },
    {
      "mode": "managed",
      "type": "aws_iam_role",
      "name": "awsserviceroleforawslicensemanagerrole",
      "provider": "provider[\"registry.terraform.io/hashicorp/aws\"]",
      "instances": [
        {
          "schema_version": 0,
          "attributes": {
            "arn": "arn:aws:iam::180217099948:role/aws-service-role/license-manager.amazonaws.com/AWSServiceRoleForAWSLicenseManagerRole",
            "assume_role_policy": "{\"Statement\":[{\"Action\":\"sts:AssumeRole\",\"Effect\":\"Allow\",\"Principal\":{\"Service\":\"license-manager.amazonaws.com\"}}],\"Version\":\"2012-10-17\"}",
            "create_date": "2024-10-24T22:35:11Z",
            "description": "",
            "force_detach_policies": false,
            "id": "AWSServiceRoleForAWSLicenseManagerRole",
            "inline_policy": [],
            "managed_policy_arns": [
              "arn:aws:iam::aws:policy/aws-service-role/AWSLicenseManagerServiceRolePolicy"
            ],
            "max_session_duration": 3600,
            "name": "AWSServiceRoleForAWSLicenseManagerRole",
            "name_prefix": "",
            "path": "/aws-service-role/license-manager.amazonaws.com/",
            "permissions_boundary": "",
            "tags": {},
            "tags_all": {},
            "unique_id": "AROAST5OGW2WM4TAKWXCK"
          },
          "sensitive_attributes": [],
          "private": "eyJzY2hlbWFfdmVyc2lvbiI6MH0=",
          "dependencies": [
            "aws_iam_policy.arn_aws_iam__180217099948_policy_api_suite_automation_policy",
            "aws_vpc.aws_aidevops_default_vpc",
            "aws_launch_template.lt_09941c90104dafb26"
          ]
        }
      ]
    },
    {
      "mode": "managed",
      "type": "aws_iam_role",
      "name": "awsserviceroleforawsservicecatalogappregistry",
      "provider": "provider[\"registry.terraform.io/hashicorp/aws\"]",
      "instances": [
        {
          "schema_version": 0,
          "attributes": {
            "arn": "arn:aws:iam::180217099948:role/aws-service-role/servicecatalog-appregistry.amazonaws.com/AWSServiceRoleForAWSServiceCatalogAppRegistry",
            "assume_role_policy": "{\"Statement\":[{\"Action\":\"sts:AssumeRole\",\"Effect\":\"Allow\",\"Principal\":{\"Service\":\"servicecatalog-appregistry.amazonaws.com\"}}],\"Version\":\"2012-10-17\"}",
            "create_date": "2024-10-14T23:49:17Z",
            "description": "",
            "force_detach_policies": false,
            "id": "AWSServiceRoleForAWSServiceCatalogAppRegistry",
            "inline_policy": [],
            "managed_policy_arns": [
              "arn:aws:iam::aws:policy/aws-service-role/AWSServiceCatalogAppRegistryServiceRolePolicy"
            ],
            "max_session_duration": 3600,
            "name": "AWSServiceRoleForAWSServiceCatalogAppRegistry",
            "name_prefix": "",
            "path": "/aws-service-role/servicecatalog-appregistry.amazonaws.com/",
            "permissions_boundary": "",
            "tags": {},
            "tags_all": {},
            "unique_id": "AROAST5OGW2WH3LQLK7SA"
          },
          "sensitive_attributes": [],
          "private": "eyJzY2hlbWFfdmVyc2lvbiI6MH0=",
          "dependencies": [
            "aws_iam_policy.arn_aws_iam__180217099948_policy_api_suite_automation_policy",
            "aws_launch_template.lt_09941c90104dafb26",
            "aws_vpc.aws_aidevops_default_vpc"
          ]
        }
      ]
    },
    {
      "mode": "managed",
      "type": "aws_iam_role",
      "name": "awsserviceroleforcloudformationstacksetsorgmember",
      "provider": "provider[\"registry.terraform.io/hashicorp/aws\"]",
      "instances": [
        {
          "schema_version": 0,
          "attributes": {
            "arn": "arn:aws:iam::180217099948:role/aws-service-role/member.org.stacksets.cloudformation.amazonaws.com/AWSServiceRoleForCloudFormationStackSetsOrgMember",
            "assume_role_policy": "{\"Statement\":[{\"Action\":\"sts:AssumeRole\",\"Effect\":\"Allow\",\"Principal\":{\"Service\":\"member.org.stacksets.cloudformation.amazonaws.com\"}}],\"Version\":\"2012-10-17\"}",
            "create_date": "2025-11-18T07:18:00Z",
            "description": "Service linked role for CloudFormation StackSets (Organization Member)",
            "force_detach_policies": false,
            "id": "AWSServiceRoleForCloudFormationStackSetsOrgMember",
            "inline_policy": [],
            "managed_policy_arns": [
              "arn:aws:iam::aws:policy/aws-service-role/CloudFormationStackSetsOrgMemberServiceRolePolicy"
            ],
            "max_session_duration": 3600,
            "name": "AWSServiceRoleForCloudFormationStackSetsOrgMember",
            "name_prefix": "",
            "path": "/aws-service-role/member.org.stacksets.cloudformation.amazonaws.com/",
            "permissions_boundary": "",
            "tags": {},
            "tags_all": {},
            "unique_id": "AROAST5OGW2WM4XFLVJ6B"
          },
          "sensitive_attributes": [],
          "private": "eyJzY2hlbWFfdmVyc2lvbiI6MH0=",
          "dependencies": [
            "aws_launch_template.lt_09941c90104dafb26",
            "aws_iam_policy.arn_aws_iam__180217099948_policy_api_suite_automation_policy",
            "aws_vpc.aws_aidevops_default_vpc"
          ]
        }
      ]
    },
    {
      "mode": "managed",
      "type": "aws_iam_role",
      "name": "awsserviceroleforcomputeoptimizer",
      "provider": "provider[\"registry.terraform.io/hashicorp/aws\"]",
      "instances": [
        {
          "schema_version": 0,
          "attributes": {
            "arn": "arn:aws:iam::180217099948:role/aws-service-role/compute-optimizer.amazonaws.com/AWSServiceRoleForComputeOptimizer",
            "assume_role_policy": "{\"Statement\":[{\"Action\":\"sts:AssumeRole\",\"Effect\":\"Allow\",\"Principal\":{\"Service\":\"compute-optimizer.amazonaws.com\"}}],\"Version\":\"2012-10-17\"}",
            "create_date": "2025-06-02T12:55:24Z",
            "description": "",
            "force_detach_policies": false,
            "id": "AWSServiceRoleForComputeOptimizer",
            "inline_policy": [],
            "managed_policy_arns": [
              "arn:aws:iam::aws:policy/aws-service-role/ComputeOptimizerServiceRolePolicy"
            ],
            "max_session_duration": 3600,
            "name": "AWSServiceRoleForComputeOptimizer",
            "name_prefix": "",
            "path": "/aws-service-role/compute-optimizer.amazonaws.com/",
            "permissions_boundary": "",
            "tags": {},
            "tags_all": {},
            "unique_id": "AROAST5OGW2WCZP5VSE5O"
          },
          "sensitive_attributes": [],
          "private": "eyJzY2hlbWFfdmVyc2lvbiI6MH0=",
          "dependencies": [
            "aws_launch_template.lt_09941c90104dafb26",
            "aws_iam_policy.arn_aws_iam__180217099948_policy_api_suite_automation_policy",
            "aws_vpc.aws_aidevops_default_vpc"
          ]
        }
      ]
    },
    {
      "mode": "managed",
      "type": "aws_iam_role",
      "name": "awsserviceroleforcostoptimizationhub",
      "provider": "provider[\"registry.terraform.io/hashicorp/aws\"]",
      "instances": [
        {
          "schema_version": 0,
          "attributes": {
            "arn": "arn:aws:iam::180217099948:role/aws-service-role/cost-optimization-hub.bcm.amazonaws.com/AWSServiceRoleForCostOptimizationHub",
            "assume_role_policy": "{\"Statement\":[{\"Action\":\"sts:AssumeRole\",\"Effect\":\"Allow\",\"Principal\":{\"Service\":\"cost-optimization-hub.bcm.amazonaws.com\"}}],\"Version\":\"2012-10-17\"}",
            "create_date": "2025-05-21T08:08:21Z",
            "description": "Allows Cost Optimization Hub to retrieve organization information and collect optimization-related data and metadata.",
            "force_detach_policies": false,
            "id": "AWSServiceRoleForCostOptimizationHub",
            "inline_policy": [],
            "managed_policy_arns": [
              "arn:aws:iam::aws:policy/aws-service-role/CostOptimizationHubServiceRolePolicy"
            ],
            "max_session_duration": 3600,
            "name": "AWSServiceRoleForCostOptimizationHub",
            "name_prefix": "",
            "path": "/aws-service-role/cost-optimization-hub.bcm.amazonaws.com/",
            "permissions_boundary": "",
            "tags": {},
            "tags_all": {},
            "unique_id": "AROAST5OGW2WO3T35NODC"
          },
          "sensitive_attributes": [],
          "private": "eyJzY2hlbWFfdmVyc2lvbiI6MH0=",
          "dependencies": [
            "aws_launch_template.lt_09941c90104dafb26",
            "aws_iam_policy.arn_aws_iam__180217099948_policy_api_suite_automation_policy",
            "aws_vpc.aws_aidevops_default_vpc"
          ]
        }
      ]
    },
    {
      "mode": "managed",
      "type": "aws_iam_role",
      "name": "awsservicerolefordax",
      "provider": "provider[\"registry.terraform.io/hashicorp/aws\"]",
      "instances": [
        {
          "schema_version": 0,
          "attributes": {
            "arn": "arn:aws:iam::180217099948:role/aws-service-role/dax.amazonaws.com/AWSServiceRoleForDAX",
            "assume_role_policy": "{\"Statement\":[{\"Action\":\"sts:AssumeRole\",\"Effect\":\"Allow\",\"Principal\":{\"Service\":\"dax.amazonaws.com\"}}],\"Version\":\"2012-10-17\"}",
            "create_date": "2025-03-21T10:15:33Z",
            "description": "This policy allows DAX to manage AWS resources on your behalf as necessary for managing your cache.",
            "force_detach_policies": false,
            "id": "AWSServiceRoleForDAX",
            "inline_policy": [],
            "managed_policy_arns": [
              "arn:aws:iam::aws:policy/aws-service-role/DAXServiceRolePolicy"
            ],
            "max_session_duration": 3600,
            "name": "AWSServiceRoleForDAX",
            "name_prefix": "",
            "path": "/aws-service-role/dax.amazonaws.com/",
            "permissions_boundary": "",
            "tags": {},
            "tags_all": {},
            "unique_id": "AROAST5OGW2WMDCNXAMQG"
          },
          "sensitive_attributes": [],
          "private": "eyJzY2hlbWFfdmVyc2lvbiI6MH0=",
          "dependencies": [
            "aws_vpc.aws_aidevops_default_vpc",
            "aws_launch_template.lt_09941c90104dafb26",
            "aws_iam_policy.arn_aws_iam__180217099948_policy_api_suite_automation_policy"
          ]
        }
      ]
    },
    {
      "mode": "managed",
      "type": "aws_iam_role",
      "name": "awsserviceroleforec2instanceconnect",
      "provider": "provider[\"registry.terraform.io/hashicorp/aws\"]",
      "instances": [
        {
          "schema_version": 0,
          "attributes": {
            "arn": "arn:aws:iam::180217099948:role/aws-service-role/ec2-instance-connect.amazonaws.com/AWSServiceRoleForEc2InstanceConnect",
            "assume_role_policy": "{\"Statement\":[{\"Action\":\"sts:AssumeRole\",\"Effect\":\"Allow\",\"Principal\":{\"Service\":\"ec2-instance-connect.amazonaws.com\"}}],\"Version\":\"2012-10-17\"}",
            "create_date": "2026-04-06T17:31:56Z",
            "description": "The Service Linked Role used by EC2 Instance Connect Endpoint.",
            "force_detach_policies": false,
            "id": "AWSServiceRoleForEc2InstanceConnect",
            "inline_policy": [],
            "managed_policy_arns": [
              "arn:aws:iam::aws:policy/aws-service-role/Ec2InstanceConnectEndpoint"
            ],
            "max_session_duration": 3600,
            "name": "AWSServiceRoleForEc2InstanceConnect",
            "name_prefix": "",
            "path": "/aws-service-role/ec2-instance-connect.amazonaws.com/",
            "permissions_boundary": "",
            "tags": {},
            "tags_all": {},
            "unique_id": "AROAST5OGW2WOBEDHJE7T"
          },
          "sensitive_attributes": [],
          "private": "eyJzY2hlbWFfdmVyc2lvbiI6MH0=",
          "dependencies": [
            "aws_vpc.aws_aidevops_default_vpc",
            "aws_launch_template.lt_09941c90104dafb26",
            "aws_iam_policy.arn_aws_iam__180217099948_policy_api_suite_automation_policy"
          ]
        }
      ]
    },
    {
      "mode": "managed",
      "type": "aws_iam_role",
      "name": "awsserviceroleforec2spot",
      "provider": "provider[\"registry.terraform.io/hashicorp/aws\"]",
      "instances": [
        {
          "schema_version": 0,
          "attributes": {
            "arn": "arn:aws:iam::180217099948:role/aws-service-role/spot.amazonaws.com/AWSServiceRoleForEC2Spot",
            "assume_role_policy": "{\"Statement\":[{\"Action\":\"sts:AssumeRole\",\"Effect\":\"Allow\",\"Principal\":{\"Service\":\"spot.amazonaws.com\"}}],\"Version\":\"2012-10-17\"}",
            "create_date": "2024-03-13T04:17:58Z",
            "description": "Default EC2 Spot Service Linked Role",
            "force_detach_policies": false,
            "id": "AWSServiceRoleForEC2Spot",
            "inline_policy": [],
            "managed_policy_arns": [
              "arn:aws:iam::aws:policy/aws-service-role/AWSEC2SpotServiceRolePolicy"
            ],
            "max_session_duration": 3600,
            "name": "AWSServiceRoleForEC2Spot",
            "name_prefix": "",
            "path": "/aws-service-role/spot.amazonaws.com/",
            "permissions_boundary": "",
            "tags": {},
            "tags_all": {},
            "unique_id": "AROAST5OGW2WLQU3CITTX"
          },
          "sensitive_attributes": [],
          "private": "eyJzY2hlbWFfdmVyc2lvbiI6MH0=",
          "dependencies": [
            "aws_iam_policy.arn_aws_iam__180217099948_policy_api_suite_automation_policy",
            "aws_launch_template.lt_09941c90104dafb26",
            "aws_vpc.aws_aidevops_default_vpc"
          ]
        }
      ]
    },
    {
      "mode": "managed",
      "type": "aws_iam_role",
      "name": "awsserviceroleforecs",
      "provider": "provider[\"registry.terraform.io/hashicorp/aws\"]",
      "instances": [
        {
          "schema_version": 0,
          "attributes": {
            "arn": "arn:aws:iam::180217099948:role/aws-service-role/ecs.amazonaws.com/AWSServiceRoleForECS",
            "assume_role_policy": "{\"Statement\":[{\"Action\":\"sts:AssumeRole\",\"Effect\":\"Allow\",\"Principal\":{\"Service\":\"ecs.amazonaws.com\"}}],\"Version\":\"2012-10-17\"}",
            "create_date": "2023-05-06T02:10:45Z",
            "description": "Role to enable Amazon ECS to manage your cluster.",
            "force_detach_policies": false,
            "id": "AWSServiceRoleForECS",
            "inline_policy": [],
            "managed_policy_arns": [
              "arn:aws:iam::aws:policy/aws-service-role/AmazonECSServiceRolePolicy"
            ],
            "max_session_duration": 3600,
            "name": "AWSServiceRoleForECS",
            "name_prefix": "",
            "path": "/aws-service-role/ecs.amazonaws.com/",
            "permissions_boundary": "",
            "tags": {},
            "tags_all": {},
            "unique_id": "AROAST5OGW2WPKG7RND7H"
          },
          "sensitive_attributes": [],
          "private": "eyJzY2hlbWFfdmVyc2lvbiI6MH0=",
          "dependencies": [
            "aws_iam_policy.arn_aws_iam__180217099948_policy_api_suite_automation_policy",
            "aws_launch_template.lt_09941c90104dafb26",
            "aws_vpc.aws_aidevops_default_vpc"
          ]
        }
      ]
    },
    {
      "mode": "managed",
      "type": "aws_iam_role",
      "name": "awsserviceroleforelasticache",
      "provider": "provider[\"registry.terraform.io/hashicorp/aws\"]",
      "instances": [
        {
          "schema_version": 0,
          "attributes": {
            "arn": "arn:aws:iam::180217099948:role/aws-service-role/elasticache.amazonaws.com/AWSServiceRoleForElastiCache",
            "assume_role_policy": "{\"Statement\":[{\"Action\":\"sts:AssumeRole\",\"Effect\":\"Allow\",\"Principal\":{\"Service\":\"elasticache.amazonaws.com\"}}],\"Version\":\"2012-10-17\"}",
            "create_date": "2023-10-26T18:29:35Z",
            "description": "This policy allows ElastiCache to manage AWS resources on your behalf as necessary for managing your cache.",
            "force_detach_policies": false,
            "id": "AWSServiceRoleForElastiCache",
            "inline_policy": [],
            "managed_policy_arns": [
              "arn:aws:iam::aws:policy/aws-service-role/ElastiCacheServiceRolePolicy"
            ],
            "max_session_duration": 3600,
            "name": "AWSServiceRoleForElastiCache",
            "name_prefix": "",
            "path": "/aws-service-role/elasticache.amazonaws.com/",
            "permissions_boundary": "",
            "tags": {},
            "tags_all": {},
            "unique_id": "AROAST5OGW2WAZ7Q7G3MF"
          },
          "sensitive_attributes": [],
          "private": "eyJzY2hlbWFfdmVyc2lvbiI6MH0=",
          "dependencies": [
            "aws_vpc.aws_aidevops_default_vpc",
            "aws_iam_policy.arn_aws_iam__180217099948_policy_api_suite_automation_policy",
            "aws_launch_template.lt_09941c90104dafb26"
          ]
        }
      ]
    },
    {
      "mode": "managed",
      "type": "aws_iam_role",
      "name": "awsserviceroleforelasticloadbalancing",
      "provider": "provider[\"registry.terraform.io/hashicorp/aws\"]",
      "instances": [
        {
          "schema_version": 0,
          "attributes": {
            "arn": "arn:aws:iam::180217099948:role/aws-service-role/elasticloadbalancing.amazonaws.com/AWSServiceRoleForElasticLoadBalancing",
            "assume_role_policy": "{\"Statement\":[{\"Action\":\"sts:AssumeRole\",\"Effect\":\"Allow\",\"Principal\":{\"Service\":\"elasticloadbalancing.amazonaws.com\"}}],\"Version\":\"2012-10-17\"}",
            "create_date": "2023-05-06T02:10:15Z",
            "description": "Allows ELB to call AWS services on your behalf.",
            "force_detach_policies": false,
            "id": "AWSServiceRoleForElasticLoadBalancing",
            "inline_policy": [],
            "managed_policy_arns": [
              "arn:aws:iam::aws:policy/aws-service-role/AWSElasticLoadBalancingServiceRolePolicy"
            ],
            "max_session_duration": 3600,
            "name": "AWSServiceRoleForElasticLoadBalancing",
            "name_prefix": "",
            "path": "/aws-service-role/elasticloadbalancing.amazonaws.com/",
            "permissions_boundary": "",
            "tags": {},
            "tags_all": {},
            "unique_id": "AROAST5OGW2WI62MSOPJQ"
          },
          "sensitive_attributes": [],
          "private": "eyJzY2hlbWFfdmVyc2lvbiI6MH0=",
          "dependencies": [
            "aws_vpc.aws_aidevops_default_vpc",
            "aws_iam_policy.arn_aws_iam__180217099948_policy_api_suite_automation_policy",
            "aws_launch_template.lt_09941c90104dafb26"
          ]
        }
      ]
    },
    {
      "mode": "managed",
      "type": "aws_iam_role",
      "name": "awsserviceroleforemrcleanup",
      "provider": "provider[\"registry.terraform.io/hashicorp/aws\"]",
      "instances": [
        {
          "schema_version": 0,
          "attributes": {
            "arn": "arn:aws:iam::180217099948:role/aws-service-role/elasticmapreduce.amazonaws.com/AWSServiceRoleForEMRCleanup",
            "assume_role_policy": "{\"Statement\":[{\"Action\":\"sts:AssumeRole\",\"Effect\":\"Allow\",\"Principal\":{\"Service\":\"elasticmapreduce.amazonaws.com\"}}],\"Version\":\"2012-10-17\"}",
            "create_date": "2025-10-30T04:51:06Z",
            "description": "",
            "force_detach_policies": false,
            "id": "AWSServiceRoleForEMRCleanup",
            "inline_policy": [],
            "managed_policy_arns": [
              "arn:aws:iam::aws:policy/aws-service-role/AmazonEMRCleanupPolicy"
            ],
            "max_session_duration": 3600,
            "name": "AWSServiceRoleForEMRCleanup",
            "name_prefix": "",
            "path": "/aws-service-role/elasticmapreduce.amazonaws.com/",
            "permissions_boundary": "",
            "tags": {},
            "tags_all": {},
            "unique_id": "AROAST5OGW2WAC2HK3OBC"
          },
          "sensitive_attributes": [],
          "private": "eyJzY2hlbWFfdmVyc2lvbiI6MH0=",
          "dependencies": [
            "aws_vpc.aws_aidevops_default_vpc",
            "aws_launch_template.lt_09941c90104dafb26",
            "aws_iam_policy.arn_aws_iam__180217099948_policy_api_suite_automation_policy"
          ]
        }
      ]
    },
    {
      "mode": "managed",
      "type": "aws_iam_role",
      "name": "awsserviceroleforglobalaccelerator",
      "provider": "provider[\"registry.terraform.io/hashicorp/aws\"]",
      "instances": [
        {
          "schema_version": 0,
          "attributes": {
            "arn": "arn:aws:iam::180217099948:role/aws-service-role/globalaccelerator.amazonaws.com/AWSServiceRoleForGlobalAccelerator",
            "assume_role_policy": "{\"Statement\":[{\"Action\":\"sts:AssumeRole\",\"Effect\":\"Allow\",\"Principal\":{\"Service\":\"globalaccelerator.amazonaws.com\"}}],\"Version\":\"2012-10-17\"}",
            "create_date": "2023-10-24T04:00:45Z",
            "description": "Allows Global Accelerator to call AWS services on customer's behalf",
            "force_detach_policies": false,
            "id": "AWSServiceRoleForGlobalAccelerator",
            "inline_policy": [],
            "managed_policy_arns": [
              "arn:aws:iam::aws:policy/aws-service-role/AWSGlobalAcceleratorSLRPolicy"
            ],
            "max_session_duration": 3600,
            "name": "AWSServiceRoleForGlobalAccelerator",
            "name_prefix": "",
            "path": "/aws-service-role/globalaccelerator.amazonaws.com/",
            "permissions_boundary": "",
            "tags": {},
            "tags_all": {},
            "unique_id": "AROAST5OGW2WJDPKM2IJE"
          },
          "sensitive_attributes": [],
          "private": "eyJzY2hlbWFfdmVyc2lvbiI6MH0=",
          "dependencies": [
            "aws_iam_policy.arn_aws_iam__180217099948_policy_api_suite_automation_policy",
            "aws_launch_template.lt_09941c90104dafb26",
            "aws_vpc.aws_aidevops_default_vpc"
          ]
        }
      ]
    },
    {
      "mode": "managed",
      "type": "aws_iam_role",
      "name": "awsserviceroleforkafka",
      "provider": "provider[\"registry.terraform.io/hashicorp/aws\"]",
      "instances": [
        {
          "schema_version": 0,
          "attributes": {
            "arn": "arn:aws:iam::180217099948:role/aws-service-role/kafka.amazonaws.com/AWSServiceRoleForKafka",
            "assume_role_policy": "{\"Statement\":[{\"Action\":\"sts:AssumeRole\",\"Effect\":\"Allow\",\"Principal\":{\"Service\":\"kafka.amazonaws.com\"}}],\"Version\":\"2012-10-17\"}",
            "create_date": "2023-10-30T08:28:49Z",
            "description": "",
            "force_detach_policies": false,
            "id": "AWSServiceRoleForKafka",
            "inline_policy": [],
            "managed_policy_arns": [
              "arn:aws:iam::aws:policy/aws-service-role/KafkaServiceRolePolicy"
            ],
            "max_session_duration": 3600,
            "name": "AWSServiceRoleForKafka",
            "name_prefix": "",
            "path": "/aws-service-role/kafka.amazonaws.com/",
            "permissions_boundary": "",
            "tags": {},
            "tags_all": {},
            "unique_id": "AROAST5OGW2WKYO7GXBFS"
          },
          "sensitive_attributes": [],
          "private": "eyJzY2hlbWFfdmVyc2lvbiI6MH0=",
          "dependencies": [
            "aws_iam_policy.arn_aws_iam__180217099948_policy_api_suite_automation_policy",
            "aws_launch_template.lt_09941c90104dafb26",
            "aws_vpc.aws_aidevops_default_vpc"
          ]
        }
      ]
    },
    {
      "mode": "managed",
      "type": "aws_iam_role",
      "name": "awsserviceroleforkafkaconnect",
      "provider": "provider[\"registry.terraform.io/hashicorp/aws\"]",
      "instances": [
        {
          "schema_version": 0,
          "attributes": {
            "arn": "arn:aws:iam::180217099948:role/aws-service-role/kafkaconnect.amazonaws.com/AWSServiceRoleForKafkaConnect",
            "assume_role_policy": "{\"Statement\":[{\"Action\":\"sts:AssumeRole\",\"Effect\":\"Allow\",\"Principal\":{\"Service\":\"kafkaconnect.amazonaws.com\"}}],\"Version\":\"2012-10-17\"}",
            "create_date": "2025-02-03T10:31:09Z",
            "description": "Allows MSK Connect to access AWS resources on your behalf.",
            "force_detach_policies": false,
            "id": "AWSServiceRoleForKafkaConnect",
            "inline_policy": [],
            "managed_policy_arns": [
              "arn:aws:iam::aws:policy/aws-service-role/KafkaConnectServiceRolePolicy"
            ],
            "max_session_duration": 3600,
            "name": "AWSServiceRoleForKafkaConnect",
            "name_prefix": "",
            "path": "/aws-service-role/kafkaconnect.amazonaws.com/",
            "permissions_boundary": "",
            "tags": {},
            "tags_all": {},
            "unique_id": "AROAST5OGW2WJMVYW65NF"
          },
          "sensitive_attributes": [],
          "private": "eyJzY2hlbWFfdmVyc2lvbiI6MH0=",
          "dependencies": [
            "aws_vpc.aws_aidevops_default_vpc",
            "aws_launch_template.lt_09941c90104dafb26",
            "aws_iam_policy.arn_aws_iam__180217099948_policy_api_suite_automation_policy"
          ]
        }
      ]
    },
    {
      "mode": "managed",
      "type": "aws_iam_role",
      "name": "awsserviceroleformarketplacedeployment",
      "provider": "provider[\"registry.terraform.io/hashicorp/aws\"]",
      "instances": [
        {
          "schema_version": 0,
          "attributes": {
            "arn": "arn:aws:iam::180217099948:role/aws-service-role/deployment.marketplace.amazonaws.com/AWSServiceRoleForMarketplaceDeployment",
            "assume_role_policy": "{\"Statement\":[{\"Action\":\"sts:AssumeRole\",\"Effect\":\"Allow\",\"Principal\":{\"Service\":\"deployment.marketplace.amazonaws.com\"}}],\"Version\":\"2012-10-17\"}",
            "create_date": "2025-09-10T09:50:54Z",
            "description": "Service-linked role to enable deployment parameters integration",
            "force_detach_policies": false,
            "id": "AWSServiceRoleForMarketplaceDeployment",
            "inline_policy": [],
            "managed_policy_arns": [
              "arn:aws:iam::aws:policy/aws-service-role/AWSMarketplaceDeploymentServiceRolePolicy"
            ],
            "max_session_duration": 3600,
            "name": "AWSServiceRoleForMarketplaceDeployment",
            "name_prefix": "",
            "path": "/aws-service-role/deployment.marketplace.amazonaws.com/",
            "permissions_boundary": "",
            "tags": {},
            "tags_all": {},
            "unique_id": "AROAST5OGW2WPJST7HAMA"
          },
          "sensitive_attributes": [],
          "private": "eyJzY2hlbWFfdmVyc2lvbiI6MH0=",
          "dependencies": [
            "aws_vpc.aws_aidevops_default_vpc",
            "aws_launch_template.lt_09941c90104dafb26",
            "aws_iam_policy.arn_aws_iam__180217099948_policy_api_suite_automation_policy"
          ]
        }
      ]
    },
    {
      "mode": "managed",
      "type": "aws_iam_role",
      "name": "awsserviceroleformarketplacelicensemanagement",
      "provider": "provider[\"registry.terraform.io/hashicorp/aws\"]",
      "instances": [
        {
          "schema_version": 0,
          "attributes": {
            "arn": "arn:aws:iam::180217099948:role/aws-service-role/license-management.marketplace.amazonaws.com/AWSServiceRoleForMarketplaceLicenseManagement",
            "assume_role_policy": "{\"Statement\":[{\"Action\":\"sts:AssumeRole\",\"Effect\":\"Allow\",\"Principal\":{\"Service\":\"license-management.marketplace.amazonaws.com\"}}],\"Version\":\"2012-10-17\"}",
            "create_date": "2024-10-24T22:35:11Z",
            "description": "",
            "force_detach_policies": false,
            "id": "AWSServiceRoleForMarketplaceLicenseManagement",
            "inline_policy": [],
            "managed_policy_arns": [
              "arn:aws:iam::aws:policy/aws-service-role/AWSMarketplaceLicenseManagementServiceRolePolicy"
            ],
            "max_session_duration": 3600,
            "name": "AWSServiceRoleForMarketplaceLicenseManagement",
            "name_prefix": "",
            "path": "/aws-service-role/license-management.marketplace.amazonaws.com/",
            "permissions_boundary": "",
            "tags": {},
            "tags_all": {},
            "unique_id": "AROAST5OGW2WEM2XK2P36"
          },
          "sensitive_attributes": [],
          "private": "eyJzY2hlbWFfdmVyc2lvbiI6MH0=",
          "dependencies": [
            "aws_iam_policy.arn_aws_iam__180217099948_policy_api_suite_automation_policy",
            "aws_launch_template.lt_09941c90104dafb26",
            "aws_vpc.aws_aidevops_default_vpc"
          ]
        }
      ]
    },
    {
      "mode": "managed",
      "type": "aws_iam_role",
      "name": "awsservicerolefororganizations",
      "provider": "provider[\"registry.terraform.io/hashicorp/aws\"]",
      "instances": [
        {
          "schema_version": 0,
          "attributes": {
            "arn": "arn:aws:iam::180217099948:role/aws-service-role/organizations.amazonaws.com/AWSServiceRoleForOrganizations",
            "assume_role_policy": "{\"Statement\":[{\"Action\":\"sts:AssumeRole\",\"Effect\":\"Allow\",\"Principal\":{\"Service\":\"organizations.amazonaws.com\"}}],\"Version\":\"2012-10-17\"}",
            "create_date": "2023-05-05T01:58:38Z",
            "description": "Service-linked role used by AWS Organizations to enable integration of other AWS services with Organizations.",
            "force_detach_policies": false,
            "id": "AWSServiceRoleForOrganizations",
            "inline_policy": [],
            "managed_policy_arns": [
              "arn:aws:iam::aws:policy/aws-service-role/AWSOrganizationsServiceTrustPolicy"
            ],
            "max_session_duration": 3600,
            "name": "AWSServiceRoleForOrganizations",
            "name_prefix": "",
            "path": "/aws-service-role/organizations.amazonaws.com/",
            "permissions_boundary": "",
            "tags": {},
            "tags_all": {},
            "unique_id": "AROAST5OGW2WH2HOFYXEM"
          },
          "sensitive_attributes": [],
          "private": "eyJzY2hlbWFfdmVyc2lvbiI6MH0=",
          "dependencies": [
            "aws_launch_template.lt_09941c90104dafb26",
            "aws_iam_policy.arn_aws_iam__180217099948_policy_api_suite_automation_policy",
            "aws_vpc.aws_aidevops_default_vpc"
          ]
        }
      ]
    },
    {
      "mode": "managed",
      "type": "aws_iam_role",
      "name": "awsserviceroleforrds",
      "provider": "provider[\"registry.terraform.io/hashicorp/aws\"]",
      "instances": [
        {
          "schema_version": 0,
          "attributes": {
            "arn": "arn:aws:iam::180217099948:role/aws-service-role/rds.amazonaws.com/AWSServiceRoleForRDS",
            "assume_role_policy": "{\"Statement\":[{\"Action\":\"sts:AssumeRole\",\"Effect\":\"Allow\",\"Principal\":{\"Service\":\"rds.amazonaws.com\"}}],\"Version\":\"2012-10-17\"}",
            "create_date": "2023-05-31T14:24:06Z",
            "description": "Allows Amazon RDS to manage AWS resources on your behalf",
            "force_detach_policies": false,
            "id": "AWSServiceRoleForRDS",
            "inline_policy": [],
            "managed_policy_arns": [
              "arn:aws:iam::aws:policy/aws-service-role/AmazonRDSServiceRolePolicy"
            ],
            "max_session_duration": 3600,
            "name": "AWSServiceRoleForRDS",
            "name_prefix": "",
            "path": "/aws-service-role/rds.amazonaws.com/",
            "permissions_boundary": "",
            "tags": {},
            "tags_all": {},
            "unique_id": "AROAST5OGW2WD45FY75XK"
          },
          "sensitive_attributes": [],
          "private": "eyJzY2hlbWFfdmVyc2lvbiI6MH0=",
          "dependencies": [
            "aws_launch_template.lt_09941c90104dafb26",
            "aws_iam_policy.arn_aws_iam__180217099948_policy_api_suite_automation_policy",
            "aws_vpc.aws_aidevops_default_vpc"
          ]
        }
      ]
    },
    {
      "mode": "managed",
      "type": "aws_iam_role",
      "name": "awsserviceroleforredshift",
      "provider": "provider[\"registry.terraform.io/hashicorp/aws\"]",
      "instances": [
        {
          "schema_version": 0,
          "attributes": {
            "arn": "arn:aws:iam::180217099948:role/aws-service-role/redshift.amazonaws.com/AWSServiceRoleForRedshift",
            "assume_role_policy": "{\"Statement\":[{\"Action\":\"sts:AssumeRole\",\"Effect\":\"Allow\",\"Principal\":{\"Service\":\"redshift.amazonaws.com\"}}],\"Version\":\"2012-10-17\"}",
            "create_date": "2023-11-08T13:12:00Z",
            "description": "Allows Amazon Redshift to call AWS services on your behalf ",
            "force_detach_policies": false,
            "id": "AWSServiceRoleForRedshift",
            "inline_policy": [],
            "managed_policy_arns": [
              "arn:aws:iam::aws:policy/aws-service-role/AmazonRedshiftServiceLinkedRolePolicy"
            ],
            "max_session_duration": 3600,
            "name": "AWSServiceRoleForRedshift",
            "name_prefix": "",
            "path": "/aws-service-role/redshift.amazonaws.com/",
            "permissions_boundary": "",
            "tags": {},
            "tags_all": {},
            "unique_id": "AROAST5OGW2WCRTNG7L3S"
          },
          "sensitive_attributes": [],
          "private": "eyJzY2hlbWFfdmVyc2lvbiI6MH0=",
          "dependencies": [
            "aws_vpc.aws_aidevops_default_vpc",
            "aws_iam_policy.arn_aws_iam__180217099948_policy_api_suite_automation_policy",
            "aws_launch_template.lt_09941c90104dafb26"
          ]
        }
      ]
    },
    {
      "mode": "managed",
      "type": "aws_iam_role",
      "name": "awsserviceroleforresourceexplorer",
      "provider": "provider[\"registry.terraform.io/hashicorp/aws\"]",
      "instances": [
        {
          "schema_version": 0,
          "attributes": {
            "arn": "arn:aws:iam::180217099948:role/aws-service-role/resource-explorer-2.amazonaws.com/AWSServiceRoleForResourceExplorer",
            "assume_role_policy": "{\"Statement\":[{\"Action\":\"sts:AssumeRole\",\"Effect\":\"Allow\",\"Principal\":{\"Service\":\"resource-explorer-2.amazonaws.com\"}}],\"Version\":\"2012-10-17\"}",
            "create_date": "2024-07-22T11:51:49Z",
            "description": "",
            "force_detach_policies": false,
            "id": "AWSServiceRoleForResourceExplorer",
            "inline_policy": [],
            "managed_policy_arns": [
              "arn:aws:iam::aws:policy/aws-service-role/AWSResourceExplorerServiceRolePolicy"
            ],
            "max_session_duration": 3600,
            "name": "AWSServiceRoleForResourceExplorer",
            "name_prefix": "",
            "path": "/aws-service-role/resource-explorer-2.amazonaws.com/",
            "permissions_boundary": "",
            "tags": {},
            "tags_all": {},
            "unique_id": "AROAST5OGW2WFRX2L6WGJ"
          },
          "sensitive_attributes": [],
          "private": "eyJzY2hlbWFfdmVyc2lvbiI6MH0=",
          "dependencies": [
            "aws_vpc.aws_aidevops_default_vpc",
            "aws_iam_policy.arn_aws_iam__180217099948_policy_api_suite_automation_policy",
            "aws_launch_template.lt_09941c90104dafb26"
          ]
        }
      ]
    },
    {
      "mode": "managed",
      "type": "aws_iam_role",
      "name": "awsserviceroleforsecurityhub",
      "provider": "provider[\"registry.terraform.io/hashicorp/aws\"]",
      "instances": [
        {
          "schema_version": 0,
          "attributes": {
            "arn": "arn:aws:iam::180217099948:role/aws-service-role/securityhub.amazonaws.com/AWSServiceRoleForSecurityHub",
            "assume_role_policy": "{\"Statement\":[{\"Action\":\"sts:AssumeRole\",\"Effect\":\"Allow\",\"Principal\":{\"Service\":\"securityhub.amazonaws.com\"}}],\"Version\":\"2012-10-17\"}",
            "create_date": "2026-02-16T04:38:56Z",
            "description": "A service-linked role required for AWS Security Hub to access your resources.",
            "force_detach_policies": false,
            "id": "AWSServiceRoleForSecurityHub",
            "inline_policy": [],
            "managed_policy_arns": [
              "arn:aws:iam::aws:policy/aws-service-role/AWSSecurityHubServiceRolePolicy"
            ],
            "max_session_duration": 3600,
            "name": "AWSServiceRoleForSecurityHub",
            "name_prefix": "",
            "path": "/aws-service-role/securityhub.amazonaws.com/",
            "permissions_boundary": "",
            "tags": {},
            "tags_all": {},
            "unique_id": "AROAST5OGW2WGC4HBHSHR"
          },
          "sensitive_attributes": [],
          "private": "eyJzY2hlbWFfdmVyc2lvbiI6MH0=",
          "dependencies": [
            "aws_iam_policy.arn_aws_iam__180217099948_policy_api_suite_automation_policy",
            "aws_vpc.aws_aidevops_default_vpc",
            "aws_launch_template.lt_09941c90104dafb26"
          ]
        }
      ]
    },
    {
      "mode": "managed",
      "type": "aws_iam_role",
      "name": "awsserviceroleforsso",
      "provider": "provider[\"registry.terraform.io/hashicorp/aws\"]",
      "instances": [
        {
          "schema_version": 0,
          "attributes": {
            "arn": "arn:aws:iam::180217099948:role/aws-service-role/sso.amazonaws.com/AWSServiceRoleForSSO",
            "assume_role_policy": "{\"Statement\":[{\"Action\":\"sts:AssumeRole\",\"Effect\":\"Allow\",\"Principal\":{\"Service\":\"sso.amazonaws.com\"}}],\"Version\":\"2012-10-17\"}",
            "create_date": "2023-05-05T01:58:52Z",
            "description": "Service-linked role used by AWS SSO to manage AWS resources, including IAM roles, policies and SAML IdP on your behalf.",
            "force_detach_policies": false,
            "id": "AWSServiceRoleForSSO",
            "inline_policy": [],
            "managed_policy_arns": [
              "arn:aws:iam::aws:policy/aws-service-role/AWSSSOServiceRolePolicy"
            ],
            "max_session_duration": 3600,
            "name": "AWSServiceRoleForSSO",
            "name_prefix": "",
            "path": "/aws-service-role/sso.amazonaws.com/",
            "permissions_boundary": "",
            "tags": {},
            "tags_all": {},
            "unique_id": "AROAST5OGW2WORQVBYCFX"
          },
          "sensitive_attributes": [],
          "private": "eyJzY2hlbWFfdmVyc2lvbiI6MH0=",
          "dependencies": [
            "aws_vpc.aws_aidevops_default_vpc",
            "aws_iam_policy.arn_aws_iam__180217099948_policy_api_suite_automation_policy",
            "aws_launch_template.lt_09941c90104dafb26"
          ]
        }
      ]
    },
    {
      "mode": "managed",
      "type": "aws_iam_role",
      "name": "awsserviceroleforstoragegateway",
      "provider": "provider[\"registry.terraform.io/hashicorp/aws\"]",
      "instances": [
        {
          "schema_version": 0,
          "attributes": {
            "arn": "arn:aws:iam::180217099948:role/aws-service-role/storagegateway.amazonaws.com/AWSServiceRoleForStorageGateway",
            "assume_role_policy": "{\"Statement\":[{\"Action\":\"sts:AssumeRole\",\"Effect\":\"Allow\",\"Principal\":{\"Service\":\"storagegateway.amazonaws.com\"}}],\"Version\":\"2012-10-17\"}",
            "create_date": "2025-03-04T13:59:10Z",
            "description": "Service-linked role used by AWS Storage Gateway to enable integration of other AWS services with Storage Gateway",
            "force_detach_policies": false,
            "id": "AWSServiceRoleForStorageGateway",
            "inline_policy": [],
            "managed_policy_arns": [
              "arn:aws:iam::aws:policy/aws-service-role/AWSStorageGatewayServiceRolePolicy"
            ],
            "max_session_duration": 3600,
            "name": "AWSServiceRoleForStorageGateway",
            "name_prefix": "",
            "path": "/aws-service-role/storagegateway.amazonaws.com/",
            "permissions_boundary": "",
            "tags": {},
            "tags_all": {},
            "unique_id": "AROAST5OGW2WL2KQAADEZ"
          },
          "sensitive_attributes": [],
          "private": "eyJzY2hlbWFfdmVyc2lvbiI6MH0=",
          "dependencies": [
            "aws_iam_policy.arn_aws_iam__180217099948_policy_api_suite_automation_policy",
            "aws_launch_template.lt_09941c90104dafb26",
            "aws_vpc.aws_aidevops_default_vpc"
          ]
        }
      ]
    },
    {
      "mode": "managed",
      "type": "aws_iam_role",
      "name": "awsserviceroleforsupport",
      "provider": "provider[\"registry.terraform.io/hashicorp/aws\"]",
      "instances": [
        {
          "schema_version": 0,
          "attributes": {
            "arn": "arn:aws:iam::180217099948:role/aws-service-role/support.amazonaws.com/AWSServiceRoleForSupport",
            "assume_role_policy": "{\"Statement\":[{\"Action\":\"sts:AssumeRole\",\"Effect\":\"Allow\",\"Principal\":{\"Service\":\"support.amazonaws.com\"}}],\"Version\":\"2012-10-17\"}",
            "create_date": "2023-05-05T01:58:37Z",
            "description": "Enables resource access for AWS to provide billing, administrative and support services",
            "force_detach_policies": false,
            "id": "AWSServiceRoleForSupport",
            "inline_policy": [],
            "managed_policy_arns": [
              "arn:aws:iam::aws:policy/aws-service-role/AWSSupportServiceRolePolicy"
            ],
            "max_session_duration": 3600,
            "name": "AWSServiceRoleForSupport",
            "name_prefix": "",
            "path": "/aws-service-role/support.amazonaws.com/",
            "permissions_boundary": "",
            "tags": {},
            "tags_all": {},
            "unique_id": "AROAST5OGW2WOCEQJJR4D"
          },
          "sensitive_attributes": [],
          "private": "eyJzY2hlbWFfdmVyc2lvbiI6MH0=",
          "dependencies": [
            "aws_vpc.aws_aidevops_default_vpc",
            "aws_launch_template.lt_09941c90104dafb26",
            "aws_iam_policy.arn_aws_iam__180217099948_policy_api_suite_automation_policy"
          ]
        }
      ]
    },
    {
      "mode": "managed",
      "type": "aws_iam_role",
      "name": "awsservicerolefortrustedadvisor",
      "provider": "provider[\"registry.terraform.io/hashicorp/aws\"]",
      "instances": [
        {
          "schema_version": 0,
          "attributes": {
            "arn": "arn:aws:iam::180217099948:role/aws-service-role/trustedadvisor.amazonaws.com/AWSServiceRoleForTrustedAdvisor",
            "assume_role_policy": "{\"Statement\":[{\"Action\":\"sts:AssumeRole\",\"Effect\":\"Allow\",\"Principal\":{\"Service\":\"trustedadvisor.amazonaws.com\"}}],\"Version\":\"2012-10-17\"}",
            "create_date": "2023-05-05T01:58:37Z",
            "description": "Access for the AWS Trusted Advisor Service to help reduce cost, increase performance, and improve security of your AWS environment.",
            "force_detach_policies": false,
            "id": "AWSServiceRoleForTrustedAdvisor",
            "inline_policy": [],
            "managed_policy_arns": [
              "arn:aws:iam::aws:policy/aws-service-role/AWSTrustedAdvisorServiceRolePolicy"
            ],
            "max_session_duration": 3600,
            "name": "AWSServiceRoleForTrustedAdvisor",
            "name_prefix": "",
            "path": "/aws-service-role/trustedadvisor.amazonaws.com/",
            "permissions_boundary": "",
            "tags": {},
            "tags_all": {},
            "unique_id": "AROAST5OGW2WB6KCUQPKT"
          },
          "sensitive_attributes": [],
          "private": "eyJzY2hlbWFfdmVyc2lvbiI6MH0=",
          "dependencies": [
            "aws_iam_policy.arn_aws_iam__180217099948_policy_api_suite_automation_policy",
            "aws_vpc.aws_aidevops_default_vpc",
            "aws_launch_template.lt_09941c90104dafb26"
          ]
        }
      ]
    },
    {
      "mode": "managed",
      "type": "aws_iam_role",
      "name": "awsserviceroleforvpctransitgateway",
      "provider": "provider[\"registry.terraform.io/hashicorp/aws\"]",
      "instances": [
        {
          "schema_version": 0,
          "attributes": {
            "arn": "arn:aws:iam::180217099948:role/aws-service-role/transitgateway.amazonaws.com/AWSServiceRoleForVPCTransitGateway",
            "assume_role_policy": "{\"Statement\":[{\"Action\":\"sts:AssumeRole\",\"Effect\":\"Allow\",\"Principal\":{\"Service\":\"transitgateway.amazonaws.com\"}}],\"Version\":\"2012-10-17\"}",
            "create_date": "2025-01-29T10:42:27Z",
            "description": "Allows VPC Transit Gateway to access EC2 resources on your behalf.",
            "force_detach_policies": false,
            "id": "AWSServiceRoleForVPCTransitGateway",
            "inline_policy": [],
            "managed_policy_arns": [
              "arn:aws:iam::aws:policy/aws-service-role/AWSVPCTransitGatewayServiceRolePolicy"
            ],
            "max_session_duration": 3600,
            "name": "AWSServiceRoleForVPCTransitGateway",
            "name_prefix": "",
            "path": "/aws-service-role/transitgateway.amazonaws.com/",
            "permissions_boundary": "",
            "tags": {},
            "tags_all": {},
            "unique_id": "AROAST5OGW2WNNA4T4Z3R"
          },
          "sensitive_attributes": [],
          "private": "eyJzY2hlbWFfdmVyc2lvbiI6MH0=",
          "dependencies": [
            "aws_launch_template.lt_09941c90104dafb26",
            "aws_iam_policy.arn_aws_iam__180217099948_policy_api_suite_automation_policy",
            "aws_vpc.aws_aidevops_default_vpc"
          ]
        }
      ]
    },
    {
      "mode": "managed",
      "type": "aws_iam_role",
      "name": "containerized_app_d4rrba_apprunner_instance_role",
      "provider": "provider[\"registry.terraform.io/hashicorp/aws\"]",
      "instances": [
        {
          "schema_version": 0,
          "attributes": {
            "arn": "arn:aws:iam::180217099948:role/containerized-app-d4rrba-apprunner-instance-role",
            "assume_role_policy": "{\"Statement\":[{\"Action\":\"sts:AssumeRole\",\"Effect\":\"Allow\",\"Principal\":{\"Service\":[\"build.apprunner.amazonaws.com\",\"tasks.apprunner.amazonaws.com\"]}}],\"Version\":\"2012-10-17\"}",
            "create_date": "2026-05-26T17:18:01Z",
            "description": "",
            "force_detach_policies": false,
            "id": "containerized-app-d4rrba-apprunner-instance-role",
            "inline_policy": [],
            "managed_policy_arns": [],
            "max_session_duration": 3600,
            "name": "containerized-app-d4rrba-apprunner-instance-role",
            "name_prefix": "",
            "path": "/",
            "permissions_boundary": "",
            "tags": {},
            "tags_all": {},
            "unique_id": "AROAST5OGW2WLGM6IEQRE"
          },
          "sensitive_attributes": [],
          "private": "eyJzY2hlbWFfdmVyc2lvbiI6MH0=",
          "dependencies": [
            "aws_iam_policy.arn_aws_iam__180217099948_policy_api_suite_automation_policy",
            "aws_vpc.aws_aidevops_default_vpc"
          ]
        }
      ]
    },
    {
      "mode": "managed",
      "type": "aws_iam_role",
      "name": "devopsagentrole_agentspace_mij4zr0m",
      "provider": "provider[\"registry.terraform.io/hashicorp/aws\"]",
      "instances": [
        {
          "schema_version": 0,
          "attributes": {
            "arn": "arn:aws:iam::180217099948:role/service-role/DevOpsAgentRole-AgentSpace-mij4zr0m",
            "assume_role_policy": "{\"Statement\":[{\"Action\":\"sts:AssumeRole\",\"Condition\":{\"ArnLike\":{\"aws:SourceArn\":\"arn:aws:aidevops:us-east-1:180217099948:agentspace/*\"},\"StringEquals\":{\"aws:SourceAccount\":\"180217099948\"}},\"Effect\":\"Allow\",\"Principal\":{\"Service\":\"aidevops.amazonaws.com\"}}],\"Version\":\"2012-10-17\"}",
            "create_date": "2026-05-26T08:59:24Z",
            "description": "A service-linked role required for AWS DevOps Agent to access your resources.",
            "force_detach_policies": false,
            "id": "DevOpsAgentRole-AgentSpace-mij4zr0m",
            "inline_policy": [],
            "managed_policy_arns": [
              "arn:aws:iam::180217099948:policy/service-role/AIDevOpsAllowAwsSupportActionsPolicy-rgzroxq9",
              "arn:aws:iam::aws:policy/AIDevOpsAgentAccessPolicy"
            ],
            "max_session_duration": 3600,
            "name": "DevOpsAgentRole-AgentSpace-mij4zr0m",
            "name_prefix": "",
            "path": "/service-role/",
            "permissions_boundary": "",
            "tags": {},
            "tags_all": {},
            "unique_id": "AROAST5OGW2WGV2PUNHHP"
          },
          "sensitive_attributes": [],
          "private": "eyJzY2hlbWFfdmVyc2lvbiI6MH0=",
          "dependencies": [
            "aws_iam_policy.arn_aws_iam__180217099948_policy_api_suite_automation_policy",
            "aws_iam_policy.arn_aws_iam__180217099948_policy_service_role_aidevopsallowawssupportactionspolicy_rgzroxq9",
            "aws_vpc.aws_aidevops_default_vpc"
          ]
        }
      ]
    },
    {
      "mode": "managed",
      "type": "aws_iam_role",
      "name": "devopsagentrole_webappadmin_42brrkru",
      "provider": "provider[\"registry.terraform.io/hashicorp/aws\"]",
      "instances": [
        {
          "schema_version": 0,
          "attributes": {
            "arn": "arn:aws:iam::180217099948:role/service-role/DevOpsAgentRole-WebappAdmin-42brrkru",
            "assume_role_policy": "{\"Statement\":[{\"Action\":[\"sts:AssumeRole\",\"sts:TagSession\"],\"Condition\":{\"ArnEquals\":{\"aws:SourceArn\":\"arn:aws:aidevops:us-east-1:180217099948:agentspace/28871223-d96f-4ed4-a1da-97bd265767e1\"},\"StringEquals\":{\"aws:SourceAccount\":\"180217099948\"}},\"Effect\":\"Allow\",\"Principal\":{\"Service\":\"aidevops.amazonaws.com\"}}],\"Version\":\"2012-10-17\"}",
            "create_date": "2026-05-26T08:59:26Z",
            "description": "A service-linked role required for AWS DevOps Agent to enable the off-console web app.",
            "force_detach_policies": false,
            "id": "DevOpsAgentRole-WebappAdmin-42brrkru",
            "inline_policy": [],
            "managed_policy_arns": [
              "arn:aws:iam::aws:policy/AIDevOpsOperatorAppAccessPolicy"
            ],
            "max_session_duration": 3600,
            "name": "DevOpsAgentRole-WebappAdmin-42brrkru",
            "name_prefix": "",
            "path": "/service-role/",
            "permissions_boundary": "",
            "tags": {},
            "tags_all": {},
            "unique_id": "AROAST5OGW2WDXHZ7ICK6"
          },
          "sensitive_attributes": [],
          "private": "eyJzY2hlbWFfdmVyc2lvbiI6MH0=",
          "dependencies": [
            "aws_vpc.aws_aidevops_default_vpc",
            "aws_iam_policy.arn_aws_iam__180217099948_policy_api_suite_automation_policy",
            "aws_launch_template.lt_09941c90104dafb26"
          ]
        }
      ]
    },
    {
      "mode": "managed",
      "type": "aws_iam_role",
      "name": "dhairya_unstable_plan_deploy_test",
      "provider": "provider[\"registry.terraform.io/hashicorp/aws\"]",
      "instances": [
        {
          "schema_version": 0,
          "attributes": {
            "arn": "arn:aws:iam::180217099948:role/dhairya-unstable-plan-deploy-test",
            "assume_role_policy": "{\"Statement\":[{\"Action\":\"sts:AssumeRole\",\"Condition\":{\"StringEquals\":{\"sts:ExternalId\":\"AqI23R1m9g\"}},\"Effect\":\"Allow\",\"Principal\":{\"AWS\":\"arn:aws:iam::584974133937:role/stackgen-system\"}},{\"Action\":\"sts:TagSession\",\"Effect\":\"Allow\",\"Principal\":{\"AWS\":\"arn:aws:iam::584974133937:role/stackgen-system\"}}],\"Version\":\"2012-10-17\"}",
            "create_date": "2026-03-11T18:15:53Z",
            "description": "using this role to test tf plan and apply operations in unstable env",
            "force_detach_policies": false,
            "id": "dhairya-unstable-plan-deploy-test",
            "inline_policy": [],
            "managed_policy_arns": [],
            "max_session_duration": 3600,
            "name": "dhairya-unstable-plan-deploy-test",
            "name_prefix": "",
            "path": "/",
            "permissions_boundary": "",
            "tags": {
              "do-not-delete": "true"
            },
            "tags_all": {
              "do-not-delete": "true"
            },
            "unique_id": "AROAST5OGW2WKRUV2ZMKV"
          },
          "sensitive_attributes": [],
          "private": "eyJzY2hlbWFfdmVyc2lvbiI6MH0=",
          "dependencies": [
            "aws_iam_policy.arn_aws_iam__180217099948_policy_api_suite_automation_policy",
            "aws_vpc.aws_aidevops_default_vpc",
            "aws_launch_template.lt_09941c90104dafb26"
          ]
        }
      ]
    },
    {
      "mode": "managed",
      "type": "aws_iam_role",
      "name": "digant_test",
      "provider": "provider[\"registry.terraform.io/hashicorp/aws\"]",
      "instances": [
        {
          "schema_version": 0,
          "attributes": {
            "arn": "arn:aws:iam::180217099948:role/digant-test",
            "assume_role_policy": "{\"Statement\":[{\"Action\":\"sts:AssumeRole\",\"Condition\":{\"StringEquals\":{\"sts:ExternalId\":\"tfNw1muKmb\"}},\"Effect\":\"Allow\",\"Principal\":{\"AWS\":\"arn:aws:iam::239541129941:role/stackgen-bastion\"}},{\"Action\":\"sts:TagSession\",\"Effect\":\"Allow\",\"Principal\":{\"AWS\":\"arn:aws:iam::239541129941:role/stackgen-bastion\"}}],\"Version\":\"2012-10-17\"}",
            "create_date": "2026-05-07T18:24:12Z",
            "description": "",
            "force_detach_policies": false,
            "id": "digant-test",
            "inline_policy": [],
            "managed_policy_arns": [],
            "max_session_duration": 3600,
            "name": "digant-test",
            "name_prefix": "",
            "path": "/",
            "permissions_boundary": "",
            "tags": {
              "do-not-delete": "true"
            },
            "tags_all": {
              "do-not-delete": "true"
            },
            "unique_id": "AROAST5OGW2WEDJFGW7FI"
          },
          "sensitive_attributes": [],
          "private": "eyJzY2hlbWFfdmVyc2lvbiI6MH0=",
          "dependencies": [
            "aws_iam_policy.arn_aws_iam__180217099948_policy_api_suite_automation_policy",
            "aws_launch_template.lt_09941c90104dafb26",
            "aws_vpc.aws_aidevops_default_vpc"
          ]
        }
      ]
    },
    {
      "mode": "managed",
      "type": "aws_iam_role",
      "name": "digant_unstable_test",
      "provider": "provider[\"registry.terraform.io/hashicorp/aws\"]",
      "instances": [
        {
          "schema_version": 0,
          "attributes": {
            "arn": "arn:aws:iam::180217099948:role/digant-unstable-test",
            "assume_role_policy": "{\"Statement\":[{\"Action\":\"sts:AssumeRole\",\"Condition\":{\"StringEquals\":{\"sts:ExternalId\":\"UUce2D2eXA\"}},\"Effect\":\"Allow\",\"Principal\":{\"AWS\":\"arn:aws:iam::584974133937:role/stackgen-system\"}},{\"Action\":\"sts:TagSession\",\"Effect\":\"Allow\",\"Principal\":{\"AWS\":\"arn:aws:iam::584974133937:role/stackgen-system\"}}],\"Version\":\"2012-10-17\"}",
            "create_date": "2026-05-07T19:35:52Z",
            "description": "",
            "force_detach_policies": false,
            "id": "digant-unstable-test",
            "inline_policy": [],
            "managed_policy_arns": [],
            "max_session_duration": 3600,
            "name": "digant-unstable-test",
            "name_prefix": "",
            "path": "/",
            "permissions_boundary": "",
            "tags": {
              "do-not-delete": "true"
            },
            "tags_all": {
              "do-not-delete": "true"
            },
            "unique_id": "AROAST5OGW2WILVE5IRD4"
          },
          "sensitive_attributes": [],
          "private": "eyJzY2hlbWFfdmVyc2lvbiI6MH0=",
          "dependencies": [
            "aws_iam_policy.arn_aws_iam__180217099948_policy_api_suite_automation_policy",
            "aws_vpc.aws_aidevops_default_vpc",
            "aws_launch_template.lt_09941c90104dafb26"
          ]
        }
      ]
    },
    {
      "mode": "managed",
      "type": "aws_iam_role",
      "name": "eksctl_aiden_qa_operations_addon_vpc_cni_role1_livvru0e7ydg",
      "provider": "provider[\"registry.terraform.io/hashicorp/aws\"]",
      "instances": [
        {
          "schema_version": 0,
          "attributes": {
            "arn": "arn:aws:iam::180217099948:role/eksctl-aiden-qa-operations-addon-vpc-cni-Role1-LiVvrU0e7YDg",
            "assume_role_policy": "{\"Statement\":[{\"Action\":\"sts:AssumeRoleWithWebIdentity\",\"Condition\":{\"StringEquals\":{\"oidc.eks.ap-south-1.amazonaws.com/id/CBEFF81036C8D625829A3A589A07C906:aud\":\"sts.amazonaws.com\",\"oidc.eks.ap-south-1.amazonaws.com/id/CBEFF81036C8D625829A3A589A07C906:sub\":\"system:serviceaccount:kube-system:aws-node\"}},\"Effect\":\"Allow\",\"Principal\":{\"Federated\":\"arn:aws:iam::180217099948:oidc-provider/oidc.eks.ap-south-1.amazonaws.com/id/CBEFF81036C8D625829A3A589A07C906\"}}],\"Version\":\"2012-10-17\"}",
            "create_date": "2026-03-10T09:00:33Z",
            "description": "",
            "force_detach_policies": false,
            "id": "eksctl-aiden-qa-operations-addon-vpc-cni-Role1-LiVvrU0e7YDg",
            "inline_policy": [],
            "managed_policy_arns": [],
            "max_session_duration": 3600,
            "name": "eksctl-aiden-qa-operations-addon-vpc-cni-Role1-LiVvrU0e7YDg",
            "name_prefix": "",
            "path": "/",
            "permissions_boundary": "",
            "tags": {
              "alpha.eksctl.io/addon-name": "vpc-cni",
              "alpha.eksctl.io/cluster-name": "aiden-qa-operations",
              "alpha.eksctl.io/eksctl-version": "0.210.0-dev+b54410c56.2025-06-07T02:35:25Z",
              "do-not-delete": "true",
              "eksctl.cluster.k8s.io/v1alpha1/cluster-name": "aiden-qa-operations"
            },
            "tags_all": {
              "alpha.eksctl.io/addon-name": "vpc-cni",
              "alpha.eksctl.io/cluster-name": "aiden-qa-operations",
              "alpha.eksctl.io/eksctl-version": "0.210.0-dev+b54410c56.2025-06-07T02:35:25Z",
              "do-not-delete": "true",
              "eksctl.cluster.k8s.io/v1alpha1/cluster-name": "aiden-qa-operations"
            },
            "unique_id": "AROAST5OGW2WJ4XPWWGDY"
          },
          "sensitive_attributes": [],
          "private": "eyJzY2hlbWFfdmVyc2lvbiI6MH0=",
          "dependencies": [
            "aws_iam_policy.arn_aws_iam__180217099948_policy_api_suite_automation_policy",
            "aws_vpc.aws_aidevops_default_vpc"
          ]
        }
      ]
    },
    {
      "mode": "managed",
      "type": "aws_iam_role",
      "name": "eksctl_aiden_qa_operations_cluster_servicerole",
      "provider": "provider[\"registry.terraform.io/hashicorp/aws\"]",
      "instances": [
        {
          "schema_version": 0,
          "attributes": {
            "arn": "arn:aws:iam::180217099948:role/eksctl-aiden-qa-operations-cluster-ServiceRole-AlJhrAPqmTMg",
            "assume_role_policy": "{\"Statement\":[{\"Action\":[\"sts:AssumeRole\",\"sts:TagSession\"],\"Effect\":\"Allow\",\"Principal\":{\"Service\":\"eks.amazonaws.com\"}}],\"Version\":\"2012-10-17\"}",
            "create_date": "2026-03-10T08:50:24Z",
            "description": "",
            "force_detach_policies": false,
            "id": "eksctl-aiden-qa-operations-cluster-ServiceRole-AlJhrAPqmTMg",
            "inline_policy": [],
            "managed_policy_arns": [],
            "max_session_duration": 3600,
            "name": "eksctl-aiden-qa-operations-cluster-ServiceRole-AlJhrAPqmTMg",
            "name_prefix": "",
            "path": "/",
            "permissions_boundary": "",
            "tags": {
              "Name": "eksctl-aiden-qa-operations-cluster/ServiceRole",
              "alpha.eksctl.io/cluster-name": "aiden-qa-operations",
              "alpha.eksctl.io/cluster-oidc-enabled": "true",
              "alpha.eksctl.io/eksctl-version": "0.210.0-dev+b54410c56.2025-06-07T02:35:25Z",
              "do-not-delete": "true",
              "eksctl.cluster.k8s.io/v1alpha1/cluster-name": "aiden-qa-operations"
            },
            "tags_all": {
              "Name": "eksctl-aiden-qa-operations-cluster/ServiceRole",
              "alpha.eksctl.io/cluster-name": "aiden-qa-operations",
              "alpha.eksctl.io/cluster-oidc-enabled": "true",
              "alpha.eksctl.io/eksctl-version": "0.210.0-dev+b54410c56.2025-06-07T02:35:25Z",
              "do-not-delete": "true",
              "eksctl.cluster.k8s.io/v1alpha1/cluster-name": "aiden-qa-operations"
            },
            "unique_id": "AROAST5OGW2WH5MYZKJFW"
          },
          "sensitive_attributes": [],
          "private": "eyJzY2hlbWFfdmVyc2lvbiI6MH0=",
          "dependencies": [
            "aws_iam_policy.arn_aws_iam__180217099948_policy_api_suite_automation_policy",
            "aws_vpc.aws_aidevops_default_vpc"
          ]
        }
      ]
    },
    {
      "mode": "managed",
      "type": "aws_iam_role",
      "name": "eksctl_aiden_qa_operations_nodegroup_runner_nodes_nodeinstancerole",
      "provider": "provider[\"registry.terraform.io/hashicorp/aws\"]",
      "instances": [
        {
          "schema_version": 0,
          "attributes": {
            "arn": "arn:aws:iam::180217099948:role/eksctl-aiden-qa-operations-nodegro-NodeInstanceRole-XobnbfcxDJop",
            "assume_role_policy": "{\"Statement\":[{\"Action\":\"sts:AssumeRole\",\"Effect\":\"Allow\",\"Principal\":{\"Service\":\"ec2.amazonaws.com\"}}],\"Version\":\"2012-10-17\"}",
            "create_date": "2026-03-10T09:01:15Z",
            "description": "",
            "force_detach_policies": false,
            "id": "eksctl-aiden-qa-operations-nodegro-NodeInstanceRole-XobnbfcxDJop",
            "inline_policy": [],
            "managed_policy_arns": [],
            "max_session_duration": 3600,
            "name": "eksctl-aiden-qa-operations-nodegro-NodeInstanceRole-XobnbfcxDJop",
            "name_prefix": "",
            "path": "/",
            "permissions_boundary": "",
            "tags": {
              "Name": "eksctl-aiden-qa-operations-nodegroup-runner-nodes/NodeInstanceRole",
              "alpha.eksctl.io/cluster-name": "aiden-qa-operations",
              "alpha.eksctl.io/eksctl-version": "0.210.0-dev+b54410c56.2025-06-07T02:35:25Z",
              "alpha.eksctl.io/nodegroup-name": "runner-nodes",
              "alpha.eksctl.io/nodegroup-type": "managed",
              "do-not-delete": "true",
              "eksctl.cluster.k8s.io/v1alpha1/cluster-name": "aiden-qa-operations"
            },
            "tags_all": {
              "Name": "eksctl-aiden-qa-operations-nodegroup-runner-nodes/NodeInstanceRole",
              "alpha.eksctl.io/cluster-name": "aiden-qa-operations",
              "alpha.eksctl.io/eksctl-version": "0.210.0-dev+b54410c56.2025-06-07T02:35:25Z",
              "alpha.eksctl.io/nodegroup-name": "runner-nodes",
              "alpha.eksctl.io/nodegroup-type": "managed",
              "do-not-delete": "true",
              "eksctl.cluster.k8s.io/v1alpha1/cluster-name": "aiden-qa-operations"
            },
            "unique_id": "AROAST5OGW2WCTDPZZMX6"
          },
          "sensitive_attributes": [],
          "private": "eyJzY2hlbWFfdmVyc2lvbiI6MH0=",
          "dependencies": [
            "aws_iam_policy.arn_aws_iam__180217099948_policy_api_suite_automation_policy",
            "aws_lambda_function.retroboard_slack_alerts",
            "aws_vpc.aws_aidevops_default_vpc"
          ]
        }
      ]
    },
    {
      "mode": "managed",
      "type": "aws_iam_role",
      "name": "fmaCJ",
      "provider": "provider[\"registry.terraform.io/hashicorp/aws\"]",
      "instances": [
        {
          "schema_version": 0,
          "attributes": {
            "arn": "arn:aws:iam::180217099948:role/user-creation-ec2-role",
            "assume_role_policy": "{\"Statement\":[{\"Action\":\"sts:AssumeRole\",\"Effect\":\"Allow\",\"Principal\":{\"Service\":\"ec2.amazonaws.com\"}}],\"Version\":\"2012-10-17\"}",
            "create_date": "2025-02-15T10:07:49Z",
            "description": "",
            "force_detach_policies": false,
            "id": "user-creation-ec2-role",
            "inline_policy": [],
            "managed_policy_arns": [],
            "max_session_duration": 3600,
            "name": "user-creation-ec2-role",
            "name_prefix": "",
            "path": "/",
            "permissions_boundary": "",
            "tags": {
              "Environment": "Production",
              "Name": "IAM-Management-Test",
              "Terraform": "true"
            },
            "tags_all": {
              "Environment": "Production",
              "Name": "IAM-Management-Test",
              "Terraform": "true"
            },
            "unique_id": "AROAST5OGW2WISDFOWTKZ"
          },
          "sensitive_attributes": [],
          "private": "eyJzY2hlbWFfdmVyc2lvbiI6MH0=",
          "dependencies": [
            "aws_vpc.aws_aidevops_default_vpc",
            "aws_iam_policy.arn_aws_iam__180217099948_policy_api_suite_automation_policy"
          ]
        }
      ]
    },
    {
      "mode": "managed",
      "type": "aws_iam_role",
      "name": "github",
      "provider": "provider[\"registry.terraform.io/hashicorp/aws\"]",
      "instances": [
        {
          "schema_version": 0,
          "attributes": {
            "arn": "arn:aws:iam::180217099948:role/github",
            "assume_role_policy": "{\"Statement\":[{\"Action\":\"sts:AssumeRoleWithWebIdentity\",\"Condition\":{\"StringEquals\":{\"token.actions.githubusercontent.com:aud\":\"sts.amazonaws.com\"},\"StringLike\":{\"token.actions.githubusercontent.com:sub\":[\"repo:appcd-dev/iac-gen:*\",\"repo:appcd-dev/stackgen-templates:*\"]}},\"Effect\":\"Allow\",\"Principal\":{\"Federated\":\"arn:aws:iam::180217099948:oidc-provider/token.actions.githubusercontent.com\"}}],\"Version\":\"2012-10-17\"}",
            "create_date": "2024-03-29T11:56:56Z",
            "description": "Role assumed by the GitHub OIDC provider.",
            "force_detach_policies": false,
            "id": "github",
            "inline_policy": [],
            "managed_policy_arns": [
              "arn:aws:iam::aws:policy/ReadOnlyAccess"
            ],
            "max_session_duration": 3600,
            "name": "github",
            "name_prefix": "",
            "path": "/",
            "permissions_boundary": "",
            "tags": {
              "Repository": "appcd-dev/infra",
              "team": "platform"
            },
            "tags_all": {
              "Repository": "appcd-dev/infra",
              "team": "platform"
            },
            "unique_id": "AROAST5OGW2WJQVYP6WOB"
          },
          "sensitive_attributes": [],
          "private": "eyJzY2hlbWFfdmVyc2lvbiI6MH0=",
          "dependencies": [
            "aws_vpc.aws_aidevops_default_vpc",
            "aws_iam_policy.arn_aws_iam__180217099948_policy_api_suite_automation_policy",
            "aws_launch_template.lt_09941c90104dafb26"
          ]
        }
      ]
    },
    {
      "mode": "managed",
      "type": "aws_iam_role",
      "name": "guild_awsloadbalancercontroller",
      "provider": "provider[\"registry.terraform.io/hashicorp/aws\"]",
      "instances": [
        {
          "schema_version": 0,
          "attributes": {
            "arn": "arn:aws:iam::180217099948:role/guild-AWSLoadBalancerController",
            "assume_role_policy": "{\"Statement\":[{\"Action\":\"sts:AssumeRoleWithWebIdentity\",\"Condition\":{\"StringEquals\":{\"oidc.eks.us-west-1.amazonaws.com/id/1FB640E861E71BD2B54CB44BC5FB7C80:aud\":\"sts.amazonaws.com\",\"oidc.eks.us-west-1.amazonaws.com/id/1FB640E861E71BD2B54CB44BC5FB7C80:sub\":\"system:serviceaccount:kube-system:aws-load-balancer-controller\"}},\"Effect\":\"Allow\",\"Principal\":{\"Federated\":\"arn:aws:iam::180217099948:oidc-provider/oidc.eks.us-west-1.amazonaws.com/id/1FB640E861E71BD2B54CB44BC5FB7C80\"}}],\"Version\":\"2012-10-17\"}",
            "create_date": "2026-04-30T16:44:10Z",
            "description": "",
            "force_detach_policies": false,
            "id": "guild-AWSLoadBalancerController",
            "inline_policy": [],
            "managed_policy_arns": [],
            "max_session_duration": 3600,
            "name": "guild-AWSLoadBalancerController",
            "name_prefix": "",
            "path": "/",
            "permissions_boundary": "",
            "tags": {
              "do-not-delete": "true",
              "ttl": "-1"
            },
            "tags_all": {
              "do-not-delete": "true",
              "ttl": "-1"
            },
            "unique_id": "AROAST5OGW2WGGT7E2BPD"
          },
          "sensitive_attributes": [],
          "private": "eyJzY2hlbWFfdmVyc2lvbiI6MH0=",
          "dependencies": [
            "aws_iam_policy.arn_aws_iam__180217099948_policy_api_suite_automation_policy",
            "aws_vpc.aws_aidevops_default_vpc"
          ]
        }
      ]
    },
    {
      "mode": "managed",
      "type": "aws_iam_role",
      "name": "guild_ebs_csi_irsa",
      "provider": "provider[\"registry.terraform.io/hashicorp/aws\"]",
      "instances": [
        {
          "schema_version": 0,
          "attributes": {
            "arn": "arn:aws:iam::180217099948:role/guild-ebs-csi-irsa",
            "assume_role_policy": "{\"Statement\":[{\"Action\":\"sts:AssumeRoleWithWebIdentity\",\"Condition\":{\"StringEquals\":{\"oidc.eks.us-west-1.amazonaws.com/id/1FB640E861E71BD2B54CB44BC5FB7C80:aud\":\"sts.amazonaws.com\",\"oidc.eks.us-west-1.amazonaws.com/id/1FB640E861E71BD2B54CB44BC5FB7C80:sub\":\"system:serviceaccount:kube-system:ebs-csi-controller-sa\"}},\"Effect\":\"Allow\",\"Principal\":{\"Federated\":\"arn:aws:iam::180217099948:oidc-provider/oidc.eks.us-west-1.amazonaws.com/id/1FB640E861E71BD2B54CB44BC5FB7C80\"}}],\"Version\":\"2012-10-17\"}",
            "create_date": "2026-04-30T18:38:33Z",
            "description": "",
            "force_detach_policies": false,
            "id": "guild-ebs-csi-irsa",
            "inline_policy": [],
            "managed_policy_arns": [],
            "max_session_duration": 3600,
            "name": "guild-ebs-csi-irsa",
            "name_prefix": "",
            "path": "/",
            "permissions_boundary": "",
            "tags": {
              "do-not-delete": "true",
              "ttl": "-1"
            },
            "tags_all": {
              "do-not-delete": "true",
              "ttl": "-1"
            },
            "unique_id": "AROAST5OGW2WHAHFE647M"
          },
          "sensitive_attributes": [],
          "private": "eyJzY2hlbWFfdmVyc2lvbiI6MH0=",
          "dependencies": [
            "aws_vpc.aws_aidevops_default_vpc",
            "aws_iam_policy.arn_aws_iam__180217099948_policy_api_suite_automation_policy"
          ]
        }
      ]
    },
    {
      "mode": "managed",
      "type": "aws_iam_role",
      "name": "guild_mcp_cluster_20260430163129678700000002",
      "provider": "provider[\"registry.terraform.io/hashicorp/aws\"]",
      "instances": [
        {
          "schema_version": 0,
          "attributes": {
            "arn": "arn:aws:iam::180217099948:role/guild-mcp-cluster-20260430163129678700000002",
            "assume_role_policy": "{\"Statement\":[{\"Action\":[\"sts:TagSession\",\"sts:AssumeRole\"],\"Effect\":\"Allow\",\"Principal\":{\"Service\":\"eks.amazonaws.com\"},\"Sid\":\"EKSClusterAssumeRole\"}],\"Version\":\"2012-10-17\"}",
            "create_date": "2026-04-30T16:31:29Z",
            "description": "",
            "force_detach_policies": false,
            "id": "guild-mcp-cluster-20260430163129678700000002",
            "inline_policy": [],
            "managed_policy_arns": [],
            "max_session_duration": 3600,
            "name": "guild-mcp-cluster-20260430163129678700000002",
            "name_prefix": "guild-mcp-cluster-",
            "path": "/",
            "permissions_boundary": "",
            "tags": {
              "do-not-delete": "true",
              "ttl": "-1"
            },
            "tags_all": {
              "do-not-delete": "true",
              "ttl": "-1"
            },
            "unique_id": "AROAST5OGW2WMNNSEMK76"
          },
          "sensitive_attributes": [],
          "private": "eyJzY2hlbWFfdmVyc2lvbiI6MH0=",
          "dependencies": [
            "aws_vpc.aws_aidevops_default_vpc",
            "aws_iam_policy.arn_aws_iam__180217099948_policy_api_suite_automation_policy"
          ]
        }
      ]
    },
    {
      "mode": "managed",
      "type": "aws_iam_role",
      "name": "guild_mcp_server",
      "provider": "provider[\"registry.terraform.io/hashicorp/aws\"]",
      "instances": [
        {
          "schema_version": 0,
          "attributes": {
            "arn": "arn:aws:iam::180217099948:role/guild-mcp-server",
            "assume_role_policy": "{\"Statement\":[{\"Action\":\"sts:AssumeRole\",\"Effect\":\"Allow\",\"Principal\":{\"Service\":\"ec2.amazonaws.com\"}}],\"Version\":\"2012-10-17\"}",
            "create_date": "2026-04-30T12:45:45Z",
            "description": "",
            "force_detach_policies": false,
            "id": "guild-mcp-server",
            "inline_policy": [],
            "managed_policy_arns": [],
            "max_session_duration": 3600,
            "name": "guild-mcp-server",
            "name_prefix": "",
            "path": "/",
            "permissions_boundary": "",
            "tags": {
              "do-not-delete": "true",
              "ttl": "-1"
            },
            "tags_all": {
              "do-not-delete": "true",
              "ttl": "-1"
            },
            "unique_id": "AROAST5OGW2WLCO2TTQWG"
          },
          "sensitive_attributes": [],
          "private": "eyJzY2hlbWFfdmVyc2lvbiI6MH0=",
          "dependencies": [
            "aws_iam_policy.arn_aws_iam__180217099948_policy_api_suite_automation_policy",
            "aws_vpc.aws_aidevops_default_vpc"
          ]
        }
      ]
    },
    {
      "mode": "managed",
      "type": "aws_iam_role",
      "name": "guild_mcp_server_irsa",
      "provider": "provider[\"registry.terraform.io/hashicorp/aws\"]",
      "instances": [
        {
          "schema_version": 0,
          "attributes": {
            "arn": "arn:aws:iam::180217099948:role/guild-mcp-server-irsa",
            "assume_role_policy": "{\"Statement\":[{\"Action\":\"sts:AssumeRoleWithWebIdentity\",\"Condition\":{\"StringEquals\":{\"oidc.eks.us-west-1.amazonaws.com/id/1FB640E861E71BD2B54CB44BC5FB7C80:aud\":\"sts.amazonaws.com\",\"oidc.eks.us-west-1.amazonaws.com/id/1FB640E861E71BD2B54CB44BC5FB7C80:sub\":\"system:serviceaccount:default:guild-mcp-server\"}},\"Effect\":\"Allow\",\"Principal\":{\"Federated\":\"arn:aws:iam::180217099948:oidc-provider/oidc.eks.us-west-1.amazonaws.com/id/1FB640E861E71BD2B54CB44BC5FB7C80\"}}],\"Version\":\"2012-10-17\"}",
            "create_date": "2026-04-30T16:44:10Z",
            "description": "",
            "force_detach_policies": false,
            "id": "guild-mcp-server-irsa",
            "inline_policy": [],
            "managed_policy_arns": [],
            "max_session_duration": 3600,
            "name": "guild-mcp-server-irsa",
            "name_prefix": "",
            "path": "/",
            "permissions_boundary": "",
            "tags": {
              "do-not-delete": "true",
              "ttl": "-1"
            },
            "tags_all": {
              "do-not-delete": "true",
              "ttl": "-1"
            },
            "unique_id": "AROAST5OGW2WNMPCQV3IH"
          },
          "sensitive_attributes": [],
          "private": "eyJzY2hlbWFfdmVyc2lvbiI6MH0=",
          "dependencies": [
            "aws_iam_policy.arn_aws_iam__180217099948_policy_api_suite_automation_policy",
            "aws_vpc.aws_aidevops_default_vpc"
          ]
        }
      ]
    },
    {
      "mode": "managed",
      "type": "aws_iam_role",
      "name": "hello_kitty_serve",
      "provider": "provider[\"registry.terraform.io/hashicorp/aws\"]",
      "instances": [
        {
          "schema_version": 0,
          "attributes": {
            "arn": "arn:aws:iam::180217099948:role/hello-kitty-serve",
            "assume_role_policy": "{\"Statement\":[{\"Action\":\"sts:AssumeRole\",\"Effect\":\"Allow\",\"Principal\":{\"Service\":\"lambda.amazonaws.com\"}}],\"Version\":\"2012-10-17\"}",
            "create_date": "2024-05-07T12:58:34Z",
            "description": "",
            "force_detach_policies": false,
            "id": "hello-kitty-serve",
            "inline_policy": [],
            "managed_policy_arns": [],
            "max_session_duration": 3600,
            "name": "hello-kitty-serve",
            "name_prefix": "",
            "path": "/",
            "permissions_boundary": "",
            "tags": {
              "Application": "hello-kitty",
              "Environment": "demo",
              "Repository": "sample-apps-infra",
              "Terraform": "true"
            },
            "tags_all": {
              "Application": "hello-kitty",
              "Environment": "demo",
              "Repository": "sample-apps-infra",
              "Terraform": "true"
            },
            "unique_id": "AROAST5OGW2WFHFZXHYD2"
          },
          "sensitive_attributes": [],
          "private": "eyJzY2hlbWFfdmVyc2lvbiI6MH0=",
          "dependencies": [
            "aws_lambda_function.hello_kitty_serve",
            "aws_iam_policy.arn_aws_iam__180217099948_policy_api_suite_automation_policy",
            "aws_vpc.aws_aidevops_default_vpc"
          ]
        }
      ]
    },
    {
      "mode": "managed",
      "type": "aws_iam_role",
      "name": "iam_management_test",
      "provider": "provider[\"registry.terraform.io/hashicorp/aws\"]",
      "instances": [
        {
          "schema_version": 0,
          "attributes": {
            "arn": "arn:aws:iam::180217099948:role/iam-for-lambda-role",
            "assume_role_policy": "{\"Statement\":[{\"Action\":\"sts:AssumeRole\",\"Effect\":\"Allow\",\"Principal\":{\"Service\":\"lambda.amazonaws.com\"}}],\"Version\":\"2012-10-17\"}",
            "create_date": "2025-02-15T10:51:21Z",
            "description": "",
            "force_detach_policies": false,
            "id": "iam-for-lambda-role",
            "inline_policy": [],
            "managed_policy_arns": [],
            "max_session_duration": 3600,
            "name": "iam-for-lambda-role",
            "name_prefix": "",
            "path": "/",
            "permissions_boundary": "",
            "tags": {
              "Environment": "Production",
              "Name": "IAM-Management-Test",
              "Terraform": "true"
            },
            "tags_all": {
              "Environment": "Production",
              "Name": "IAM-Management-Test",
              "Terraform": "true"
            },
            "unique_id": "AROAST5OGW2WMTSRQ6NJZ"
          },
          "sensitive_attributes": [],
          "private": "eyJzY2hlbWFfdmVyc2lvbiI6MH0=",
          "dependencies": [
            "aws_vpc.aws_aidevops_default_vpc",
            "aws_iam_policy.arn_aws_iam__180217099948_policy_api_suite_automation_policy"
          ]
        }
      ]
    },
    {
      "mode": "managed",
      "type": "aws_iam_role",
      "name": "jigar_test_plan_deploy_role",
      "provider": "provider[\"registry.terraform.io/hashicorp/aws\"]",
      "instances": [
        {
          "schema_version": 0,
          "attributes": {
            "arn": "arn:aws:iam::180217099948:role/jigar-test-plan-deploy-role",
            "assume_role_policy": "{\"Statement\":[{\"Action\":\"sts:AssumeRole\",\"Condition\":{\"StringEquals\":{\"sts:ExternalId\":\"Oc2AqrIC6N\"}},\"Effect\":\"Allow\",\"Principal\":{\"AWS\":\"arn:aws:iam::239541129941:role/stackgen-bastion\"}},{\"Action\":\"sts:TagSession\",\"Effect\":\"Allow\",\"Principal\":{\"AWS\":\"arn:aws:iam::239541129941:role/stackgen-bastion\"}}],\"Version\":\"2012-10-17\"}",
            "create_date": "2026-05-27T15:12:19Z",
            "description": "Created this role to test plan and deploy in dev env",
            "force_detach_policies": false,
            "id": "jigar-test-plan-deploy-role",
            "inline_policy": [],
            "managed_policy_arns": [
              "arn:aws:iam::aws:policy/AdministratorAccess"
            ],
            "max_session_duration": 3600,
            "name": "jigar-test-plan-deploy-role",
            "name_prefix": "",
            "path": "/",
            "permissions_boundary": "",
            "tags": {},
            "tags_all": {},
            "unique_id": "AROAST5OGW2WOUKVYRMZQ"
          },
          "sensitive_attributes": [],
          "private": "eyJzY2hlbWFfdmVyc2lvbiI6MH0=",
          "dependencies": [
            "aws_iam_policy.arn_aws_iam__180217099948_policy_api_suite_automation_policy",
            "aws_vpc.aws_aidevops_default_vpc",
            "aws_launch_template.lt_09941c90104dafb26"
          ]
        }
      ]
    },
    {
      "mode": "managed",
      "type": "aws_iam_role",
      "name": "organizationaccountaccessrole",
      "provider": "provider[\"registry.terraform.io/hashicorp/aws\"]",
      "instances": [
        {
          "schema_version": 0,
          "attributes": {
            "arn": "arn:aws:iam::180217099948:role/OrganizationAccountAccessRole",
            "assume_role_policy": "{\"Statement\":[{\"Action\":\"sts:AssumeRole\",\"Effect\":\"Allow\",\"Principal\":{\"AWS\":\"arn:aws:iam::368945481389:root\"}}],\"Version\":\"2012-10-17\"}",
            "create_date": "2023-05-05T01:58:37Z",
            "description": "",
            "force_detach_policies": false,
            "id": "OrganizationAccountAccessRole",
            "inline_policy": [],
            "managed_policy_arns": [
              "arn:aws:iam::aws:policy/AdministratorAccess"
            ],
            "max_session_duration": 3600,
            "name": "OrganizationAccountAccessRole",
            "name_prefix": "",
            "path": "/",
            "permissions_boundary": "",
            "tags": {},
            "tags_all": {},
            "unique_id": "AROAST5OGW2WKAEYSG6G7"
          },
          "sensitive_attributes": [],
          "private": "eyJzY2hlbWFfdmVyc2lvbiI6MH0=",
          "dependencies": [
            "aws_vpc.aws_aidevops_default_vpc",
            "aws_launch_template.lt_09941c90104dafb26",
            "aws_iam_policy.arn_aws_iam__180217099948_policy_api_suite_automation_policy"
          ]
        }
      ]
    },
    {
      "mode": "managed",
      "type": "aws_iam_role",
      "name": "prathvi_amazoneksautonoderole",
      "provider": "provider[\"registry.terraform.io/hashicorp/aws\"]",
      "instances": [
        {
          "schema_version": 0,
          "attributes": {
            "arn": "arn:aws:iam::180217099948:role/prathvi-AmazonEKSAutoNodeRole",
            "assume_role_policy": "{\"Statement\":[{\"Action\":\"sts:AssumeRole\",\"Effect\":\"Allow\",\"Principal\":{\"Service\":\"ec2.amazonaws.com\"}}],\"Version\":\"2012-10-17\"}",
            "create_date": "2026-05-25T10:51:33Z",
            "description": "",
            "force_detach_policies": false,
            "id": "prathvi-AmazonEKSAutoNodeRole",
            "inline_policy": [],
            "managed_policy_arns": [
              "arn:aws:iam::aws:policy/AmazonEC2ContainerRegistryPullOnly",
              "arn:aws:iam::aws:policy/AmazonEKSWorkerNodeMinimalPolicy",
              "arn:aws:iam::aws:policy/AmazonElasticContainerRegistryPublicReadOnly"
            ],
            "max_session_duration": 3600,
            "name": "prathvi-AmazonEKSAutoNodeRole",
            "name_prefix": "",
            "path": "/",
            "permissions_boundary": "",
            "tags": {
              "do-not-delete": "true",
              "owner": "prathvi"
            },
            "tags_all": {
              "do-not-delete": "true",
              "owner": "prathvi"
            },
            "unique_id": "AROAST5OGW2WAJGU25S67"
          },
          "sensitive_attributes": [],
          "private": "eyJzY2hlbWFfdmVyc2lvbiI6MH0=",
          "dependencies": [
            "aws_vpc.aws_aidevops_default_vpc",
            "aws_iam_policy.arn_aws_iam__180217099948_policy_api_suite_automation_policy"
          ]
        }
      ]
    },
    {
      "mode": "managed",
      "type": "aws_iam_role",
      "name": "prathvi_eks_demo_role",
      "provider": "provider[\"registry.terraform.io/hashicorp/aws\"]",
      "instances": [
        {
          "schema_version": 0,
          "attributes": {
            "arn": "arn:aws:iam::180217099948:role/prathvi-eks-demo-role",
            "assume_role_policy": "{\"Statement\":[{\"Action\":[\"sts:AssumeRole\",\"sts:TagSession\"],\"Effect\":\"Allow\",\"Principal\":{\"Service\":\"eks.amazonaws.com\"}}],\"Version\":\"2012-10-17\"}",
            "create_date": "2026-05-25T09:24:08Z",
            "description": "Allows the cluster Kubernetes control plane to manage AWS resources on your behalf.",
            "force_detach_policies": false,
            "id": "prathvi-eks-demo-role",
            "inline_policy": [
              {
                "name": "prathvi-aiden-eks-polciy",
                "policy": "{\"Version\":\"2012-10-17\",\"Statement\":[{\"Action\":[\"autoscaling:DescribeAutoScalingGroups\",\"autoscaling:UpdateAutoScalingGroup\",\"ec2:AttachVolume\",\"ec2:AuthorizeSecurityGroupIngress\",\"ec2:CreateRoute\",\"ec2:CreateSecurityGroup\",\"ec2:CreateTags\",\"ec2:CreateVolume\",\"ec2:DeleteRoute\",\"ec2:DeleteSecurityGroup\",\"ec2:DeleteVolume\",\"ec2:DescribeInstances\",\"ec2:DescribeRouteTables\",\"ec2:DescribeSecurityGroups\",\"ec2:DescribeSubnets\",\"ec2:DescribeVolumes\",\"ec2:DescribeVolumesModifications\",\"ec2:DescribeVpcs\",\"ec2:DescribeDhcpOptions\",\"ec2:DescribeNetworkInterfaces\",\"ec2:DescribeAvailabilityZones\",\"ec2:DescribeAccountAttributes\",\"ec2:DescribeInternetGateways\",\"ec2:DescribeInstanceTypes\",\"ec2:DetachVolume\",\"ec2:ModifyInstanceAttribute\",\"ec2:ModifyVolume\",\"ec2:RevokeSecurityGroupIngress\",\"elasticloadbalancing:AddTags\",\"elasticloadbalancing:ApplySecurityGroupsToLoadBalancer\",\"elasticloadbalancing:AttachLoadBalancerToSubnets\",\"elasticloadbalancing:ConfigureHealthCheck\",\"elasticloadbalancing:CreateLoadBalancer\",\"elasticloadbalancing:CreateLoadBalancerListeners\",\"elasticloadbalancing:DeleteLoadBalancer\",\"elasticloadbalancing:DeleteLoadBalancerListeners\",\"elasticloadbalancing:DeregisterInstancesFromLoadBalancer\",\"elasticloadbalancing:DescribeLoadBalancerAttributes\",\"elasticloadbalancing:DescribeLoadBalancers\",\"elasticloadbalancing:DescribeTags\",\"elasticloadbalancing:DetachLoadBalancerFromSubnets\",\"elasticloadbalancing:ModifyLoadBalancerAttributes\",\"elasticloadbalancing:RegisterInstancesWithLoadBalancer\",\"elasticloadbalancing:SetLoadBalancerPoliciesForBackendServer\",\"kms:DescribeKey\",\"iam:CreateServiceLinkedRole\"],\"Effect\":\"Allow\",\"Resource\":\"*\",\"Sid\":\"EKSClusterPolicy\"},{\"Action\":[\"ec2:RunInstances\",\"ec2:TerminateInstances\",\"ec2:CreateFleet\",\"ec2:DescribeImages\",\"ec2:DescribeInstanceTypeOfferings\",\"ec2:DescribeLaunchTemplates\",\"ec2:DescribeLaunchTemplateVersions\",\"ec2:DescribeSpotPriceHistory\",\"ec2:CreateLaunchTemplate\",\"ec2:CreateLaunchTemplateVersion\",\"ec2:DeleteLaunchTemplate\",\"iam:PassRole\"],\"Effect\":\"Allow\",\"Resource\":\"*\",\"Sid\":\"EKSComputePolicy\"},{\"Action\":[\"ec2:CreateSnapshot\",\"ec2:DeleteSnapshot\",\"ec2:DeleteTags\",\"ec2:DescribeSnapshots\",\"kms:CreateGrant\",\"kms:Decrypt\",\"kms:Encrypt\",\"kms:GenerateDataKey\",\"kms:GenerateDataKeyWithoutPlaintext\",\"kms:ReEncryptFrom\",\"kms:ReEncryptTo\"],\"Effect\":\"Allow\",\"Resource\":\"*\",\"Sid\":\"EKSBlockStoragePolicy\"},{\"Action\":[\"ec2:DescribeAddresses\",\"ec2:DescribeVpcPeeringConnections\",\"ec2:CreateListener\",\"elasticloadbalancing:AddListenerCertificates\",\"elasticloadbalancing:CreateListener\",\"elasticloadbalancing:CreateRule\",\"elasticloadbalancing:CreateTargetGroup\",\"elasticloadbalancing:DeleteListener\",\"elasticloadbalancing:DeleteRule\",\"elasticloadbalancing:DeleteTargetGroup\",\"elasticloadbalancing:DeregisterTargets\",\"elasticloadbalancing:DescribeListenerCertificates\",\"elasticloadbalancing:DescribeListeners\",\"elasticloadbalancing:DescribeLoadBalancerAttributes\",\"elasticloadbalancing:DescribeRules\",\"elasticloadbalancing:DescribeSSLPolicies\",\"elasticloadbalancing:DescribeTargetGroups\",\"elasticloadbalancing:DescribeTargetGroupAttributes\",\"elasticloadbalancing:DescribeTargetHealth\",\"elasticloadbalancing:ModifyListener\",\"elasticloadbalancing:ModifyRule\",\"elasticloadbalancing:ModifyTargetGroup\",\"elasticloadbalancing:ModifyTargetGroupAttributes\",\"elasticloadbalancing:RegisterTargets\",\"elasticloadbalancing:RemoveListenerCertificates\",\"elasticloadbalancing:RemoveTags\",\"elasticloadbalancing:SetIpAddressType\",\"elasticloadbalancing:SetSecurityGroups\",\"elasticloadbalancing:SetSubnets\",\"elasticloadbalancing:SetWebAcl\",\"cognito-idp:DescribeUserPoolClient\",\"acm:ListCertificates\",\"acm:DescribeCertificate\",\"iam:ListServerCertificates\",\"iam:GetServerCertificate\",\"waf-regional:GetWebACL\",\"waf-regional:GetWebACLForResource\",\"waf-regional:AssociateWebACL\",\"waf-regional:DisassociateWebACL\",\"wafv2:GetWebACL\",\"wafv2:GetWebACLForResource\",\"wafv2:AssociateWebACL\",\"wafv2:DisassociateWebACL\",\"shield:GetSubscriptionState\",\"shield:DescribeProtection\",\"shield:CreateProtection\",\"shield:DeleteProtection\"],\"Effect\":\"Allow\",\"Resource\":\"*\",\"Sid\":\"EKSLoadBalancingPolicy\"},{\"Action\":[\"ec2:AssignPrivateIpAddresses\",\"ec2:AttachNetworkInterface\",\"ec2:CreateNetworkInterface\",\"ec2:DeleteNetworkInterface\",\"ec2:DetachNetworkInterface\",\"ec2:ModifyNetworkInterfaceAttribute\",\"ec2:UnassignPrivateIpAddresses\",\"ec2:DescribeVpcAttribute\"],\"Effect\":\"Allow\",\"Resource\":\"*\",\"Sid\":\"EKSNetworkingPolicy\"}]}"
              }
            ],
            "managed_policy_arns": [
              "arn:aws:iam::aws:policy/AmazonEBSCSIDriverEKSClusterScopedPolicy",
              "arn:aws:iam::aws:policy/AmazonEC2FullAccess",
              "arn:aws:iam::aws:policy/AmazonEKSBlockStoragePolicy",
              "arn:aws:iam::aws:policy/AmazonEKSClusterPolicy",
              "arn:aws:iam::aws:policy/AmazonEKSComputePolicy",
              "arn:aws:iam::aws:policy/AmazonEKSLoadBalancingPolicy",
              "arn:aws:iam::aws:policy/AmazonEKSNetworkingPolicy",
              "arn:aws:iam::aws:policy/AmazonEKSVPCResourceController",
              "arn:aws:iam::aws:policy/AmazonEKSWorkerNodePolicy",
              "arn:aws:iam::aws:policy/AmazonEKS_CNI_Policy"
            ],
            "max_session_duration": 3600,
            "name": "prathvi-eks-demo-role",
            "name_prefix": "",
            "path": "/",
            "permissions_boundary": "",
            "tags": {
              "do-not-delete": "true",
              "owner": "prathvi"
            },
            "tags_all": {
              "do-not-delete": "true",
              "owner": "prathvi"
            },
            "unique_id": "AROAST5OGW2WFNYQKV2O5"
          },
          "sensitive_attributes": [],
          "private": "eyJzY2hlbWFfdmVyc2lvbiI6MH0=",
          "dependencies": [
            "aws_vpc.aws_aidevops_default_vpc",
            "aws_launch_template.lt_09941c90104dafb26"
          ]
        }
      ]
    },
    {
      "mode": "managed",
      "type": "aws_iam_role",
      "name": "retroboard_api",
      "provider": "provider[\"registry.terraform.io/hashicorp/aws\"]",
      "instances": [
        {
          "schema_version": 0,
          "attributes": {
            "arn": "arn:aws:iam::180217099948:role/retroboard-api",
            "assume_role_policy": "{\"Statement\":[{\"Action\":\"sts:AssumeRole\",\"Effect\":\"Allow\",\"Principal\":{\"Service\":\"lambda.amazonaws.com\"}}],\"Version\":\"2012-10-17\"}",
            "create_date": "2024-05-08T22:03:55Z",
            "description": "",
            "force_detach_policies": false,
            "id": "retroboard-api",
            "inline_policy": [],
            "managed_policy_arns": [],
            "max_session_duration": 3600,
            "name": "retroboard-api",
            "name_prefix": "",
            "path": "/",
            "permissions_boundary": "",
            "tags": {
              "Application": "retroboard",
              "Environment": "sandbox",
              "Repository": "infra",
              "Terraform": "true"
            },
            "tags_all": {
              "Application": "retroboard",
              "Environment": "sandbox",
              "Repository": "infra",
              "Terraform": "true"
            },
            "unique_id": "AROAST5OGW2WNXQ2MFL4R"
          },
          "sensitive_attributes": [],
          "private": "eyJzY2hlbWFfdmVyc2lvbiI6MH0=",
          "dependencies": [
            "aws_iam_policy.arn_aws_iam__180217099948_policy_api_suite_automation_policy",
            "aws_vpc.aws_aidevops_default_vpc"
          ]
        }
      ]
    },
    {
      "mode": "managed",
      "type": "aws_iam_role",
      "name": "retroboard_send_email",
      "provider": "provider[\"registry.terraform.io/hashicorp/aws\"]",
      "instances": [
        {
          "schema_version": 0,
          "attributes": {
            "arn": "arn:aws:iam::180217099948:role/retroboard-send-email",
            "assume_role_policy": "{\"Statement\":[{\"Action\":\"sts:AssumeRole\",\"Effect\":\"Allow\",\"Principal\":{\"Service\":\"lambda.amazonaws.com\"}}],\"Version\":\"2012-10-17\"}",
            "create_date": "2024-05-08T21:51:22Z",
            "description": "",
            "force_detach_policies": false,
            "id": "retroboard-send-email",
            "inline_policy": [],
            "managed_policy_arns": [],
            "max_session_duration": 3600,
            "name": "retroboard-send-email",
            "name_prefix": "",
            "path": "/",
            "permissions_boundary": "",
            "tags": {
              "Application": "retroboard",
              "Environment": "sandbox",
              "Repository": "infra",
              "Terraform": "true"
            },
            "tags_all": {
              "Application": "retroboard",
              "Environment": "sandbox",
              "Repository": "infra",
              "Terraform": "true"
            },
            "unique_id": "AROAST5OGW2WGOLVJBID6"
          },
          "sensitive_attributes": [],
          "private": "eyJzY2hlbWFfdmVyc2lvbiI6MH0=",
          "dependencies": [
            "aws_vpc.aws_aidevops_default_vpc",
            "aws_iam_policy.arn_aws_iam__180217099948_policy_api_suite_automation_policy",
            "aws_lambda_function.retroboard_send_email"
          ]
        }
      ]
    },
    {
      "mode": "managed",
      "type": "aws_iam_role",
      "name": "retroboard_slack_alerts",
      "provider": "provider[\"registry.terraform.io/hashicorp/aws\"]",
      "instances": [
        {
          "schema_version": 0,
          "attributes": {
            "arn": "arn:aws:iam::180217099948:role/retroboard-slack-alerts",
            "assume_role_policy": "{\"Statement\":[{\"Action\":\"sts:AssumeRole\",\"Effect\":\"Allow\",\"Principal\":{\"Service\":\"lambda.amazonaws.com\"}}],\"Version\":\"2012-10-17\"}",
            "create_date": "2024-05-15T18:10:24Z",
            "description": "",
            "force_detach_policies": false,
            "id": "retroboard-slack-alerts",
            "inline_policy": [],
            "managed_policy_arns": [],
            "max_session_duration": 3600,
            "name": "retroboard-slack-alerts",
            "name_prefix": "",
            "path": "/",
            "permissions_boundary": "",
            "tags": {
              "Application": "retroboard",
              "Environment": "sandbox",
              "Repository": "infra",
              "Terraform": "true"
            },
            "tags_all": {
              "Application": "retroboard",
              "Environment": "sandbox",
              "Repository": "infra",
              "Terraform": "true"
            },
            "unique_id": "AROAST5OGW2WFLM6EJX7G"
          },
          "sensitive_attributes": [],
          "private": "eyJzY2hlbWFfdmVyc2lvbiI6MH0=",
          "dependencies": [
            "aws_vpc.aws_aidevops_default_vpc",
            "aws_iam_policy.arn_aws_iam__180217099948_policy_api_suite_automation_policy"
          ]
        }
      ]
    },
    {
      "mode": "managed",
      "type": "aws_iam_role",
      "name": "role_for_compliance",
      "provider": "provider[\"registry.terraform.io/hashicorp/aws\"]",
      "instances": [
        {
          "schema_version": 0,
          "attributes": {
            "arn": "arn:aws:iam::180217099948:role/ROLE_FOR_COMPLIANCE",
            "assume_role_policy": "{\"Statement\":[{\"Action\":\"sts:AssumeRoleWithWebIdentity\",\"Condition\":{\"StringEquals\":{\"token.actions.githubusercontent.com:aud\":\"sts.amazonaws.com\"},\"StringLike\":{\"token.actions.githubusercontent.com:sub\":[\"repo:appcd-dev/policy-compliance-automation:*\",\"repo:appcd-dev/policy-compliance-automation:*\"]}},\"Effect\":\"Allow\",\"Principal\":{\"Federated\":\"arn:aws:iam::180217099948:oidc-provider/token.actions.githubusercontent.com\"}}],\"Version\":\"2012-10-17\"}",
            "create_date": "2026-03-09T06:04:55Z",
            "description": "",
            "force_detach_policies": false,
            "id": "ROLE_FOR_COMPLIANCE",
            "inline_policy": [],
            "managed_policy_arns": [
              "arn:aws:iam::aws:policy/ReadOnlyAccess"
            ],
            "max_session_duration": 3600,
            "name": "ROLE_FOR_COMPLIANCE",
            "name_prefix": "",
            "path": "/",
            "permissions_boundary": "",
            "tags": {
              "do-not-delete": "true"
            },
            "tags_all": {
              "do-not-delete": "true"
            },
            "unique_id": "AROAST5OGW2WCE6PDLY5Z"
          },
          "sensitive_attributes": [],
          "private": "eyJzY2hlbWFfdmVyc2lvbiI6MH0=",
          "dependencies": [
            "aws_iam_policy.arn_aws_iam__180217099948_policy_api_suite_automation_policy",
            "aws_vpc.aws_aidevops_default_vpc",
            "aws_launch_template.lt_09941c90104dafb26"
          ]
        }
      ]
    },
    {
      "mode": "managed",
      "type": "aws_iam_role",
      "name": "sg_demo_account_deploy_role",
      "provider": "provider[\"registry.terraform.io/hashicorp/aws\"]",
      "instances": [
        {
          "schema_version": 0,
          "attributes": {
            "arn": "arn:aws:iam::180217099948:role/sg-demo-account-deploy-role",
            "assume_role_policy": "{\"Statement\":[{\"Action\":\"sts:AssumeRole\",\"Condition\":{\"StringEquals\":{\"sts:ExternalId\":\"lUpNTZ8Knz\"}},\"Effect\":\"Allow\",\"Principal\":{\"AWS\":\"arn:aws:iam::239541129941:role/stackgen-bastion\"}},{\"Action\":\"sts:TagSession\",\"Effect\":\"Allow\",\"Principal\":{\"AWS\":\"arn:aws:iam::239541129941:role/stackgen-bastion\"}}],\"Version\":\"2012-10-17\"}",
            "create_date": "2026-05-25T17:05:21Z",
            "description": "",
            "force_detach_policies": false,
            "id": "sg-demo-account-deploy-role",
            "inline_policy": [],
            "managed_policy_arns": [
              "arn:aws:iam::aws:policy/AdministratorAccess"
            ],
            "max_session_duration": 3600,
            "name": "sg-demo-account-deploy-role",
            "name_prefix": "",
            "path": "/",
            "permissions_boundary": "",
            "tags": {},
            "tags_all": {},
            "unique_id": "AROAST5OGW2WGCXWOAROY"
          },
          "sensitive_attributes": [],
          "private": "eyJzY2hlbWFfdmVyc2lvbiI6MH0=",
          "dependencies": [
            "aws_iam_policy.arn_aws_iam__180217099948_policy_api_suite_automation_policy",
            "aws_vpc.aws_aidevops_default_vpc",
            "aws_launch_template.lt_09941c90104dafb26"
          ]
        }
      ]
    },
    {
      "mode": "managed",
      "type": "aws_iam_role",
      "name": "stackgen_ae_plandeploy",
      "provider": "provider[\"registry.terraform.io/hashicorp/aws\"]",
      "instances": [
        {
          "schema_version": 0,
          "attributes": {
            "arn": "arn:aws:iam::180217099948:role/stackgen-ae-plandeploy",
            "assume_role_policy": "{\"Statement\":[{\"Action\":\"sts:AssumeRole\",\"Condition\":{\"StringEquals\":{\"sts:ExternalId\":\"ryDBxSUC8F\"}},\"Effect\":\"Allow\",\"Principal\":{\"AWS\":\"arn:aws:iam::239541129941:role/stackgen-bastion\"}},{\"Action\":\"sts:TagSession\",\"Effect\":\"Allow\",\"Principal\":{\"AWS\":\"arn:aws:iam::239541129941:role/stackgen-bastion\"}}],\"Version\":\"2012-10-17\"}",
            "create_date": "2026-04-22T13:22:58Z",
            "description": "stackgen-ae-plandeploy",
            "force_detach_policies": false,
            "id": "stackgen-ae-plandeploy",
            "inline_policy": [],
            "managed_policy_arns": [],
            "max_session_duration": 3600,
            "name": "stackgen-ae-plandeploy",
            "name_prefix": "",
            "path": "/",
            "permissions_boundary": "",
            "tags": {
              "createdBy": "Abhishes",
              "do-not-delete": "true"
            },
            "tags_all": {
              "createdBy": "Abhishes",
              "do-not-delete": "true"
            },
            "unique_id": "AROAST5OGW2WMQMNGQ7WY"
          },
          "sensitive_attributes": [],
          "private": "eyJzY2hlbWFfdmVyc2lvbiI6MH0=",
          "dependencies": [
            "aws_vpc.aws_aidevops_default_vpc",
            "aws_iam_policy.arn_aws_iam__180217099948_policy_api_suite_automation_policy"
          ]
        }
      ]
    },
    {
      "mode": "managed",
      "type": "aws_iam_role",
      "name": "stackgen_aiden_solutions_role",
      "provider": "provider[\"registry.terraform.io/hashicorp/aws\"]",
      "instances": [
        {
          "schema_version": 0,
          "attributes": {
            "arn": "arn:aws:iam::180217099948:role/stackgen-aiden-solutions-role",
            "assume_role_policy": "{\"Statement\":[{\"Action\":[\"sts:AssumeRole\",\"sts:TagSession\"],\"Condition\":{\"StringEquals\":{\"sts:ExternalId\":\"B9P95HJFOC\"}},\"Effect\":\"Allow\",\"Principal\":{\"AWS\":\"arn:aws:iam::239541129941:role/stackgen-bastion\"},\"Sid\":\"AllowStackgenBastionAssumeRoleWithExternalId\"},{\"Action\":[\"sts:AssumeRole\",\"sts:TagSession\"],\"Effect\":\"Allow\",\"Principal\":{\"AWS\":\"arn:aws:iam::239541129941:role/stackgen-bastion\"},\"Sid\":\"AllowStackgenBastionTagSession\"},{\"Action\":[\"sts:AssumeRole\",\"sts:TagSession\"],\"Effect\":\"Allow\",\"Principal\":{\"AWS\":\"arn:aws:iam::205376326832:role/prod-aiden-pod-role\"},\"Sid\":\"AllowProdAidenPodRoleAssumeRoleAndTagSession\"}],\"Version\":\"2012-10-17\"}",
            "create_date": "2026-05-26T09:24:34Z",
            "description": "",
            "force_detach_policies": false,
            "id": "stackgen-aiden-solutions-role",
            "inline_policy": [],
            "managed_policy_arns": [
              "arn:aws:iam::aws:policy/AdministratorAccess"
            ],
            "max_session_duration": 3600,
            "name": "stackgen-aiden-solutions-role",
            "name_prefix": "",
            "path": "/",
            "permissions_boundary": "",
            "tags": {},
            "tags_all": {},
            "unique_id": "AROAST5OGW2WIGNRFMJHC"
          },
          "sensitive_attributes": [],
          "private": "eyJzY2hlbWFfdmVyc2lvbiI6MH0=",
          "dependencies": [
            "aws_iam_policy.arn_aws_iam__180217099948_policy_api_suite_automation_policy",
            "aws_vpc.aws_aidevops_default_vpc",
            "aws_launch_template.lt_09941c90104dafb26"
          ]
        }
      ]
    },
    {
      "mode": "managed",
      "type": "aws_iam_role",
      "name": "stackgen_bananateam_deployrole",
      "provider": "provider[\"registry.terraform.io/hashicorp/aws\"]",
      "instances": [
        {
          "schema_version": 0,
          "attributes": {
            "arn": "arn:aws:iam::180217099948:role/stackgen-bananateam-deployrole",
            "assume_role_policy": "{\"Statement\":[{\"Action\":\"sts:AssumeRole\",\"Condition\":{\"StringEquals\":{\"sts:ExternalId\":\"PNQgNWEvyy\"}},\"Effect\":\"Allow\",\"Principal\":{\"AWS\":\"arn:aws:iam::239541129941:role/stackgen-bastion\"}},{\"Action\":\"sts:TagSession\",\"Effect\":\"Allow\",\"Principal\":{\"AWS\":\"arn:aws:iam::239541129941:role/stackgen-bastion\"}}],\"Version\":\"2012-10-17\"}",
            "create_date": "2026-04-28T12:56:23Z",
            "description": "Role for Aiden 2.0 hackathon for Team Banana - Shubham and Abhishes",
            "force_detach_policies": false,
            "id": "stackgen-bananateam-deployrole",
            "inline_policy": [],
            "managed_policy_arns": [],
            "max_session_duration": 3600,
            "name": "stackgen-bananateam-deployrole",
            "name_prefix": "",
            "path": "/",
            "permissions_boundary": "",
            "tags": {
              "created-by": "abhishes",
              "do-not-delete": "true"
            },
            "tags_all": {
              "created-by": "abhishes",
              "do-not-delete": "true"
            },
            "unique_id": "AROAST5OGW2WBGIFFHFMW"
          },
          "sensitive_attributes": [],
          "private": "eyJzY2hlbWFfdmVyc2lvbiI6MH0=",
          "dependencies": [
            "aws_iam_policy.arn_aws_iam__180217099948_policy_api_suite_automation_policy",
            "aws_vpc.aws_aidevops_default_vpc"
          ]
        }
      ]
    },
    {
      "mode": "managed",
      "type": "aws_iam_role",
      "name": "stackgen_deploy_demogoogle",
      "provider": "provider[\"registry.terraform.io/hashicorp/aws\"]",
      "instances": [
        {
          "schema_version": 0,
          "attributes": {
            "arn": "arn:aws:iam::180217099948:role/stackgen-deploy-demogoogle",
            "assume_role_policy": "{\"Statement\":[{\"Action\":\"sts:AssumeRole\",\"Condition\":{\"StringEquals\":{\"sts:ExternalId\":\"VqWkMPczU9\"}},\"Effect\":\"Allow\",\"Principal\":{\"AWS\":\"arn:aws:iam::239541129941:role/stackgen-bastion\"}},{\"Action\":\"sts:TagSession\",\"Effect\":\"Allow\",\"Principal\":{\"AWS\":\"arn:aws:iam::239541129941:role/stackgen-bastion\"}}],\"Version\":\"2012-10-17\"}",
            "create_date": "2026-05-28T05:31:15Z",
            "description": "stackgen-deploy-demogoogle",
            "force_detach_policies": false,
            "id": "stackgen-deploy-demogoogle",
            "inline_policy": [],
            "managed_policy_arns": [
              "arn:aws:iam::aws:policy/AdministratorAccess"
            ],
            "max_session_duration": 3600,
            "name": "stackgen-deploy-demogoogle",
            "name_prefix": "",
            "path": "/",
            "permissions_boundary": "",
            "tags": {},
            "tags_all": {},
            "unique_id": "AROAST5OGW2WALEILIFPE"
          },
          "sensitive_attributes": [],
          "private": "eyJzY2hlbWFfdmVyc2lvbiI6MH0=",
          "dependencies": [
            "aws_iam_policy.arn_aws_iam__180217099948_policy_api_suite_automation_policy",
            "aws_vpc.aws_aidevops_default_vpc",
            "aws_launch_template.lt_09941c90104dafb26"
          ]
        }
      ]
    },
    {
      "mode": "managed",
      "type": "aws_iam_role",
      "name": "stackgen_deployer",
      "provider": "provider[\"registry.terraform.io/hashicorp/aws\"]",
      "instances": [
        {
          "schema_version": 0,
          "attributes": {
            "arn": "arn:aws:iam::180217099948:role/StackGen-deployer",
            "assume_role_policy": "{\"Statement\":[{\"Action\":\"sts:AssumeRole\",\"Condition\":{\"StringEquals\":{\"sts:ExternalId\":\"trV0PnOCOp\"}},\"Effect\":\"Allow\",\"Principal\":{\"AWS\":\"arn:aws:iam::239541129941:role/stackgen-bastion\"}},{\"Action\":\"sts:TagSession\",\"Effect\":\"Allow\",\"Principal\":{\"AWS\":\"arn:aws:iam::239541129941:role/stackgen-bastion\"}}],\"Version\":\"2012-10-17\"}",
            "create_date": "2026-04-29T22:27:31Z",
            "description": "deploy from stackgen saas (demo.cloud.stackgen.com)",
            "force_detach_policies": false,
            "id": "StackGen-deployer",
            "inline_policy": [],
            "managed_policy_arns": [],
            "max_session_duration": 3600,
            "name": "StackGen-deployer",
            "name_prefix": "",
            "path": "/",
            "permissions_boundary": "",
            "tags": {
              "do-not-delete": "true",
              "ttl": "-1"
            },
            "tags_all": {
              "do-not-delete": "true",
              "ttl": "-1"
            },
            "unique_id": "AROAST5OGW2WBYI6772G5"
          },
          "sensitive_attributes": [],
          "private": "eyJzY2hlbWFfdmVyc2lvbiI6MH0=",
          "dependencies": [
            "aws_vpc.aws_aidevops_default_vpc",
            "aws_iam_policy.arn_aws_iam__180217099948_policy_api_suite_automation_policy"
          ]
        }
      ]
    },
    {
      "mode": "managed",
      "type": "aws_iam_role",
      "name": "stackgen_deployer_demo",
      "provider": "provider[\"registry.terraform.io/hashicorp/aws\"]",
      "instances": [
        {
          "schema_version": 0,
          "attributes": {
            "arn": "arn:aws:iam::180217099948:role/stackgen-deployer-demo",
            "assume_role_policy": "{\"Statement\":[{\"Action\":\"sts:AssumeRole\",\"Condition\":{\"StringEquals\":{\"sts:ExternalId\":\"FQGD6nO7as\"}},\"Effect\":\"Allow\",\"Principal\":{\"AWS\":\"arn:aws:iam::239541129941:role/stackgen-bastion\"}},{\"Action\":\"sts:TagSession\",\"Effect\":\"Allow\",\"Principal\":{\"AWS\":\"arn:aws:iam::239541129941:role/stackgen-bastion\"}}],\"Version\":\"2012-10-17\"}",
            "create_date": "2026-04-29T22:31:11Z",
            "description": "Deploy stackgen from saas (demo.cloud.stackgen.com)",
            "force_detach_policies": false,
            "id": "stackgen-deployer-demo",
            "inline_policy": [],
            "managed_policy_arns": [],
            "max_session_duration": 3600,
            "name": "stackgen-deployer-demo",
            "name_prefix": "",
            "path": "/",
            "permissions_boundary": "",
            "tags": {
              "do-not-delete": "true",
              "ttl": "-1"
            },
            "tags_all": {
              "do-not-delete": "true",
              "ttl": "-1"
            },
            "unique_id": "AROAST5OGW2WBS6DGPMGW"
          },
          "sensitive_attributes": [],
          "private": "eyJzY2hlbWFfdmVyc2lvbiI6MH0=",
          "dependencies": [
            "aws_iam_policy.arn_aws_iam__180217099948_policy_api_suite_automation_policy",
            "aws_vpc.aws_aidevops_default_vpc"
          ]
        }
      ]
    },
    {
      "mode": "managed",
      "type": "aws_iam_role",
      "name": "stackgen_dev_deploy_nasir_playground",
      "provider": "provider[\"registry.terraform.io/hashicorp/aws\"]",
      "instances": [
        {
          "schema_version": 0,
          "attributes": {
            "arn": "arn:aws:iam::180217099948:role/stackgen-dev-deploy-nasir-playground",
            "assume_role_policy": "{\"Statement\":[{\"Action\":\"sts:AssumeRole\",\"Condition\":{\"StringEquals\":{\"sts:ExternalId\":\"EL6JadHHcT\"}},\"Effect\":\"Allow\",\"Principal\":{\"AWS\":\"arn:aws:iam::239541129941:role/stackgen-bastion\"}},{\"Action\":\"sts:TagSession\",\"Effect\":\"Allow\",\"Principal\":{\"AWS\":\"arn:aws:iam::239541129941:role/stackgen-bastion\"}}],\"Version\":\"2012-10-17\"}",
            "create_date": "2026-04-13T14:37:26Z",
            "description": "stackgen-dev-deploy-nasir-playground",
            "force_detach_policies": false,
            "id": "stackgen-dev-deploy-nasir-playground",
            "inline_policy": [],
            "managed_policy_arns": [],
            "max_session_duration": 3600,
            "name": "stackgen-dev-deploy-nasir-playground",
            "name_prefix": "",
            "path": "/",
            "permissions_boundary": "",
            "tags": {
              "do-not-delete": "true",
              "project": "nasir-playground",
              "purpose": "planDeploy"
            },
            "tags_all": {
              "do-not-delete": "true",
              "project": "nasir-playground",
              "purpose": "planDeploy"
            },
            "unique_id": "AROAST5OGW2WI2YRPZNJN"
          },
          "sensitive_attributes": [],
          "private": "eyJzY2hlbWFfdmVyc2lvbiI6MH0=",
          "dependencies": [
            "aws_vpc.aws_aidevops_default_vpc",
            "aws_iam_policy.arn_aws_iam__180217099948_policy_api_suite_automation_policy"
          ]
        }
      ]
    },
    {
      "mode": "managed",
      "type": "aws_iam_role",
      "name": "stackgen_e2e_dev_env_plandeploy",
      "provider": "provider[\"registry.terraform.io/hashicorp/aws\"]",
      "instances": [
        {
          "schema_version": 0,
          "attributes": {
            "arn": "arn:aws:iam::180217099948:role/stackgen-e2e-dev-env-plandeploy",
            "assume_role_policy": "{\"Statement\":[{\"Action\":\"sts:AssumeRole\",\"Condition\":{\"StringEquals\":{\"sts:ExternalId\":\"WvL58Cd0q0\"}},\"Effect\":\"Allow\",\"Principal\":{\"AWS\":\"arn:aws:iam::239541129941:role/stackgen-bastion\"}},{\"Action\":\"sts:TagSession\",\"Effect\":\"Allow\",\"Principal\":{\"AWS\":\"arn:aws:iam::239541129941:role/stackgen-bastion\"}}],\"Version\":\"2012-10-17\"}",
            "create_date": "2026-03-23T06:44:08Z",
            "description": "stackgen-e2e-dev-env-plandeploy",
            "force_detach_policies": false,
            "id": "stackgen-e2e-dev-env-plandeploy",
            "inline_policy": [],
            "managed_policy_arns": [
              "arn:aws:iam::aws:policy/AdministratorAccess"
            ],
            "max_session_duration": 3600,
            "name": "stackgen-e2e-dev-env-plandeploy",
            "name_prefix": "",
            "path": "/",
            "permissions_boundary": "",
            "tags": {
              "do-not-delete": "true"
            },
            "tags_all": {
              "do-not-delete": "true"
            },
            "unique_id": "AROAST5OGW2WCRJTBNKHB"
          },
          "sensitive_attributes": [],
          "private": "eyJzY2hlbWFfdmVyc2lvbiI6MH0=",
          "dependencies": [
            "aws_vpc.aws_aidevops_default_vpc",
            "aws_launch_template.lt_09941c90104dafb26",
            "aws_iam_policy.arn_aws_iam__180217099948_policy_api_suite_automation_policy"
          ]
        }
      ]
    },
    {
      "mode": "managed",
      "type": "aws_iam_role",
      "name": "stackgen_env_testing_admin_access",
      "provider": "provider[\"registry.terraform.io/hashicorp/aws\"]",
      "instances": [
        {
          "schema_version": 0,
          "attributes": {
            "arn": "arn:aws:iam::180217099948:role/stackgen-env-testing-admin-access",
            "assume_role_policy": "{\"Statement\":[{\"Action\":\"sts:AssumeRole\",\"Condition\":{\"StringEquals\":{\"sts:ExternalId\":\"uMsMZ9IFlS\"}},\"Effect\":\"Allow\",\"Principal\":{\"AWS\":\"arn:aws:iam::239541129941:role/stackgen-bastion\"}},{\"Action\":\"sts:TagSession\",\"Effect\":\"Allow\",\"Principal\":{\"AWS\":\"arn:aws:iam::239541129941:role/stackgen-bastion\"}}],\"Version\":\"2012-10-17\"}",
            "create_date": "2026-03-10T13:48:05Z",
            "description": "This is a role that is used within main.dev for the env-testing project, it requires ExternalId that will only be valid within env-testing for main.dev\n",
            "force_detach_policies": false,
            "id": "stackgen-env-testing-admin-access",
            "inline_policy": [],
            "managed_policy_arns": [],
            "max_session_duration": 3600,
            "name": "stackgen-env-testing-admin-access",
            "name_prefix": "",
            "path": "/",
            "permissions_boundary": "",
            "tags": {
              "do-not-delete": "true"
            },
            "tags_all": {
              "do-not-delete": "true"
            },
            "unique_id": "AROAST5OGW2WLPXMPDQSI"
          },
          "sensitive_attributes": [],
          "private": "eyJzY2hlbWFfdmVyc2lvbiI6MH0=",
          "dependencies": [
            "aws_iam_policy.arn_aws_iam__180217099948_policy_api_suite_automation_policy",
            "aws_vpc.aws_aidevops_default_vpc",
            "aws_launch_template.lt_09941c90104dafb26"
          ]
        }
      ]
    },
    {
      "mode": "managed",
      "type": "aws_iam_role",
      "name": "stackgen_jaingounchained_ae_env_iam_role",
      "provider": "provider[\"registry.terraform.io/hashicorp/aws\"]",
      "instances": [
        {
          "schema_version": 0,
          "attributes": {
            "arn": "arn:aws:iam::180217099948:role/stackgen-jaingounchained-ae-env-iam-role",
            "assume_role_policy": "{\"Statement\":[{\"Action\":\"sts:AssumeRole\",\"Condition\":{\"StringEquals\":{\"sts:ExternalId\":\"ryDBxSUC8F\"}},\"Effect\":\"Allow\",\"Principal\":{\"AWS\":\"arn:aws:iam::239541129941:role/stackgen-bastion\"}},{\"Action\":\"sts:TagSession\",\"Effect\":\"Allow\",\"Principal\":{\"AWS\":\"arn:aws:iam::239541129941:role/stackgen-bastion\"}}],\"Version\":\"2012-10-17\"}",
            "create_date": "2026-04-22T15:10:03Z",
            "description": "stackgen-jaingounchained-ae-env-iam-role",
            "force_detach_policies": false,
            "id": "stackgen-jaingounchained-ae-env-iam-role",
            "inline_policy": [],
            "managed_policy_arns": [],
            "max_session_duration": 3600,
            "name": "stackgen-jaingounchained-ae-env-iam-role",
            "name_prefix": "",
            "path": "/",
            "permissions_boundary": "",
            "tags": {
              "do-not-delete": "true"
            },
            "tags_all": {
              "do-not-delete": "true"
            },
            "unique_id": "AROAST5OGW2WHFEFTIXEH"
          },
          "sensitive_attributes": [],
          "private": "eyJzY2hlbWFfdmVyc2lvbiI6MH0=",
          "dependencies": [
            "aws_iam_policy.arn_aws_iam__180217099948_policy_api_suite_automation_policy",
            "aws_launch_template.lt_09941c90104dafb26",
            "aws_vpc.aws_aidevops_default_vpc"
          ]
        }
      ]
    },
    {
      "mode": "managed",
      "type": "aws_iam_role",
      "name": "stackgen_jaingounchained_unstable_env_iam_role",
      "provider": "provider[\"registry.terraform.io/hashicorp/aws\"]",
      "instances": [
        {
          "schema_version": 0,
          "attributes": {
            "arn": "arn:aws:iam::180217099948:role/stackgen-jaingounchained-unstable-env-iam-role",
            "assume_role_policy": "{\"Statement\":[{\"Action\":\"sts:AssumeRole\",\"Condition\":{\"StringEquals\":{\"sts:ExternalId\":\"Yhahl4lVJc\"}},\"Effect\":\"Allow\",\"Principal\":{\"AWS\":\"arn:aws:iam::584974133937:role/stackgen-system\"}},{\"Action\":\"sts:TagSession\",\"Effect\":\"Allow\",\"Principal\":{\"AWS\":\"arn:aws:iam::584974133937:role/stackgen-system\"}}],\"Version\":\"2012-10-17\"}",
            "create_date": "2026-04-21T10:13:59Z",
            "description": "",
            "force_detach_policies": false,
            "id": "stackgen-jaingounchained-unstable-env-iam-role",
            "inline_policy": [],
            "managed_policy_arns": [],
            "max_session_duration": 3600,
            "name": "stackgen-jaingounchained-unstable-env-iam-role",
            "name_prefix": "",
            "path": "/",
            "permissions_boundary": "",
            "tags": {
              "do-not-delete": "true"
            },
            "tags_all": {
              "do-not-delete": "true"
            },
            "unique_id": "AROAST5OGW2WGJ6YOLG2O"
          },
          "sensitive_attributes": [],
          "private": "eyJzY2hlbWFfdmVyc2lvbiI6MH0=",
          "dependencies": [
            "aws_vpc.aws_aidevops_default_vpc",
            "aws_launch_template.lt_09941c90104dafb26",
            "aws_iam_policy.arn_aws_iam__180217099948_policy_api_suite_automation_policy"
          ]
        }
      ]
    },
    {
      "mode": "managed",
      "type": "aws_iam_role",
      "name": "stackgen_plan_role_qa",
      "provider": "provider[\"registry.terraform.io/hashicorp/aws\"]",
      "instances": [
        {
          "schema_version": 0,
          "attributes": {
            "arn": "arn:aws:iam::180217099948:role/stackgen-plan-role-qa",
            "assume_role_policy": "{\"Statement\":[{\"Action\":\"sts:AssumeRole\",\"Condition\":{\"StringEquals\":{\"sts:ExternalId\":\"kbu7UFO6Ja\"}},\"Effect\":\"Allow\",\"Principal\":{\"AWS\":\"arn:aws:iam::239541129941:role/stackgen-bastion\"}},{\"Action\":\"sts:TagSession\",\"Effect\":\"Allow\",\"Principal\":{\"AWS\":\"arn:aws:iam::239541129941:role/stackgen-bastion\"}}],\"Version\":\"2012-10-17\"}",
            "create_date": "2026-02-18T06:57:23Z",
            "description": "QA Role to test plan by abhishes",
            "force_detach_policies": false,
            "id": "stackgen-plan-role-qa",
            "inline_policy": [],
            "managed_policy_arns": [
              "arn:aws:iam::aws:policy/AdministratorAccess",
              "arn:aws:iam::aws:policy/AmazonS3FullAccess"
            ],
            "max_session_duration": 3600,
            "name": "stackgen-plan-role-qa",
            "name_prefix": "",
            "path": "/",
            "permissions_boundary": "",
            "tags": {
              "createdBy": "Abhishes",
              "do-not-delete": "true"
            },
            "tags_all": {
              "createdBy": "Abhishes",
              "do-not-delete": "true"
            },
            "unique_id": "AROAST5OGW2WKVHL77LT2"
          },
          "sensitive_attributes": [],
          "private": "eyJzY2hlbWFfdmVyc2lvbiI6MH0=",
          "dependencies": [
            "aws_iam_policy.arn_aws_iam__180217099948_policy_api_suite_automation_policy",
            "aws_vpc.aws_aidevops_default_vpc"
          ]
        }
      ]
    },
    {
      "mode": "managed",
      "type": "aws_iam_role",
      "name": "stackgen_sandbox_dev",
      "provider": "provider[\"registry.terraform.io/hashicorp/aws\"]",
      "instances": [
        {
          "schema_version": 0,
          "attributes": {
            "arn": "arn:aws:iam::180217099948:role/stackgen-sandbox-dev",
            "assume_role_policy": "{\"Statement\":[{\"Action\":\"sts:AssumeRole\",\"Condition\":{\"StringEquals\":{\"sts:ExternalId\":\"9yKg8rcCQb\"}},\"Effect\":\"Allow\",\"Principal\":{\"AWS\":\"arn:aws:iam::239541129941:role/stackgen-bastion\"}},{\"Action\":\"sts:TagSession\",\"Effect\":\"Allow\",\"Principal\":{\"AWS\":\"arn:aws:iam::239541129941:role/stackgen-bastion\"}}],\"Version\":\"2012-10-17\"}",
            "create_date": "2026-03-13T08:09:19Z",
            "description": "to deploy from main.dev",
            "force_detach_policies": false,
            "id": "stackgen-sandbox-dev",
            "inline_policy": [],
            "managed_policy_arns": [],
            "max_session_duration": 3600,
            "name": "stackgen-sandbox-dev",
            "name_prefix": "",
            "path": "/",
            "permissions_boundary": "",
            "tags": {
              "do-not-delete": "true",
              "owner": "aakash@stackgen.com"
            },
            "tags_all": {
              "do-not-delete": "true",
              "owner": "aakash@stackgen.com"
            },
            "unique_id": "AROAST5OGW2WLCSKMQ2EV"
          },
          "sensitive_attributes": [],
          "private": "eyJzY2hlbWFfdmVyc2lvbiI6MH0=",
          "dependencies": [
            "aws_vpc.aws_aidevops_default_vpc",
            "aws_iam_policy.arn_aws_iam__180217099948_policy_api_suite_automation_policy"
          ]
        }
      ]
    },
    {
      "mode": "managed",
      "type": "aws_iam_role",
      "name": "stackgen_sfs_sandbox",
      "provider": "provider[\"registry.terraform.io/hashicorp/aws\"]",
      "instances": [
        {
          "schema_version": 0,
          "attributes": {
            "arn": "arn:aws:iam::180217099948:role/stackgen-sfs-sandbox",
            "assume_role_policy": "{\"Statement\":[{\"Action\":\"sts:AssumeRole\",\"Condition\":{\"StringEquals\":{\"sts:ExternalId\":\"omapgRvZcN\"}},\"Effect\":\"Allow\",\"Principal\":{\"AWS\":\"arn:aws:iam::239541129941:role/stackgen-bastion\"}},{\"Action\":\"sts:TagSession\",\"Effect\":\"Allow\",\"Principal\":{\"AWS\":\"arn:aws:iam::239541129941:role/stackgen-bastion\"}}],\"Version\":\"2012-10-17\"}",
            "create_date": "2026-03-05T06:20:53Z",
            "description": "Role for SFS initiative by Aakash with admin priv to sandbox",
            "force_detach_policies": false,
            "id": "stackgen-sfs-sandbox",
            "inline_policy": [],
            "managed_policy_arns": [],
            "max_session_duration": 3600,
            "name": "stackgen-sfs-sandbox",
            "name_prefix": "",
            "path": "/",
            "permissions_boundary": "",
            "tags": {
              "do-not-delete": "true",
              "owner": "aakash@stackgen.com"
            },
            "tags_all": {
              "do-not-delete": "true",
              "owner": "aakash@stackgen.com"
            },
            "unique_id": "AROAST5OGW2WDX24TLGDC"
          },
          "sensitive_attributes": [],
          "private": "eyJzY2hlbWFfdmVyc2lvbiI6MH0=",
          "dependencies": [
            "aws_iam_policy.arn_aws_iam__180217099948_policy_api_suite_automation_policy",
            "aws_vpc.aws_aidevops_default_vpc"
          ]
        }
      ]
    },
    {
      "mode": "managed",
      "type": "aws_iam_role",
      "name": "stackgen_stage_e2e_plandeploy",
      "provider": "provider[\"registry.terraform.io/hashicorp/aws\"]",
      "instances": [
        {
          "schema_version": 0,
          "attributes": {
            "arn": "arn:aws:iam::180217099948:role/stackgen-stage-e2e-plandeploy",
            "assume_role_policy": "{\"Statement\":[{\"Action\":\"sts:AssumeRole\",\"Condition\":{\"StringEquals\":{\"sts:ExternalId\":\"rmJoCfO6Kp\"}},\"Effect\":\"Allow\",\"Principal\":{\"AWS\":\"arn:aws:iam::239541129941:role/stackgen-bastion\"}},{\"Action\":\"sts:TagSession\",\"Effect\":\"Allow\",\"Principal\":{\"AWS\":\"arn:aws:iam::239541129941:role/stackgen-bastion\"}}],\"Version\":\"2012-10-17\"}",
            "create_date": "2026-03-17T06:47:45Z",
            "description": "stackgen-stage-e2e-plandeploy",
            "force_detach_policies": false,
            "id": "stackgen-stage-e2e-plandeploy",
            "inline_policy": [],
            "managed_policy_arns": [
              "arn:aws:iam::aws:policy/AdministratorAccess"
            ],
            "max_session_duration": 3600,
            "name": "stackgen-stage-e2e-plandeploy",
            "name_prefix": "",
            "path": "/",
            "permissions_boundary": "",
            "tags": {
              "createdBy": "Abhishes Shukla",
              "do-not-delete": "true",
              "purpose": "automation"
            },
            "tags_all": {
              "createdBy": "Abhishes Shukla",
              "do-not-delete": "true",
              "purpose": "automation"
            },
            "unique_id": "AROAST5OGW2WMGOGZT6LI"
          },
          "sensitive_attributes": [],
          "private": "eyJzY2hlbWFfdmVyc2lvbiI6MH0=",
          "dependencies": [
            "aws_vpc.aws_aidevops_default_vpc",
            "aws_iam_policy.arn_aws_iam__180217099948_policy_api_suite_automation_policy",
            "aws_launch_template.lt_09941c90104dafb26"
          ]
        }
      ]
    },
    {
      "mode": "managed",
      "type": "aws_iam_role",
      "name": "stackgen_stage_google_tenant_deployrole",
      "provider": "provider[\"registry.terraform.io/hashicorp/aws\"]",
      "instances": [
        {
          "schema_version": 0,
          "attributes": {
            "arn": "arn:aws:iam::180217099948:role/stackgen-stage-google-tenant-deployrole",
            "assume_role_policy": "{\"Statement\":[{\"Action\":\"sts:AssumeRole\",\"Condition\":{\"StringEquals\":{\"sts:ExternalId\":\"LXjHG2OT6e\"}},\"Effect\":\"Allow\",\"Principal\":{\"AWS\":\"arn:aws:iam::239541129941:role/stackgen-bastion\"}},{\"Action\":\"sts:TagSession\",\"Effect\":\"Allow\",\"Principal\":{\"AWS\":\"arn:aws:iam::239541129941:role/stackgen-bastion\"}}],\"Version\":\"2012-10-17\"}",
            "create_date": "2026-03-09T09:29:34Z",
            "description": "Role to test deploy feature on Google tenant for Stage environment",
            "force_detach_policies": false,
            "id": "stackgen-stage-google-tenant-deployrole",
            "inline_policy": [],
            "managed_policy_arns": [
              "arn:aws:iam::aws:policy/AdministratorAccess"
            ],
            "max_session_duration": 3600,
            "name": "stackgen-stage-google-tenant-deployrole",
            "name_prefix": "",
            "path": "/",
            "permissions_boundary": "",
            "tags": {
              "createdBy": "Abhishes",
              "do-not-delete": "true"
            },
            "tags_all": {
              "createdBy": "Abhishes",
              "do-not-delete": "true"
            },
            "unique_id": "AROAST5OGW2WMUTLNSE56"
          },
          "sensitive_attributes": [],
          "private": "eyJzY2hlbWFfdmVyc2lvbiI6MH0=",
          "dependencies": [
            "aws_vpc.aws_aidevops_default_vpc",
            "aws_iam_policy.arn_aws_iam__180217099948_policy_api_suite_automation_policy",
            "aws_launch_template.lt_09941c90104dafb26"
          ]
        }
      ]
    },
    {
      "mode": "managed",
      "type": "aws_iam_role",
      "name": "stackgen_test_deploy_sean",
      "provider": "provider[\"registry.terraform.io/hashicorp/aws\"]",
      "instances": [
        {
          "schema_version": 0,
          "attributes": {
            "arn": "arn:aws:iam::180217099948:role/stackgen-test-deploy-sean",
            "assume_role_policy": "{\"Statement\":[{\"Action\":\"sts:AssumeRole\",\"Condition\":{\"StringEquals\":{\"sts:ExternalId\":\"pZSWPRW4yo\"}},\"Effect\":\"Allow\",\"Principal\":{\"AWS\":\"arn:aws:iam::239541129941:role/stackgen-bastion\"}},{\"Action\":\"sts:TagSession\",\"Effect\":\"Allow\",\"Principal\":{\"AWS\":\"arn:aws:iam::239541129941:role/stackgen-bastion\"}}],\"Version\":\"2012-10-17\"}",
            "create_date": "2026-02-27T15:10:04Z",
            "description": "gives administrator access to sandbox\nUsed with main.dev.stackgen.com to test aws integrations and deployments",
            "force_detach_policies": false,
            "id": "stackgen-test-deploy-sean",
            "inline_policy": [],
            "managed_policy_arns": [],
            "max_session_duration": 3600,
            "name": "stackgen-test-deploy-sean",
            "name_prefix": "",
            "path": "/",
            "permissions_boundary": "",
            "tags": {
              "do-not-delete": "true"
            },
            "tags_all": {
              "do-not-delete": "true"
            },
            "unique_id": "AROAST5OGW2WKG4FXF3AC"
          },
          "sensitive_attributes": [],
          "private": "eyJzY2hlbWFfdmVyc2lvbiI6MH0=",
          "dependencies": [
            "aws_vpc.aws_aidevops_default_vpc",
            "aws_iam_policy.arn_aws_iam__180217099948_policy_api_suite_automation_policy",
            "aws_launch_template.lt_09941c90104dafb26"
          ]
        }
      ]
    },
    {
      "mode": "managed",
      "type": "aws_iam_role",
      "name": "stackgen_testawssecretsmanager",
      "provider": "provider[\"registry.terraform.io/hashicorp/aws\"]",
      "instances": [
        {
          "schema_version": 0,
          "attributes": {
            "arn": "arn:aws:iam::180217099948:role/stackgen-testAwsSecretsManager",
            "assume_role_policy": "{\"Statement\":[{\"Action\":[\"sts:AssumeRole\",\"sts:TagSession\"],\"Effect\":\"Allow\",\"Principal\":{\"AWS\":\"arn:aws:iam::584974133937:role/stackgen-system\"},\"Sid\":\"Statement1\"}],\"Version\":\"2012-10-17\"}",
            "create_date": "2025-11-14T15:11:49Z",
            "description": "this is custom role that is being used to validate secretsmanager access within the stackgen platform",
            "force_detach_policies": false,
            "id": "stackgen-testAwsSecretsManager",
            "inline_policy": [],
            "managed_policy_arns": [],
            "max_session_duration": 3600,
            "name": "stackgen-testAwsSecretsManager",
            "name_prefix": "",
            "path": "/",
            "permissions_boundary": "",
            "tags": {
              "do-not-delete": "true"
            },
            "tags_all": {
              "do-not-delete": "true"
            },
            "unique_id": "AROAST5OGW2WLILQPKVLT"
          },
          "sensitive_attributes": [],
          "private": "eyJzY2hlbWFfdmVyc2lvbiI6MH0=",
          "dependencies": [
            "aws_launch_template.lt_09941c90104dafb26",
            "aws_iam_policy.arn_aws_iam__180217099948_policy_api_suite_automation_policy",
            "aws_vpc.aws_aidevops_default_vpc"
          ]
        }
      ]
    },
    {
      "mode": "managed",
      "type": "aws_iam_role",
      "name": "stackgen_unstable_nasir_deploy",
      "provider": "provider[\"registry.terraform.io/hashicorp/aws\"]",
      "instances": [
        {
          "schema_version": 0,
          "attributes": {
            "arn": "arn:aws:iam::180217099948:role/stackgen-unstable-nasir-deploy",
            "assume_role_policy": "{\"Statement\":[{\"Action\":\"sts:AssumeRole\",\"Condition\":{\"StringEquals\":{\"sts:ExternalId\":\"yf8ABIfFSd\"}},\"Effect\":\"Allow\",\"Principal\":{\"AWS\":\"arn:aws:iam::584974133937:role/stackgen-system\"}},{\"Action\":\"sts:TagSession\",\"Effect\":\"Allow\",\"Principal\":{\"AWS\":\"arn:aws:iam::584974133937:role/stackgen-system\"}}],\"Version\":\"2012-10-17\"}",
            "create_date": "2026-04-01T15:33:01Z",
            "description": "stackgen-unstable-nasir-deploy",
            "force_detach_policies": false,
            "id": "stackgen-unstable-nasir-deploy",
            "inline_policy": [],
            "managed_policy_arns": [],
            "max_session_duration": 3600,
            "name": "stackgen-unstable-nasir-deploy",
            "name_prefix": "",
            "path": "/",
            "permissions_boundary": "",
            "tags": {
              "do-not-delete": "true"
            },
            "tags_all": {
              "do-not-delete": "true"
            },
            "unique_id": "AROAST5OGW2WP5GGM65Y6"
          },
          "sensitive_attributes": [],
          "private": "eyJzY2hlbWFfdmVyc2lvbiI6MH0=",
          "dependencies": [
            "aws_vpc.aws_aidevops_default_vpc",
            "aws_launch_template.lt_09941c90104dafb26",
            "aws_iam_policy.arn_aws_iam__180217099948_policy_api_suite_automation_policy"
          ]
        }
      ]
    },
    {
      "mode": "managed",
      "type": "aws_iam_role",
      "name": "stackgen_workshop_default_aws_lb_controller_role",
      "provider": "provider[\"registry.terraform.io/hashicorp/aws\"]",
      "instances": [
        {
          "schema_version": 0,
          "attributes": {
            "arn": "arn:aws:iam::180217099948:role/stackgen-workshop-default-us-west-1-aws-lb-controller-role",
            "assume_role_policy": "{\"Statement\":[{\"Action\":\"sts:AssumeRoleWithWebIdentity\",\"Condition\":{\"StringEquals\":{\"oidc.eks.us-west-1.amazonaws.com/id/7AE336B66A3438DC7F759DF58FAA5EAD:sub\":\"system:serviceaccount:kube-system:aws-load-balancer-controller\"}},\"Effect\":\"Allow\",\"Principal\":{\"Federated\":\"arn:aws:iam::180217099948:oidc-provider/oidc.eks.us-west-1.amazonaws.com/id/7AE336B66A3438DC7F759DF58FAA5EAD\"}}],\"Version\":\"2012-10-17\"}",
            "create_date": "2025-06-28T14:56:56Z",
            "description": "",
            "force_detach_policies": false,
            "id": "stackgen-workshop-default-us-west-1-aws-lb-controller-role",
            "inline_policy": [],
            "managed_policy_arns": [],
            "max_session_duration": 3600,
            "name": "stackgen-workshop-default-us-west-1-aws-lb-controller-role",
            "name_prefix": "",
            "path": "/",
            "permissions_boundary": "",
            "tags": {
              "Environment": "default",
              "ManagedBy": "Terraform",
              "Name": "stackgen-workshop-default-aws-lb-controller-role",
              "Project": "stackgen-workshop",
              "do-not-delete": "true"
            },
            "tags_all": {
              "Environment": "default",
              "ManagedBy": "Terraform",
              "Name": "stackgen-workshop-default-aws-lb-controller-role",
              "Project": "stackgen-workshop",
              "do-not-delete": "true"
            },
            "unique_id": "AROAST5OGW2WJUOX6FRAJ"
          },
          "sensitive_attributes": [],
          "private": "eyJzY2hlbWFfdmVyc2lvbiI6MH0=",
          "dependencies": [
            "aws_iam_policy.arn_aws_iam__180217099948_policy_api_suite_automation_policy",
            "aws_vpc.aws_aidevops_default_vpc"
          ]
        }
      ]
    },
    {
      "mode": "managed",
      "type": "aws_iam_role",
      "name": "stackgen_workshop_default_eks_cluster_role",
      "provider": "provider[\"registry.terraform.io/hashicorp/aws\"]",
      "instances": [
        {
          "schema_version": 0,
          "attributes": {
            "arn": "arn:aws:iam::180217099948:role/stackgen-workshop-default-us-west-1-eks-cluster-role",
            "assume_role_policy": "{\"Statement\":[{\"Action\":\"sts:AssumeRole\",\"Effect\":\"Allow\",\"Principal\":{\"Service\":\"eks.amazonaws.com\"}}],\"Version\":\"2012-10-17\"}",
            "create_date": "2025-06-28T14:48:48Z",
            "description": "",
            "force_detach_policies": false,
            "id": "stackgen-workshop-default-us-west-1-eks-cluster-role",
            "inline_policy": [],
            "managed_policy_arns": [],
            "max_session_duration": 3600,
            "name": "stackgen-workshop-default-us-west-1-eks-cluster-role",
            "name_prefix": "",
            "path": "/",
            "permissions_boundary": "",
            "tags": {
              "Environment": "default",
              "ManagedBy": "Terraform",
              "Name": "stackgen-workshop-default-eks-cluster-role",
              "Project": "stackgen-workshop",
              "do-not-delete": "true"
            },
            "tags_all": {
              "Environment": "default",
              "ManagedBy": "Terraform",
              "Name": "stackgen-workshop-default-eks-cluster-role",
              "Project": "stackgen-workshop",
              "do-not-delete": "true"
            },
            "unique_id": "AROAST5OGW2WAXNZ5FXRE"
          },
          "sensitive_attributes": [],
          "private": "eyJzY2hlbWFfdmVyc2lvbiI6MH0=",
          "dependencies": [
            "aws_iam_policy.arn_aws_iam__180217099948_policy_api_suite_automation_policy",
            "aws_vpc.aws_aidevops_default_vpc"
          ]
        }
      ]
    },
    {
      "mode": "managed",
      "type": "aws_iam_role",
      "name": "stackgen_workshop_default_eks_node_group_role",
      "provider": "provider[\"registry.terraform.io/hashicorp/aws\"]",
      "instances": [
        {
          "schema_version": 0,
          "attributes": {
            "arn": "arn:aws:iam::180217099948:role/stackgen-workshop-default-us-west-1-eks-node-group-role",
            "assume_role_policy": "{\"Statement\":[{\"Action\":\"sts:AssumeRole\",\"Effect\":\"Allow\",\"Principal\":{\"Service\":\"ec2.amazonaws.com\"}}],\"Version\":\"2012-10-17\"}",
            "create_date": "2025-06-28T14:48:48Z",
            "description": "",
            "force_detach_policies": false,
            "id": "stackgen-workshop-default-us-west-1-eks-node-group-role",
            "inline_policy": [],
            "managed_policy_arns": [],
            "max_session_duration": 3600,
            "name": "stackgen-workshop-default-us-west-1-eks-node-group-role",
            "name_prefix": "",
            "path": "/",
            "permissions_boundary": "",
            "tags": {
              "Environment": "default",
              "ManagedBy": "Terraform",
              "Name": "stackgen-workshop-default-eks-node-group-role",
              "Project": "stackgen-workshop",
              "do-not-delete": "true"
            },
            "tags_all": {
              "Environment": "default",
              "ManagedBy": "Terraform",
              "Name": "stackgen-workshop-default-eks-node-group-role",
              "Project": "stackgen-workshop",
              "do-not-delete": "true"
            },
            "unique_id": "AROAST5OGW2WA5Z6YJ2JV"
          },
          "sensitive_attributes": [],
          "private": "eyJzY2hlbWFfdmVyc2lvbiI6MH0=",
          "dependencies": [
            "aws_vpc.aws_aidevops_default_vpc",
            "aws_iam_policy.arn_aws_iam__180217099948_policy_api_suite_automation_policy"
          ]
        }
      ]
    },
    {
      "mode": "managed",
      "type": "aws_iam_role",
      "name": "stacksets_exec_f0c8fb48f39560f7383d5fc6d3582666",
      "provider": "provider[\"registry.terraform.io/hashicorp/aws\"]",
      "instances": [
        {
          "schema_version": 0,
          "attributes": {
            "arn": "arn:aws:iam::180217099948:role/stacksets-exec-f0c8fb48f39560f7383d5fc6d3582666",
            "assume_role_policy": "{\"Id\":\"stacksets-exec-f0c8fb48f39560f7383d5fc6d3582666-assume-role-policy\",\"Statement\":[{\"Action\":\"sts:AssumeRole\",\"Effect\":\"Allow\",\"Principal\":{\"AWS\":\"arn:aws:iam::368945481389:role/aws-service-role/stacksets.cloudformation.amazonaws.com/AWSServiceRoleForCloudFormationStackSetsOrgAdmin\"},\"Sid\":\"1\"}],\"Version\":\"2012-10-17\"}",
            "create_date": "2026-05-28T15:32:37Z",
            "description": "Role created by AWSCloudFormation StackSets",
            "force_detach_policies": false,
            "id": "stacksets-exec-f0c8fb48f39560f7383d5fc6d3582666",
            "inline_policy": [],
            "managed_policy_arns": [
              "arn:aws:iam::aws:policy/AdministratorAccess"
            ],
            "max_session_duration": 3600,
            "name": "stacksets-exec-f0c8fb48f39560f7383d5fc6d3582666",
            "name_prefix": "stacksets-exec-f0c8fb",
            "path": "/",
            "permissions_boundary": "",
            "tags": {},
            "tags_all": {},
            "unique_id": "AROAST5OGW2WDYVTOBP7H"
          },
          "sensitive_attributes": [],
          "private": "eyJzY2hlbWFfdmVyc2lvbiI6MH0=",
          "dependencies": [
            "aws_iam_policy.arn_aws_iam__180217099948_policy_api_suite_automation_policy",
            "aws_launch_template.lt_09941c90104dafb26",
            "aws_vpc.aws_aidevops_default_vpc"
          ]
        }
      ]
    },
    {
      "mode": "managed",
      "type": "aws_iam_role",
      "name": "terraform_testing_ssm_role",
      "provider": "provider[\"registry.terraform.io/hashicorp/aws\"]",
      "instances": [
        {
          "schema_version": 0,
          "attributes": {
            "arn": "arn:aws:iam::180217099948:role/terraform-testing-ssm-role",
            "assume_role_policy": "{\"Statement\":[{\"Action\":\"sts:AssumeRole\",\"Effect\":\"Allow\",\"Principal\":{\"Service\":\"ec2.amazonaws.com\"}}],\"Version\":\"2012-10-17\"}",
            "create_date": "2026-05-29T02:42:39Z",
            "description": "",
            "force_detach_policies": false,
            "id": "terraform-testing-ssm-role",
            "inline_policy": [],
            "managed_policy_arns": [
              "arn:aws:iam::aws:policy/AdministratorAccess",
              "arn:aws:iam::aws:policy/AmazonSSMManagedInstanceCore"
            ],
            "max_session_duration": 3600,
            "name": "terraform-testing-ssm-role",
            "name_prefix": "",
            "path": "/",
            "permissions_boundary": "",
            "tags": {},
            "tags_all": {},
            "unique_id": "AROAST5OGW2WNGV7G7B7Y"
          },
          "sensitive_attributes": [],
          "private": "eyJzY2hlbWFfdmVyc2lvbiI6MH0=",
          "dependencies": [
            "aws_iam_policy.arn_aws_iam__180217099948_policy_api_suite_automation_policy",
            "aws_vpc.aws_aidevops_default_vpc"
          ]
        }
      ]
    },
    {
      "mode": "managed",
      "type": "aws_iam_role",
      "name": "test_playwright_oidc_github",
      "provider": "provider[\"registry.terraform.io/hashicorp/aws\"]",
      "instances": [
        {
          "schema_version": 0,
          "attributes": {
            "arn": "arn:aws:iam::180217099948:role/test-playwright-oidc-github",
            "assume_role_policy": "{\"Statement\":[{\"Action\":\"sts:AssumeRoleWithWebIdentity\",\"Condition\":{\"StringEquals\":{\"token.actions.githubusercontent.com:aud\":\"sts.amazonaws.com\"},\"StringLike\":{\"token.actions.githubusercontent.com:sub\":[\"repo:appcd-dev/ui-automation-testsuite:*\",\"repo:appcd-demo/hello-kitty:*\",\"repo:cesar-rodriguez/hello-kitty:*\",\"repo:cesar-rodriguez/DogeAPI:*\",\"repo:cesar-rodriguez/stackgen-iac-lm-demo:*\",\"repo:stackgen-demo/geico-demo:*\",\"repo:appcd-dev/resource-connections-automation:*\",\"repo:appcd-dev/resource-dnd-automation:*\",\"repo:appcd-dev/test-playwright:*\",\"repo:appcd-dev/resource-template-testing:*\",\"repo:appcd-dev/policy-compliance-automation:*\",\"repo:appcd-dev/devops-tools:*\",\"repo:appcd-dev/cli-tools-testing:*\",\"repo:appcd-dev/aiden-eval-reporter:*\",\"repo:appcd-dev/aiden-ui-suite:*\"]}},\"Effect\":\"Allow\",\"Principal\":{\"Federated\":\"arn:aws:iam::180217099948:oidc-provider/token.actions.githubusercontent.com\"}},{\"Action\":[\"sts:AssumeRole\",\"sts:TagSession\"],\"Effect\":\"Allow\",\"Principal\":{\"AWS\":\"arn:aws:iam::584974133937:role/stackgen-system\"}}],\"Version\":\"2012-10-17\"}",
            "create_date": "2024-07-22T10:25:13Z",
            "description": "Role assumed by the GitHub OIDC provider.",
            "force_detach_policies": false,
            "id": "test-playwright-oidc-github",
            "inline_policy": [],
            "managed_policy_arns": [
              "arn:aws:iam::aws:policy/AdministratorAccess",
              "arn:aws:iam::aws:policy/ReadOnlyAccess"
            ],
            "max_session_duration": 3600,
            "name": "test-playwright-oidc-github",
            "name_prefix": "",
            "path": "/",
            "permissions_boundary": "",
            "tags": {
              "Repository": "appcd-dev/infra",
              "team": "platform"
            },
            "tags_all": {
              "Repository": "appcd-dev/infra",
              "team": "platform"
            },
            "unique_id": "AROAST5OGW2WOPZ6LBXFI"
          },
          "sensitive_attributes": [],
          "private": "eyJzY2hlbWFfdmVyc2lvbiI6MH0=",
          "dependencies": [
            "aws_vpc.aws_aidevops_default_vpc",
            "aws_iam_policy.arn_aws_iam__180217099948_policy_api_suite_automation_policy"
          ]
        }
      ]
    },
    {
      "mode": "managed",
      "type": "aws_iam_role",
      "name": "workers_eks_node_group_20260430163129674300000001",
      "provider": "provider[\"registry.terraform.io/hashicorp/aws\"]",
      "instances": [
        {
          "schema_version": 0,
          "attributes": {
            "arn": "arn:aws:iam::180217099948:role/workers-eks-node-group-20260430163129674300000001",
            "assume_role_policy": "{\"Statement\":[{\"Action\":\"sts:AssumeRole\",\"Effect\":\"Allow\",\"Principal\":{\"Service\":\"ec2.amazonaws.com\"},\"Sid\":\"EKSNodeAssumeRole\"}],\"Version\":\"2012-10-17\"}",
            "create_date": "2026-04-30T16:31:29Z",
            "description": "EKS managed node group IAM role",
            "force_detach_policies": false,
            "id": "workers-eks-node-group-20260430163129674300000001",
            "inline_policy": [],
            "managed_policy_arns": [],
            "max_session_duration": 3600,
            "name": "workers-eks-node-group-20260430163129674300000001",
            "name_prefix": "workers-eks-node-group-",
            "path": "/",
            "permissions_boundary": "",
            "tags": {
              "do-not-delete": "true",
              "ttl": "-1"
            },
            "tags_all": {
              "do-not-delete": "true",
              "ttl": "-1"
            },
            "unique_id": "AROAST5OGW2WO47IHV2UC"
          },
          "sensitive_attributes": [],
          "private": "eyJzY2hlbWFfdmVyc2lvbiI6MH0=",
          "dependencies": [
            "aws_vpc.aws_aidevops_default_vpc",
            "aws_iam_policy.arn_aws_iam__180217099948_policy_api_suite_automation_policy"
          ]
        }
      ]
    },
    {
      "mode": "managed",
      "type": "aws_iam_role",
      "name": "workshop_container_service_apprunner_instance_role",
      "provider": "provider[\"registry.terraform.io/hashicorp/aws\"]",
      "instances": [
        {
          "schema_version": 0,
          "attributes": {
            "arn": "arn:aws:iam::180217099948:role/workshop-container-service-apprunner-instance-role",
            "assume_role_policy": "{\"Statement\":[{\"Action\":\"sts:AssumeRole\",\"Effect\":\"Allow\",\"Principal\":{\"Service\":[\"tasks.apprunner.amazonaws.com\",\"build.apprunner.amazonaws.com\"]}}],\"Version\":\"2012-10-17\"}",
            "create_date": "2026-05-28T05:34:54Z",
            "description": "",
            "force_detach_policies": false,
            "id": "workshop-container-service-apprunner-instance-role",
            "inline_policy": [],
            "managed_policy_arns": [],
            "max_session_duration": 3600,
            "name": "workshop-container-service-apprunner-instance-role",
            "name_prefix": "",
            "path": "/",
            "permissions_boundary": "",
            "tags": {},
            "tags_all": {},
            "unique_id": "AROAST5OGW2WBO5YNEMO4"
          },
          "sensitive_attributes": [],
          "private": "eyJzY2hlbWFfdmVyc2lvbiI6MH0=",
          "dependencies": [
            "aws_iam_policy.arn_aws_iam__180217099948_policy_api_suite_automation_policy",
            "aws_vpc.aws_aidevops_default_vpc"
          ]
        }
      ]
    },
    {
      "mode": "managed",
      "type": "aws_iam_role",
      "name": "workshop_my_lambda_exec_role",
      "provider": "provider[\"registry.terraform.io/hashicorp/aws\"]",
      "instances": [
        {
          "schema_version": 0,
          "attributes": {
            "arn": "arn:aws:iam::180217099948:role/workshop-my-lambda-exec-role",
            "assume_role_policy": "{\"Statement\":[{\"Action\":\"sts:AssumeRole\",\"Effect\":\"Allow\",\"Principal\":{\"Service\":\"lambda.amazonaws.com\"}}],\"Version\":\"2012-10-17\"}",
            "create_date": "2025-07-15T12:43:58Z",
            "description": "",
            "force_detach_policies": false,
            "id": "workshop-my-lambda-exec-role",
            "inline_policy": [],
            "managed_policy_arns": [],
            "max_session_duration": 3600,
            "name": "workshop-my-lambda-exec-role",
            "name_prefix": "",
            "path": "/",
            "permissions_boundary": "",
            "tags": {
              "Component": "application",
              "ManagedBy": "Terraform",
              "Project": "workshop",
              "do-not-delete": "true"
            },
            "tags_all": {
              "Component": "application",
              "ManagedBy": "Terraform",
              "Project": "workshop",
              "do-not-delete": "true"
            },
            "unique_id": "AROAST5OGW2WICOMCDLYE"
          },
          "sensitive_attributes": [],
          "private": "eyJzY2hlbWFfdmVyc2lvbiI6MH0=",
          "dependencies": [
            "aws_iam_policy.arn_aws_iam__180217099948_policy_api_suite_automation_policy",
            "aws_vpc.aws_aidevops_default_vpc"
          ]
        }
      ]
    },
    {
      "mode": "managed",
      "type": "aws_iam_role_policy",
      "name": "aiden_s3_s3full",
      "provider": "provider[\"registry.terraform.io/hashicorp/aws\"]",
      "instances": [
        {
          "schema_version": 0,
          "attributes": {
            "id": "aiden-s3:S3Full",
            "name": "S3Full",
            "name_prefix": "",
            "policy": "{\"Version\":\"2012-10-17\",\"Statement\":[{\"Action\":\"s3:*\",\"Effect\":\"Allow\",\"Resource\":[\"arn:aws:s3:::*\",\"arn:aws:s3:::/*\"],\"Sid\":\"S3Full\"}]}",
            "role": "aiden-s3"
          },
          "sensitive_attributes": [],
          "private": "eyJzY2hlbWFfdmVyc2lvbiI6MH0=",
          "dependencies": [
            "aws_iam_role.aiden_s3"
          ]
        }
      ]
    },
    {
      "mode": "managed",
      "type": "aws_iam_role_policy",
      "name": "prathvi_eks_demo_role_prathvi_aiden_eks_polciy",
      "provider": "provider[\"registry.terraform.io/hashicorp/aws\"]",
      "instances": [
        {
          "schema_version": 0,
          "attributes": {
            "id": "prathvi-eks-demo-role:prathvi-aiden-eks-polciy",
            "name": "prathvi-aiden-eks-polciy",
            "name_prefix": "",
            "policy": "{\"Version\":\"2012-10-17\",\"Statement\":[{\"Action\":[\"autoscaling:DescribeAutoScalingGroups\",\"autoscaling:UpdateAutoScalingGroup\",\"ec2:AttachVolume\",\"ec2:AuthorizeSecurityGroupIngress\",\"ec2:CreateRoute\",\"ec2:CreateSecurityGroup\",\"ec2:CreateTags\",\"ec2:CreateVolume\",\"ec2:DeleteRoute\",\"ec2:DeleteSecurityGroup\",\"ec2:DeleteVolume\",\"ec2:DescribeInstances\",\"ec2:DescribeRouteTables\",\"ec2:DescribeSecurityGroups\",\"ec2:DescribeSubnets\",\"ec2:DescribeVolumes\",\"ec2:DescribeVolumesModifications\",\"ec2:DescribeVpcs\",\"ec2:DescribeDhcpOptions\",\"ec2:DescribeNetworkInterfaces\",\"ec2:DescribeAvailabilityZones\",\"ec2:DescribeAccountAttributes\",\"ec2:DescribeInternetGateways\",\"ec2:DescribeInstanceTypes\",\"ec2:DetachVolume\",\"ec2:ModifyInstanceAttribute\",\"ec2:ModifyVolume\",\"ec2:RevokeSecurityGroupIngress\",\"elasticloadbalancing:AddTags\",\"elasticloadbalancing:ApplySecurityGroupsToLoadBalancer\",\"elasticloadbalancing:AttachLoadBalancerToSubnets\",\"elasticloadbalancing:ConfigureHealthCheck\",\"elasticloadbalancing:CreateLoadBalancer\",\"elasticloadbalancing:CreateLoadBalancerListeners\",\"elasticloadbalancing:DeleteLoadBalancer\",\"elasticloadbalancing:DeleteLoadBalancerListeners\",\"elasticloadbalancing:DeregisterInstancesFromLoadBalancer\",\"elasticloadbalancing:DescribeLoadBalancerAttributes\",\"elasticloadbalancing:DescribeLoadBalancers\",\"elasticloadbalancing:DescribeTags\",\"elasticloadbalancing:DetachLoadBalancerFromSubnets\",\"elasticloadbalancing:ModifyLoadBalancerAttributes\",\"elasticloadbalancing:RegisterInstancesWithLoadBalancer\",\"elasticloadbalancing:SetLoadBalancerPoliciesForBackendServer\",\"kms:DescribeKey\",\"iam:CreateServiceLinkedRole\"],\"Effect\":\"Allow\",\"Resource\":\"*\",\"Sid\":\"EKSClusterPolicy\"},{\"Action\":[\"ec2:RunInstances\",\"ec2:TerminateInstances\",\"ec2:CreateFleet\",\"ec2:DescribeImages\",\"ec2:DescribeInstanceTypeOfferings\",\"ec2:DescribeLaunchTemplates\",\"ec2:DescribeLaunchTemplateVersions\",\"ec2:DescribeSpotPriceHistory\",\"ec2:CreateLaunchTemplate\",\"ec2:CreateLaunchTemplateVersion\",\"ec2:DeleteLaunchTemplate\",\"iam:PassRole\"],\"Effect\":\"Allow\",\"Resource\":\"*\",\"Sid\":\"EKSComputePolicy\"},{\"Action\":[\"ec2:CreateSnapshot\",\"ec2:DeleteSnapshot\",\"ec2:DeleteTags\",\"ec2:DescribeSnapshots\",\"kms:CreateGrant\",\"kms:Decrypt\",\"kms:Encrypt\",\"kms:GenerateDataKey\",\"kms:GenerateDataKeyWithoutPlaintext\",\"kms:ReEncryptFrom\",\"kms:ReEncryptTo\"],\"Effect\":\"Allow\",\"Resource\":\"*\",\"Sid\":\"EKSBlockStoragePolicy\"},{\"Action\":[\"ec2:DescribeAddresses\",\"ec2:DescribeVpcPeeringConnections\",\"ec2:CreateListener\",\"elasticloadbalancing:AddListenerCertificates\",\"elasticloadbalancing:CreateListener\",\"elasticloadbalancing:CreateRule\",\"elasticloadbalancing:CreateTargetGroup\",\"elasticloadbalancing:DeleteListener\",\"elasticloadbalancing:DeleteRule\",\"elasticloadbalancing:DeleteTargetGroup\",\"elasticloadbalancing:DeregisterTargets\",\"elasticloadbalancing:DescribeListenerCertificates\",\"elasticloadbalancing:DescribeListeners\",\"elasticloadbalancing:DescribeLoadBalancerAttributes\",\"elasticloadbalancing:DescribeRules\",\"elasticloadbalancing:DescribeSSLPolicies\",\"elasticloadbalancing:DescribeTargetGroups\",\"elasticloadbalancing:DescribeTargetGroupAttributes\",\"elasticloadbalancing:DescribeTargetHealth\",\"elasticloadbalancing:ModifyListener\",\"elasticloadbalancing:ModifyRule\",\"elasticloadbalancing:ModifyTargetGroup\",\"elasticloadbalancing:ModifyTargetGroupAttributes\",\"elasticloadbalancing:RegisterTargets\",\"elasticloadbalancing:RemoveListenerCertificates\",\"elasticloadbalancing:RemoveTags\",\"elasticloadbalancing:SetIpAddressType\",\"elasticloadbalancing:SetSecurityGroups\",\"elasticloadbalancing:SetSubnets\",\"elasticloadbalancing:SetWebAcl\",\"cognito-idp:DescribeUserPoolClient\",\"acm:ListCertificates\",\"acm:DescribeCertificate\",\"iam:ListServerCertificates\",\"iam:GetServerCertificate\",\"waf-regional:GetWebACL\",\"waf-regional:GetWebACLForResource\",\"waf-regional:AssociateWebACL\",\"waf-regional:DisassociateWebACL\",\"wafv2:GetWebACL\",\"wafv2:GetWebACLForResource\",\"wafv2:AssociateWebACL\",\"wafv2:DisassociateWebACL\",\"shield:GetSubscriptionState\",\"shield:DescribeProtection\",\"shield:CreateProtection\",\"shield:DeleteProtection\"],\"Effect\":\"Allow\",\"Resource\":\"*\",\"Sid\":\"EKSLoadBalancingPolicy\"},{\"Action\":[\"ec2:AssignPrivateIpAddresses\",\"ec2:AttachNetworkInterface\",\"ec2:CreateNetworkInterface\",\"ec2:DeleteNetworkInterface\",\"ec2:DetachNetworkInterface\",\"ec2:ModifyNetworkInterfaceAttribute\",\"ec2:UnassignPrivateIpAddresses\",\"ec2:DescribeVpcAttribute\"],\"Effect\":\"Allow\",\"Resource\":\"*\",\"Sid\":\"EKSNetworkingPolicy\"}]}",
            "role": "prathvi-eks-demo-role"
          },
          "sensitive_attributes": [],
          "private": "eyJzY2hlbWFfdmVyc2lvbiI6MH0=",
          "dependencies": [
            "aws_iam_role.prathvi_eks_demo_role"
          ]
        }
      ]
    },
    {
      "mode": "managed",
      "type": "aws_iam_role_policy_attachment",
      "name": "ai_sre_demo_ebs_csi_driver_arn_aws_iam__aws_policy_service_role_amazonebscsidriverpolicy",
      "provider": "provider[\"registry.terraform.io/hashicorp/aws\"]",
      "instances": [
        {
          "schema_version": 0,
          "attributes": {
            "id": "ai-sre-demo-ebs-csi-driver-arn:aws:iam::aws:policy/service-role/AmazonEBSCSIDriverPolicy",
            "policy_arn": "arn:aws:iam::aws:policy/service-role/AmazonEBSCSIDriverPolicy",
            "role": "ai-sre-demo-ebs-csi-driver"
          },
          "sensitive_attributes": [],
          "private": "eyJzY2hlbWFfdmVyc2lvbiI6MH0=",
          "dependencies": [
            "aws_iam_role.ai_sre_demo_ebs_csi_driver"
          ]
        }
      ]
    },
    {
      "mode": "managed",
      "type": "aws_iam_role_policy_attachment",
      "name": "ai_sre_demo_eks_cluster_arn_aws_iam__aws_policy_amazoneksclusterpolicy",
      "provider": "provider[\"registry.terraform.io/hashicorp/aws\"]",
      "instances": [
        {
          "schema_version": 0,
          "attributes": {
            "id": "ai-sre-demo-eks-cluster-arn:aws:iam::aws:policy/AmazonEKSClusterPolicy",
            "policy_arn": "arn:aws:iam::aws:policy/AmazonEKSClusterPolicy",
            "role": "ai-sre-demo-eks-cluster"
          },
          "sensitive_attributes": [],
          "private": "eyJzY2hlbWFfdmVyc2lvbiI6MH0=",
          "dependencies": [
            "aws_iam_role.ai_sre_demo_eks_cluster"
          ]
        }
      ]
    },
    {
      "mode": "managed",
      "type": "aws_iam_role_policy_attachment",
      "name": "ai_sre_demo_eks_nodes_arn_aws_iam__aws_policy_amazonec2containerregistryreadonly",
      "provider": "provider[\"registry.terraform.io/hashicorp/aws\"]",
      "instances": [
        {
          "schema_version": 0,
          "attributes": {
            "id": "ai-sre-demo-eks-nodes-arn:aws:iam::aws:policy/AmazonEC2ContainerRegistryReadOnly",
            "policy_arn": "arn:aws:iam::aws:policy/AmazonEC2ContainerRegistryReadOnly",
            "role": "ai-sre-demo-eks-nodes"
          },
          "sensitive_attributes": [],
          "private": "eyJzY2hlbWFfdmVyc2lvbiI6MH0=",
          "dependencies": [
            "aws_iam_role.ai_sre_demo_eks_nodes"
          ]
        }
      ]
    },
    {
      "mode": "managed",
      "type": "aws_iam_role_policy_attachment",
      "name": "ai_sre_demo_eks_nodes_arn_aws_iam__aws_policy_amazoneks_cni_policy",
      "provider": "provider[\"registry.terraform.io/hashicorp/aws\"]",
      "instances": [
        {
          "schema_version": 0,
          "attributes": {
            "id": "ai-sre-demo-eks-nodes-arn:aws:iam::aws:policy/AmazonEKS_CNI_Policy",
            "policy_arn": "arn:aws:iam::aws:policy/AmazonEKS_CNI_Policy",
            "role": "ai-sre-demo-eks-nodes"
          },
          "sensitive_attributes": [],
          "private": "eyJzY2hlbWFfdmVyc2lvbiI6MH0=",
          "dependencies": [
            "aws_iam_role.ai_sre_demo_eks_nodes"
          ]
        }
      ]
    },
    {
      "mode": "managed",
      "type": "aws_iam_role_policy_attachment",
      "name": "ai_sre_demo_eks_nodes_arn_aws_iam__aws_policy_amazoneksworkernodepolicy",
      "provider": "provider[\"registry.terraform.io/hashicorp/aws\"]",
      "instances": [
        {
          "schema_version": 0,
          "attributes": {
            "id": "ai-sre-demo-eks-nodes-arn:aws:iam::aws:policy/AmazonEKSWorkerNodePolicy",
            "policy_arn": "arn:aws:iam::aws:policy/AmazonEKSWorkerNodePolicy",
            "role": "ai-sre-demo-eks-nodes"
          },
          "sensitive_attributes": [],
          "private": "eyJzY2hlbWFfdmVyc2lvbiI6MH0=",
          "dependencies": [
            "aws_iam_role.ai_sre_demo_eks_nodes"
          ]
        }
      ]
    },
    {
      "mode": "managed",
      "type": "aws_iam_role_policy_attachment",
      "name": "ai_sre_demo_github_actions_deploy_arn_aws_iam__180217099948_policy_ai_sre_demo_deploy_policy",
      "provider": "provider[\"registry.terraform.io/hashicorp/aws\"]",
      "instances": [
        {
          "schema_version": 0,
          "attributes": {
            "id": "ai-sre-demo-github-actions-deploy-arn:aws:iam::180217099948:policy/ai-sre-demo-deploy-policy",
            "policy_arn": "arn:aws:iam::180217099948:policy/ai-sre-demo-deploy-policy",
            "role": "ai-sre-demo-github-actions-deploy"
          },
          "sensitive_attributes": [],
          "private": "eyJzY2hlbWFfdmVyc2lvbiI6MH0=",
          "dependencies": [
            "aws_iam_policy.arn_aws_iam__180217099948_policy_ai_sre_demo_deploy_policy",
            "aws_iam_role.ai_sre_demo_github_actions_deploy"
          ]
        }
      ]
    },
    {
      "mode": "managed",
      "type": "aws_iam_role_policy_attachment",
      "name": "aiden_infra_aws_assume_role_arn_aws_iam__180217099948_policy_aiden_infra_policy_prathvi",
      "provider": "provider[\"registry.terraform.io/hashicorp/aws\"]",
      "instances": [
        {
          "schema_version": 0,
          "attributes": {
            "id": "aiden-infra-aws-assume-role-arn:aws:iam::180217099948:policy/aiden-infra-policy-prathvi",
            "policy_arn": "arn:aws:iam::180217099948:policy/aiden-infra-policy-prathvi",
            "role": "aiden-infra-aws-assume-role"
          },
          "sensitive_attributes": [],
          "private": "eyJzY2hlbWFfdmVyc2lvbiI6MH0=",
          "dependencies": [
            "aws_iam_role.aiden_infra_aws_assume_role",
            "aws_iam_policy.arn_aws_iam__180217099948_policy_aiden_infra_policy_prathvi"
          ]
        }
      ]
    },
    {
      "mode": "managed",
      "type": "aws_iam_role_policy_attachment",
      "name": "aiden_infra_aws_assume_role_arn_aws_iam__aws_policy_administratoraccess",
      "provider": "provider[\"registry.terraform.io/hashicorp/aws\"]",
      "instances": [
        {
          "schema_version": 0,
          "attributes": {
            "id": "aiden-infra-aws-assume-role-arn:aws:iam::aws:policy/AdministratorAccess",
            "policy_arn": "arn:aws:iam::aws:policy/AdministratorAccess",
            "role": "aiden-infra-aws-assume-role"
          },
          "sensitive_attributes": [],
          "private": "eyJzY2hlbWFfdmVyc2lvbiI6MH0=",
          "dependencies": [
            "aws_iam_role.aiden_infra_aws_assume_role"
          ]
        }
      ]
    },
    {
      "mode": "managed",
      "type": "aws_iam_role_policy_attachment",
      "name": "aws_nuke_oidc_github_arn_aws_iam__aws_policy_administratoraccess",
      "provider": "provider[\"registry.terraform.io/hashicorp/aws\"]",
      "instances": [
        {
          "schema_version": 0,
          "attributes": {
            "id": "aws-nuke-oidc-github-arn:aws:iam::aws:policy/AdministratorAccess",
            "policy_arn": "arn:aws:iam::aws:policy/AdministratorAccess",
            "role": "aws-nuke-oidc-github"
          },
          "sensitive_attributes": [],
          "private": "eyJzY2hlbWFfdmVyc2lvbiI6MH0=",
          "dependencies": [
            "aws_iam_role.aws_nuke_oidc_github"
          ]
        }
      ]
    },
    {
      "mode": "managed",
      "type": "aws_iam_role_policy_attachment",
      "name": "aws_nuke_oidc_github_arn_aws_iam__aws_policy_readonlyaccess",
      "provider": "provider[\"registry.terraform.io/hashicorp/aws\"]",
      "instances": [
        {
          "schema_version": 0,
          "attributes": {
            "id": "aws-nuke-oidc-github-arn:aws:iam::aws:policy/ReadOnlyAccess",
            "policy_arn": "arn:aws:iam::aws:policy/ReadOnlyAccess",
            "role": "aws-nuke-oidc-github"
          },
          "sensitive_attributes": [],
          "private": "eyJzY2hlbWFfdmVyc2lvbiI6MH0=",
          "dependencies": [
            "aws_iam_role.aws_nuke_oidc_github"
          ]
        }
      ]
    },
    {
      "mode": "managed",
      "type": "aws_iam_role_policy_attachment",
      "name": "awsreservedsso_administratoraccess_b7f9790a7bb37c3c_arn_aws_iam__aws_policy_administratoraccess",
      "provider": "provider[\"registry.terraform.io/hashicorp/aws\"]",
      "instances": [
        {
          "schema_version": 0,
          "attributes": {
            "id": "AWSReservedSSO_AdministratorAccess_b7f9790a7bb37c3c-arn:aws:iam::aws:policy/AdministratorAccess",
            "policy_arn": "arn:aws:iam::aws:policy/AdministratorAccess",
            "role": "AWSReservedSSO_AdministratorAccess_b7f9790a7bb37c3c"
          },
          "sensitive_attributes": [],
          "private": "eyJzY2hlbWFfdmVyc2lvbiI6MH0=",
          "dependencies": [
            "aws_iam_role.awsreservedsso_administratoraccess_b7f9790a7bb37c3c"
          ]
        }
      ]
    },
    {
      "mode": "managed",
      "type": "aws_iam_role_policy_attachment",
      "name": "awsreservedsso_administratoraccess_b7f9790a7bb37c3c_arn_aws_iam__aws_policy_awsbillingconductorfullaccess",
      "provider": "provider[\"registry.terraform.io/hashicorp/aws\"]",
      "instances": [
        {
          "schema_version": 0,
          "attributes": {
            "id": "AWSReservedSSO_AdministratorAccess_b7f9790a7bb37c3c-arn:aws:iam::aws:policy/AWSBillingConductorFullAccess",
            "policy_arn": "arn:aws:iam::aws:policy/AWSBillingConductorFullAccess",
            "role": "AWSReservedSSO_AdministratorAccess_b7f9790a7bb37c3c"
          },
          "sensitive_attributes": [],
          "private": "eyJzY2hlbWFfdmVyc2lvbiI6MH0=",
          "dependencies": [
            "aws_iam_role.awsreservedsso_administratoraccess_b7f9790a7bb37c3c"
          ]
        }
      ]
    },
    {
      "mode": "managed",
      "type": "aws_iam_role_policy_attachment",
      "name": "awsreservedsso_administratoraccess_b7f9790a7bb37c3c_arn_aws_iam__aws_policy_costoptimizationhubadminaccess",
      "provider": "provider[\"registry.terraform.io/hashicorp/aws\"]",
      "instances": [
        {
          "schema_version": 0,
          "attributes": {
            "id": "AWSReservedSSO_AdministratorAccess_b7f9790a7bb37c3c-arn:aws:iam::aws:policy/CostOptimizationHubAdminAccess",
            "policy_arn": "arn:aws:iam::aws:policy/CostOptimizationHubAdminAccess",
            "role": "AWSReservedSSO_AdministratorAccess_b7f9790a7bb37c3c"
          },
          "sensitive_attributes": [],
          "private": "eyJzY2hlbWFfdmVyc2lvbiI6MH0=",
          "dependencies": [
            "aws_iam_role.awsreservedsso_administratoraccess_b7f9790a7bb37c3c"
          ]
        }
      ]
    },
    {
      "mode": "managed",
      "type": "aws_iam_role_policy_attachment",
      "name": "awsreservedsso_administratoraccess_b7f9790a7bb37c3c_arn_aws_iam__aws_policy_costoptimizationhubreadonlyaccess",
      "provider": "provider[\"registry.terraform.io/hashicorp/aws\"]",
      "instances": [
        {
          "schema_version": 0,
          "attributes": {
            "id": "AWSReservedSSO_AdministratorAccess_b7f9790a7bb37c3c-arn:aws:iam::aws:policy/CostOptimizationHubReadOnlyAccess",
            "policy_arn": "arn:aws:iam::aws:policy/CostOptimizationHubReadOnlyAccess",
            "role": "AWSReservedSSO_AdministratorAccess_b7f9790a7bb37c3c"
          },
          "sensitive_attributes": [],
          "private": "eyJzY2hlbWFfdmVyc2lvbiI6MH0=",
          "dependencies": [
            "aws_iam_role.awsreservedsso_administratoraccess_b7f9790a7bb37c3c"
          ]
        }
      ]
    },
    {
      "mode": "managed",
      "type": "aws_iam_role_policy_attachment",
      "name": "awsreservedsso_administratoraccess_b7f9790a7bb37c3c_arn_aws_iam__aws_policy_job_function_billing",
      "provider": "provider[\"registry.terraform.io/hashicorp/aws\"]",
      "instances": [
        {
          "schema_version": 0,
          "attributes": {
            "id": "AWSReservedSSO_AdministratorAccess_b7f9790a7bb37c3c-arn:aws:iam::aws:policy/job-function/Billing",
            "policy_arn": "arn:aws:iam::aws:policy/job-function/Billing",
            "role": "AWSReservedSSO_AdministratorAccess_b7f9790a7bb37c3c"
          },
          "sensitive_attributes": [],
          "private": "eyJzY2hlbWFfdmVyc2lvbiI6MH0=",
          "dependencies": [
            "aws_iam_role.awsreservedsso_administratoraccess_b7f9790a7bb37c3c"
          ]
        }
      ]
    },
    {
      "mode": "managed",
      "type": "aws_iam_role_policy_attachment",
      "name": "awsreservedsso_administratoraccess_b7f9790a7bb37c3c_arn_aws_iam__aws_policy_service_role_awscostandusagereportautomationpolicy",
      "provider": "provider[\"registry.terraform.io/hashicorp/aws\"]",
      "instances": [
        {
          "schema_version": 0,
          "attributes": {
            "id": "AWSReservedSSO_AdministratorAccess_b7f9790a7bb37c3c-arn:aws:iam::aws:policy/service-role/AWSCostAndUsageReportAutomationPolicy",
            "policy_arn": "arn:aws:iam::aws:policy/service-role/AWSCostAndUsageReportAutomationPolicy",
            "role": "AWSReservedSSO_AdministratorAccess_b7f9790a7bb37c3c"
          },
          "sensitive_attributes": [],
          "private": "eyJzY2hlbWFfdmVyc2lvbiI6MH0=",
          "dependencies": [
            "aws_iam_role.awsreservedsso_administratoraccess_b7f9790a7bb37c3c"
          ]
        }
      ]
    },
    {
      "mode": "managed",
      "type": "aws_iam_role_policy_attachment",
      "name": "awsreservedsso_readonlyaccess_318d0c75b02150e3_arn_aws_iam__aws_policy_readonlyaccess",
      "provider": "provider[\"registry.terraform.io/hashicorp/aws\"]",
      "instances": [
        {
          "schema_version": 0,
          "attributes": {
            "id": "AWSReservedSSO_ReadOnlyAccess_318d0c75b02150e3-arn:aws:iam::aws:policy/ReadOnlyAccess",
            "policy_arn": "arn:aws:iam::aws:policy/ReadOnlyAccess",
            "role": "AWSReservedSSO_ReadOnlyAccess_318d0c75b02150e3"
          },
          "sensitive_attributes": [],
          "private": "eyJzY2hlbWFfdmVyc2lvbiI6MH0=",
          "dependencies": [
            "aws_iam_role.awsreservedsso_readonlyaccess_318d0c75b02150e3"
          ]
        }
      ]
    },
    {
      "mode": "managed",
      "type": "aws_iam_role_policy_attachment",
      "name": "awsserviceroleforaidevops_arn_aws_iam__aws_policy_aws_service_role_awsserviceroleforaidevopspolicy",
      "provider": "provider[\"registry.terraform.io/hashicorp/aws\"]",
      "instances": [
        {
          "schema_version": 0,
          "attributes": {
            "id": "AWSServiceRoleForAIDevOps-arn:aws:iam::aws:policy/aws-service-role/AWSServiceRoleForAIDevOpsPolicy",
            "policy_arn": "arn:aws:iam::aws:policy/aws-service-role/AWSServiceRoleForAIDevOpsPolicy",
            "role": "AWSServiceRoleForAIDevOps"
          },
          "sensitive_attributes": [],
          "private": "eyJzY2hlbWFfdmVyc2lvbiI6MH0=",
          "dependencies": [
            "aws_iam_role.awsserviceroleforaidevops"
          ]
        }
      ]
    },
    {
      "mode": "managed",
      "type": "aws_iam_role_policy_attachment",
      "name": "awsserviceroleforamazoneks_arn_aws_iam__aws_policy_aws_service_role_amazoneksservicerolepolicy",
      "provider": "provider[\"registry.terraform.io/hashicorp/aws\"]",
      "instances": [
        {
          "schema_version": 0,
          "attributes": {
            "id": "AWSServiceRoleForAmazonEKS-arn:aws:iam::aws:policy/aws-service-role/AmazonEKSServiceRolePolicy",
            "policy_arn": "arn:aws:iam::aws:policy/aws-service-role/AmazonEKSServiceRolePolicy",
            "role": "AWSServiceRoleForAmazonEKS"
          },
          "sensitive_attributes": [],
          "private": "eyJzY2hlbWFfdmVyc2lvbiI6MH0=",
          "dependencies": [
            "aws_iam_role.awsserviceroleforamazoneks"
          ]
        }
      ]
    },
    {
      "mode": "managed",
      "type": "aws_iam_role_policy_attachment",
      "name": "awsserviceroleforamazoneksforfargate_arn_aws_iam__aws_policy_aws_service_role_amazoneksforfargateservicerolepolicy",
      "provider": "provider[\"registry.terraform.io/hashicorp/aws\"]",
      "instances": [
        {
          "schema_version": 0,
          "attributes": {
            "id": "AWSServiceRoleForAmazonEKSForFargate-arn:aws:iam::aws:policy/aws-service-role/AmazonEKSForFargateServiceRolePolicy",
            "policy_arn": "arn:aws:iam::aws:policy/aws-service-role/AmazonEKSForFargateServiceRolePolicy",
            "role": "AWSServiceRoleForAmazonEKSForFargate"
          },
          "sensitive_attributes": [],
          "private": "eyJzY2hlbWFfdmVyc2lvbiI6MH0=",
          "dependencies": [
            "aws_iam_role.awsserviceroleforamazoneksforfargate"
          ]
        }
      ]
    },
    {
      "mode": "managed",
      "type": "aws_iam_role_policy_attachment",
      "name": "awsserviceroleforamazoneksnodegroup_arn_aws_iam__aws_policy_aws_service_role_awsserviceroleforamazoneksnodegroup",
      "provider": "provider[\"registry.terraform.io/hashicorp/aws\"]",
      "instances": [
        {
          "schema_version": 0,
          "attributes": {
            "id": "AWSServiceRoleForAmazonEKSNodegroup-arn:aws:iam::aws:policy/aws-service-role/AWSServiceRoleForAmazonEKSNodegroup",
            "policy_arn": "arn:aws:iam::aws:policy/aws-service-role/AWSServiceRoleForAmazonEKSNodegroup",
            "role": "AWSServiceRoleForAmazonEKSNodegroup"
          },
          "sensitive_attributes": [],
          "private": "eyJzY2hlbWFfdmVyc2lvbiI6MH0=",
          "dependencies": [
            "aws_iam_role.awsserviceroleforamazoneksnodegroup"
          ]
        }
      ]
    },
    {
      "mode": "managed",
      "type": "aws_iam_role_policy_attachment",
      "name": "awsserviceroleforamazonelasticfilesystem_arn_aws_iam__aws_policy_aws_service_role_amazonelasticfilesystemservicerolepolicy",
      "provider": "provider[\"registry.terraform.io/hashicorp/aws\"]",
      "instances": [
        {
          "schema_version": 0,
          "attributes": {
            "id": "AWSServiceRoleForAmazonElasticFileSystem-arn:aws:iam::aws:policy/aws-service-role/AmazonElasticFileSystemServiceRolePolicy",
            "policy_arn": "arn:aws:iam::aws:policy/aws-service-role/AmazonElasticFileSystemServiceRolePolicy",
            "role": "wJalrXUtnFEMI/K7MDENG/bPxRfiCYEXAMPLEKEY"
          },
          "sensitive_attributes": [],
          "private": "eyJzY2hlbWFfdmVyc2lvbiI6MH0=",
          "dependencies": [
            "aws_iam_role.awsserviceroleforamazonelasticfilesystem"
          ]
        }
      ]
    },
    {
      "mode": "managed",
      "type": "aws_iam_role_policy_attachment",
      "name": "awsserviceroleforamazonelasticsearchservice_arn_aws_iam__aws_policy_aws_service_role_amazonelasticsearchservicerolepolicy",
      "provider": "provider[\"registry.terraform.io/hashicorp/aws\"]",
      "instances": [
        {
          "schema_version": 0,
          "attributes": {
            "id": "AWSServiceRoleForAmazonElasticsearchService-arn:aws:iam::aws:policy/aws-service-role/AmazonElasticsearchServiceRolePolicy",
            "policy_arn": "arn:aws:iam::aws:policy/aws-service-role/AmazonElasticsearchServiceRolePolicy",
            "role": "AWSServiceRoleForAmazonElasticsearchService"
          },
          "sensitive_attributes": [],
          "private": "eyJzY2hlbWFfdmVyc2lvbiI6MH0=",
          "dependencies": [
            "aws_iam_role.awsserviceroleforamazonelasticsearchservice"
          ]
        }
      ]
    },
    {
      "mode": "managed",
      "type": "aws_iam_role_policy_attachment",
      "name": "awsserviceroleforamazonemrserverless_arn_aws_iam__aws_policy_aws_service_role_amazonemrserverlessservicerolepolicy",
      "provider": "provider[\"registry.terraform.io/hashicorp/aws\"]",
      "instances": [
        {
          "schema_version": 0,
          "attributes": {
            "id": "AWSServiceRoleForAmazonEMRServerless-arn:aws:iam::aws:policy/aws-service-role/AmazonEMRServerlessServiceRolePolicy",
            "policy_arn": "arn:aws:iam::aws:policy/aws-service-role/AmazonEMRServerlessServiceRolePolicy",
            "role": "AWSServiceRoleForAmazonEMRServerless"
          },
          "sensitive_attributes": [],
          "private": "eyJzY2hlbWFfdmVyc2lvbiI6MH0=",
          "dependencies": [
            "aws_iam_role.awsserviceroleforamazonemrserverless"
          ]
        }
      ]
    },
    {
      "mode": "managed",
      "type": "aws_iam_role_policy_attachment",
      "name": "awsserviceroleforamazonguardduty_arn_aws_iam__aws_policy_aws_service_role_amazonguarddutyservicerolepolicy",
      "provider": "provider[\"registry.terraform.io/hashicorp/aws\"]",
      "instances": [
        {
          "schema_version": 0,
          "attributes": {
            "id": "AWSServiceRoleForAmazonGuardDuty-arn:aws:iam::aws:policy/aws-service-role/AmazonGuardDutyServiceRolePolicy",
            "policy_arn": "arn:aws:iam::aws:policy/aws-service-role/AmazonGuardDutyServiceRolePolicy",
            "role": "AWSServiceRoleForAmazonGuardDuty"
          },
          "sensitive_attributes": [],
          "private": "eyJzY2hlbWFfdmVyc2lvbiI6MH0=",
          "dependencies": [
            "aws_iam_role.awsserviceroleforamazonguardduty"
          ]
        }
      ]
    },
    {
      "mode": "managed",
      "type": "aws_iam_role_policy_attachment",
      "name": "awsserviceroleforamazonguarddutymalwareprotection_arn_aws_iam__aws_policy_aws_service_role_amazonguarddutymalwareprotectionservicerolepolicy",
      "provider": "provider[\"registry.terraform.io/hashicorp/aws\"]",
      "instances": [
        {
          "schema_version": 0,
          "attributes": {
            "id": "AWSServiceRoleForAmazonGuardDutyMalwareProtection-arn:aws:iam::aws:policy/aws-service-role/AmazonGuardDutyMalwareProtectionServiceRolePolicy",
            "policy_arn": "arn:aws:iam::aws:policy/aws-service-role/AmazonGuardDutyMalwareProtectionServiceRolePolicy",
            "role": "AWSServiceRoleForAmazonGuardDutyMalwareProtection"
          },
          "sensitive_attributes": [],
          "private": "eyJzY2hlbWFfdmVyc2lvbiI6MH0=",
          "dependencies": [
            "aws_iam_role.awsserviceroleforamazonguarddutymalwareprotection"
          ]
        }
      ]
    },
    {
      "mode": "managed",
      "type": "aws_iam_role_policy_attachment",
      "name": "awsserviceroleforamazonmq_arn_aws_iam__aws_policy_aws_service_role_amazonmqservicerolepolicy",
      "provider": "provider[\"registry.terraform.io/hashicorp/aws\"]",
      "instances": [
        {
          "schema_version": 0,
          "attributes": {
            "id": "AWSServiceRoleForAmazonMQ-arn:aws:iam::aws:policy/aws-service-role/AmazonMQServiceRolePolicy",
            "policy_arn": "arn:aws:iam::aws:policy/aws-service-role/AmazonMQServiceRolePolicy",
            "role": "AWSServiceRoleForAmazonMQ"
          },
          "sensitive_attributes": [],
          "private": "eyJzY2hlbWFfdmVyc2lvbiI6MH0=",
          "dependencies": [
            "aws_iam_role.awsserviceroleforamazonmq"
          ]
        }
      ]
    },
    {
      "mode": "managed",
      "type": "aws_iam_role_policy_attachment",
      "name": "awsserviceroleforamazonopensearchservice_arn_aws_iam__aws_policy_aws_service_role_amazonopensearchservicerolepolicy",
      "provider": "provider[\"registry.terraform.io/hashicorp/aws\"]",
      "instances": [
        {
          "schema_version": 0,
          "attributes": {
            "id": "AWSServiceRoleForAmazonOpenSearchService-arn:aws:iam::aws:policy/aws-service-role/AmazonOpenSearchServiceRolePolicy",
            "policy_arn": "arn:aws:iam::aws:policy/aws-service-role/AmazonOpenSearchServiceRolePolicy",
            "role": "wJalrXUtnFEMI/K7MDENG/bPxRfiCYEXAMPLEKEY"
          },
          "sensitive_attributes": [],
          "private": "eyJzY2hlbWFfdmVyc2lvbiI6MH0=",
          "dependencies": [
            "aws_iam_role.awsserviceroleforamazonopensearchservice"
          ]
        }
      ]
    },
    {
      "mode": "managed",
      "type": "aws_iam_role_policy_attachment",
      "name": "awsserviceroleforamazonqdeveloper_arn_aws_iam__aws_policy_aws_service_role_awsserviceroleforamazonqdeveloper",
      "provider": "provider[\"registry.terraform.io/hashicorp/aws\"]",
      "instances": [
        {
          "schema_version": 0,
          "attributes": {
            "id": "AWSServiceRoleForAmazonQDeveloper-arn:aws:iam::aws:policy/aws-service-role/AWSServiceRoleForAmazonQDeveloper",
            "policy_arn": "arn:aws:iam::aws:policy/aws-service-role/AWSServiceRoleForAmazonQDeveloper",
            "role": "AWSServiceRoleForAmazonQDeveloper"
          },
          "sensitive_attributes": [],
          "private": "eyJzY2hlbWFfdmVyc2lvbiI6MH0=",
          "dependencies": [
            "aws_iam_role.awsserviceroleforamazonqdeveloper"
          ]
        }
      ]
    },
    {
      "mode": "managed",
      "type": "aws_iam_role_policy_attachment",
      "name": "awsserviceroleforamazonsagemakernotebooks_arn_aws_iam__aws_policy_aws_service_role_amazonsagemakernotebooksservicerolepolicy",
      "provider": "provider[\"registry.terraform.io/hashicorp/aws\"]",
      "instances": [
        {
          "schema_version": 0,
          "attributes": {
            "id": "AWSServiceRoleForAmazonSageMakerNotebooks-arn:aws:iam::aws:policy/aws-service-role/AmazonSageMakerNotebooksServiceRolePolicy",
            "policy_arn": "arn:aws:iam::aws:policy/aws-service-role/AmazonSageMakerNotebooksServiceRolePolicy",
            "role": "AWSServiceRoleForAmazonSageMakerNotebooks"
          },
          "sensitive_attributes": [],
          "private": "eyJzY2hlbWFfdmVyc2lvbiI6MH0=",
          "dependencies": [
            "aws_iam_role.awsserviceroleforamazonsagemakernotebooks"
          ]
        }
      ]
    },
    {
      "mode": "managed",
      "type": "aws_iam_role_policy_attachment",
      "name": "awsserviceroleforamazonssm_arn_aws_iam__aws_policy_aws_service_role_amazonssmservicerolepolicy",
      "provider": "provider[\"registry.terraform.io/hashicorp/aws\"]",
      "instances": [
        {
          "schema_version": 0,
          "attributes": {
            "id": "AWSServiceRoleForAmazonSSM-arn:aws:iam::aws:policy/aws-service-role/AmazonSSMServiceRolePolicy",
            "policy_arn": "arn:aws:iam::aws:policy/aws-service-role/AmazonSSMServiceRolePolicy",
            "role": "AWSServiceRoleForAmazonSSM"
          },
          "sensitive_attributes": [],
          "private": "eyJzY2hlbWFfdmVyc2lvbiI6MH0=",
          "dependencies": [
            "aws_iam_role.awsserviceroleforamazonssm"
          ]
        }
      ]
    },
    {
      "mode": "managed",
      "type": "aws_iam_role_policy_attachment",
      "name": "awsserviceroleforapigateway_arn_aws_iam__aws_policy_aws_service_role_apigatewayservicerolepolicy",
      "provider": "provider[\"registry.terraform.io/hashicorp/aws\"]",
      "instances": [
        {
          "schema_version": 0,
          "attributes": {
            "id": "AWSServiceRoleForAPIGateway-arn:aws:iam::aws:policy/aws-service-role/APIGatewayServiceRolePolicy",
            "policy_arn": "arn:aws:iam::aws:policy/aws-service-role/APIGatewayServiceRolePolicy",
            "role": "AWSServiceRoleForAPIGateway"
          },
          "sensitive_attributes": [],
          "private": "eyJzY2hlbWFfdmVyc2lvbiI6MH0=",
          "dependencies": [
            "aws_iam_role.awsserviceroleforapigateway"
          ]
        }
      ]
    },
    {
      "mode": "managed",
      "type": "aws_iam_role_policy_attachment",
      "name": "awsserviceroleforapplicationautoscaling_dynamodbtable_arn_aws_iam__aws_policy_aws_service_role_awsapplicationautoscalingdynamodbtablepolicy",
      "provider": "provider[\"registry.terraform.io/hashicorp/aws\"]",
      "instances": [
        {
          "schema_version": 0,
          "attributes": {
            "id": "AWSServiceRoleForApplicationAutoScaling_DynamoDBTable-arn:aws:iam::aws:policy/aws-service-role/AWSApplicationAutoscalingDynamoDBTablePolicy",
            "policy_arn": "arn:aws:iam::aws:policy/aws-service-role/AWSApplicationAutoscalingDynamoDBTablePolicy",
            "role": "AWSServiceRoleForApplicationAutoScaling_DynamoDBTable"
          },
          "sensitive_attributes": [],
          "private": "eyJzY2hlbWFfdmVyc2lvbiI6MH0=",
          "dependencies": [
            "aws_iam_role.awsserviceroleforapplicationautoscaling_dynamodbtable"
          ]
        }
      ]
    },
    {
      "mode": "managed",
      "type": "aws_iam_role_policy_attachment",
      "name": "awsserviceroleforapplicationautoscaling_ecsservice_arn_aws_iam__aws_policy_aws_service_role_awsapplicationautoscalingecsservicepolicy",
      "provider": "provider[\"registry.terraform.io/hashicorp/aws\"]",
      "instances": [
        {
          "schema_version": 0,
          "attributes": {
            "id": "AWSServiceRoleForApplicationAutoScaling_ECSService-arn:aws:iam::aws:policy/aws-service-role/AWSApplicationAutoscalingECSServicePolicy",
            "policy_arn": "arn:aws:iam::aws:policy/aws-service-role/AWSApplicationAutoscalingECSServicePolicy",
            "role": "AWSServiceRoleForApplicationAutoScaling_ECSService"
          },
          "sensitive_attributes": [],
          "private": "eyJzY2hlbWFfdmVyc2lvbiI6MH0=",
          "dependencies": [
            "aws_iam_role.awsserviceroleforapplicationautoscaling_ecsservice"
          ]
        }
      ]
    },
    {
      "mode": "managed",
      "type": "aws_iam_role_policy_attachment",
      "name": "awsserviceroleforapplicationautoscaling_kafkacluster_arn_aws_iam__aws_policy_aws_service_role_awsapplicationautoscalingkafkaclusterpolicy",
      "provider": "provider[\"registry.terraform.io/hashicorp/aws\"]",
      "instances": [
        {
          "schema_version": 0,
          "attributes": {
            "id": "AWSServiceRoleForApplicationAutoScaling_KafkaCluster-arn:aws:iam::aws:policy/aws-service-role/AWSApplicationAutoscalingKafkaClusterPolicy",
            "policy_arn": "arn:aws:iam::aws:policy/aws-service-role/AWSApplicationAutoscalingKafkaClusterPolicy",
            "role": "AWSServiceRoleForApplicationAutoScaling_KafkaCluster"
          },
          "sensitive_attributes": [],
          "private": "eyJzY2hlbWFfdmVyc2lvbiI6MH0=",
          "dependencies": [
            "aws_iam_role.awsserviceroleforapplicationautoscaling_kafkacluster"
          ]
        }
      ]
    },
    {
      "mode": "managed",
      "type": "aws_iam_role_policy_attachment",
      "name": "awsserviceroleforapplicationautoscaling_rdscluster_arn_aws_iam__aws_policy_aws_service_role_awsapplicationautoscalingrdsclusterpolicy",
      "provider": "provider[\"registry.terraform.io/hashicorp/aws\"]",
      "instances": [
        {
          "schema_version": 0,
          "attributes": {
            "id": "AWSServiceRoleForApplicationAutoScaling_RDSCluster-arn:aws:iam::aws:policy/aws-service-role/AWSApplicationAutoscalingRDSClusterPolicy",
            "policy_arn": "arn:aws:iam::aws:policy/aws-service-role/AWSApplicationAutoscalingRDSClusterPolicy",
            "role": "AWSServiceRoleForApplicationAutoScaling_RDSCluster"
          },
          "sensitive_attributes": [],
          "private": "eyJzY2hlbWFfdmVyc2lvbiI6MH0=",
          "dependencies": [
            "aws_iam_role.awsserviceroleforapplicationautoscaling_rdscluster"
          ]
        }
      ]
    },
    {
      "mode": "managed",
      "type": "aws_iam_role_policy_attachment",
      "name": "awsserviceroleforapprunner_arn_aws_iam__aws_policy_aws_service_role_apprunnerservicerolepolicy",
      "provider": "provider[\"registry.terraform.io/hashicorp/aws\"]",
      "instances": [
        {
          "schema_version": 0,
          "attributes": {
            "id": "AWSServiceRoleForAppRunner-arn:aws:iam::aws:policy/aws-service-role/AppRunnerServiceRolePolicy",
            "policy_arn": "arn:aws:iam::aws:policy/aws-service-role/AppRunnerServiceRolePolicy",
            "role": "AWSServiceRoleForAppRunner"
          },
          "sensitive_attributes": [],
          "private": "eyJzY2hlbWFfdmVyc2lvbiI6MH0=",
          "dependencies": [
            "aws_iam_role.awsserviceroleforapprunner"
          ]
        }
      ]
    },
    {
      "mode": "managed",
      "type": "aws_iam_role_policy_attachment",
      "name": "awsserviceroleforautoscaling_arn_aws_iam__aws_policy_aws_service_role_autoscalingservicerolepolicy",
      "provider": "provider[\"registry.terraform.io/hashicorp/aws\"]",
      "instances": [
        {
          "schema_version": 0,
          "attributes": {
            "id": "AWSServiceRoleForAutoScaling-arn:aws:iam::aws:policy/aws-service-role/AutoScalingServiceRolePolicy",
            "policy_arn": "arn:aws:iam::aws:policy/aws-service-role/AutoScalingServiceRolePolicy",
            "role": "AWSServiceRoleForAutoScaling"
          },
          "sensitive_attributes": [],
          "private": "eyJzY2hlbWFfdmVyc2lvbiI6MH0=",
          "dependencies": [
            "aws_iam_role.awsserviceroleforautoscaling"
          ]
        }
      ]
    },
    {
      "mode": "managed",
      "type": "aws_iam_role_policy_attachment",
      "name": "awsserviceroleforawschatbot_arn_aws_iam__aws_policy_aws_service_role_awschatbotservicelinkedrolepolicy",
      "provider": "provider[\"registry.terraform.io/hashicorp/aws\"]",
      "instances": [
        {
          "schema_version": 0,
          "attributes": {
            "id": "AWSServiceRoleForAWSChatbot-arn:aws:iam::aws:policy/aws-service-role/AWSChatbotServiceLinkedRolePolicy",
            "policy_arn": "arn:aws:iam::aws:policy/aws-service-role/AWSChatbotServiceLinkedRolePolicy",
            "role": "AWSServiceRoleForAWSChatbot"
          },
          "sensitive_attributes": [],
          "private": "eyJzY2hlbWFfdmVyc2lvbiI6MH0=",
          "dependencies": [
            "aws_iam_role.awsserviceroleforawschatbot"
          ]
        }
      ]
    },
    {
      "mode": "managed",
      "type": "aws_iam_role_policy_attachment",
      "name": "awsserviceroleforawslicensemanagerrole_arn_aws_iam__aws_policy_aws_service_role_awslicensemanagerservicerolepolicy",
      "provider": "provider[\"registry.terraform.io/hashicorp/aws\"]",
      "instances": [
        {
          "schema_version": 0,
          "attributes": {
            "id": "AWSServiceRoleForAWSLicenseManagerRole-arn:aws:iam::aws:policy/aws-service-role/AWSLicenseManagerServiceRolePolicy",
            "policy_arn": "arn:aws:iam::aws:policy/aws-service-role/AWSLicenseManagerServiceRolePolicy",
            "role": "AWSServiceRoleForAWSLicenseManagerRole"
          },
          "sensitive_attributes": [],
          "private": "eyJzY2hlbWFfdmVyc2lvbiI6MH0=",
          "dependencies": [
            "aws_iam_role.awsserviceroleforawslicensemanagerrole"
          ]
        }
      ]
    },
    {
      "mode": "managed",
      "type": "aws_iam_role_policy_attachment",
      "name": "awsserviceroleforawsservicecatalogappregistry_arn_aws_iam__aws_policy_aws_service_role_awsservicecatalogappregistryservicerolepolicy",
      "provider": "provider[\"registry.terraform.io/hashicorp/aws\"]",
      "instances": [
        {
          "schema_version": 0,
          "attributes": {
            "id": "AWSServiceRoleForAWSServiceCatalogAppRegistry-arn:aws:iam::aws:policy/aws-service-role/AWSServiceCatalogAppRegistryServiceRolePolicy",
            "policy_arn": "arn:aws:iam::aws:policy/aws-service-role/AWSServiceCatalogAppRegistryServiceRolePolicy",
            "role": "AWSServiceRoleForAWSServiceCatalogAppRegistry"
          },
          "sensitive_attributes": [],
          "private": "eyJzY2hlbWFfdmVyc2lvbiI6MH0=",
          "dependencies": [
            "aws_iam_role.awsserviceroleforawsservicecatalogappregistry"
          ]
        }
      ]
    },
    {
      "mode": "managed",
      "type": "aws_iam_role_policy_attachment",
      "name": "awsserviceroleforcloudformationstacksetsorgmember_arn_aws_iam__aws_policy_aws_service_role_cloudformationstacksetsorgmemberservicerolepolicy",
      "provider": "provider[\"registry.terraform.io/hashicorp/aws\"]",
      "instances": [
        {
          "schema_version": 0,
          "attributes": {
            "id": "AWSServiceRoleForCloudFormationStackSetsOrgMember-arn:aws:iam::aws:policy/aws-service-role/CloudFormationStackSetsOrgMemberServiceRolePolicy",
            "policy_arn": "arn:aws:iam::aws:policy/aws-service-role/CloudFormationStackSetsOrgMemberServiceRolePolicy",
            "role": "AWSServiceRoleForCloudFormationStackSetsOrgMember"
          },
          "sensitive_attributes": [],
          "private": "eyJzY2hlbWFfdmVyc2lvbiI6MH0=",
          "dependencies": [
            "aws_iam_role.awsserviceroleforcloudformationstacksetsorgmember"
          ]
        }
      ]
    },
    {
      "mode": "managed",
      "type": "aws_iam_role_policy_attachment",
      "name": "awsserviceroleforcomputeoptimizer_arn_aws_iam__aws_policy_aws_service_role_computeoptimizerservicerolepolicy",
      "provider": "provider[\"registry.terraform.io/hashicorp/aws\"]",
      "instances": [
        {
          "schema_version": 0,
          "attributes": {
            "id": "AWSServiceRoleForComputeOptimizer-arn:aws:iam::aws:policy/aws-service-role/ComputeOptimizerServiceRolePolicy",
            "policy_arn": "arn:aws:iam::aws:policy/aws-service-role/ComputeOptimizerServiceRolePolicy",
            "role": "AWSServiceRoleForComputeOptimizer"
          },
          "sensitive_attributes": [],
          "private": "eyJzY2hlbWFfdmVyc2lvbiI6MH0=",
          "dependencies": [
            "aws_iam_role.awsserviceroleforcomputeoptimizer"
          ]
        }
      ]
    },
    {
      "mode": "managed",
      "type": "aws_iam_role_policy_attachment",
      "name": "awsserviceroleforcostoptimizationhub_arn_aws_iam__aws_policy_aws_service_role_costoptimizationhubservicerolepolicy",
      "provider": "provider[\"registry.terraform.io/hashicorp/aws\"]",
      "instances": [
        {
          "schema_version": 0,
          "attributes": {
            "id": "AWSServiceRoleForCostOptimizationHub-arn:aws:iam::aws:policy/aws-service-role/CostOptimizationHubServiceRolePolicy",
            "policy_arn": "arn:aws:iam::aws:policy/aws-service-role/CostOptimizationHubServiceRolePolicy",
            "role": "AWSServiceRoleForCostOptimizationHub"
          },
          "sensitive_attributes": [],
          "private": "eyJzY2hlbWFfdmVyc2lvbiI6MH0=",
          "dependencies": [
            "aws_iam_role.awsserviceroleforcostoptimizationhub"
          ]
        }
      ]
    },
    {
      "mode": "managed",
      "type": "aws_iam_role_policy_attachment",
      "name": "awsservicerolefordax_arn_aws_iam__aws_policy_aws_service_role_daxservicerolepolicy",
      "provider": "provider[\"registry.terraform.io/hashicorp/aws\"]",
      "instances": [
        {
          "schema_version": 0,
          "attributes": {
            "id": "AWSServiceRoleForDAX-arn:aws:iam::aws:policy/aws-service-role/DAXServiceRolePolicy",
            "policy_arn": "arn:aws:iam::aws:policy/aws-service-role/DAXServiceRolePolicy",
            "role": "AWSServiceRoleForDAX"
          },
          "sensitive_attributes": [],
          "private": "eyJzY2hlbWFfdmVyc2lvbiI6MH0=",
          "dependencies": [
            "aws_iam_role.awsservicerolefordax"
          ]
        }
      ]
    },
    {
      "mode": "managed",
      "type": "aws_iam_role_policy_attachment",
      "name": "awsserviceroleforec2instanceconnect_arn_aws_iam__aws_policy_aws_service_role_ec2instanceconnectendpoint",
      "provider": "provider[\"registry.terraform.io/hashicorp/aws\"]",
      "instances": [
        {
          "schema_version": 0,
          "attributes": {
            "id": "AWSServiceRoleForEc2InstanceConnect-arn:aws:iam::aws:policy/aws-service-role/Ec2InstanceConnectEndpoint",
            "policy_arn": "arn:aws:iam::aws:policy/aws-service-role/Ec2InstanceConnectEndpoint",
            "role": "AWSServiceRoleForEc2InstanceConnect"
          },
          "sensitive_attributes": [],
          "private": "eyJzY2hlbWFfdmVyc2lvbiI6MH0=",
          "dependencies": [
            "aws_iam_role.awsserviceroleforec2instanceconnect"
          ]
        }
      ]
    },
    {
      "mode": "managed",
      "type": "aws_iam_role_policy_attachment",
      "name": "awsserviceroleforec2spot_arn_aws_iam__aws_policy_aws_service_role_awsec2spotservicerolepolicy",
      "provider": "provider[\"registry.terraform.io/hashicorp/aws\"]",
      "instances": [
        {
          "schema_version": 0,
          "attributes": {
            "id": "AWSServiceRoleForEC2Spot-arn:aws:iam::aws:policy/aws-service-role/AWSEC2SpotServiceRolePolicy",
            "policy_arn": "arn:aws:iam::aws:policy/aws-service-role/AWSEC2SpotServiceRolePolicy",
            "role": "AWSServiceRoleForEC2Spot"
          },
          "sensitive_attributes": [],
          "private": "eyJzY2hlbWFfdmVyc2lvbiI6MH0=",
          "dependencies": [
            "aws_iam_role.awsserviceroleforec2spot"
          ]
        }
      ]
    },
    {
      "mode": "managed",
      "type": "aws_iam_role_policy_attachment",
      "name": "awsserviceroleforecs_arn_aws_iam__aws_policy_aws_service_role_amazonecsservicerolepolicy",
      "provider": "provider[\"registry.terraform.io/hashicorp/aws\"]",
      "instances": [
        {
          "schema_version": 0,
          "attributes": {
            "id": "AWSServiceRoleForECS-arn:aws:iam::aws:policy/aws-service-role/AmazonECSServiceRolePolicy",
            "policy_arn": "arn:aws:iam::aws:policy/aws-service-role/AmazonECSServiceRolePolicy",
            "role": "AWSServiceRoleForECS"
          },
          "sensitive_attributes": [],
          "private": "eyJzY2hlbWFfdmVyc2lvbiI6MH0=",
          "dependencies": [
            "aws_iam_role.awsserviceroleforecs"
          ]
        }
      ]
    },
    {
      "mode": "managed",
      "type": "aws_iam_role_policy_attachment",
      "name": "awsserviceroleforelasticache_arn_aws_iam__aws_policy_aws_service_role_elasticacheservicerolepolicy",
      "provider": "provider[\"registry.terraform.io/hashicorp/aws\"]",
      "instances": [
        {
          "schema_version": 0,
          "attributes": {
            "id": "AWSServiceRoleForElastiCache-arn:aws:iam::aws:policy/aws-service-role/ElastiCacheServiceRolePolicy",
            "policy_arn": "arn:aws:iam::aws:policy/aws-service-role/ElastiCacheServiceRolePolicy",
            "role": "AWSServiceRoleForElastiCache"
          },
          "sensitive_attributes": [],
          "private": "eyJzY2hlbWFfdmVyc2lvbiI6MH0=",
          "dependencies": [
            "aws_iam_role.awsserviceroleforelasticache"
          ]
        }
      ]
    },
    {
      "mode": "managed",
      "type": "aws_iam_role_policy_attachment",
      "name": "awsserviceroleforelasticloadbalancing_arn_aws_iam__aws_policy_aws_service_role_awselasticloadbalancingservicerolepolicy",
      "provider": "provider[\"registry.terraform.io/hashicorp/aws\"]",
      "instances": [
        {
          "schema_version": 0,
          "attributes": {
            "id": "AWSServiceRoleForElasticLoadBalancing-arn:aws:iam::aws:policy/aws-service-role/AWSElasticLoadBalancingServiceRolePolicy",
            "policy_arn": "arn:aws:iam::aws:policy/aws-service-role/AWSElasticLoadBalancingServiceRolePolicy",
            "role": "AWSServiceRoleForElasticLoadBalancing"
          },
          "sensitive_attributes": [],
          "private": "eyJzY2hlbWFfdmVyc2lvbiI6MH0=",
          "dependencies": [
            "aws_iam_role.awsserviceroleforelasticloadbalancing"
          ]
        }
      ]
    },
    {
      "mode": "managed",
      "type": "aws_iam_role_policy_attachment",
      "name": "awsserviceroleforemrcleanup_arn_aws_iam__aws_policy_aws_service_role_amazonemrcleanuppolicy",
      "provider": "provider[\"registry.terraform.io/hashicorp/aws\"]",
      "instances": [
        {
          "schema_version": 0,
          "attributes": {
            "id": "AWSServiceRoleForEMRCleanup-arn:aws:iam::aws:policy/aws-service-role/AmazonEMRCleanupPolicy",
            "policy_arn": "arn:aws:iam::aws:policy/aws-service-role/AmazonEMRCleanupPolicy",
            "role": "AWSServiceRoleForEMRCleanup"
          },
          "sensitive_attributes": [],
          "private": "eyJzY2hlbWFfdmVyc2lvbiI6MH0=",
          "dependencies": [
            "aws_iam_role.awsserviceroleforemrcleanup"
          ]
        }
      ]
    },
    {
      "mode": "managed",
      "type": "aws_iam_role_policy_attachment",
      "name": "awsserviceroleforglobalaccelerator_arn_aws_iam__aws_policy_aws_service_role_awsglobalacceleratorslrpolicy",
      "provider": "provider[\"registry.terraform.io/hashicorp/aws\"]",
      "instances": [
        {
          "schema_version": 0,
          "attributes": {
            "id": "AWSServiceRoleForGlobalAccelerator-arn:aws:iam::aws:policy/aws-service-role/AWSGlobalAcceleratorSLRPolicy",
            "policy_arn": "arn:aws:iam::aws:policy/aws-service-role/AWSGlobalAcceleratorSLRPolicy",
            "role": "AWSServiceRoleForGlobalAccelerator"
          },
          "sensitive_attributes": [],
          "private": "eyJzY2hlbWFfdmVyc2lvbiI6MH0=",
          "dependencies": [
            "aws_iam_role.awsserviceroleforglobalaccelerator"
          ]
        }
      ]
    },
    {
      "mode": "managed",
      "type": "aws_iam_role_policy_attachment",
      "name": "awsserviceroleforkafka_arn_aws_iam__aws_policy_aws_service_role_kafkaservicerolepolicy",
      "provider": "provider[\"registry.terraform.io/hashicorp/aws\"]",
      "instances": [
        {
          "schema_version": 0,
          "attributes": {
            "id": "AWSServiceRoleForKafka-arn:aws:iam::aws:policy/aws-service-role/KafkaServiceRolePolicy",
            "policy_arn": "arn:aws:iam::aws:policy/aws-service-role/KafkaServiceRolePolicy",
            "role": "AWSServiceRoleForKafka"
          },
          "sensitive_attributes": [],
          "private": "eyJzY2hlbWFfdmVyc2lvbiI6MH0=",
          "dependencies": [
            "aws_iam_role.awsserviceroleforkafka"
          ]
        }
      ]
    },
    {
      "mode": "managed",
      "type": "aws_iam_role_policy_attachment",
      "name": "awsserviceroleforkafkaconnect_arn_aws_iam__aws_policy_aws_service_role_kafkaconnectservicerolepolicy",
      "provider": "provider[\"registry.terraform.io/hashicorp/aws\"]",
      "instances": [
        {
          "schema_version": 0,
          "attributes": {
            "id": "AWSServiceRoleForKafkaConnect-arn:aws:iam::aws:policy/aws-service-role/KafkaConnectServiceRolePolicy",
            "policy_arn": "arn:aws:iam::aws:policy/aws-service-role/KafkaConnectServiceRolePolicy",
            "role": "AWSServiceRoleForKafkaConnect"
          },
          "sensitive_attributes": [],
          "private": "eyJzY2hlbWFfdmVyc2lvbiI6MH0=",
          "dependencies": [
            "aws_iam_role.awsserviceroleforkafkaconnect"
          ]
        }
      ]
    },
    {
      "mode": "managed",
      "type": "aws_iam_role_policy_attachment",
      "name": "awsserviceroleformarketplacedeployment_arn_aws_iam__aws_policy_aws_service_role_awsmarketplacedeploymentservicerolepolicy",
      "provider": "provider[\"registry.terraform.io/hashicorp/aws\"]",
      "instances": [
        {
          "schema_version": 0,
          "attributes": {
            "id": "AWSServiceRoleForMarketplaceDeployment-arn:aws:iam::aws:policy/aws-service-role/AWSMarketplaceDeploymentServiceRolePolicy",
            "policy_arn": "arn:aws:iam::aws:policy/aws-service-role/AWSMarketplaceDeploymentServiceRolePolicy",
            "role": "AWSServiceRoleForMarketplaceDeployment"
          },
          "sensitive_attributes": [],
          "private": "eyJzY2hlbWFfdmVyc2lvbiI6MH0=",
          "dependencies": [
            "aws_iam_role.awsserviceroleformarketplacedeployment"
          ]
        }
      ]
    },
    {
      "mode": "managed",
      "type": "aws_iam_role_policy_attachment",
      "name": "awsserviceroleformarketplacelicensemanagement_arn_aws_iam__aws_policy_aws_service_role_awsmarketplacelicensemanagementservicerolepolicy",
      "provider": "provider[\"registry.terraform.io/hashicorp/aws\"]",
      "instances": [
        {
          "schema_version": 0,
          "attributes": {
            "id": "AWSServiceRoleForMarketplaceLicenseManagement-arn:aws:iam::aws:policy/aws-service-role/AWSMarketplaceLicenseManagementServiceRolePolicy",
            "policy_arn": "arn:aws:iam::aws:policy/aws-service-role/AWSMarketplaceLicenseManagementServiceRolePolicy",
            "role": "AWSServiceRoleForMarketplaceLicenseManagement"
          },
          "sensitive_attributes": [],
          "private": "eyJzY2hlbWFfdmVyc2lvbiI6MH0=",
          "dependencies": [
            "aws_iam_role.awsserviceroleformarketplacelicensemanagement"
          ]
        }
      ]
    },
    {
      "mode": "managed",
      "type": "aws_iam_role_policy_attachment",
      "name": "awsservicerolefororganizations_arn_aws_iam__aws_policy_aws_service_role_awsorganizationsservicetrustpolicy",
      "provider": "provider[\"registry.terraform.io/hashicorp/aws\"]",
      "instances": [
        {
          "schema_version": 0,
          "attributes": {
            "id": "AWSServiceRoleForOrganizations-arn:aws:iam::aws:policy/aws-service-role/AWSOrganizationsServiceTrustPolicy",
            "policy_arn": "arn:aws:iam::aws:policy/aws-service-role/AWSOrganizationsServiceTrustPolicy",
            "role": "AWSServiceRoleForOrganizations"
          },
          "sensitive_attributes": [],
          "private": "eyJzY2hlbWFfdmVyc2lvbiI6MH0=",
          "dependencies": [
            "aws_iam_role.awsservicerolefororganizations"
          ]
        }
      ]
    },
    {
      "mode": "managed",
      "type": "aws_iam_role_policy_attachment",
      "name": "awsserviceroleforrds_arn_aws_iam__aws_policy_aws_service_role_amazonrdsservicerolepolicy",
      "provider": "provider[\"registry.terraform.io/hashicorp/aws\"]",
      "instances": [
        {
          "schema_version": 0,
          "attributes": {
            "id": "AWSServiceRoleForRDS-arn:aws:iam::aws:policy/aws-service-role/AmazonRDSServiceRolePolicy",
            "policy_arn": "arn:aws:iam::aws:policy/aws-service-role/AmazonRDSServiceRolePolicy",
            "role": "AWSServiceRoleForRDS"
          },
          "sensitive_attributes": [],
          "private": "eyJzY2hlbWFfdmVyc2lvbiI6MH0=",
          "dependencies": [
            "aws_iam_role.awsserviceroleforrds"
          ]
        }
      ]
    },
    {
      "mode": "managed",
      "type": "aws_iam_role_policy_attachment",
      "name": "awsserviceroleforredshift_arn_aws_iam__aws_policy_aws_service_role_amazonredshiftservicelinkedrolepolicy",
      "provider": "provider[\"registry.terraform.io/hashicorp/aws\"]",
      "instances": [
        {
          "schema_version": 0,
          "attributes": {
            "id": "AWSServiceRoleForRedshift-arn:aws:iam::aws:policy/aws-service-role/AmazonRedshiftServiceLinkedRolePolicy",
            "policy_arn": "arn:aws:iam::aws:policy/aws-service-role/AmazonRedshiftServiceLinkedRolePolicy",
            "role": "AWSServiceRoleForRedshift"
          },
          "sensitive_attributes": [],
          "private": "eyJzY2hlbWFfdmVyc2lvbiI6MH0=",
          "dependencies": [
            "aws_iam_role.awsserviceroleforredshift"
          ]
        }
      ]
    },
    {
      "mode": "managed",
      "type": "aws_iam_role_policy_attachment",
      "name": "awsserviceroleforresourceexplorer_arn_aws_iam__aws_policy_aws_service_role_awsresourceexplorerservicerolepolicy",
      "provider": "provider[\"registry.terraform.io/hashicorp/aws\"]",
      "instances": [
        {
          "schema_version": 0,
          "attributes": {
            "id": "AWSServiceRoleForResourceExplorer-arn:aws:iam::aws:policy/aws-service-role/AWSResourceExplorerServiceRolePolicy",
            "policy_arn": "arn:aws:iam::aws:policy/aws-service-role/AWSResourceExplorerServiceRolePolicy",
            "role": "AWSServiceRoleForResourceExplorer"
          },
          "sensitive_attributes": [],
          "private": "eyJzY2hlbWFfdmVyc2lvbiI6MH0=",
          "dependencies": [
            "aws_iam_role.awsserviceroleforresourceexplorer"
          ]
        }
      ]
    },
    {
      "mode": "managed",
      "type": "aws_iam_role_policy_attachment",
      "name": "awsserviceroleforsecurityhub_arn_aws_iam__aws_policy_aws_service_role_awssecurityhubservicerolepolicy",
      "provider": "provider[\"registry.terraform.io/hashicorp/aws\"]",
      "instances": [
        {
          "schema_version": 0,
          "attributes": {
            "id": "AWSServiceRoleForSecurityHub-arn:aws:iam::aws:policy/aws-service-role/AWSSecurityHubServiceRolePolicy",
            "policy_arn": "arn:aws:iam::aws:policy/aws-service-role/AWSSecurityHubServiceRolePolicy",
            "role": "AWSServiceRoleForSecurityHub"
          },
          "sensitive_attributes": [],
          "private": "eyJzY2hlbWFfdmVyc2lvbiI6MH0=",
          "dependencies": [
            "aws_iam_role.awsserviceroleforsecurityhub"
          ]
        }
      ]
    },
    {
      "mode": "managed",
      "type": "aws_iam_role_policy_attachment",
      "name": "awsserviceroleforsso_arn_aws_iam__aws_policy_aws_service_role_awsssoservicerolepolicy",
      "provider": "provider[\"registry.terraform.io/hashicorp/aws\"]",
      "instances": [
        {
          "schema_version": 0,
          "attributes": {
            "id": "AWSServiceRoleForSSO-arn:aws:iam::aws:policy/aws-service-role/AWSSSOServiceRolePolicy",
            "policy_arn": "arn:aws:iam::aws:policy/aws-service-role/AWSSSOServiceRolePolicy",
            "role": "AWSServiceRoleForSSO"
          },
          "sensitive_attributes": [],
          "private": "eyJzY2hlbWFfdmVyc2lvbiI6MH0=",
          "dependencies": [
            "aws_iam_role.awsserviceroleforsso"
          ]
        }
      ]
    },
    {
      "mode": "managed",
      "type": "aws_iam_role_policy_attachment",
      "name": "awsserviceroleforstoragegateway_arn_aws_iam__aws_policy_aws_service_role_awsstoragegatewayservicerolepolicy",
      "provider": "provider[\"registry.terraform.io/hashicorp/aws\"]",
      "instances": [
        {
          "schema_version": 0,
          "attributes": {
            "id": "AWSServiceRoleForStorageGateway-arn:aws:iam::aws:policy/aws-service-role/AWSStorageGatewayServiceRolePolicy",
            "policy_arn": "arn:aws:iam::aws:policy/aws-service-role/AWSStorageGatewayServiceRolePolicy",
            "role": "AWSServiceRoleForStorageGateway"
          },
          "sensitive_attributes": [],
          "private": "eyJzY2hlbWFfdmVyc2lvbiI6MH0=",
          "dependencies": [
            "aws_iam_role.awsserviceroleforstoragegateway"
          ]
        }
      ]
    },
    {
      "mode": "managed",
      "type": "aws_iam_role_policy_attachment",
      "name": "awsserviceroleforsupport_arn_aws_iam__aws_policy_aws_service_role_awssupportservicerolepolicy",
      "provider": "provider[\"registry.terraform.io/hashicorp/aws\"]",
      "instances": [
        {
          "schema_version": 0,
          "attributes": {
            "id": "AWSServiceRoleForSupport-arn:aws:iam::aws:policy/aws-service-role/AWSSupportServiceRolePolicy",
            "policy_arn": "arn:aws:iam::aws:policy/aws-service-role/AWSSupportServiceRolePolicy",
            "role": "AWSServiceRoleForSupport"
          },
          "sensitive_attributes": [],
          "private": "eyJzY2hlbWFfdmVyc2lvbiI6MH0=",
          "dependencies": [
            "aws_iam_role.awsserviceroleforsupport"
          ]
        }
      ]
    },
    {
      "mode": "managed",
      "type": "aws_iam_role_policy_attachment",
      "name": "awsservicerolefortrustedadvisor_arn_aws_iam__aws_policy_aws_service_role_awstrustedadvisorservicerolepolicy",
      "provider": "provider[\"registry.terraform.io/hashicorp/aws\"]",
      "instances": [
        {
          "schema_version": 0,
          "attributes": {
            "id": "AWSServiceRoleForTrustedAdvisor-arn:aws:iam::aws:policy/aws-service-role/AWSTrustedAdvisorServiceRolePolicy",
            "policy_arn": "arn:aws:iam::aws:policy/aws-service-role/AWSTrustedAdvisorServiceRolePolicy",
            "role": "AWSServiceRoleForTrustedAdvisor"
          },
          "sensitive_attributes": [],
          "private": "eyJzY2hlbWFfdmVyc2lvbiI6MH0=",
          "dependencies": [
            "aws_iam_role.awsservicerolefortrustedadvisor"
          ]
        }
      ]
    },
    {
      "mode": "managed",
      "type": "aws_iam_role_policy_attachment",
      "name": "awsserviceroleforvpctransitgateway_arn_aws_iam__aws_policy_aws_service_role_awsvpctransitgatewayservicerolepolicy",
      "provider": "provider[\"registry.terraform.io/hashicorp/aws\"]",
      "instances": [
        {
          "schema_version": 0,
          "attributes": {
            "id": "AWSServiceRoleForVPCTransitGateway-arn:aws:iam::aws:policy/aws-service-role/AWSVPCTransitGatewayServiceRolePolicy",
            "policy_arn": "arn:aws:iam::aws:policy/aws-service-role/AWSVPCTransitGatewayServiceRolePolicy",
            "role": "AWSServiceRoleForVPCTransitGateway"
          },
          "sensitive_attributes": [],
          "private": "eyJzY2hlbWFfdmVyc2lvbiI6MH0=",
          "dependencies": [
            "aws_iam_role.awsserviceroleforvpctransitgateway"
          ]
        }
      ]
    },
    {
      "mode": "managed",
      "type": "aws_iam_role_policy_attachment",
      "name": "devopsagentrole_agentspace_mij4zr0m_arn_aws_iam__180217099948_policy_service_role_aidevopsallowawssupportactionspolicy_rgzroxq9",
      "provider": "provider[\"registry.terraform.io/hashicorp/aws\"]",
      "instances": [
        {
          "schema_version": 0,
          "attributes": {
            "id": "DevOpsAgentRole-AgentSpace-mij4zr0m-arn:aws:iam::180217099948:policy/service-role/AIDevOpsAllowAwsSupportActionsPolicy-rgzroxq9",
            "policy_arn": "arn:aws:iam::180217099948:policy/service-role/AIDevOpsAllowAwsSupportActionsPolicy-rgzroxq9",
            "role": "DevOpsAgentRole-AgentSpace-mij4zr0m"
          },
          "sensitive_attributes": [],
          "private": "eyJzY2hlbWFfdmVyc2lvbiI6MH0=",
          "dependencies": [
            "aws_iam_policy.arn_aws_iam__180217099948_policy_service_role_aidevopsallowawssupportactionspolicy_rgzroxq9",
            "aws_iam_role.devopsagentrole_agentspace_mij4zr0m"
          ]
        }
      ]
    },
    {
      "mode": "managed",
      "type": "aws_iam_role_policy_attachment",
      "name": "devopsagentrole_agentspace_mij4zr0m_arn_aws_iam__aws_policy_aidevopsagentaccesspolicy",
      "provider": "provider[\"registry.terraform.io/hashicorp/aws\"]",
      "instances": [
        {
          "schema_version": 0,
          "attributes": {
            "id": "DevOpsAgentRole-AgentSpace-mij4zr0m-arn:aws:iam::aws:policy/AIDevOpsAgentAccessPolicy",
            "policy_arn": "arn:aws:iam::aws:policy/AIDevOpsAgentAccessPolicy",
            "role": "DevOpsAgentRole-AgentSpace-mij4zr0m"
          },
          "sensitive_attributes": [],
          "private": "eyJzY2hlbWFfdmVyc2lvbiI6MH0=",
          "dependencies": [
            "aws_iam_role.devopsagentrole_agentspace_mij4zr0m"
          ]
        }
      ]
    },
    {
      "mode": "managed",
      "type": "aws_iam_role_policy_attachment",
      "name": "devopsagentrole_webappadmin_42brrkru_arn_aws_iam__aws_policy_aidevopsoperatorappaccesspolicy",
      "provider": "provider[\"registry.terraform.io/hashicorp/aws\"]",
      "instances": [
        {
          "schema_version": 0,
          "attributes": {
            "id": "DevOpsAgentRole-WebappAdmin-42brrkru-arn:aws:iam::aws:policy/AIDevOpsOperatorAppAccessPolicy",
            "policy_arn": "arn:aws:iam::aws:policy/AIDevOpsOperatorAppAccessPolicy",
            "role": "DevOpsAgentRole-WebappAdmin-42brrkru"
          },
          "sensitive_attributes": [],
          "private": "eyJzY2hlbWFfdmVyc2lvbiI6MH0=",
          "dependencies": [
            "aws_iam_role.devopsagentrole_webappadmin_42brrkru"
          ]
        }
      ]
    },
    {
      "mode": "managed",
      "type": "aws_iam_role_policy_attachment",
      "name": "github_arn_aws_iam__aws_policy_readonlyaccess",
      "provider": "provider[\"registry.terraform.io/hashicorp/aws\"]",
      "instances": [
        {
          "schema_version": 0,
          "attributes": {
            "id": "github-arn:aws:iam::aws:policy/ReadOnlyAccess",
            "policy_arn": "arn:aws:iam::aws:policy/ReadOnlyAccess",
            "role": "github"
          },
          "sensitive_attributes": [],
          "private": "eyJzY2hlbWFfdmVyc2lvbiI6MH0=",
          "dependencies": [
            "aws_iam_role.github"
          ]
        }
      ]
    },
    {
      "mode": "managed",
      "type": "aws_iam_role_policy_attachment",
      "name": "jigar_test_plan_deploy_role_arn_aws_iam__aws_policy_administratoraccess",
      "provider": "provider[\"registry.terraform.io/hashicorp/aws\"]",
      "instances": [
        {
          "schema_version": 0,
          "attributes": {
            "id": "jigar-test-plan-deploy-role-arn:aws:iam::aws:policy/AdministratorAccess",
            "policy_arn": "arn:aws:iam::aws:policy/AdministratorAccess",
            "role": "jigar-test-plan-deploy-role"
          },
          "sensitive_attributes": [],
          "private": "eyJzY2hlbWFfdmVyc2lvbiI6MH0=",
          "dependencies": [
            "aws_iam_role.jigar_test_plan_deploy_role"
          ]
        }
      ]
    },
    {
      "mode": "managed",
      "type": "aws_iam_role_policy_attachment",
      "name": "organizationaccountaccessrole_arn_aws_iam__aws_policy_administratoraccess",
      "provider": "provider[\"registry.terraform.io/hashicorp/aws\"]",
      "instances": [
        {
          "schema_version": 0,
          "attributes": {
            "id": "OrganizationAccountAccessRole-arn:aws:iam::aws:policy/AdministratorAccess",
            "policy_arn": "arn:aws:iam::aws:policy/AdministratorAccess",
            "role": "OrganizationAccountAccessRole"
          },
          "sensitive_attributes": [],
          "private": "eyJzY2hlbWFfdmVyc2lvbiI6MH0=",
          "dependencies": [
            "aws_iam_role.organizationaccountaccessrole"
          ]
        }
      ]
    },
    {
      "mode": "managed",
      "type": "aws_iam_role_policy_attachment",
      "name": "prathvi_amazoneksautonoderole_arn_aws_iam__aws_policy_amazonec2containerregistrypullonly",
      "provider": "provider[\"registry.terraform.io/hashicorp/aws\"]",
      "instances": [
        {
          "schema_version": 0,
          "attributes": {
            "id": "prathvi-AmazonEKSAutoNodeRole-arn:aws:iam::aws:policy/AmazonEC2ContainerRegistryPullOnly",
            "policy_arn": "arn:aws:iam::aws:policy/AmazonEC2ContainerRegistryPullOnly",
            "role": "prathvi-AmazonEKSAutoNodeRole"
          },
          "sensitive_attributes": [],
          "private": "eyJzY2hlbWFfdmVyc2lvbiI6MH0=",
          "dependencies": [
            "aws_iam_role.prathvi_amazoneksautonoderole"
          ]
        }
      ]
    },
    {
      "mode": "managed",
      "type": "aws_iam_role_policy_attachment",
      "name": "prathvi_amazoneksautonoderole_arn_aws_iam__aws_policy_amazoneksworkernodeminimalpolicy",
      "provider": "provider[\"registry.terraform.io/hashicorp/aws\"]",
      "instances": [
        {
          "schema_version": 0,
          "attributes": {
            "id": "prathvi-AmazonEKSAutoNodeRole-arn:aws:iam::aws:policy/AmazonEKSWorkerNodeMinimalPolicy",
            "policy_arn": "arn:aws:iam::aws:policy/AmazonEKSWorkerNodeMinimalPolicy",
            "role": "prathvi-AmazonEKSAutoNodeRole"
          },
          "sensitive_attributes": [],
          "private": "eyJzY2hlbWFfdmVyc2lvbiI6MH0=",
          "dependencies": [
            "aws_iam_role.prathvi_amazoneksautonoderole"
          ]
        }
      ]
    },
    {
      "mode": "managed",
      "type": "aws_iam_role_policy_attachment",
      "name": "prathvi_amazoneksautonoderole_arn_aws_iam__aws_policy_amazonelasticcontainerregistrypublicreadonly",
      "provider": "provider[\"registry.terraform.io/hashicorp/aws\"]",
      "instances": [
        {
          "schema_version": 0,
          "attributes": {
            "id": "prathvi-AmazonEKSAutoNodeRole-arn:aws:iam::aws:policy/AmazonElasticContainerRegistryPublicReadOnly",
            "policy_arn": "arn:aws:iam::aws:policy/AmazonElasticContainerRegistryPublicReadOnly",
            "role": "prathvi-AmazonEKSAutoNodeRole"
          },
          "sensitive_attributes": [],
          "private": "eyJzY2hlbWFfdmVyc2lvbiI6MH0=",
          "dependencies": [
            "aws_iam_role.prathvi_amazoneksautonoderole"
          ]
        }
      ]
    },
    {
      "mode": "managed",
      "type": "aws_iam_role_policy_attachment",
      "name": "prathvi_eks_demo_role_arn_aws_iam__aws_policy_amazonebscsidrivereksclusterscopedpolicy",
      "provider": "provider[\"registry.terraform.io/hashicorp/aws\"]",
      "instances": [
        {
          "schema_version": 0,
          "attributes": {
            "id": "prathvi-eks-demo-role-arn:aws:iam::aws:policy/AmazonEBSCSIDriverEKSClusterScopedPolicy",
            "policy_arn": "arn:aws:iam::aws:policy/AmazonEBSCSIDriverEKSClusterScopedPolicy",
            "role": "prathvi-eks-demo-role"
          },
          "sensitive_attributes": [],
          "private": "eyJzY2hlbWFfdmVyc2lvbiI6MH0=",
          "dependencies": [
            "aws_iam_role.prathvi_eks_demo_role"
          ]
        }
      ]
    },
    {
      "mode": "managed",
      "type": "aws_iam_role_policy_attachment",
      "name": "prathvi_eks_demo_role_arn_aws_iam__aws_policy_amazonec2fullaccess",
      "provider": "provider[\"registry.terraform.io/hashicorp/aws\"]",
      "instances": [
        {
          "schema_version": 0,
          "attributes": {
            "id": "prathvi-eks-demo-role-arn:aws:iam::aws:policy/AmazonEC2FullAccess",
            "policy_arn": "arn:aws:iam::aws:policy/AmazonEC2FullAccess",
            "role": "prathvi-eks-demo-role"
          },
          "sensitive_attributes": [],
          "private": "eyJzY2hlbWFfdmVyc2lvbiI6MH0=",
          "dependencies": [
            "aws_iam_role.prathvi_eks_demo_role"
          ]
        }
      ]
    },
    {
      "mode": "managed",
      "type": "aws_iam_role_policy_attachment",
      "name": "prathvi_eks_demo_role_arn_aws_iam__aws_policy_amazoneks_cni_policy",
      "provider": "provider[\"registry.terraform.io/hashicorp/aws\"]",
      "instances": [
        {
          "schema_version": 0,
          "attributes": {
            "id": "prathvi-eks-demo-role-arn:aws:iam::aws:policy/AmazonEKS_CNI_Policy",
            "policy_arn": "arn:aws:iam::aws:policy/AmazonEKS_CNI_Policy",
            "role": "prathvi-eks-demo-role"
          },
          "sensitive_attributes": [],
          "private": "eyJzY2hlbWFfdmVyc2lvbiI6MH0=",
          "dependencies": [
            "aws_iam_role.prathvi_eks_demo_role"
          ]
        }
      ]
    },
    {
      "mode": "managed",
      "type": "aws_iam_role_policy_attachment",
      "name": "prathvi_eks_demo_role_arn_aws_iam__aws_policy_amazoneksblockstoragepolicy",
      "provider": "provider[\"registry.terraform.io/hashicorp/aws\"]",
      "instances": [
        {
          "schema_version": 0,
          "attributes": {
            "id": "prathvi-eks-demo-role-arn:aws:iam::aws:policy/AmazonEKSBlockStoragePolicy",
            "policy_arn": "arn:aws:iam::aws:policy/AmazonEKSBlockStoragePolicy",
            "role": "prathvi-eks-demo-role"
          },
          "sensitive_attributes": [],
          "private": "eyJzY2hlbWFfdmVyc2lvbiI6MH0=",
          "dependencies": [
            "aws_iam_role.prathvi_eks_demo_role"
          ]
        }
      ]
    },
    {
      "mode": "managed",
      "type": "aws_iam_role_policy_attachment",
      "name": "prathvi_eks_demo_role_arn_aws_iam__aws_policy_amazoneksclusterpolicy",
      "provider": "provider[\"registry.terraform.io/hashicorp/aws\"]",
      "instances": [
        {
          "schema_version": 0,
          "attributes": {
            "id": "prathvi-eks-demo-role-arn:aws:iam::aws:policy/AmazonEKSClusterPolicy",
            "policy_arn": "arn:aws:iam::aws:policy/AmazonEKSClusterPolicy",
            "role": "prathvi-eks-demo-role"
          },
          "sensitive_attributes": [],
          "private": "eyJzY2hlbWFfdmVyc2lvbiI6MH0=",
          "dependencies": [
            "aws_iam_role.prathvi_eks_demo_role"
          ]
        }
      ]
    },
    {
      "mode": "managed",
      "type": "aws_iam_role_policy_attachment",
      "name": "prathvi_eks_demo_role_arn_aws_iam__aws_policy_amazonekscomputepolicy",
      "provider": "provider[\"registry.terraform.io/hashicorp/aws\"]",
      "instances": [
        {
          "schema_version": 0,
          "attributes": {
            "id": "prathvi-eks-demo-role-arn:aws:iam::aws:policy/AmazonEKSComputePolicy",
            "policy_arn": "arn:aws:iam::aws:policy/AmazonEKSComputePolicy",
            "role": "prathvi-eks-demo-role"
          },
          "sensitive_attributes": [],
          "private": "eyJzY2hlbWFfdmVyc2lvbiI6MH0=",
          "dependencies": [
            "aws_iam_role.prathvi_eks_demo_role"
          ]
        }
      ]
    },
    {
      "mode": "managed",
      "type": "aws_iam_role_policy_attachment",
      "name": "prathvi_eks_demo_role_arn_aws_iam__aws_policy_amazoneksloadbalancingpolicy",
      "provider": "provider[\"registry.terraform.io/hashicorp/aws\"]",
      "instances": [
        {
          "schema_version": 0,
          "attributes": {
            "id": "prathvi-eks-demo-role-arn:aws:iam::aws:policy/AmazonEKSLoadBalancingPolicy",
            "policy_arn": "arn:aws:iam::aws:policy/AmazonEKSLoadBalancingPolicy",
            "role": "prathvi-eks-demo-role"
          },
          "sensitive_attributes": [],
          "private": "eyJzY2hlbWFfdmVyc2lvbiI6MH0=",
          "dependencies": [
            "aws_iam_role.prathvi_eks_demo_role"
          ]
        }
      ]
    },
    {
      "mode": "managed",
      "type": "aws_iam_role_policy_attachment",
      "name": "prathvi_eks_demo_role_arn_aws_iam__aws_policy_amazoneksnetworkingpolicy",
      "provider": "provider[\"registry.terraform.io/hashicorp/aws\"]",
      "instances": [
        {
          "schema_version": 0,
          "attributes": {
            "id": "prathvi-eks-demo-role-arn:aws:iam::aws:policy/AmazonEKSNetworkingPolicy",
            "policy_arn": "arn:aws:iam::aws:policy/AmazonEKSNetworkingPolicy",
            "role": "prathvi-eks-demo-role"
          },
          "sensitive_attributes": [],
          "private": "eyJzY2hlbWFfdmVyc2lvbiI6MH0=",
          "dependencies": [
            "aws_iam_role.prathvi_eks_demo_role"
          ]
        }
      ]
    },
    {
      "mode": "managed",
      "type": "aws_iam_role_policy_attachment",
      "name": "prathvi_eks_demo_role_arn_aws_iam__aws_policy_amazoneksvpcresourcecontroller",
      "provider": "provider[\"registry.terraform.io/hashicorp/aws\"]",
      "instances": [
        {
          "schema_version": 0,
          "attributes": {
            "id": "prathvi-eks-demo-role-arn:aws:iam::aws:policy/AmazonEKSVPCResourceController",
            "policy_arn": "arn:aws:iam::aws:policy/AmazonEKSVPCResourceController",
            "role": "prathvi-eks-demo-role"
          },
          "sensitive_attributes": [],
          "private": "eyJzY2hlbWFfdmVyc2lvbiI6MH0=",
          "dependencies": [
            "aws_iam_role.prathvi_eks_demo_role"
          ]
        }
      ]
    },
    {
      "mode": "managed",
      "type": "aws_iam_role_policy_attachment",
      "name": "prathvi_eks_demo_role_arn_aws_iam__aws_policy_amazoneksworkernodepolicy",
      "provider": "provider[\"registry.terraform.io/hashicorp/aws\"]",
      "instances": [
        {
          "schema_version": 0,
          "attributes": {
            "id": "prathvi-eks-demo-role-arn:aws:iam::aws:policy/AmazonEKSWorkerNodePolicy",
            "policy_arn": "arn:aws:iam::aws:policy/AmazonEKSWorkerNodePolicy",
            "role": "prathvi-eks-demo-role"
          },
          "sensitive_attributes": [],
          "private": "eyJzY2hlbWFfdmVyc2lvbiI6MH0=",
          "dependencies": [
            "aws_iam_role.prathvi_eks_demo_role"
          ]
        }
      ]
    },
    {
      "mode": "managed",
      "type": "aws_iam_role_policy_attachment",
      "name": "role_for_compliance_arn_aws_iam__aws_policy_readonlyaccess",
      "provider": "provider[\"registry.terraform.io/hashicorp/aws\"]",
      "instances": [
        {
          "schema_version": 0,
          "attributes": {
            "id": "ROLE_FOR_COMPLIANCE-arn:aws:iam::aws:policy/ReadOnlyAccess",
            "policy_arn": "arn:aws:iam::aws:policy/ReadOnlyAccess",
            "role": "ROLE_FOR_COMPLIANCE"
          },
          "sensitive_attributes": [],
          "private": "eyJzY2hlbWFfdmVyc2lvbiI6MH0=",
          "dependencies": [
            "aws_iam_role.role_for_compliance"
          ]
        }
      ]
    },
    {
      "mode": "managed",
      "type": "aws_iam_role_policy_attachment",
      "name": "sg_demo_account_deploy_role_arn_aws_iam__aws_policy_administratoraccess",
      "provider": "provider[\"registry.terraform.io/hashicorp/aws\"]",
      "instances": [
        {
          "schema_version": 0,
          "attributes": {
            "id": "sg-demo-account-deploy-role-arn:aws:iam::aws:policy/AdministratorAccess",
            "policy_arn": "arn:aws:iam::aws:policy/AdministratorAccess",
            "role": "sg-demo-account-deploy-role"
          },
          "sensitive_attributes": [],
          "private": "eyJzY2hlbWFfdmVyc2lvbiI6MH0=",
          "dependencies": [
            "aws_iam_role.sg_demo_account_deploy_role"
          ]
        }
      ]
    },
    {
      "mode": "managed",
      "type": "aws_iam_role_policy_attachment",
      "name": "stackgen_aiden_solutions_role_arn_aws_iam__aws_policy_administratoraccess",
      "provider": "provider[\"registry.terraform.io/hashicorp/aws\"]",
      "instances": [
        {
          "schema_version": 0,
          "attributes": {
            "id": "stackgen-aiden-solutions-role-arn:aws:iam::aws:policy/AdministratorAccess",
            "policy_arn": "arn:aws:iam::aws:policy/AdministratorAccess",
            "role": "stackgen-aiden-solutions-role"
          },
          "sensitive_attributes": [],
          "private": "eyJzY2hlbWFfdmVyc2lvbiI6MH0=",
          "dependencies": [
            "aws_iam_role.stackgen_aiden_solutions_role"
          ]
        }
      ]
    },
    {
      "mode": "managed",
      "type": "aws_iam_role_policy_attachment",
      "name": "stackgen_deploy_demogoogle_arn_aws_iam__aws_policy_administratoraccess",
      "provider": "provider[\"registry.terraform.io/hashicorp/aws\"]",
      "instances": [
        {
          "schema_version": 0,
          "attributes": {
            "id": "stackgen-deploy-demogoogle-arn:aws:iam::aws:policy/AdministratorAccess",
            "policy_arn": "arn:aws:iam::aws:policy/AdministratorAccess",
            "role": "stackgen-deploy-demogoogle"
          },
          "sensitive_attributes": [],
          "private": "eyJzY2hlbWFfdmVyc2lvbiI6MH0=",
          "dependencies": [
            "aws_iam_role.stackgen_deploy_demogoogle"
          ]
        }
      ]
    },
    {
      "mode": "managed",
      "type": "aws_iam_role_policy_attachment",
      "name": "stackgen_e2e_dev_env_plandeploy_arn_aws_iam__aws_policy_administratoraccess",
      "provider": "provider[\"registry.terraform.io/hashicorp/aws\"]",
      "instances": [
        {
          "schema_version": 0,
          "attributes": {
            "id": "stackgen-e2e-dev-env-plandeploy-arn:aws:iam::aws:policy/AdministratorAccess",
            "policy_arn": "arn:aws:iam::aws:policy/AdministratorAccess",
            "role": "stackgen-e2e-dev-env-plandeploy"
          },
          "sensitive_attributes": [],
          "private": "eyJzY2hlbWFfdmVyc2lvbiI6MH0=",
          "dependencies": [
            "aws_iam_role.stackgen_e2e_dev_env_plandeploy"
          ]
        }
      ]
    },
    {
      "mode": "managed",
      "type": "aws_iam_role_policy_attachment",
      "name": "stackgen_plan_role_qa_arn_aws_iam__aws_policy_administratoraccess",
      "provider": "provider[\"registry.terraform.io/hashicorp/aws\"]",
      "instances": [
        {
          "schema_version": 0,
          "attributes": {
            "id": "stackgen-plan-role-qa-arn:aws:iam::aws:policy/AdministratorAccess",
            "policy_arn": "arn:aws:iam::aws:policy/AdministratorAccess",
            "role": "stackgen-plan-role-qa"
          },
          "sensitive_attributes": [],
          "private": "eyJzY2hlbWFfdmVyc2lvbiI6MH0=",
          "dependencies": [
            "aws_iam_role.stackgen_plan_role_qa"
          ]
        }
      ]
    },
    {
      "mode": "managed",
      "type": "aws_iam_role_policy_attachment",
      "name": "stackgen_plan_role_qa_arn_aws_iam__aws_policy_amazons3fullaccess",
      "provider": "provider[\"registry.terraform.io/hashicorp/aws\"]",
      "instances": [
        {
          "schema_version": 0,
          "attributes": {
            "id": "stackgen-plan-role-qa-arn:aws:iam::aws:policy/AmazonS3FullAccess",
            "policy_arn": "arn:aws:iam::aws:policy/AmazonS3FullAccess",
            "role": "stackgen-plan-role-qa"
          },
          "sensitive_attributes": [],
          "private": "eyJzY2hlbWFfdmVyc2lvbiI6MH0=",
          "dependencies": [
            "aws_iam_role.stackgen_plan_role_qa"
          ]
        }
      ]
    },
    {
      "mode": "managed",
      "type": "aws_iam_role_policy_attachment",
      "name": "stackgen_stage_e2e_plandeploy_arn_aws_iam__aws_policy_administratoraccess",
      "provider": "provider[\"registry.terraform.io/hashicorp/aws\"]",
      "instances": [
        {
          "schema_version": 0,
          "attributes": {
            "id": "stackgen-stage-e2e-plandeploy-arn:aws:iam::aws:policy/AdministratorAccess",
            "policy_arn": "arn:aws:iam::aws:policy/AdministratorAccess",
            "role": "stackgen-stage-e2e-plandeploy"
          },
          "sensitive_attributes": [],
          "private": "eyJzY2hlbWFfdmVyc2lvbiI6MH0=",
          "dependencies": [
            "aws_iam_role.stackgen_stage_e2e_plandeploy"
          ]
        }
      ]
    },
    {
      "mode": "managed",
      "type": "aws_iam_role_policy_attachment",
      "name": "stackgen_stage_google_tenant_deployrole_arn_aws_iam__aws_policy_administratoraccess",
      "provider": "provider[\"registry.terraform.io/hashicorp/aws\"]",
      "instances": [
        {
          "schema_version": 0,
          "attributes": {
            "id": "stackgen-stage-google-tenant-deployrole-arn:aws:iam::aws:policy/AdministratorAccess",
            "policy_arn": "arn:aws:iam::aws:policy/AdministratorAccess",
            "role": "stackgen-stage-google-tenant-deployrole"
          },
          "sensitive_attributes": [],
          "private": "eyJzY2hlbWFfdmVyc2lvbiI6MH0=",
          "dependencies": [
            "aws_iam_role.stackgen_stage_google_tenant_deployrole"
          ]
        }
      ]
    },
    {
      "mode": "managed",
      "type": "aws_iam_role_policy_attachment",
      "name": "stacksets_exec_f0c8fb48f39560f7383d5fc6d3582666_arn_aws_iam__aws_policy_administratoraccess",
      "provider": "provider[\"registry.terraform.io/hashicorp/aws\"]",
      "instances": [
        {
          "schema_version": 0,
          "attributes": {
            "id": "stacksets-exec-f0c8fb48f39560f7383d5fc6d3582666-arn:aws:iam::aws:policy/AdministratorAccess",
            "policy_arn": "arn:aws:iam::aws:policy/AdministratorAccess",
            "role": "stacksets-exec-f0c8fb48f39560f7383d5fc6d3582666"
          },
          "sensitive_attributes": [],
          "private": "eyJzY2hlbWFfdmVyc2lvbiI6MH0=",
          "dependencies": [
            "aws_iam_role.stacksets_exec_f0c8fb48f39560f7383d5fc6d3582666"
          ]
        }
      ]
    },
    {
      "mode": "managed",
      "type": "aws_iam_role_policy_attachment",
      "name": "terraform_testing_ssm_role_arn_aws_iam__aws_policy_administratoraccess",
      "provider": "provider[\"registry.terraform.io/hashicorp/aws\"]",
      "instances": [
        {
          "schema_version": 0,
          "attributes": {
            "id": "terraform-testing-ssm-role-arn:aws:iam::aws:policy/AdministratorAccess",
            "policy_arn": "arn:aws:iam::aws:policy/AdministratorAccess",
            "role": "terraform-testing-ssm-role"
          },
          "sensitive_attributes": [],
          "private": "eyJzY2hlbWFfdmVyc2lvbiI6MH0=",
          "dependencies": [
            "aws_iam_role.terraform_testing_ssm_role"
          ]
        }
      ]
    },
    {
      "mode": "managed",
      "type": "aws_iam_role_policy_attachment",
      "name": "terraform_testing_ssm_role_arn_aws_iam__aws_policy_amazonssmmanagedinstancecore",
      "provider": "provider[\"registry.terraform.io/hashicorp/aws\"]",
      "instances": [
        {
          "schema_version": 0,
          "attributes": {
            "id": "terraform-testing-ssm-role-arn:aws:iam::aws:policy/AmazonSSMManagedInstanceCore",
            "policy_arn": "arn:aws:iam::aws:policy/AmazonSSMManagedInstanceCore",
            "role": "terraform-testing-ssm-role"
          },
          "sensitive_attributes": [],
          "private": "eyJzY2hlbWFfdmVyc2lvbiI6MH0=",
          "dependencies": [
            "aws_iam_role.terraform_testing_ssm_role"
          ]
        }
      ]
    },
    {
      "mode": "managed",
      "type": "aws_iam_role_policy_attachment",
      "name": "test_playwright_oidc_github_arn_aws_iam__aws_policy_administratoraccess",
      "provider": "provider[\"registry.terraform.io/hashicorp/aws\"]",
      "instances": [
        {
          "schema_version": 0,
          "attributes": {
            "id": "test-playwright-oidc-github-arn:aws:iam::aws:policy/AdministratorAccess",
            "policy_arn": "arn:aws:iam::aws:policy/AdministratorAccess",
            "role": "test-playwright-oidc-github"
          },
          "sensitive_attributes": [],
          "private": "eyJzY2hlbWFfdmVyc2lvbiI6MH0=",
          "dependencies": [
            "aws_iam_role.test_playwright_oidc_github"
          ]
        }
      ]
    },
    {
      "mode": "managed",
      "type": "aws_iam_role_policy_attachment",
      "name": "test_playwright_oidc_github_arn_aws_iam__aws_policy_readonlyaccess",
      "provider": "provider[\"registry.terraform.io/hashicorp/aws\"]",
      "instances": [
        {
          "schema_version": 0,
          "attributes": {
            "id": "test-playwright-oidc-github-arn:aws:iam::aws:policy/ReadOnlyAccess",
            "policy_arn": "arn:aws:iam::aws:policy/ReadOnlyAccess",
            "role": "test-playwright-oidc-github"
          },
          "sensitive_attributes": [],
          "private": "eyJzY2hlbWFfdmVyc2lvbiI6MH0=",
          "dependencies": [
            "aws_iam_role.test_playwright_oidc_github"
          ]
        }
      ]
    },
    {
      "mode": "managed",
      "type": "aws_iam_saml_provider",
      "name": "arn_aws_iam__180217099948_saml_provider_awssso_86b58eebc506d13e_do_not_delete",
      "provider": "provider[\"registry.terraform.io/hashicorp/aws\"]",
      "instances": [
        {
          "schema_version": 0,
          "attributes": {
            "arn": "arn:aws:iam::180217099948:saml-provider/AWSSSO_86b58eebc506d13e_DO_NOT_DELETE",
            "id": "arn:aws:iam::180217099948:saml-provider/AWSSSO_86b58eebc506d13e_DO_NOT_DELETE",
            "name": "AWSSSO_86b58eebc506d13e_DO_NOT_DELETE",
            "saml_metadata_document": "\u003c?xml version=\"1.0\" encoding=\"UTF-8\"?\u003e\u003cmd:EntityDescriptor xmlns:md=\"urn:oasis:names:tc:SAML:2.0:metadata\" entityID=\"https://portal.sso.us-east-1.amazonaws.com/saml/assertion/MzY4OTQ1NDgxMzg5X2lucy0wNTE3MDdiNDY0ODkxMGJi\"\u003e\n  \u003cmd:IDPSSODescriptor WantAuthnRequestsSigned=\"false\" protocolSupportEnumeration=\"urn:oasis:names:tc:SAML:2.0:protocol\"\u003e\n    \u003cmd:KeyDescriptor use=\"signing\"\u003e\n      \u003cds:KeyInfo xmlns:ds=\"http://www.w3.org/2000/09/xmldsig#\"\u003e\n        \u003cds:X509Data\u003e\n          \u003cds:X509Certificate\u003eMIIDBjCCAe6gAwIBAgIEDgjNSDANBgkqhkiG9w0BAQsFADBFMRYwFAYDVQQDDA1hbWF6b25hd3MuY29tMQ0wCwYDVQQLDARJREFTMQ8wDQYDVQQKDAZBbWF6b24xCzAJBgNVBAYTAlVTMB4XDTIzMDUwNTAyMDU0OFoXDTI4MDUwNTAyMDU0OFowRTEWMBQGA1UEAwwNYW1hem9uYXdzLmNvbTENMAsGA1UECwwESURBUzEPMA0GA1UECgwGQW1hem9uMQswCQYDVQQGEwJVUzCCASIwDQYJKoZIhvcNAQEBBQADggEPADCCAQoCggEBAKs9aV6ojpvFsBzT36A4q0b+gzB/rXRjasP3+OZ1f30ChKxUP0Q/H2nuJpBD+PDU26VqoW5hWQ8sE3PWFRLTnWT/Hr0ienmTMWeOOvAKAvMXV+ivJhu/lnO1F0FB+VyjI82Bi6/eHKX2rW2PhH36Eg2gDRfHPXhshLn4Z7ilJzCzBMzzdUNmAhIl7oGRHRSTRse0pOCRwiv8dEzjNKEl1396jJ1yukjqQ87Bh4Phra177SHgRi32MgF++uu2b3R9Xtu5LBjunFhlgRiNFmnT4McBtvca7K3GeFfFKRYnCs6DKgau+NHucMs39fMriNhVaevFBpbWlr3nM9NtIy7rMCkCAwEAATANBgkqhkiG9w0BAQsFAAOCAQEACJgeprgf4s6Y3PkHCoGpGeCEHCetQxCMbt7aglmAjCxR7TbjA1eOxOGAaKs3MKPwdNRfnNmxRRlt9vjg3NYSO1kiUtQRmQKdJebfq1+PKgqFxmNOgGYuIEEaqKbm3irnhzxS55Rn8zOIBIA/9b02celPqLbdpek5Yhc0x6GPmPRgErBQFNHPxcfD2zkiq4Lw5N7Z3XbZCY724WOVWXV5IpQTS8VBy+4bD5kXnSTNTpBmt2P7gST6YFL2SkQXsNoUIIn0NIgNVUAM0zi9Gv7bCfsqVOyPW0RQBEZkzaEhG77bdjRw9twkokMZPkTQ9ZWGVRwx09hRR/7dMQ5zZu0AcQ==\u003c/ds:X509Certificate\u003e\n        \u003c/ds:X509Data\u003e\n      \u003c/ds:KeyInfo\u003e\n    \u003c/md:KeyDescriptor\u003e\n    \u003cmd:SingleLogoutService Binding=\"urn:oasis:names:tc:SAML:2.0:bindings:HTTP-POST\" Location=\"https://portal.sso.us-east-1.amazonaws.com/saml/logout/MzY4OTQ1NDgxMzg5X2lucy0wNTE3MDdiNDY0ODkxMGJi\"/\u003e\n    \u003cmd:SingleLogoutService Binding=\"urn:oasis:names:tc:SAML:2.0:bindings:HTTP-Redirect\" Location=\"https://portal.sso.us-east-1.amazonaws.com/saml/logout/MzY4OTQ1NDgxMzg5X2lucy0wNTE3MDdiNDY0ODkxMGJi\"/\u003e\n    \u003cmd:NameIDFormat\u003eurn:oasis:names:tc:SAML:2.0:nameid-format:persistent\u003c/md:NameIDFormat\u003e\n    \u003cmd:SingleSignOnService Binding=\"urn:oasis:names:tc:SAML:2.0:bindings:HTTP-POST\" Location=\"https://portal.sso.us-east-1.amazonaws.com/saml/assertion/MzY4OTQ1NDgxMzg5X2lucy0wNTE3MDdiNDY0ODkxMGJi\"/\u003e\n    \u003cmd:SingleSignOnService Binding=\"urn:oasis:names:tc:SAML:2.0:bindings:HTTP-Redirect\" Location=\"https://portal.sso.us-east-1.amazonaws.com/saml/assertion/MzY4OTQ1NDgxMzg5X2lucy0wNTE3MDdiNDY0ODkxMGJi\"/\u003e\n  \u003c/md:IDPSSODescriptor\u003e\n\u003c/md:EntityDescriptor\u003e\n",
            "tags": {},
            "tags_all": {},
            "valid_until": "2124-04-09T23:31:35Z"
          },
          "sensitive_attributes": [],
          "private": "eyJzY2hlbWFfdmVyc2lvbiI6MH0=",
          "dependencies": [
            "aws_iam_policy.arn_aws_iam__180217099948_policy_api_suite_automation_policy"
          ]
        }
      ]
    },
    {
      "mode": "managed",
      "type": "aws_iam_user",
      "name": "UeRyf",
      "provider": "provider[\"registry.terraform.io/hashicorp/aws\"]",
      "instances": [
        {
          "schema_version": 0,
          "attributes": {
            "arn": "arn:aws:iam::180217099948:user/group-management-user2",
            "force_destroy": null,
            "id": "group-management-user2",
            "name": "group-management-user2",
            "path": "/",
            "permissions_boundary": "",
            "tags": {
              "Environment": "Production",
              "Name": "IAM-Management-Test",
              "Terraform": "true"
            },
            "tags_all": {
              "Environment": "Production",
              "Name": "IAM-Management-Test",
              "Terraform": "true"
            },
            "unique_id": "AIDAST5OGW2WLO5KJDMDH"
          },
          "sensitive_attributes": [],
          "private": "eyJzY2hlbWFfdmVyc2lvbiI6MH0=",
          "dependencies": [
            "aws_vpc.aws_aidevops_default_vpc"
          ]
        }
      ]
    },
    {
      "mode": "managed",
      "type": "aws_iam_user",
      "name": "VdZLc",
      "provider": "provider[\"registry.terraform.io/hashicorp/aws\"]",
      "instances": [
        {
          "schema_version": 0,
          "attributes": {
            "arn": "arn:aws:iam::180217099948:user/user-creation-user1",
            "force_destroy": null,
            "id": "user-creation-user1",
            "name": "user-creation-user1",
            "path": "/",
            "permissions_boundary": "",
            "tags": {
              "Environment": "Production",
              "Name": "IAM-Management-Test",
              "Terraform": "true"
            },
            "tags_all": {
              "Environment": "Production",
              "Name": "IAM-Management-Test",
              "Terraform": "true"
            },
            "unique_id": "AIDAST5OGW2WPYL23NELX"
          },
          "sensitive_attributes": [],
          "private": "eyJzY2hlbWFfdmVyc2lvbiI6MH0=",
          "dependencies": [
            "aws_vpc.aws_aidevops_default_vpc"
          ]
        }
      ]
    },
    {
      "mode": "managed",
      "type": "aws_iam_user",
      "name": "iam_management_test",
      "provider": "provider[\"registry.terraform.io/hashicorp/aws\"]",
      "instances": [
        {
          "schema_version": 0,
          "attributes": {
            "arn": "arn:aws:iam::180217099948:user/group-management-user1",
            "force_destroy": null,
            "id": "group-management-user1",
            "name": "group-management-user1",
            "path": "/",
            "permissions_boundary": "",
            "tags": {
              "AKIAIOSFODNN7EXAMPLE": "wpdemo",
              "Environment": "Production",
              "Name": "IAM-Management-Test",
              "Terraform": "true"
            },
            "tags_all": {
              "AKIAIOSFODNN7EXAMPLE": "wpdemo",
              "Environment": "Production",
              "Name": "IAM-Management-Test",
              "Terraform": "true"
            },
            "unique_id": "AIDAST5OGW2WPLVSOAJZB"
          },
          "sensitive_attributes": [],
          "private": "eyJzY2hlbWFfdmVyc2lvbiI6MH0=",
          "dependencies": [
            "aws_vpc.aws_aidevops_default_vpc"
          ]
        }
      ]
    },
    {
      "mode": "managed",
      "type": "aws_iam_user",
      "name": "terraformclouddemo",
      "provider": "provider[\"registry.terraform.io/hashicorp/aws\"]",
      "instances": [
        {
          "schema_version": 0,
          "attributes": {
            "arn": "arn:aws:iam::180217099948:user/TerraformCloudDemo",
            "force_destroy": null,
            "id": "TerraformCloudDemo",
            "name": "TerraformCloudDemo",
            "path": "/",
            "permissions_boundary": "",
            "tags": {
              "AKIAIOSFODNN7EXAMPLE": "these credentials are being used within terraform cloud in the tfcs3demo workspace ",
              "do-not-delete": "true"
            },
            "tags_all": {
              "AKIAIOSFODNN7EXAMPLE": "these credentials are being used within terraform cloud in the tfcs3demo workspace ",
              "do-not-delete": "true"
            },
            "unique_id": "AIDAST5OGW2WB7HGNEC3B"
          },
          "sensitive_attributes": [],
          "private": "eyJzY2hlbWFfdmVyc2lvbiI6MH0=",
          "dependencies": [
            "aws_vpc.aws_aidevops_default_vpc"
          ]
        }
      ]
    },
    {
      "mode": "managed",
      "type": "aws_instance",
      "name": "aws_aidevops_test_instance",
      "provider": "provider[\"registry.terraform.io/hashicorp/aws\"]",
      "instances": [
        {
          "schema_version": 1,
          "attributes": {
            "ami": "ami-029a761f237195c2c",
            "arn": "arn:aws:ec2:us-west-2:180217099948:instance/i-07306f78f234c47e2",
            "associate_public_ip_address": true,
            "availability_zone": "us-west-2a",
            "capacity_reservation_specification": [
              {
                "capacity_reservation_preference": "open",
                "capacity_reservation_target": []
              }
            ],
            "cpu_core_count": 1,
            "cpu_options": [
              {
                "amd_sev_snp": "",
                "core_count": 1,
                "threads_per_core": 2
              }
            ],
            "cpu_threads_per_core": 2,
            "credit_specification": [
              {
                "cpu_credits": "unlimited"
              }
            ],
            "disable_api_stop": false,
            "disable_api_termination": false,
            "ebs_block_device": [],
            "ebs_optimized": false,
            "enable_primary_ipv6": null,
            "enclave_options": [
              {
                "enabled": false
              }
            ],
            "ephemeral_block_device": [],
            "get_password_data": false,
            "hibernation": false,
            "host_id": "",
            "host_resource_group_arn": null,
            "iam_instance_profile": "",
            "id": "i-07306f78f234c47e2",
            "instance_initiated_shutdown_behavior": "stop",
            "instance_lifecycle": "",
            "instance_market_options": [],
            "instance_state": "running",
            "instance_type": "t3.micro",
            "ipv6_address_count": 0,
            "ipv6_addresses": [],
            "key_name": "AWS-AIDevOps-test-key",
            "launch_template": [],
            "maintenance_options": [
              {
                "auto_recovery": "default"
              }
            ],
            "metadata_options": [
              {
                "http_endpoint": "enabled",
                "http_protocol_ipv6": "disabled",
                "http_put_response_hop_limit": 2,
                "http_tokens": "required",
                "instance_metadata_tags": "disabled"
              }
            ],
            "monitoring": false,
            "network_interface": [],
            "outpost_arn": "",
            "password_data": "",
            "placement_group": "",
            "placement_partition_number": 0,
            "primary_network_interface_id": "eni-0f4d2a7fbd90d82a6",
            "private_dns": "ip-10-0-1-65.us-west-2.compute.internal",
            "private_dns_name_options": [
              {
                "enable_resource_name_dns_a_record": false,
                "enable_resource_name_dns_aaaa_record": false,
                "hostname_type": "ip-name"
              }
            ],
            "private_ip": "10.0.1.65",
            "public_dns": "ec2-52-33-231-249.us-west-2.compute.amazonaws.com",
            "public_ip": "52.33.231.249",
            "root_block_device": [
              {
                "delete_on_termination": true,
                "device_name": "/dev/xvda",
                "encrypted": false,
                "iops": 3000,
                "kms_key_id": "",
                "tags": {},
                "tags_all": {},
                "throughput": 125,
                "volume_id": "vol-0f85be63c58607519",
                "volume_size": 8,
                "volume_type": "gp3"
              }
            ],
            "secondary_private_ips": [],
            "security_groups": [],
            "source_dest_check": true,
            "spot_instance_request_id": "",
            "subnet_id": "subnet-0c88d237ad1545753",
            "tags": {
              "Name": "AWS-AIDevOps-Test-Instance",
              "Purpose": "AWS-AIDevOps-Testing"
            },
            "tags_all": {
              "Name": "AWS-AIDevOps-Test-Instance",
              "Purpose": "AWS-AIDevOps-Testing"
            },
            "tenancy": "default",
            "timeouts": null,
            "user_data": null,
            "user_data_base64": "IyEvYmluL2Jhc2gKeXVtIHVwZGF0ZSAteQp5dW0gaW5zdGFsbCAteSBodG9wCgojIENyZWF0ZSB0aGUgQ1BVIHN0cmVzcyB0ZXN0IHNjcmlwdApjYXQgPiAvaG9tZS9lYzItdXNlci9jcHUtc3RyZXNzLXRlc3Quc2ggPDwgJ0VPRicKIyEvYmluL2Jhc2gKZWNobyAiU3RhcnRpbmcgQVdTIEFJRGV2T3BzIENQVSBTdHJlc3MgVGVzdCIKZWNobyAiVGltZTogJChkYXRlKSIKZWNobyAiSW5zdGFuY2U6ICQoY3VybCAtcyBodHRwOi8vMTY5LjI1NC4xNjkuMjU0L2xhdGVzdC9tZXRhLWRhdGEvaW5zdGFuY2UtaWQpIgplY2hvICIiCgojIEdldCBudW1iZXIgb2YgQ1BVIGNvcmVzCkNPUkVTPSQobnByb2MpCmVjaG8gIkNQVSBDb3JlczogJENPUkVTIgplY2hvICIiCgplY2hvICJTdGFydGluZyBzdHJlc3MgdGVzdCAoNSBtaW51dGVzKS4uLiIKZWNobyAiVGhpcyB3aWxsIGdlbmVyYXRlID43MCUgQ1BVIHVzYWdlIHRvIHRyaWdnZXIgQ2xvdWRXYXRjaCBhbGFybSIKZWNobyAiIgoKIyBDcmVhdGUgQ1BVIGxvYWQgdXNpbmcgeWVzIGNvbW1hbmQKZWNobyAiU3RhcnRpbmcgQ1BVIGxvYWQgcHJvY2Vzc2VzLi4uIgpmb3IgaSBpbiAkKHNlcSAxICRDT1JFUyk7IGRvCiAgICAoeWVzID4gL2Rldi9udWxsKSAmCiAgICBDUFVfUElEPSQhCiAgICBlY2hvICJTdGFydGVkIENQVSBsb2FkIHByb2Nlc3MgJGkgKFBJRDogJENQVV9QSUQpIgogICAgZWNobyAkQ1BVX1BJRCA+PiAvdG1wL2NwdV90ZXN0X3BpZHMKZG9uZQoKIyBBdXRvLWNsZWFudXAgYWZ0ZXIgNSBtaW51dGVzCihzbGVlcCAzMDAgJiYgZWNobyAiU3RvcHBpbmcgQ1BVIGxvYWQgcHJvY2Vzc2VzLi4uIiAmJiBraWxsICQoY2F0IC90bXAvY3B1X3Rlc3RfcGlkcyAyPi9kZXYvbnVsbCkgMj4vZGV2L251bGwgJiYgcm0gLWYgL3RtcC9jcHVfdGVzdF9waWRzKSAmCgplY2hvICIiCmVjaG8gIkNQVSBsb2FkIHByb2Nlc3NlcyBzdGFydGVkIGZvciA1IG1pbnV0ZXMiCmVjaG8gIkNoZWNrIENsb3VkV2F0Y2ggZm9yIGFsYXJtIHRyaWdnZXIgaW4gMy01IG1pbnV0ZXMiCkVPRgoKY2htb2QgK3ggL2hvbWUvZWMyLXVzZXIvY3B1LXN0cmVzcy10ZXN0LnNoCmNob3duIGVjMi11c2VyOmVjMi11c2VyIC9ob21lL2VjMi11c2VyL2NwdS1zdHJlc3MtdGVzdC5zaAoKIyBDcmVhdGUgYXV0by1zaHV0ZG93biBzY3JpcHQgKHNhZmV0eSBtZWNoYW5pc20pCmNhdCA+IC9ob21lL2VjMi11c2VyL2F1dG8tc2h1dGRvd24uc2ggPDwgJ1NIVVRET1dOX0VPRicKIyEvYmluL2Jhc2gKZWNobyAiQXV0by1zaHV0ZG93biBzY2hlZHVsZWQgZm9yIDIgaG91cnMgZnJvbSBub3c6ICQoZGF0ZSkiCnNsZWVwIDcyMDAKZWNobyAiQXV0by1zaHV0ZG93biBleGVjdXRpbmcgYXQ6ICQoZGF0ZSkiCnN1ZG8gc2h1dGRvd24gLWggbm93ClNIVVRET1dOX0VPRgoKY2htb2QgK3ggL2hvbWUvZWMyLXVzZXIvYXV0by1zaHV0ZG93bi5zaApub2h1cCAvaG9tZS9lYzItdXNlci9hdXRvLXNodXRkb3duLnNoID4gL2hvbWUvZWMyLXVzZXIvYXV0by1zaHV0ZG93bi5sb2cgMj4mMSAmCgplY2hvICJBV1MgQUlEZXZPcHMgdGVzdCBzZXR1cCBjb21wbGV0ZWQgYXQgJChkYXRlKSIgPiAvaG9tZS9lYzItdXNlci9zZXR1cC1jb21wbGV0ZS50eHQK",
            "user_data_replace_on_change": null,
            "volume_tags": null,
            "vpc_security_group_ids": [
              "sg-0f3ae20de1f8d6d11"
            ]
          },
          "sensitive_attributes": [],
          "private": "eyJzY2hlbWFfdmVyc2lvbiI6MX0=",
          "dependencies": [
            "aws_key_pair.aws_aidevops_test_key",
            "aws_launch_template.lt_09941c90104dafb26",
            "aws_vpc.aws_aidevops_default_vpc",
            "aws_iam_policy.arn_aws_iam__180217099948_policy_api_suite_automation_policy",
            "aws_security_group.aws_aidevops_test_sg",
            "aws_subnet.aws_aidevops_public_subnet"
          ]
        }
      ]
    },
    {
      "mode": "managed",
      "type": "aws_instance",
      "name": "i_0c7dcdb57b0253639",
      "provider": "provider[\"registry.terraform.io/hashicorp/aws\"]",
      "instances": [
        {
          "schema_version": 1,
          "attributes": {
            "ami": "ami-0d147d36f1041e1ac",
            "arn": "arn:aws:ec2:us-west-2:180217099948:instance/i-0c7dcdb57b0253639",
            "associate_public_ip_address": false,
            "availability_zone": "us-west-2b",
            "capacity_reservation_specification": [
              {
                "capacity_reservation_preference": "open",
                "capacity_reservation_target": []
              }
            ],
            "cpu_core_count": 1,
            "cpu_options": [
              {
                "amd_sev_snp": "",
                "core_count": 1,
                "threads_per_core": 2
              }
            ],
            "cpu_threads_per_core": 2,
            "credit_specification": [
              {
                "cpu_credits": "unlimited"
              }
            ],
            "disable_api_stop": false,
            "disable_api_termination": false,
            "ebs_block_device": [
              {
                "delete_on_termination": false,
                "device_name": "/dev/xvdaa",
                "encrypted": false,
                "iops": 100,
                "kms_key_id": "",
                "snapshot_id": "",
                "tags": {
                  "CSIVolumeName": "pvc-bc2745eb-a6d5-4760-9061-bab5a26425f5",
                  "KubernetesCluster": "ai-sre-demo",
                  "Name": "ai-sre-demo-dynamic-pvc-bc2745eb-a6d5-4760-9061-bab5a26425f5",
                  "do-not-delete": "true",
                  "donotdelete": "true",
                  "ebs.csi.aws.com/cluster": "true",
                  "ebs.csi.aws.com/cluster-name": "ai-sre-demo",
                  "kubernetes.io/cluster/ai-sre-demo": "owned",
                  "kubernetes.io/created-for/pv/name": "pvc-bc2745eb-a6d5-4760-9061-bab5a26425f5",
                  "kubernetes.io/created-for/pvc/name": "data-redis-0",
                  "kubernetes.io/created-for/pvc/namespace": "platform",
                  "project": "ai-sre-demo"
                },
                "tags_all": {
                  "CSIVolumeName": "pvc-bc2745eb-a6d5-4760-9061-bab5a26425f5",
                  "KubernetesCluster": "ai-sre-demo",
                  "Name": "ai-sre-demo-dynamic-pvc-bc2745eb-a6d5-4760-9061-bab5a26425f5",
                  "do-not-delete": "true",
                  "donotdelete": "true",
                  "ebs.csi.aws.com/cluster": "true",
                  "ebs.csi.aws.com/cluster-name": "ai-sre-demo",
                  "kubernetes.io/cluster/ai-sre-demo": "owned",
                  "kubernetes.io/created-for/pv/name": "pvc-bc2745eb-a6d5-4760-9061-bab5a26425f5",
                  "kubernetes.io/created-for/pvc/name": "data-redis-0",
                  "kubernetes.io/created-for/pvc/namespace": "platform",
                  "project": "ai-sre-demo"
                },
                "throughput": 0,
                "volume_id": "vol-0b93631b31bbcd681",
                "volume_size": 5,
                "volume_type": "gp2"
              }
            ],
            "ebs_optimized": false,
            "enable_primary_ipv6": null,
            "enclave_options": [
              {
                "enabled": false
              }
            ],
            "ephemeral_block_device": [],
            "get_password_data": false,
            "hibernation": false,
            "host_id": "",
            "host_resource_group_arn": null,
            "iam_instance_profile": "eks-56cf3349-5bb2-9022-4bef-e20e7db46f38",
            "id": "i-0c7dcdb57b0253639",
            "instance_initiated_shutdown_behavior": "stop",
            "instance_lifecycle": "",
            "instance_market_options": [],
            "instance_state": "running",
            "instance_type": "t3.medium",
            "ipv6_address_count": 0,
            "ipv6_addresses": [],
            "key_name": "",
            "launch_template": [
              {
                "id": "lt-09941c90104dafb26",
                "name": "eks-56cf3349-5bb2-9022-4bef-e20e7db46f38",
                "version": "1"
              }
            ],
            "maintenance_options": [
              {
                "auto_recovery": "default"
              }
            ],
            "metadata_options": [
              {
                "http_endpoint": "enabled",
                "http_protocol_ipv6": "disabled",
                "http_put_response_hop_limit": 1,
                "http_tokens": "required",
                "instance_metadata_tags": "disabled"
              }
            ],
            "monitoring": false,
            "network_interface": [],
            "outpost_arn": "",
            "password_data": "",
            "placement_group": "",
            "placement_partition_number": 0,
            "primary_network_interface_id": "eni-0dfd1260da2b434aa",
            "private_dns": "ip-10-0-11-217.us-west-2.compute.internal",
            "private_dns_name_options": [
              {
                "enable_resource_name_dns_a_record": false,
                "enable_resource_name_dns_aaaa_record": false,
                "hostname_type": "ip-name"
              }
            ],
            "private_ip": "10.0.11.217",
            "public_dns": "",
            "public_ip": "",
            "root_block_device": [
              {
                "delete_on_termination": true,
                "device_name": "/dev/xvda",
                "encrypted": false,
                "iops": 3000,
                "kms_key_id": "",
                "tags": {},
                "tags_all": {},
                "throughput": 125,
                "volume_id": "vol-098dbf38a8bd23dc9",
                "volume_size": 30,
                "volume_type": "gp3"
              }
            ],
            "secondary_private_ips": [
              "10.0.11.144",
              "10.0.11.21",
              "10.0.11.241",
              "10.0.11.42",
              "10.0.11.44"
            ],
            "security_groups": [],
            "source_dest_check": true,
            "spot_instance_request_id": "",
            "subnet_id": "subnet-0bf98b66db21a26d1",
            "tags": {
              "do-not-delete": "true",
              "donotdelete": "true",
              "eks:cluster-name": "ai-sre-demo",
              "eks:nodegroup-name": "ai-sre-demo-nodes",
              "k8s.io/cluster-autoscaler/ai-sre-demo": "owned",
              "k8s.io/cluster-autoscaler/enabled": "true",
              "kubernetes.io/cluster/ai-sre-demo": "owned",
              "project": "ai-sre-demo"
            },
            "tags_all": {
              "do-not-delete": "true",
              "donotdelete": "true",
              "eks:cluster-name": "ai-sre-demo",
              "eks:nodegroup-name": "ai-sre-demo-nodes",
              "k8s.io/cluster-autoscaler/ai-sre-demo": "owned",
              "k8s.io/cluster-autoscaler/enabled": "true",
              "kubernetes.io/cluster/ai-sre-demo": "owned",
              "project": "ai-sre-demo"
            },
            "tenancy": "default",
            "timeouts": null,
            "user_data": null,
            "user_data_base64": "TUlNRS1WZXJzaW9uOiAxLjAKQ29udGVudC1UeXBlOiBtdWx0aXBhcnQvbWl4ZWQ7IGJvdW5kYXJ5PSIvLyIKCi0tLy8KQ29udGVudC1UeXBlOiBhcHBsaWNhdGlvbi9ub2RlLmVrcy5hd3MKCi0tLQphcGlWZXJzaW9uOiBub2RlLmVrcy5hd3MvdjFhbHBoYTEKa2luZDogTm9kZUNvbmZpZwpzcGVjOgogIGNsdXN0ZXI6CiAgICBhcGlTZXJ2ZXJFbmRwb2ludDogaHR0cHM6Ly8xRTRFMEI4MDk3N0E5NUFGMDk1N0UzODA2QTJCOEM5Ri5ncjcudXMtd2VzdC0yLmVrcy5hbWF6b25hd3MuY29tCiAgICBjZXJ0aWZpY2F0ZUF1dGhvcml0eTogTFMwdExTMUNSVWRKVGlCRFJWSlVTVVpKUTBGVVJTMHRMUzB0Q2sxSlNVUkNWRU5EUVdVeVowRjNTVUpCWjBsSlUzWTJSRVozZFhKd1lsVjNSRkZaU2t0dldrbG9kbU5PUVZGRlRFSlJRWGRHVkVWVVRVSkZSMEV4VlVVS1FYaE5TMkV6Vm1sYVdFcDFXbGhTYkdONlFXVkdkekI1VG1wQk1FMXFVWGhPZWtsNFRXcFNZVVozTUhwT2FrRXdUV3BGZUU1NlNUSk5hbEpoVFVKVmVBcEZla0ZTUW1kT1ZrSkJUVlJEYlhReFdXMVdlV0p0VmpCYVdFMTNaMmRGYVUxQk1FZERVM0ZIVTBsaU0wUlJSVUpCVVZWQlFUUkpRa1IzUVhkblowVkxDa0Z2U1VKQlVVTjFXV2xrVG5wallVMUVaV1l6ZEV0RFlVRTVablp2TWxnNE1uVlpRVmt5Ykc4M1NITlRZVlpZVXk5b1RITnVXRk5xWm1RMFdVcGliVzRLTm5od2JrODVNMXAwUWtwaVoxQjZPRkJZVFVSMllreFVUbGs1YUZvclprWk1jblZEYldOak1tSXZjVkYwZHpOelpVWjZNREIyUzNwNk4wdGthSFF3ZGdwWlNrNHdkbmxIWlhaNGNXOXFRVk5qYkVReU5taGhhMVJoWjFrMVIyRnhNamx3VVRNMllqQlBPVlYyTW1GRWR6UmtTbVJVZFVSTVR6bERSV2xoVW1aRENtdFdkMUp3UzJ4UWVqTXdkVGgwUlhkYVlYQjJlblZCTlVjNFNVcFBUMk5FYWxsUmVXRTRhWFZ4TlVsTk5TdFlPRWcwY1doUFdHVTBURFprT0hKbGMzVUtNMmcxYzBkSVJEZzNiMGcyZFZwNmNWUk5WRFJaUldnd1pta3JWMWcxZEZGUVdqQkVNVzlIZUdWVmNVTk9UR1JuYVhnME1GQm9Ra3M1YjFBNU56RmliQXBHTWt0alEwWkJTRmhLTWtZd1dEaFFlRU4xV2poUFl6QjRRWG8zUVdkTlFrRkJSMnBYVkVKWVRVRTBSMEV4VldSRWQwVkNMM2RSUlVGM1NVTndSRUZRQ2tKblRsWklVazFDUVdZNFJVSlVRVVJCVVVndlRVSXdSMEV4VldSRVoxRlhRa0pSYjFZemNrNU1VVGxRU1VkSEx6QXdUV2hWUldzelJpczNabFZVUVZZS1FtZE9Wa2hTUlVWRWFrRk5aMmR3Y21SWFNteGpiVFZzWkVkV2VrMUJNRWREVTNGSFUwbGlNMFJSUlVKRGQxVkJRVFJKUWtGUlEwTXdVR3BpVVdGclFnbzRSRU5WT0U5SFZFSjBRMjFVVHpKUmVqRnZSMDUwVkRKTU1XeDJaeXRJTW1WcFRVMXpORVZsU0ZCS04yTXlaWE42VWpSM1IzbHRiR0pwZURaemNtMXVDbkJ2Wm1aeVNVSk9WRzFMTW1wWlJ6WTVObXBtYjJaeGRraG5ibWh3V0ZJeVNuUkJVMXBPTjNCcVJDOVljakl3YzFCR01pdENaR1F4YjAweGQwWnRWMk1LY1RWUmFuaHdSMkZDT1dkTWRHTm9WVVJNVTJwUmMzQmFXbUZWVjB3d2VVWktZa3B2T0RkRlFXeG9WRXd6YW5kelZrbFBLMU53VUN0TmNuUnhkR2gxYmdwTVVWbHNMMDlhYzJzNVkxcE1UbkpMVDJ0NE5rWldSbFpuVlVScGJsQldjeTh2V0ZsUFltTlRaMUI1TjJabE9FTmtXa1ZEY0cxNlNXaEpVVVJyZG14bUNqVkhWM0I0WVRKc1EybGFVMGRFUTBGQ1VFOXhkSGhhU1hsVmVqTXZUMGxQYkc1WGFVRnpLM0ZyVG1kSWNtNWtXR0ZoUkZadE1pODRaRnBTVkZSR1MyOEtTRFZ6TVVkWVV6a3dla1ZTQ2kwdExTMHRSVTVFSUVORlVsUkpSa2xEUVZSRkxTMHRMUzBLCiAgICBjaWRyOiAxNzIuMjAuMC4wLzE2CiAgICBuYW1lOiBhaS1zcmUtZGVtbwogIGt1YmVsZXQ6CiAgICBjb25maWc6CiAgICAgIG1heFBvZHM6IDE3CiAgICAgIGNsdXN0ZXJETlM6CiAgICAgIC0gMTcyLjIwLjAuMTAKICAgIGZsYWdzOgogICAgLSAiLS1ub2RlLWxhYmVscz1la3MuYW1hem9uYXdzLmNvbS9ub2RlZ3JvdXAtaW1hZ2U9YW1pLTBkMTQ3ZDM2ZjEwNDFlMWFjLGVrcy5hbWF6b25hd3MuY29tL2NhcGFjaXR5VHlwZT1PTl9ERU1BTkQsZWtzLmFtYXpvbmF3cy5jb20vbm9kZWdyb3VwPWFpLXNyZS1kZW1vLW5vZGVzIgoKLS0vLy0t",
            "user_data_replace_on_change": null,
            "volume_tags": null,
            "vpc_security_group_ids": [
              "sg-089d2e112f21c23e9"
            ]
          },
          "sensitive_attributes": [],
          "private": "eyJzY2hlbWFfdmVyc2lvbiI6MX0=",
          "dependencies": [
            "aws_iam_policy.arn_aws_iam__180217099948_policy_api_suite_automation_policy",
            "aws_launch_template.lt_09941c90104dafb26",
            "aws_iam_instance_profile.eks_56cf3349_5bb2_9022_4bef_e20e7db46f38",
            "aws_subnet.ai_sre_demo_private_1",
            "aws_security_group.eks_cluster_sg_ai_sre_demo_1803631249",
            "aws_vpc.aws_aidevops_default_vpc",
            "aws_eks_cluster.ai_sre_demo"
          ]
        }
      ]
    },
    {
      "mode": "managed",
      "type": "aws_instance",
      "name": "i_0fc94a6b0e1a6e72c",
      "provider": "provider[\"registry.terraform.io/hashicorp/aws\"]",
      "instances": [
        {
          "schema_version": 1,
          "attributes": {
            "ami": "ami-0d147d36f1041e1ac",
            "arn": "arn:aws:ec2:us-west-2:180217099948:instance/i-0fc94a6b0e1a6e72c",
            "associate_public_ip_address": false,
            "availability_zone": "us-west-2a",
            "capacity_reservation_specification": [
              {
                "capacity_reservation_preference": "open",
                "capacity_reservation_target": []
              }
            ],
            "cpu_core_count": 1,
            "cpu_options": [
              {
                "amd_sev_snp": "",
                "core_count": 1,
                "threads_per_core": 2
              }
            ],
            "cpu_threads_per_core": 2,
            "credit_specification": [
              {
                "cpu_credits": "unlimited"
              }
            ],
            "disable_api_stop": false,
            "disable_api_termination": false,
            "ebs_block_device": [
              {
                "delete_on_termination": false,
                "device_name": "/dev/xvdaa",
                "encrypted": false,
                "iops": 100,
                "kms_key_id": "",
                "snapshot_id": "",
                "tags": {
                  "CSIVolumeName": "pvc-c8a0e9f3-3510-4ab6-b93d-b9098fdf3a7e",
                  "KubernetesCluster": "ai-sre-demo",
                  "Name": "ai-sre-demo-dynamic-pvc-c8a0e9f3-3510-4ab6-b93d-b9098fdf3a7e",
                  "do-not-delete": "true",
                  "donotdelete": "true",
                  "ebs.csi.aws.com/cluster": "true",
                  "ebs.csi.aws.com/cluster-name": "ai-sre-demo",
                  "kubernetes.io/cluster/ai-sre-demo": "owned",
                  "kubernetes.io/created-for/pv/name": "pvc-c8a0e9f3-3510-4ab6-b93d-b9098fdf3a7e",
                  "kubernetes.io/created-for/pvc/name": "data-postgres-0",
                  "kubernetes.io/created-for/pvc/namespace": "platform",
                  "project": "ai-sre-demo"
                },
                "tags_all": {
                  "CSIVolumeName": "pvc-c8a0e9f3-3510-4ab6-b93d-b9098fdf3a7e",
                  "KubernetesCluster": "ai-sre-demo",
                  "Name": "ai-sre-demo-dynamic-pvc-c8a0e9f3-3510-4ab6-b93d-b9098fdf3a7e",
                  "do-not-delete": "true",
                  "donotdelete": "true",
                  "ebs.csi.aws.com/cluster": "true",
                  "ebs.csi.aws.com/cluster-name": "ai-sre-demo",
                  "kubernetes.io/cluster/ai-sre-demo": "owned",
                  "kubernetes.io/created-for/pv/name": "pvc-c8a0e9f3-3510-4ab6-b93d-b9098fdf3a7e",
                  "kubernetes.io/created-for/pvc/name": "data-postgres-0",
                  "kubernetes.io/created-for/pvc/namespace": "platform",
                  "project": "ai-sre-demo"
                },
                "throughput": 0,
                "volume_id": "vol-02d796c946d816c32",
                "volume_size": 20,
                "volume_type": "gp2"
              }
            ],
            "ebs_optimized": false,
            "enable_primary_ipv6": null,
            "enclave_options": [
              {
                "enabled": false
              }
            ],
            "ephemeral_block_device": [],
            "get_password_data": false,
            "hibernation": false,
            "host_id": "",
            "host_resource_group_arn": null,
            "iam_instance_profile": "eks-56cf3349-5bb2-9022-4bef-e20e7db46f38",
            "id": "i-0fc94a6b0e1a6e72c",
            "instance_initiated_shutdown_behavior": "stop",
            "instance_lifecycle": "",
            "instance_market_options": [],
            "instance_state": "running",
            "instance_type": "t3.medium",
            "ipv6_address_count": 0,
            "ipv6_addresses": [],
            "key_name": "",
            "launch_template": [
              {
                "id": "lt-09941c90104dafb26",
                "name": "eks-56cf3349-5bb2-9022-4bef-e20e7db46f38",
                "version": "1"
              }
            ],
            "maintenance_options": [
              {
                "auto_recovery": "default"
              }
            ],
            "metadata_options": [
              {
                "http_endpoint": "enabled",
                "http_protocol_ipv6": "disabled",
                "http_put_response_hop_limit": 1,
                "http_tokens": "required",
                "instance_metadata_tags": "disabled"
              }
            ],
            "monitoring": false,
            "network_interface": [],
            "outpost_arn": "",
            "password_data": "",
            "placement_group": "",
            "placement_partition_number": 0,
            "primary_network_interface_id": "eni-04d44a248f8560fd7",
            "private_dns": "ip-10-0-10-24.us-west-2.compute.internal",
            "private_dns_name_options": [
              {
                "enable_resource_name_dns_a_record": false,
                "enable_resource_name_dns_aaaa_record": false,
                "hostname_type": "ip-name"
              }
            ],
            "private_ip": "10.0.10.24",
            "public_dns": "",
            "public_ip": "",
            "root_block_device": [
              {
                "delete_on_termination": true,
                "device_name": "/dev/xvda",
                "encrypted": false,
                "iops": 3000,
                "kms_key_id": "",
                "tags": {},
                "tags_all": {},
                "throughput": 125,
                "volume_id": "vol-0087e51801796b6ea",
                "volume_size": 30,
                "volume_type": "gp3"
              }
            ],
            "secondary_private_ips": [
              "10.0.10.117",
              "10.0.10.121",
              "10.0.10.145",
              "10.0.10.231",
              "10.0.10.82"
            ],
            "security_groups": [],
            "source_dest_check": true,
            "spot_instance_request_id": "",
            "subnet_id": "subnet-0502e3b29ddbc5a61",
            "tags": {
              "do-not-delete": "true",
              "donotdelete": "true",
              "eks:cluster-name": "ai-sre-demo",
              "eks:nodegroup-name": "ai-sre-demo-nodes",
              "k8s.io/cluster-autoscaler/ai-sre-demo": "owned",
              "k8s.io/cluster-autoscaler/enabled": "true",
              "kubernetes.io/cluster/ai-sre-demo": "owned",
              "project": "ai-sre-demo"
            },
            "tags_all": {
              "do-not-delete": "true",
              "donotdelete": "true",
              "eks:cluster-name": "ai-sre-demo",
              "eks:nodegroup-name": "ai-sre-demo-nodes",
              "k8s.io/cluster-autoscaler/ai-sre-demo": "owned",
              "k8s.io/cluster-autoscaler/enabled": "true",
              "kubernetes.io/cluster/ai-sre-demo": "owned",
              "project": "ai-sre-demo"
            },
            "tenancy": "default",
            "timeouts": null,
            "user_data": null,
            "user_data_base64": "TUlNRS1WZXJzaW9uOiAxLjAKQ29udGVudC1UeXBlOiBtdWx0aXBhcnQvbWl4ZWQ7IGJvdW5kYXJ5PSIvLyIKCi0tLy8KQ29udGVudC1UeXBlOiBhcHBsaWNhdGlvbi9ub2RlLmVrcy5hd3MKCi0tLQphcGlWZXJzaW9uOiBub2RlLmVrcy5hd3MvdjFhbHBoYTEKa2luZDogTm9kZUNvbmZpZwpzcGVjOgogIGNsdXN0ZXI6CiAgICBhcGlTZXJ2ZXJFbmRwb2ludDogaHR0cHM6Ly8xRTRFMEI4MDk3N0E5NUFGMDk1N0UzODA2QTJCOEM5Ri5ncjcudXMtd2VzdC0yLmVrcy5hbWF6b25hd3MuY29tCiAgICBjZXJ0aWZpY2F0ZUF1dGhvcml0eTogTFMwdExTMUNSVWRKVGlCRFJWSlVTVVpKUTBGVVJTMHRMUzB0Q2sxSlNVUkNWRU5EUVdVeVowRjNTVUpCWjBsSlUzWTJSRVozZFhKd1lsVjNSRkZaU2t0dldrbG9kbU5PUVZGRlRFSlJRWGRHVkVWVVRVSkZSMEV4VlVVS1FYaE5TMkV6Vm1sYVdFcDFXbGhTYkdONlFXVkdkekI1VG1wQk1FMXFVWGhPZWtsNFRXcFNZVVozTUhwT2FrRXdUV3BGZUU1NlNUSk5hbEpoVFVKVmVBcEZla0ZTUW1kT1ZrSkJUVlJEYlhReFdXMVdlV0p0VmpCYVdFMTNaMmRGYVUxQk1FZERVM0ZIVTBsaU0wUlJSVUpCVVZWQlFUUkpRa1IzUVhkblowVkxDa0Z2U1VKQlVVTjFXV2xrVG5wallVMUVaV1l6ZEV0RFlVRTVablp2TWxnNE1uVlpRVmt5Ykc4M1NITlRZVlpZVXk5b1RITnVXRk5xWm1RMFdVcGliVzRLTm5od2JrODVNMXAwUWtwaVoxQjZPRkJZVFVSMllreFVUbGs1YUZvclprWk1jblZEYldOak1tSXZjVkYwZHpOelpVWjZNREIyUzNwNk4wdGthSFF3ZGdwWlNrNHdkbmxIWlhaNGNXOXFRVk5qYkVReU5taGhhMVJoWjFrMVIyRnhNamx3VVRNMllqQlBPVlYyTW1GRWR6UmtTbVJVZFVSTVR6bERSV2xoVW1aRENtdFdkMUp3UzJ4UWVqTXdkVGgwUlhkYVlYQjJlblZCTlVjNFNVcFBUMk5FYWxsUmVXRTRhWFZ4TlVsTk5TdFlPRWcwY1doUFdHVTBURFprT0hKbGMzVUtNMmcxYzBkSVJEZzNiMGcyZFZwNmNWUk5WRFJaUldnd1pta3JWMWcxZEZGUVdqQkVNVzlIZUdWVmNVTk9UR1JuYVhnME1GQm9Ra3M1YjFBNU56RmliQXBHTWt0alEwWkJTRmhLTWtZd1dEaFFlRU4xV2poUFl6QjRRWG8zUVdkTlFrRkJSMnBYVkVKWVRVRTBSMEV4VldSRWQwVkNMM2RSUlVGM1NVTndSRUZRQ2tKblRsWklVazFDUVdZNFJVSlVRVVJCVVVndlRVSXdSMEV4VldSRVoxRlhRa0pSYjFZemNrNU1VVGxRU1VkSEx6QXdUV2hWUldzelJpczNabFZVUVZZS1FtZE9Wa2hTUlVWRWFrRk5aMmR3Y21SWFNteGpiVFZzWkVkV2VrMUJNRWREVTNGSFUwbGlNMFJSUlVKRGQxVkJRVFJKUWtGUlEwTXdVR3BpVVdGclFnbzRSRU5WT0U5SFZFSjBRMjFVVHpKUmVqRnZSMDUwVkRKTU1XeDJaeXRJTW1WcFRVMXpORVZsU0ZCS04yTXlaWE42VWpSM1IzbHRiR0pwZURaemNtMXVDbkJ2Wm1aeVNVSk9WRzFMTW1wWlJ6WTVObXBtYjJaeGRraG5ibWh3V0ZJeVNuUkJVMXBPTjNCcVJDOVljakl3YzFCR01pdENaR1F4YjAweGQwWnRWMk1LY1RWUmFuaHdSMkZDT1dkTWRHTm9WVVJNVTJwUmMzQmFXbUZWVjB3d2VVWktZa3B2T0RkRlFXeG9WRXd6YW5kelZrbFBLMU53VUN0TmNuUnhkR2gxYmdwTVVWbHNMMDlhYzJzNVkxcE1UbkpMVDJ0NE5rWldSbFpuVlVScGJsQldjeTh2V0ZsUFltTlRaMUI1TjJabE9FTmtXa1ZEY0cxNlNXaEpVVVJyZG14bUNqVkhWM0I0WVRKc1EybGFVMGRFUTBGQ1VFOXhkSGhhU1hsVmVqTXZUMGxQYkc1WGFVRnpLM0ZyVG1kSWNtNWtXR0ZoUkZadE1pODRaRnBTVkZSR1MyOEtTRFZ6TVVkWVV6a3dla1ZTQ2kwdExTMHRSVTVFSUVORlVsUkpSa2xEUVZSRkxTMHRMUzBLCiAgICBjaWRyOiAxNzIuMjAuMC4wLzE2CiAgICBuYW1lOiBhaS1zcmUtZGVtbwogIGt1YmVsZXQ6CiAgICBjb25maWc6CiAgICAgIG1heFBvZHM6IDE3CiAgICAgIGNsdXN0ZXJETlM6CiAgICAgIC0gMTcyLjIwLjAuMTAKICAgIGZsYWdzOgogICAgLSAiLS1ub2RlLWxhYmVscz1la3MuYW1hem9uYXdzLmNvbS9ub2RlZ3JvdXAtaW1hZ2U9YW1pLTBkMTQ3ZDM2ZjEwNDFlMWFjLGVrcy5hbWF6b25hd3MuY29tL2NhcGFjaXR5VHlwZT1PTl9ERU1BTkQsZWtzLmFtYXpvbmF3cy5jb20vbm9kZWdyb3VwPWFpLXNyZS1kZW1vLW5vZGVzIgoKLS0vLy0t",
            "user_data_replace_on_change": null,
            "volume_tags": null,
            "vpc_security_group_ids": [
              "sg-089d2e112f21c23e9"
            ]
          },
          "sensitive_attributes": [],
          "private": "eyJzY2hlbWFfdmVyc2lvbiI6MX0=",
          "dependencies": [
            "aws_security_group.eks_cluster_sg_ai_sre_demo_1803631249",
            "aws_subnet.ai_sre_demo_private_0",
            "aws_vpc.aws_aidevops_default_vpc",
            "aws_eks_cluster.ai_sre_demo",
            "aws_launch_template.lt_09941c90104dafb26",
            "aws_iam_instance_profile.eks_56cf3349_5bb2_9022_4bef_e20e7db46f38",
            "aws_iam_policy.arn_aws_iam__180217099948_policy_api_suite_automation_policy"
          ]
        }
      ]
    },
    {
      "mode": "managed",
      "type": "aws_instance",
      "name": "terraform_testing_env",
      "provider": "provider[\"registry.terraform.io/hashicorp/aws\"]",
      "instances": [
        {
          "schema_version": 1,
          "attributes": {
            "ami": "ami-06af99ca40d168b3b",
            "arn": "arn:aws:ec2:us-west-2:180217099948:instance/i-0c0d6ac966ee1737d",
            "associate_public_ip_address": true,
            "availability_zone": "us-west-2b",
            "capacity_reservation_specification": [
              {
                "capacity_reservation_preference": "open",
                "capacity_reservation_target": []
              }
            ],
            "cpu_core_count": 1,
            "cpu_options": [
              {
                "amd_sev_snp": "",
                "core_count": 1,
                "threads_per_core": 2
              }
            ],
            "cpu_threads_per_core": 2,
            "credit_specification": [
              {
                "cpu_credits": "unlimited"
              }
            ],
            "disable_api_stop": false,
            "disable_api_termination": false,
            "ebs_block_device": [],
            "ebs_optimized": false,
            "enable_primary_ipv6": null,
            "enclave_options": [
              {
                "enabled": false
              }
            ],
            "ephemeral_block_device": [],
            "get_password_data": false,
            "hibernation": false,
            "host_id": "",
            "host_resource_group_arn": null,
            "iam_instance_profile": "terraform-testing-ssm-profile",
            "id": "i-0c0d6ac966ee1737d",
            "instance_initiated_shutdown_behavior": "stop",
            "instance_lifecycle": "",
            "instance_market_options": [],
            "instance_state": "running",
            "instance_type": "t3.large",
            "ipv6_address_count": 0,
            "ipv6_addresses": [],
            "key_name": "local-mac-ssh-key",
            "launch_template": [],
            "maintenance_options": [
              {
                "auto_recovery": "default"
              }
            ],
            "metadata_options": [
              {
                "http_endpoint": "enabled",
                "http_protocol_ipv6": "disabled",
                "http_put_response_hop_limit": 2,
                "http_tokens": "required",
                "instance_metadata_tags": "disabled"
              }
            ],
            "monitoring": false,
            "network_interface": [],
            "outpost_arn": "",
            "password_data": "",
            "placement_group": "",
            "placement_partition_number": 0,
            "primary_network_interface_id": "eni-0d2dc8127a76dc7f9",
            "private_dns": "ip-10-0-1-195.us-west-2.compute.internal",
            "private_dns_name_options": [
              {
                "enable_resource_name_dns_a_record": false,
                "enable_resource_name_dns_aaaa_record": false,
                "hostname_type": "ip-name"
              }
            ],
            "private_ip": "10.0.1.195",
            "public_dns": "ec2-54-245-11-169.us-west-2.compute.amazonaws.com",
            "public_ip": "54.245.11.169",
            "root_block_device": [
              {
                "delete_on_termination": true,
                "device_name": "/dev/sda1",
                "encrypted": false,
                "iops": 3000,
                "kms_key_id": "",
                "tags": {},
                "tags_all": {},
                "throughput": 125,
                "volume_id": "vol-0870ad051d120b03f",
                "volume_size": 8,
                "volume_type": "gp3"
              }
            ],
            "secondary_private_ips": [],
            "security_groups": [],
            "source_dest_check": true,
            "spot_instance_request_id": "",
            "subnet_id": "subnet-08b28a6fc070e3487",
            "tags": {
              "Name": "Terraform-Testing-Env"
            },
            "tags_all": {
              "Name": "Terraform-Testing-Env"
            },
            "tenancy": "default",
            "timeouts": null,
            "user_data": null,
            "user_data_base64": "IyEvYmluL2Jhc2gKc2V0IC1leAoKIyBVcGRhdGUgYW5kIGluc3RhbGwgZGVwZW5kZW5jaWVzCmV4cG9ydCBERUJJQU5fRlJPTlRFTkQ9bm9uaW50ZXJhY3RpdmUKYXB0LWdldCB1cGRhdGUKYXB0LWdldCBpbnN0YWxsIC15IGN1cmwgd2dldCBnaXQgdW56aXAgc29mdHdhcmUtcHJvcGVydGllcy1jb21tb24gYnVpbGQtZXNzZW50aWFsCgojIENoYW5nZSB0byB0aGUgJ3VidW50dScgdXNlciBmb3IgYnJldyBpbnN0YWxsYXRpb24gYXMgcm9vdCBpcyBub3QgcmVjb21tZW5kZWQKc3UgLSB1YnVudHUgLWMgJ2Jhc2ggLWMgIiQoY3VybCAtZnNTTCBodHRwczovL3Jhdy5naXRodWJ1c2VyY29udGVudC5jb20vSG9tZWJyZXcvaW5zdGFsbC9IRUFEL2luc3RhbGwuc2gpIicKCiMgQWRkIGJyZXcgdG8gUEFUSCBmb3IgdWJ1bnR1IHVzZXIKZWNobyAnZXZhbCAiJCgvaG9tZS9saW51eGJyZXcvLmxpbnV4YnJldy9iaW4vYnJldyBzaGVsbGVudikiJyA+PiAvaG9tZS91YnVudHUvLnByb2ZpbGUKZWNobyAnZXZhbCAiJCgvaG9tZS9saW51eGJyZXcvLmxpbnV4YnJldy9iaW4vYnJldyBzaGVsbGVudikiJyA+PiAvaG9tZS91YnVudHUvLmJhc2hyYwoKIyBSdW4gYnJldyBjb21tYW5kcyBhcyB1YnVudHUgdXNlciB0byBpbnN0YWxsIHRlcnJhZm9ybQpzdSAtIHVidW50dSAtYyAnZXZhbCAiJCgvaG9tZS9saW51eGJyZXcvLmxpbnV4YnJldy9iaW4vYnJldyBzaGVsbGVudikiICYmIGJyZXcgdGFwIGhhc2hpY29ycC90YXAgJiYgYnJldyBpbnN0YWxsIGhhc2hpY29ycC90YXAvdGVycmFmb3JtJwoKIyA9PT09PT09PT09PT09PT09PT09PT09PT09PT09PT09PT09PT09PT09PT0KIyBJbnN0YWxsIFN0YWNrZ2VuIENMSSBUb29scwojID09PT09PT09PT09PT09PT09PT09PT09PT09PT09PT09PT09PT09PT09PQpzdSAtIHVidW50dSAtYyAnZXZhbCAiJCgvaG9tZS9saW51eGJyZXcvLmxpbnV4YnJldy9iaW4vYnJldyBzaGVsbGVudikiICYmIGJyZXcgaW5zdGFsbCBzdGFja2dlbmhxL3N0YWNrZ2VuL3N0YWNrZ2VuJwpzdSAtIHVidW50dSAtYyAnZXZhbCAiJCgvaG9tZS9saW51eGJyZXcvLmxpbnV4YnJldy9iaW4vYnJldyBzaGVsbGVudikiICYmIGJyZXcgaW5zdGFsbCBzdGFja2dlbmhxL3N0YWNrZ2VuL2Nsb3VkMmNvZGUnCnN1IC0gdWJ1bnR1IC1jICdldmFsICIkKC9ob21lL2xpbnV4YnJldy8ubGludXhicmV3L2Jpbi9icmV3IHNoZWxsZW52KSIgJiYgYnJldyBpbnN0YWxsIHN0YWNrZ2VuaHEvc3RhY2tnZW4vdGVycmFmb3JtLWltcG9ydGVyJwpzdSAtIHVidW50dSAtYyAnZXZhbCAiJCgvaG9tZS9saW51eGJyZXcvLmxpbnV4YnJldy9iaW4vYnJldyBzaGVsbGVudikiICYmIGJyZXcgaW5zdGFsbCBzdGFja2dlbmhxL3N0YWNrZ2VuL2FpZGVuLXJ1bm5lcicKCiMgPT09PT09PT09PT09PT09PT09PT09PT09PT09PT09PT09PT09PT09PT09CiMgU2V0dXAgRW52aXJvbm1lbnQgVmFyaWFibGVzICYgU3lzdGVtZCBTZXJ2aWNlCiMgPT09PT09PT09PT09PT09PT09PT09PT09PT09PT09PT09PT09PT09PT09CgojIFdyaXRlIHRoZSBpbmplY3RlZCBlbnZpcm9ubWVudCB2YXJpYWJsZXMgdG8gL2V0Yy9zdGFja2dlbi5lbnYKY2F0IDw8ICdFT0YnID4gL2V0Yy9zdGFja2dlbi5lbnYKU1RBQ0tHRU5fVVJMPSJodHRwczovL3N0YWdlLmRldi5zdGFja2dlbi5jb20iClNUQUNLR0VOX1RPS0VOPXN0YWNrZ2VuX3kxM0l3cThQNFlQdXptYUFnbE1mZGlKMXE3Sk1LcFRsbkpEMgpSVU5ORVJfVE9LRU49InNnX2Fpb3NfY2JjOGFmNzYtOWMxNC00YTYzLThkMjEtMzQwOGU3NDVmZmJkIgoKRU9GCmNobW9kIDYwMCAvZXRjL3N0YWNrZ2VuLmVudgpjaG93biB1YnVudHU6dWJ1bnR1IC9ldGMvc3RhY2tnZW4uZW52CgojIExvYWQgdmFyaWFibGVzIGludG8gdWJ1bnR1J3MgcHJvZmlsZSBmb3IgaW50ZXJhY3RpdmUgc2Vzc2lvbnMKZWNobyAnc2V0IC1hOyBzb3VyY2UgL2V0Yy9zdGFja2dlbi5lbnY7IHNldCArYScgPj4gL2hvbWUvdWJ1bnR1Ly5wcm9maWxlCmVjaG8gJ3NldCAtYTsgc291cmNlIC9ldGMvc3RhY2tnZW4uZW52OyBzZXQgK2EnID4+IC9ob21lL3VidW50dS8uYmFzaHJjCgojIENyZWF0ZSB0aGUgQWlkZW4gUnVubmVyIHN5c3RlbWQgc2VydmljZQpjYXQgPDwgJ0VPRicgPiAvZXRjL3N5c3RlbWQvc3lzdGVtL2FpZGVuLXJ1bm5lci5zZXJ2aWNlCltVbml0XQpEZXNjcmlwdGlvbj1BaWRlbiBSdW5uZXIgU2VydmljZQpBZnRlcj1uZXR3b3JrLnRhcmdldAoKW1NlcnZpY2VdClR5cGU9c2ltcGxlClVzZXI9dWJ1bnR1CkVudmlyb25tZW50RmlsZT0vZXRjL3N0YWNrZ2VuLmVudgpFbnZpcm9ubWVudD0iUEFUSD0vaG9tZS9saW51eGJyZXcvLmxpbnV4YnJldy9iaW46L3Vzci9sb2NhbC9zYmluOi91c3IvbG9jYWwvYmluOi91c3Ivc2JpbjovdXNyL2Jpbjovc2JpbjovYmluIgpFeGVjU3RhcnQ9L2Jpbi9iYXNoIC1jICcvaG9tZS9saW51eGJyZXcvLmxpbnV4YnJldy9iaW4vYWlkZW4tcnVubmVyIHN0YXJ0IC0tcnVubmVyLXRva2VuICR7UlVOTkVSX1RPS0VOfSAtLW1vdGhlcnNoaXAgJHtTVEFDS0dFTl9VUkx9IC0tYXV0by1kaXNjb3ZlcicKUmVzdGFydD1vbi1mYWlsdXJlClJlc3RhcnRTZWM9NXMKCltJbnN0YWxsXQpXYW50ZWRCeT1tdWx0aS11c2VyLnRhcmdldApFT0YKCnN5c3RlbWN0bCBkYWVtb24tcmVsb2FkCnN5c3RlbWN0bCBlbmFibGUgYWlkZW4tcnVubmVyCnN5c3RlbWN0bCBzdGFydCBhaWRlbi1ydW5uZXIK",
            "user_data_replace_on_change": null,
            "volume_tags": null,
            "vpc_security_group_ids": [
              "sg-0999c1cfa9344bb06"
            ]
          },
          "sensitive_attributes": [],
          "private": "eyJzY2hlbWFfdmVyc2lvbiI6MX0=",
          "dependencies": [
            "aws_launch_template.lt_09941c90104dafb26",
            "aws_vpc.aws_aidevops_default_vpc",
            "aws_iam_policy.arn_aws_iam__180217099948_policy_api_suite_automation_policy",
            "aws_security_group.terraform_testing_env_sg",
            "aws_iam_instance_profile.terraform_testing_ssm_profile",
            "aws_key_pair.local_mac_ssh_key",
            "aws_subnet.ai_sre_demo_public_1"
          ]
        }
      ]
    },
    {
      "mode": "managed",
      "type": "aws_internet_gateway",
      "name": "ai_sre_demo",
      "provider": "provider[\"registry.terraform.io/hashicorp/aws\"]",
      "instances": [
        {
          "schema_version": 0,
          "attributes": {
            "arn": "arn:aws:ec2:us-west-2:180217099948:internet-gateway/igw-071833f3abb385c8e",
            "id": "igw-071833f3abb385c8e",
            "owner_id": "180217099948",
            "tags": {
              "DoNotDelete": "true",
              "Environment": "production",
              "ManagedBy": "terraform",
              "Name": "ai-sre-demo",
              "Project": "ai-sre-demo",
              "do-not-delete": "true",
              "donotdelete": "true"
            },
            "tags_all": {
              "DoNotDelete": "true",
              "Environment": "production",
              "ManagedBy": "terraform",
              "Name": "ai-sre-demo",
              "Project": "ai-sre-demo",
              "do-not-delete": "true",
              "donotdelete": "true"
            },
            "timeouts": null,
            "vpc_id": "vpc-08addde25db60cdd3"
          },
          "sensitive_attributes": [],
          "private": "eyJzY2hlbWFfdmVyc2lvbiI6MH0=",
          "dependencies": [
            "aws_vpc.ai_sre_demo",
            "aws_vpc.aws_aidevops_default_vpc",
            "aws_eks_cluster.ai_sre_demo",
            "aws_sns_topic_policy.arn_aws_sns_us_west_2_180217099948_retroboard_alerts",
            "aws_lambda_function.retroboard_slack_alerts"
          ]
        }
      ]
    },
    {
      "mode": "managed",
      "type": "aws_internet_gateway",
      "name": "aws_aidevops_igw",
      "provider": "provider[\"registry.terraform.io/hashicorp/aws\"]",
      "instances": [
        {
          "schema_version": 0,
          "attributes": {
            "arn": "arn:aws:ec2:us-west-2:180217099948:internet-gateway/igw-0b2a31e01de323c10",
            "id": "igw-0b2a31e01de323c10",
            "owner_id": "180217099948",
            "tags": {
              "Name": "AWS-AIDevOps-IGW"
            },
            "tags_all": {
              "Name": "AWS-AIDevOps-IGW"
            },
            "timeouts": null,
            "vpc_id": "vpc-03aecb1e85e749ec9"
          },
          "sensitive_attributes": [],
          "private": "eyJzY2hlbWFfdmVyc2lvbiI6MH0=",
          "dependencies": [
            "aws_launch_template.lt_09941c90104dafb26",
            "aws_vpc.aws_aidevops_default_vpc",
            "aws_sns_topic_policy.arn_aws_sns_us_west_2_180217099948_retroboard_alerts"
          ]
        }
      ]
    },
    {
      "mode": "managed",
      "type": "aws_internet_gateway",
      "name": "main_igw",
      "provider": "provider[\"registry.terraform.io/hashicorp/aws\"]",
      "instances": [
        {
          "schema_version": 0,
          "attributes": {
            "arn": "arn:aws:ec2:us-west-2:180217099948:internet-gateway/igw-02c1ecab69a1c2a3b",
            "id": "igw-02c1ecab69a1c2a3b",
            "owner_id": "180217099948",
            "tags": {
              "Name": "main-igw"
            },
            "tags_all": {
              "Name": "main-igw"
            },
            "timeouts": null,
            "vpc_id": "vpc-06cab6363775ce4b0"
          },
          "sensitive_attributes": [],
          "private": "eyJzY2hlbWFfdmVyc2lvbiI6MH0=",
          "dependencies": [
            "aws_launch_template.lt_09941c90104dafb26",
            "aws_vpc.vpc_06cab6363775ce4b0",
            "aws_sns_topic_policy.arn_aws_sns_us_west_2_180217099948_retroboard_alerts"
          ]
        }
      ]
    },
    {
      "mode": "managed",
      "type": "aws_internet_gateway",
      "name": "workshop_igw",
      "provider": "provider[\"registry.terraform.io/hashicorp/aws\"]",
      "instances": [
        {
          "schema_version": 0,
          "attributes": {
            "arn": "arn:aws:ec2:us-west-2:180217099948:internet-gateway/igw-0fc548dd23a66c623",
            "id": "igw-0fc548dd23a66c623",
            "owner_id": "180217099948",
            "tags": {
              "Component": "network",
              "ManagedBy": "Terraform",
              "Name": "workshop-igw",
              "Project": "workshop",
              "do-not-delete": "true"
            },
            "tags_all": {
              "Component": "network",
              "ManagedBy": "Terraform",
              "Name": "workshop-igw",
              "Project": "workshop",
              "do-not-delete": "true"
            },
            "timeouts": null,
            "vpc_id": ""
          },
          "sensitive_attributes": [],
          "private": "eyJzY2hlbWFfdmVyc2lvbiI6MH0=",
          "dependencies": [
            "aws_vpc.aws_aidevops_default_vpc",
            "aws_sns_topic_policy.arn_aws_sns_us_west_2_180217099948_retroboard_alerts"
          ]
        }
      ]
    },
    {
      "mode": "managed",
      "type": "aws_key_pair",
      "name": "aws_aidevops_test_key",
      "provider": "provider[\"registry.terraform.io/hashicorp/aws\"]",
      "instances": [
        {
          "schema_version": 1,
          "attributes": {
            "arn": "arn:aws:ec2:us-west-2:180217099948:key-pair/AWS-AIDevOps-test-key",
            "fingerprint": "65:74:ec:bf:15:49:08:40:94:67:4a:c1:63:93:c8:19:0f:79:49:6a",
            "id": "AWS-AIDevOps-test-key",
            "key_name": "AWS-AIDevOps-test-key",
            "key_name_prefix": "",
            "key_pair_id": "key-04ac5177a5382510b",
            "key_type": "rsa",
            "public_key": null,
            "tags": {
              "Name": "AWS-AIDevOps-Test-Key",
              "Purpose": "AWS-AIDevOps-Testing"
            },
            "tags_all": {
              "Name": "AWS-AIDevOps-Test-Key",
              "Purpose": "AWS-AIDevOps-Testing"
            }
          },
          "sensitive_attributes": [],
          "private": "eyJzY2hlbWFfdmVyc2lvbiI6MX0="
        }
      ]
    },
    {
      "mode": "managed",
      "type": "aws_key_pair",
      "name": "local_mac_ssh_key",
      "provider": "provider[\"registry.terraform.io/hashicorp/aws\"]",
      "instances": [
        {
          "schema_version": 1,
          "attributes": {
            "arn": "arn:aws:ec2:us-west-2:180217099948:key-pair/local-mac-ssh-key",
            "fingerprint": "71:bc:ee:6e:ec:c3:74:ef:ae:5c:ae:6d:5d:22:7b:8d",
            "id": "local-mac-ssh-key",
            "key_name": "local-mac-ssh-key",
            "key_name_prefix": "",
            "key_pair_id": "key-0ee7ae6e7210e4a41",
            "key_type": "rsa",
            "public_key": null,
            "tags": {},
            "tags_all": {}
          },
          "sensitive_attributes": [],
          "private": "eyJzY2hlbWFfdmVyc2lvbiI6MX0=",
          "dependencies": [
            "aws_iam_policy.arn_aws_iam__180217099948_policy_api_suite_automation_policy"
          ]
        }
      ]
    },
    {
      "mode": "managed",
      "type": "aws_lambda_function",
      "name": "hello_kitty_serve",
      "provider": "provider[\"registry.terraform.io/hashicorp/aws\"]",
      "instances": [
        {
          "schema_version": 0,
          "attributes": {
            "architectures": [
              "x86_64"
            ],
            "arn": "arn:aws:lambda:us-west-2:180217099948:function:hello-kitty-serve",
            "code_sha256": "UkBz4gSAxbhmEZEtZL4JJMrE2dW3NKVp6QfwBk+f/Yc=",
            "code_signing_config_arn": "",
            "dead_letter_config": [],
            "description": "Hello Kitty image server",
            "environment": [
              {
                "variables": {
                  "IMAGES_BUCKET": "hello-kitty-images-renewing-alpaca"
                }
              }
            ],
            "ephemeral_storage": [
              {
                "size": 512
              }
            ],
            "file_system_config": [],
            "filename": null,
            "function_name": "hello-kitty-serve",
            "handler": "main.lambda_handler",
            "id": "hello-kitty-serve",
            "image_config": [],
            "image_uri": "",
            "invoke_arn": "arn:aws:apigateway:us-west-2:lambda:path/2015-03-31/functions/arn:aws:lambda:us-west-2:180217099948:function:hello-kitty-serve/invocations",
            "kms_key_arn": "",
            "last_modified": "2024-08-23T03:23:03.046+0000",
            "layers": [],
            "logging_config": [
              {
                "application_log_level": "",
                "log_format": "Text",
                "log_group": "/aws/lambda/hello-kitty-serve",
                "system_log_level": ""
              }
            ],
            "memory_size": 128,
            "package_type": "Zip",
            "publish": null,
            "qualified_arn": "arn:aws:lambda:us-west-2:180217099948:function:hello-kitty-serve:$LATEST",
            "qualified_invoke_arn": "arn:aws:apigateway:us-west-2:lambda:path/2015-03-31/functions/arn:aws:lambda:us-west-2:180217099948:function:hello-kitty-serve:$LATEST/invocations",
            "replace_security_groups_on_destroy": null,
            "replacement_security_group_ids": null,
            "reserved_concurrent_executions": -1,
            "role": "arn:aws:iam::180217099948:role/hello-kitty-serve",
            "runtime": "python3.8",
            "s3_bucket": null,
            "s3_key": null,
            "s3_object_version": null,
            "signing_job_arn": "",
            "signing_profile_version_arn": "",
            "skip_destroy": false,
            "snap_start": [],
            "source_code_hash": "",
            "source_code_size": 918,
            "tags": {
              "Application": "hello-kitty",
              "Environment": "demo",
              "Repository": "sample-apps-infra",
              "Terraform": "true"
            },
            "tags_all": {
              "Application": "hello-kitty",
              "Environment": "demo",
              "Repository": "sample-apps-infra",
              "Terraform": "true"
            },
            "timeout": 3,
            "timeouts": null,
            "tracing_config": [
              {
                "mode": "PassThrough"
              }
            ],
            "version": "$LATEST",
            "vpc_config": []
          },
          "sensitive_attributes": [],
          "private": "eyJzY2hlbWFfdmVyc2lvbiI6MH0=",
          "dependencies": [
            "aws_vpc.aws_aidevops_default_vpc",
            "aws_iam_policy.arn_aws_iam__180217099948_policy_api_suite_automation_policy",
            "aws_cloudwatch_log_group._aws_lambda_hello_kitty_serve",
            "aws_launch_template.lt_09941c90104dafb26",
            "aws_s3_bucket.hello_kitty_images_renewing_alpaca"
          ]
        }
      ]
    },
    {
      "mode": "managed",
      "type": "aws_lambda_function",
      "name": "retroboard_send_email",
      "provider": "provider[\"registry.terraform.io/hashicorp/aws\"]",
      "instances": [
        {
          "schema_version": 0,
          "attributes": {
            "architectures": [
              "x86_64"
            ],
            "arn": "arn:aws:lambda:us-west-2:180217099948:function:retroboard-send-email",
            "code_sha256": "2mTqDrFtKwrarX4P64h09DN+ROtbmNudr6h8GQBa/zU=",
            "code_signing_config_arn": "",
            "dead_letter_config": [],
            "description": "send email with ses, read email content from sqs messages",
            "environment": [
              {
                "variables": {
                  "SES_SENDER_EMAIL_ADDRESS": "notifications+demo@stackgen.com"
                }
              }
            ],
            "ephemeral_storage": [
              {
                "size": 512
              }
            ],
            "file_system_config": [],
            "filename": null,
            "function_name": "retroboard-send-email",
            "handler": "main.lambda_handler",
            "id": "retroboard-send-email",
            "image_config": [],
            "image_uri": "",
            "invoke_arn": "arn:aws:apigateway:us-west-2:lambda:path/2015-03-31/functions/arn:aws:lambda:us-west-2:180217099948:function:retroboard-send-email/invocations",
            "kms_key_arn": "",
            "last_modified": "2025-01-14T08:20:37.000+0000",
            "layers": [],
            "logging_config": [
              {
                "application_log_level": "",
                "log_format": "Text",
                "log_group": "/aws/lambda/retroboard-send-email",
                "system_log_level": ""
              }
            ],
            "memory_size": 128,
            "package_type": "Zip",
            "publish": null,
            "qualified_arn": "arn:aws:lambda:us-west-2:180217099948:function:retroboard-send-email:22",
            "qualified_invoke_arn": "arn:aws:apigateway:us-west-2:lambda:path/2015-03-31/functions/arn:aws:lambda:us-west-2:180217099948:function:retroboard-send-email:22/invocations",
            "replace_security_groups_on_destroy": null,
            "replacement_security_group_ids": null,
            "reserved_concurrent_executions": -1,
            "role": "arn:aws:iam::180217099948:role/retroboard-send-email",
            "runtime": "python3.8",
            "s3_bucket": null,
            "s3_key": null,
            "s3_object_version": null,
            "signing_job_arn": "",
            "signing_profile_version_arn": "",
            "skip_destroy": false,
            "snap_start": [],
            "source_code_hash": "",
            "source_code_size": 562,
            "tags": {
              "Application": "retroboard",
              "Environment": "sandbox",
              "Repository": "infra",
              "Terraform": "true",
              "terraform-aws-modules": "lambda"
            },
            "tags_all": {
              "Application": "retroboard",
              "Environment": "sandbox",
              "Repository": "infra",
              "Terraform": "true",
              "terraform-aws-modules": "lambda"
            },
            "timeout": 3,
            "timeouts": null,
            "tracing_config": [
              {
                "mode": "PassThrough"
              }
            ],
            "version": "22",
            "vpc_config": []
          },
          "sensitive_attributes": [],
          "private": "eyJzY2hlbWFfdmVyc2lvbiI6MH0=",
          "dependencies": [
            "aws_cloudwatch_log_group._aws_lambda_retroboard_send_email",
            "aws_iam_policy.arn_aws_iam__180217099948_policy_api_suite_automation_policy",
            "aws_vpc.aws_aidevops_default_vpc",
            "aws_launch_template.lt_09941c90104dafb26"
          ]
        }
      ]
    },
    {
      "mode": "managed",
      "type": "aws_lambda_function",
      "name": "retroboard_slack_alerts",
      "provider": "provider[\"registry.terraform.io/hashicorp/aws\"]",
      "instances": [
        {
          "schema_version": 0,
          "attributes": {
            "architectures": [
              "arm64"
            ],
            "arn": "arn:aws:lambda:us-west-2:180217099948:function:retroboard-slack-alerts",
            "code_sha256": "HQ+M6vRboOSlkp38J6bDBpojtSjM9I1i2s2TTvnJpfE=",
            "code_signing_config_arn": "",
            "dead_letter_config": [],
            "description": "send slack alerts for retroboard",
            "environment": [
              {
                "variables": {
                  "SLACK_WEBHOOK_URL": "https://hooks.slack.com/services/REDACTED"
                }
              }
            ],
            "ephemeral_storage": [
              {
                "size": 512
              }
            ],
            "file_system_config": [],
            "filename": null,
            "function_name": "retroboard-slack-alerts",
            "handler": "main.lambda_handler",
            "id": "retroboard-slack-alerts",
            "image_config": [],
            "image_uri": "",
            "invoke_arn": "arn:aws:apigateway:us-west-2:lambda:path/2015-03-31/functions/arn:aws:lambda:us-west-2:180217099948:function:retroboard-slack-alerts/invocations",
            "kms_key_arn": "",
            "last_modified": "2025-01-14T08:20:46.000+0000",
            "layers": [],
            "logging_config": [
              {
                "application_log_level": "",
                "log_format": "Text",
                "log_group": "/aws/lambda/retroboard-slack-alerts",
                "system_log_level": ""
              }
            ],
            "memory_size": 128,
            "package_type": "Zip",
            "publish": null,
            "qualified_arn": "arn:aws:lambda:us-west-2:180217099948:function:retroboard-slack-alerts:7",
            "qualified_invoke_arn": "arn:aws:apigateway:us-west-2:lambda:path/2015-03-31/functions/arn:aws:lambda:us-west-2:180217099948:function:retroboard-slack-alerts:7/invocations",
            "replace_security_groups_on_destroy": null,
            "replacement_security_group_ids": null,
            "reserved_concurrent_executions": -1,
            "role": "arn:aws:iam::180217099948:role/retroboard-slack-alerts",
            "runtime": "python3.8",
            "s3_bucket": null,
            "s3_key": null,
            "s3_object_version": null,
            "signing_job_arn": "",
            "signing_profile_version_arn": "",
            "skip_destroy": false,
            "snap_start": [],
            "source_code_hash": "",
            "source_code_size": 391,
            "tags": {
              "Application": "retroboard",
              "Environment": "sandbox",
              "Repository": "infra",
              "Terraform": "true",
              "terraform-aws-modules": "lambda"
            },
            "tags_all": {
              "Application": "retroboard",
              "Environment": "sandbox",
              "Repository": "infra",
              "Terraform": "true",
              "terraform-aws-modules": "lambda"
            },
            "timeout": 3,
            "timeouts": null,
            "tracing_config": [
              {
                "mode": "PassThrough"
              }
            ],
            "version": "7",
            "vpc_config": []
          },
          "sensitive_attributes": [],
          "private": "eyJzY2hlbWFfdmVyc2lvbiI6MH0=",
          "dependencies": [
            "aws_iam_role.retroboard_slack_alerts",
            "aws_launch_template.lt_09941c90104dafb26",
            "aws_iam_policy.arn_aws_iam__180217099948_policy_api_suite_automation_policy",
            "aws_vpc.aws_aidevops_default_vpc"
          ]
        }
      ]
    },
    {
      "mode": "managed",
      "type": "aws_lambda_function",
      "name": "workshop_my_lambda",
      "provider": "provider[\"registry.terraform.io/hashicorp/aws\"]",
      "instances": [
        {
          "schema_version": 0,
          "attributes": {
            "architectures": [
              "x86_64"
            ],
            "arn": "arn:aws:lambda:us-west-2:180217099948:function:workshop-my-lambda",
            "code_sha256": "VwfhuFbv2emfskHfIGTaCsCQulMS41tHWHkKcmMucRE=",
            "code_signing_config_arn": "arn:aws:lambda:us-west-2:180217099948:code-signing-config:csc-0ef435a5a9bb64a75",
            "dead_letter_config": [],
            "description": "",
            "environment": [],
            "ephemeral_storage": [
              {
                "size": 512
              }
            ],
            "file_system_config": [],
            "filename": null,
            "function_name": "workshop-my-lambda",
            "handler": "index.handler",
            "id": "workshop-my-lambda",
            "image_config": [],
            "image_uri": "",
            "invoke_arn": "arn:aws:apigateway:us-west-2:lambda:path/2015-03-31/functions/arn:aws:lambda:us-west-2:180217099948:function:workshop-my-lambda/invocations",
            "kms_key_arn": "",
            "last_modified": "2025-06-29T18:27:24.130+0000",
            "layers": [],
            "logging_config": [
              {
                "application_log_level": "",
                "log_format": "Text",
                "log_group": "/aws/lambda/workshop-my-lambda",
                "system_log_level": ""
              }
            ],
            "memory_size": 128,
            "package_type": "Zip",
            "publish": null,
            "qualified_arn": "arn:aws:lambda:us-west-2:180217099948:function:workshop-my-lambda:$LATEST",
            "qualified_invoke_arn": "arn:aws:apigateway:us-west-2:lambda:path/2015-03-31/functions/arn:aws:lambda:us-west-2:180217099948:function:workshop-my-lambda:$LATEST/invocations",
            "replace_security_groups_on_destroy": null,
            "replacement_security_group_ids": null,
            "reserved_concurrent_executions": -1,
            "role": "arn:aws:iam::180217099948:role/workshop-my-lambda-exec-role",
            "runtime": "nodejs18.x",
            "s3_bucket": null,
            "s3_key": null,
            "s3_object_version": null,
            "signing_job_arn": "",
            "signing_profile_version_arn": "",
            "skip_destroy": false,
            "snap_start": [],
            "source_code_hash": "",
            "source_code_size": 917,
            "tags": {
              "Component": "application",
              "ManagedBy": "Terraform",
              "Name": "workshop-my-lambda",
              "Project": "workshop",
              "do-not-delete": "true"
            },
            "tags_all": {
              "Component": "application",
              "ManagedBy": "Terraform",
              "Name": "workshop-my-lambda",
              "Project": "workshop",
              "do-not-delete": "true"
            },
            "timeout": 3,
            "timeouts": null,
            "tracing_config": [
              {
                "mode": "PassThrough"
              }
            ],
            "version": "$LATEST",
            "vpc_config": [
              {
                "ipv6_allowed_for_dual_stack": false,
                "security_group_ids": [
                  "sg-0196611e7b8d2f201"
                ],
                "subnet_ids": [
                  "subnet-037673c4c5b34bc86",
                  "subnet-085a48c6f602378d4"
                ],
                "vpc_id": "vpc-02814c9f8a44aee3d"
              }
            ]
          },
          "sensitive_attributes": [],
          "private": "eyJzY2hlbWFfdmVyc2lvbiI6MH0=",
          "dependencies": [
            "aws_security_group.workshop_lambda_sg",
            "aws_iam_role.workshop_my_lambda_exec_role",
            "aws_launch_template.lt_09941c90104dafb26",
            "aws_vpc.workshop_vpc",
            "aws_iam_policy.arn_aws_iam__180217099948_policy_api_suite_automation_policy",
            "aws_vpc.aws_aidevops_default_vpc",
            "aws_subnet.workshop_public_subnet_1",
            "aws_subnet.workshop_public_subnet_2"
          ]
        }
      ]
    },
    {
      "mode": "managed",
      "type": "aws_launch_template",
      "name": "lt_09941c90104dafb26",
      "provider": "provider[\"registry.terraform.io/hashicorp/aws\"]",
      "instances": [
        {
          "schema_version": 0,
          "attributes": {
            "arn": "arn:aws:ec2:us-west-2:180217099948:launch-template/lt-09941c90104dafb26",
            "block_device_mappings": [
              {
                "device_name": "/dev/xvda",
                "ebs": [
                  {
                    "delete_on_termination": "true",
                    "encrypted": "",
                    "iops": 0,
                    "kms_key_id": "",
                    "snapshot_id": "",
                    "throughput": 0,
                    "volume_size": 30,
                    "volume_type": "gp3"
                  }
                ],
                "no_device": "",
                "virtual_name": ""
              }
            ],
            "capacity_reservation_specification": [],
            "cpu_options": [],
            "credit_specification": [],
            "default_version": 1,
            "description": "",
            "disable_api_stop": false,
            "disable_api_termination": false,
            "ebs_optimized": "",
            "elastic_gpu_specifications": [],
            "elastic_inference_accelerator": [],
            "enclave_options": [],
            "hibernation_options": [],
            "iam_instance_profile": [
              {
                "arn": "",
                "name": "eks-56cf3349-5bb2-9022-4bef-e20e7db46f38"
              }
            ],
            "id": "lt-09941c90104dafb26",
            "image_id": "ami-0d147d36f1041e1ac",
            "instance_initiated_shutdown_behavior": "",
            "instance_market_options": [],
            "instance_requirements": [],
            "instance_type": "t3.medium",
            "kernel_id": "",
            "key_name": "",
            "latest_version": 1,
            "license_specification": [],
            "maintenance_options": [],
            "metadata_options": [
              {
                "http_endpoint": "",
                "http_protocol_ipv6": "",
                "http_put_response_hop_limit": 1,
                "http_tokens": "required",
                "instance_metadata_tags": "disabled"
              }
            ],
            "monitoring": [],
            "name": "eks-56cf3349-5bb2-9022-4bef-e20e7db46f38",
            "name_prefix": "",
            "network_interfaces": [
              {
                "associate_carrier_ip_address": "",
                "associate_public_ip_address": "",
                "connection_tracking_specification": [],
                "delete_on_termination": "",
                "description": "",
                "device_index": 0,
                "interface_type": "",
                "ipv4_address_count": 0,
                "ipv4_addresses": [],
                "ipv4_prefix_count": 0,
                "ipv4_prefixes": [],
                "ipv6_address_count": 0,
                "ipv6_addresses": [],
                "ipv6_prefix_count": 0,
                "ipv6_prefixes": [],
                "network_card_index": 0,
                "network_interface_id": "",
                "primary_ipv6": "",
                "private_ip_address": "",
                "security_groups": [
                  "sg-089d2e112f21c23e9"
                ],
                "subnet_id": ""
              }
            ],
            "placement": [],
            "private_dns_name_options": [],
            "ram_disk_id": "",
            "security_group_names": [],
            "tag_specifications": [],
            "tags": {
              "eks:cluster-name": "ai-sre-demo",
              "eks:nodegroup-name": "ai-sre-demo-nodes"
            },
            "tags_all": {
              "eks:cluster-name": "ai-sre-demo",
              "eks:nodegroup-name": "ai-sre-demo-nodes"
            },
            "update_default_version": null,
            "user_data": "TUlNRS1WZXJzaW9uOiAxLjAKQ29udGVudC1UeXBlOiBtdWx0aXBhcnQvbWl4ZWQ7IGJvdW5kYXJ5PSIvLyIKCi0tLy8KQ29udGVudC1UeXBlOiBhcHBsaWNhdGlvbi9ub2RlLmVrcy5hd3MKCi0tLQphcGlWZXJzaW9uOiBub2RlLmVrcy5hd3MvdjFhbHBoYTEKa2luZDogTm9kZUNvbmZpZwpzcGVjOgogIGNsdXN0ZXI6CiAgICBhcGlTZXJ2ZXJFbmRwb2ludDogaHR0cHM6Ly8xRTRFMEI4MDk3N0E5NUFGMDk1N0UzODA2QTJCOEM5Ri5ncjcudXMtd2VzdC0yLmVrcy5hbWF6b25hd3MuY29tCiAgICBjZXJ0aWZpY2F0ZUF1dGhvcml0eTogTFMwdExTMUNSVWRKVGlCRFJWSlVTVVpKUTBGVVJTMHRMUzB0Q2sxSlNVUkNWRU5EUVdVeVowRjNTVUpCWjBsSlUzWTJSRVozZFhKd1lsVjNSRkZaU2t0dldrbG9kbU5PUVZGRlRFSlJRWGRHVkVWVVRVSkZSMEV4VlVVS1FYaE5TMkV6Vm1sYVdFcDFXbGhTYkdONlFXVkdkekI1VG1wQk1FMXFVWGhPZWtsNFRXcFNZVVozTUhwT2FrRXdUV3BGZUU1NlNUSk5hbEpoVFVKVmVBcEZla0ZTUW1kT1ZrSkJUVlJEYlhReFdXMVdlV0p0VmpCYVdFMTNaMmRGYVUxQk1FZERVM0ZIVTBsaU0wUlJSVUpCVVZWQlFUUkpRa1IzUVhkblowVkxDa0Z2U1VKQlVVTjFXV2xrVG5wallVMUVaV1l6ZEV0RFlVRTVablp2TWxnNE1uVlpRVmt5Ykc4M1NITlRZVlpZVXk5b1RITnVXRk5xWm1RMFdVcGliVzRLTm5od2JrODVNMXAwUWtwaVoxQjZPRkJZVFVSMllreFVUbGs1YUZvclprWk1jblZEYldOak1tSXZjVkYwZHpOelpVWjZNREIyUzNwNk4wdGthSFF3ZGdwWlNrNHdkbmxIWlhaNGNXOXFRVk5qYkVReU5taGhhMVJoWjFrMVIyRnhNamx3VVRNMllqQlBPVlYyTW1GRWR6UmtTbVJVZFVSTVR6bERSV2xoVW1aRENtdFdkMUp3UzJ4UWVqTXdkVGgwUlhkYVlYQjJlblZCTlVjNFNVcFBUMk5FYWxsUmVXRTRhWFZ4TlVsTk5TdFlPRWcwY1doUFdHVTBURFprT0hKbGMzVUtNMmcxYzBkSVJEZzNiMGcyZFZwNmNWUk5WRFJaUldnd1pta3JWMWcxZEZGUVdqQkVNVzlIZUdWVmNVTk9UR1JuYVhnME1GQm9Ra3M1YjFBNU56RmliQXBHTWt0alEwWkJTRmhLTWtZd1dEaFFlRU4xV2poUFl6QjRRWG8zUVdkTlFrRkJSMnBYVkVKWVRVRTBSMEV4VldSRWQwVkNMM2RSUlVGM1NVTndSRUZRQ2tKblRsWklVazFDUVdZNFJVSlVRVVJCVVVndlRVSXdSMEV4VldSRVoxRlhRa0pSYjFZemNrNU1VVGxRU1VkSEx6QXdUV2hWUldzelJpczNabFZVUVZZS1FtZE9Wa2hTUlVWRWFrRk5aMmR3Y21SWFNteGpiVFZzWkVkV2VrMUJNRWREVTNGSFUwbGlNMFJSUlVKRGQxVkJRVFJKUWtGUlEwTXdVR3BpVVdGclFnbzRSRU5WT0U5SFZFSjBRMjFVVHpKUmVqRnZSMDUwVkRKTU1XeDJaeXRJTW1WcFRVMXpORVZsU0ZCS04yTXlaWE42VWpSM1IzbHRiR0pwZURaemNtMXVDbkJ2Wm1aeVNVSk9WRzFMTW1wWlJ6WTVObXBtYjJaeGRraG5ibWh3V0ZJeVNuUkJVMXBPTjNCcVJDOVljakl3YzFCR01pdENaR1F4YjAweGQwWnRWMk1LY1RWUmFuaHdSMkZDT1dkTWRHTm9WVVJNVTJwUmMzQmFXbUZWVjB3d2VVWktZa3B2T0RkRlFXeG9WRXd6YW5kelZrbFBLMU53VUN0TmNuUnhkR2gxYmdwTVVWbHNMMDlhYzJzNVkxcE1UbkpMVDJ0NE5rWldSbFpuVlVScGJsQldjeTh2V0ZsUFltTlRaMUI1TjJabE9FTmtXa1ZEY0cxNlNXaEpVVVJyZG14bUNqVkhWM0I0WVRKc1EybGFVMGRFUTBGQ1VFOXhkSGhhU1hsVmVqTXZUMGxQYkc1WGFVRnpLM0ZyVG1kSWNtNWtXR0ZoUkZadE1pODRaRnBTVkZSR1MyOEtTRFZ6TVVkWVV6a3dla1ZTQ2kwdExTMHRSVTVFSUVORlVsUkpSa2xEUVZSRkxTMHRMUzBLCiAgICBjaWRyOiAxNzIuMjAuMC4wLzE2CiAgICBuYW1lOiBhaS1zcmUtZGVtbwogIGt1YmVsZXQ6CiAgICBjb25maWc6CiAgICAgIG1heFBvZHM6IDE3CiAgICAgIGNsdXN0ZXJETlM6CiAgICAgIC0gMTcyLjIwLjAuMTAKICAgIGZsYWdzOgogICAgLSAiLS1ub2RlLWxhYmVscz1la3MuYW1hem9uYXdzLmNvbS9ub2RlZ3JvdXAtaW1hZ2U9YW1pLTBkMTQ3ZDM2ZjEwNDFlMWFjLGVrcy5hbWF6b25hd3MuY29tL2NhcGFjaXR5VHlwZT1PTl9ERU1BTkQsZWtzLmFtYXpvbmF3cy5jb20vbm9kZWdyb3VwPWFpLXNyZS1kZW1vLW5vZGVzIgoKLS0vLy0t",
            "vpc_security_group_ids": []
          },
          "sensitive_attributes": [],
          "private": "eyJzY2hlbWFfdmVyc2lvbiI6MH0=",
          "dependencies": [
            "aws_iam_instance_profile.eks_56cf3349_5bb2_9022_4bef_e20e7db46f38",
            "aws_iam_policy.arn_aws_iam__180217099948_policy_api_suite_automation_policy"
          ]
        }
      ]
    },
    {
      "mode": "managed",
      "type": "aws_nat_gateway",
      "name": "ai_sre_demo",
      "provider": "provider[\"registry.terraform.io/hashicorp/aws\"]",
      "instances": [
        {
          "schema_version": 0,
          "attributes": {
            "allocation_id": "eipalloc-02bb3ee0009a3b005",
            "association_id": "eipassoc-09c2233595bb19e9f",
            "connectivity_type": "public",
            "id": "nat-0004e04fd70cbfdc9",
            "network_interface_id": "eni-0808e3d65b01dcbbb",
            "private_ip": "10.0.0.244",
            "public_ip": "52.38.172.245",
            "secondary_allocation_ids": [],
            "secondary_private_ip_address_count": 0,
            "secondary_private_ip_addresses": [],
            "subnet_id": "subnet-065df000346eca07d",
            "tags": {
              "DoNotDelete": "true",
              "Environment": "production",
              "ManagedBy": "terraform",
              "Name": "ai-sre-demo",
              "Project": "ai-sre-demo",
              "do-not-delete": "true",
              "donotdelete": "true"
            },
            "tags_all": {
              "DoNotDelete": "true",
              "Environment": "production",
              "ManagedBy": "terraform",
              "Name": "ai-sre-demo",
              "Project": "ai-sre-demo",
              "do-not-delete": "true",
              "donotdelete": "true"
            },
            "timeouts": null
          },
          "sensitive_attributes": [],
          "private": "eyJzY2hlbWFfdmVyc2lvbiI6MH0=",
          "dependencies": [
            "aws_vpc.aws_aidevops_default_vpc",
            "aws_eip.ai_sre_demo_nat",
            "aws_iam_policy.arn_aws_iam__180217099948_policy_api_suite_automation_policy",
            "aws_subnet.ai_sre_demo_public_0",
            "aws_eks_cluster.ai_sre_demo",
            "aws_lambda_function.retroboard_slack_alerts"
          ]
        }
      ]
    },
    {
      "mode": "managed",
      "type": "aws_rds_global_cluster",
      "name": "my_global_cluster",
      "provider": "provider[\"registry.terraform.io/hashicorp/aws\"]",
      "instances": [
        {
          "schema_version": 0,
          "attributes": {
            "arn": "arn:aws:rds::180217099948:global-cluster:my-global-cluster",
            "database_name": "",
            "deletion_protection": false,
            "endpoint": "my-global-cluster.global-g4xs6btbudy8.global.rds.amazonaws.com",
            "engine": "aurora-mysql",
            "engine_lifecycle_support": "open-source-rds-extended-support",
            "engine_version": "8.0.mysql_aurora.3.04.0",
            "engine_version_actual": "8.0.mysql_aurora.3.04.0",
            "force_destroy": null,
            "global_cluster_identifier": "my-global-cluster",
            "global_cluster_members": [],
            "global_cluster_resource_id": "cluster-be3f28e2091157c7",
            "id": "my-global-cluster",
            "source_db_cluster_identifier": null,
            "storage_encrypted": true,
            "tags": {},
            "tags_all": {},
            "timeouts": null
          },
          "sensitive_attributes": [],
          "private": "eyJzY2hlbWFfdmVyc2lvbiI6MH0=",
          "dependencies": [
            "aws_vpc.aws_aidevops_default_vpc",
            "aws_iam_policy.arn_aws_iam__180217099948_policy_api_suite_automation_policy"
          ]
        }
      ]
    },
    {
      "mode": "managed",
      "type": "aws_route53_delegation_set",
      "name": "_delegationset_n063972335eghkjkdp6mr",
      "provider": "provider[\"registry.terraform.io/hashicorp/aws\"]",
      "instances": [
        {
          "schema_version": 0,
          "attributes": {
            "arn": "arn:aws:route53:::delegationset//delegationset/N063972335EGHKJKDP6MR",
            "id": "/delegationset/N063972335EGHKJKDP6MR",
            "name_servers": [
              "ns-1301.awsdns-34.org",
              "ns-1988.awsdns-56.co.uk",
              "ns-8.awsdns-01.com",
              "ns-724.awsdns-26.net"
            ],
            "reference_name": null
          },
          "sensitive_attributes": [],
          "private": "eyJzY2hlbWFfdmVyc2lvbiI6MH0="
        }
      ]
    },
    {
      "mode": "managed",
      "type": "aws_route53_record",
      "name": "_hostedzone_z0666492yr9b6f8pg8u4__56fb46583cf7cdf49425da762ad7c90d_terminal_demo_stackgen_com__cname",
      "provider": "provider[\"registry.terraform.io/hashicorp/aws\"]",
      "instances": [
        {
          "schema_version": 2,
          "attributes": {
            "alias": [],
            "allow_overwrite": null,
            "cidr_routing_policy": [],
            "failover_routing_policy": [],
            "fqdn": "_56fb46583cf7cdf49425da762ad7c90d.terminal.demo.stackgen.com",
            "geolocation_routing_policy": [],
            "geoproximity_routing_policy": [],
            "health_check_id": "",
            "id": "/hostedzone/Z0666492YR9B6F8PG8U4__56fb46583cf7cdf49425da762ad7c90d.terminal.demo.stackgen.com._CNAME",
            "latency_routing_policy": [],
            "multivalue_answer_routing_policy": false,
            "name": "_56fb46583cf7cdf49425da762ad7c90d.terminal.demo.stackgen.com",
            "records": [
              "_deacdf8a066376154cc1f9df44a97c24.xlfgrmvvlj.acm-validations.aws."
            ],
            "set_identifier": "",
            "ttl": 60,
            "type": "CNAME",
            "weighted_routing_policy": [],
            "zone_id": "/hostedzone/Z0666492YR9B6F8PG8U4"
          },
          "sensitive_attributes": [],
          "private": "eyJzY2hlbWFfdmVyc2lvbiI6Mn0=",
          "dependencies": [
            "aws_launch_template.lt_09941c90104dafb26",
            "aws_route53_zone._hostedzone_z0666492yr9b6f8pg8u4",
            "aws_iam_policy.arn_aws_iam__180217099948_policy_api_suite_automation_policy",
            "aws_vpc.aws_aidevops_default_vpc"
          ]
        }
      ]
    },
    {
      "mode": "managed",
      "type": "aws_route53_record",
      "name": "_hostedzone_z0666492yr9b6f8pg8u4__9e222e2e253629332c2c4e27bfa85b75_demo_stackgen_com__cname",
      "provider": "provider[\"registry.terraform.io/hashicorp/aws\"]",
      "instances": [
        {
          "schema_version": 2,
          "attributes": {
            "alias": [],
            "allow_overwrite": null,
            "cidr_routing_policy": [],
            "failover_routing_policy": [],
            "fqdn": "_9e222e2e253629332c2c4e27bfa85b75.demo.stackgen.com",
            "geolocation_routing_policy": [],
            "geoproximity_routing_policy": [],
            "health_check_id": "",
            "id": "/hostedzone/Z0666492YR9B6F8PG8U4__9e222e2e253629332c2c4e27bfa85b75.demo.stackgen.com._CNAME",
            "latency_routing_policy": [],
            "multivalue_answer_routing_policy": false,
            "name": "_9e222e2e253629332c2c4e27bfa85b75.demo.stackgen.com",
            "records": [
              "_433eca41424c3a1f6dbfb93f86bb8379.djqtsrsxkq.acm-validations.aws."
            ],
            "set_identifier": "",
            "ttl": 300,
            "type": "CNAME",
            "weighted_routing_policy": [],
            "zone_id": "/hostedzone/Z0666492YR9B6F8PG8U4"
          },
          "sensitive_attributes": [],
          "private": "eyJzY2hlbWFfdmVyc2lvbiI6Mn0=",
          "dependencies": [
            "aws_iam_policy.arn_aws_iam__180217099948_policy_api_suite_automation_policy",
            "aws_launch_template.lt_09941c90104dafb26",
            "aws_vpc.aws_aidevops_default_vpc",
            "aws_route53_zone._hostedzone_z0666492yr9b6f8pg8u4"
          ]
        }
      ]
    },
    {
      "mode": "managed",
      "type": "aws_route53_record",
      "name": "_hostedzone_z0666492yr9b6f8pg8u4__ae7e9d578d847894ace948d5ff8180bd_status_kuma_demo_stackgen_com__cname",
      "provider": "provider[\"registry.terraform.io/hashicorp/aws\"]",
      "instances": [
        {
          "schema_version": 2,
          "attributes": {
            "alias": [],
            "allow_overwrite": null,
            "cidr_routing_policy": [],
            "failover_routing_policy": [],
            "fqdn": "_ae7e9d578d847894ace948d5ff8180bd.status.kuma.demo.stackgen.com",
            "geolocation_routing_policy": [],
            "geoproximity_routing_policy": [],
            "health_check_id": "",
            "id": "/hostedzone/Z0666492YR9B6F8PG8U4__ae7e9d578d847894ace948d5ff8180bd.status.kuma.demo.stackgen.com._CNAME",
            "latency_routing_policy": [],
            "multivalue_answer_routing_policy": false,
            "name": "_ae7e9d578d847894ace948d5ff8180bd.status.kuma.demo.stackgen.com",
            "records": [
              "_9ec786ad1e9872f7cc09334d82156d1e.jkddzztszm.acm-validations.aws."
            ],
            "set_identifier": "",
            "ttl": 300,
            "type": "CNAME",
            "weighted_routing_policy": [],
            "zone_id": "/hostedzone/Z0666492YR9B6F8PG8U4"
          },
          "sensitive_attributes": [],
          "private": "eyJzY2hlbWFfdmVyc2lvbiI6Mn0=",
          "dependencies": [
            "aws_launch_template.lt_09941c90104dafb26",
            "aws_vpc.aws_aidevops_default_vpc",
            "aws_route53_zone._hostedzone_z0666492yr9b6f8pg8u4",
            "aws_iam_policy.arn_aws_iam__180217099948_policy_api_suite_automation_policy"
          ]
        }
      ]
    },
    {
      "mode": "managed",
      "type": "aws_route53_record",
      "name": "_hostedzone_z0666492yr9b6f8pg8u4__f8882513d4ab42bdf2410718e0f870e7_logs_demo_stackgen_com__cname",
      "provider": "provider[\"registry.terraform.io/hashicorp/aws\"]",
      "instances": [
        {
          "schema_version": 2,
          "attributes": {
            "alias": [],
            "allow_overwrite": null,
            "cidr_routing_policy": [],
            "failover_routing_policy": [],
            "fqdn": "_f8882513d4ab42bdf2410718e0f870e7.logs.demo.stackgen.com",
            "geolocation_routing_policy": [],
            "geoproximity_routing_policy": [],
            "health_check_id": "",
            "id": "/hostedzone/Z0666492YR9B6F8PG8U4__f8882513d4ab42bdf2410718e0f870e7.logs.demo.stackgen.com._CNAME",
            "latency_routing_policy": [],
            "multivalue_answer_routing_policy": false,
            "name": "_f8882513d4ab42bdf2410718e0f870e7.logs.demo.stackgen.com",
            "records": [
              "_d608e93a988a408562ebdf7f671a05e9.jkddzztszm.acm-validations.aws."
            ],
            "set_identifier": "",
            "ttl": 300,
            "type": "CNAME",
            "weighted_routing_policy": [],
            "zone_id": "/hostedzone/Z0666492YR9B6F8PG8U4"
          },
          "sensitive_attributes": [],
          "private": "eyJzY2hlbWFfdmVyc2lvbiI6Mn0=",
          "dependencies": [
            "aws_vpc.aws_aidevops_default_vpc",
            "aws_iam_policy.arn_aws_iam__180217099948_policy_api_suite_automation_policy",
            "aws_route53_zone._hostedzone_z0666492yr9b6f8pg8u4",
            "aws_launch_template.lt_09941c90104dafb26"
          ]
        }
      ]
    },
    {
      "mode": "managed",
      "type": "aws_route53_record",
      "name": "_hostedzone_z0666492yr9b6f8pg8u4__fc5dcc8d143c22978a959acfd5231db3_kuma_demo_stackgen_com__cname",
      "provider": "provider[\"registry.terraform.io/hashicorp/aws\"]",
      "instances": [
        {
          "schema_version": 2,
          "attributes": {
            "alias": [],
            "allow_overwrite": null,
            "cidr_routing_policy": [],
            "failover_routing_policy": [],
            "fqdn": "_fc5dcc8d143c22978a959acfd5231db3.kuma.demo.stackgen.com",
            "geolocation_routing_policy": [],
            "geoproximity_routing_policy": [],
            "health_check_id": "",
            "id": "/hostedzone/Z0666492YR9B6F8PG8U4__fc5dcc8d143c22978a959acfd5231db3.kuma.demo.stackgen.com._CNAME",
            "latency_routing_policy": [],
            "multivalue_answer_routing_policy": false,
            "name": "_fc5dcc8d143c22978a959acfd5231db3.kuma.demo.stackgen.com",
            "records": [
              "_a71de5d5ca35af317caa5a9b8e6f1cb3.jkddzztszm.acm-validations.aws."
            ],
            "set_identifier": "",
            "ttl": 300,
            "type": "CNAME",
            "weighted_routing_policy": [],
            "zone_id": "/hostedzone/Z0666492YR9B6F8PG8U4"
          },
          "sensitive_attributes": [],
          "private": "eyJzY2hlbWFfdmVyc2lvbiI6Mn0=",
          "dependencies": [
            "aws_iam_policy.arn_aws_iam__180217099948_policy_api_suite_automation_policy",
            "aws_vpc.aws_aidevops_default_vpc",
            "aws_launch_template.lt_09941c90104dafb26",
            "aws_route53_zone._hostedzone_z0666492yr9b6f8pg8u4"
          ]
        }
      ]
    },
    {
      "mode": "managed",
      "type": "aws_route53_record",
      "name": "_hostedzone_z0666492yr9b6f8pg8u4_demo_stackgen_com__ns",
      "provider": "provider[\"registry.terraform.io/hashicorp/aws\"]",
      "instances": [
        {
          "schema_version": 2,
          "attributes": {
            "alias": [],
            "allow_overwrite": null,
            "cidr_routing_policy": [],
            "failover_routing_policy": [],
            "fqdn": "demo.stackgen.com",
            "geolocation_routing_policy": [],
            "geoproximity_routing_policy": [],
            "health_check_id": "",
            "id": "/hostedzone/Z0666492YR9B6F8PG8U4_demo.stackgen.com._NS",
            "latency_routing_policy": [],
            "multivalue_answer_routing_policy": false,
            "name": "demo.stackgen.com",
            "records": [
              "ns-1040.awsdns-02.org.",
              "ns-1775.awsdns-29.co.uk.",
              "ns-343.awsdns-42.com.",
              "ns-947.awsdns-54.net."
            ],
            "set_identifier": "",
            "ttl": 172800,
            "type": "NS",
            "weighted_routing_policy": [],
            "zone_id": "/hostedzone/Z0666492YR9B6F8PG8U4"
          },
          "sensitive_attributes": [],
          "private": "eyJzY2hlbWFfdmVyc2lvbiI6Mn0=",
          "dependencies": [
            "aws_iam_policy.arn_aws_iam__180217099948_policy_api_suite_automation_policy",
            "aws_route53_zone._hostedzone_z0666492yr9b6f8pg8u4",
            "aws_vpc.aws_aidevops_default_vpc"
          ]
        }
      ]
    },
    {
      "mode": "managed",
      "type": "aws_route53_record",
      "name": "_hostedzone_z0666492yr9b6f8pg8u4_demo_stackgen_com__soa",
      "provider": "provider[\"registry.terraform.io/hashicorp/aws\"]",
      "instances": [
        {
          "schema_version": 2,
          "attributes": {
            "alias": [],
            "allow_overwrite": null,
            "cidr_routing_policy": [],
            "failover_routing_policy": [],
            "fqdn": "demo.stackgen.com",
            "geolocation_routing_policy": [],
            "geoproximity_routing_policy": [],
            "health_check_id": "",
            "id": "/hostedzone/Z0666492YR9B6F8PG8U4_demo.stackgen.com._SOA",
            "latency_routing_policy": [],
            "multivalue_answer_routing_policy": false,
            "name": "demo.stackgen.com",
            "records": [
              "ns-1775.awsdns-29.co.uk. awsdns-hostmaster.amazon.com. 1 7200 900 1209600 86400"
            ],
            "set_identifier": "",
            "ttl": 900,
            "type": "SOA",
            "weighted_routing_policy": [],
            "zone_id": "/hostedzone/Z0666492YR9B6F8PG8U4"
          },
          "sensitive_attributes": [],
          "private": "eyJzY2hlbWFfdmVyc2lvbiI6Mn0=",
          "dependencies": [
            "aws_iam_policy.arn_aws_iam__180217099948_policy_api_suite_automation_policy",
            "aws_route53_zone._hostedzone_z0666492yr9b6f8pg8u4",
            "aws_launch_template.lt_09941c90104dafb26",
            "aws_vpc.aws_aidevops_default_vpc"
          ]
        }
      ]
    },
    {
      "mode": "managed",
      "type": "aws_route53_record",
      "name": "_hostedzone_z0666492yr9b6f8pg8u4_logs_demo_stackgen_com__a",
      "provider": "provider[\"registry.terraform.io/hashicorp/aws\"]",
      "instances": [
        {
          "schema_version": 2,
          "attributes": {
            "alias": [
              {
                "evaluate_target_health": true,
                "name": "dualstack.k8s-signoz-signozin-f013c5093a-1737068213.us-west-2.elb.amazonaws.com",
                "zone_id": "Z1H1FL5HABSF5"
              }
            ],
            "allow_overwrite": null,
            "cidr_routing_policy": [],
            "failover_routing_policy": [],
            "fqdn": "logs.demo.stackgen.com",
            "geolocation_routing_policy": [],
            "geoproximity_routing_policy": [],
            "health_check_id": "",
            "id": "/hostedzone/Z0666492YR9B6F8PG8U4_logs.demo.stackgen.com._A",
            "latency_routing_policy": [],
            "multivalue_answer_routing_policy": false,
            "name": "logs.demo.stackgen.com",
            "records": [],
            "set_identifier": "",
            "ttl": 0,
            "type": "A",
            "weighted_routing_policy": [],
            "zone_id": "/hostedzone/Z0666492YR9B6F8PG8U4"
          },
          "sensitive_attributes": [],
          "private": "eyJzY2hlbWFfdmVyc2lvbiI6Mn0=",
          "dependencies": [
            "aws_launch_template.lt_09941c90104dafb26",
            "aws_iam_policy.arn_aws_iam__180217099948_policy_api_suite_automation_policy",
            "aws_vpc.aws_aidevops_default_vpc",
            "aws_route53_zone._hostedzone_z0666492yr9b6f8pg8u4"
          ]
        }
      ]
    },
    {
      "mode": "managed",
      "type": "aws_route53_record",
      "name": "_hostedzone_z0666492yr9b6f8pg8u4_retroboard_demo_stackgen_com__a",
      "provider": "provider[\"registry.terraform.io/hashicorp/aws\"]",
      "instances": [
        {
          "schema_version": 2,
          "attributes": {
            "alias": [
              {
                "evaluate_target_health": true,
                "name": "d3bwjxax1pld8s.cloudfront.net",
                "zone_id": "Z2FDTNDATAQYW2"
              }
            ],
            "allow_overwrite": null,
            "cidr_routing_policy": [],
            "failover_routing_policy": [],
            "fqdn": "retroboard.demo.stackgen.com",
            "geolocation_routing_policy": [],
            "geoproximity_routing_policy": [],
            "health_check_id": "",
            "id": "/hostedzone/Z0666492YR9B6F8PG8U4_retroboard.demo.stackgen.com._A",
            "latency_routing_policy": [],
            "multivalue_answer_routing_policy": false,
            "name": "retroboard.demo.stackgen.com",
            "records": [],
            "set_identifier": "",
            "ttl": 0,
            "type": "A",
            "weighted_routing_policy": [],
            "zone_id": "/hostedzone/Z0666492YR9B6F8PG8U4"
          },
          "sensitive_attributes": [],
          "private": "eyJzY2hlbWFfdmVyc2lvbiI6Mn0=",
          "dependencies": [
            "aws_route53_zone._hostedzone_z0666492yr9b6f8pg8u4",
            "aws_launch_template.lt_09941c90104dafb26",
            "aws_iam_policy.arn_aws_iam__180217099948_policy_api_suite_automation_policy",
            "aws_vpc.aws_aidevops_default_vpc"
          ]
        }
      ]
    },
    {
      "mode": "managed",
      "type": "aws_route53_record",
      "name": "_hostedzone_z0666492yr9b6f8pg8u4_status_kuma_demo_stackgen_com__a",
      "provider": "provider[\"registry.terraform.io/hashicorp/aws\"]",
      "instances": [
        {
          "schema_version": 2,
          "attributes": {
            "alias": [
              {
                "evaluate_target_health": true,
                "name": "k8s-uptimekumaauthent-21952d60ef-694073190.us-west-2.elb.amazonaws.com",
                "zone_id": "Z1H1FL5HABSF5"
              }
            ],
            "allow_overwrite": null,
            "cidr_routing_policy": [],
            "failover_routing_policy": [],
            "fqdn": "status.kuma.demo.stackgen.com",
            "geolocation_routing_policy": [],
            "geoproximity_routing_policy": [],
            "health_check_id": "",
            "id": "/hostedzone/Z0666492YR9B6F8PG8U4_status.kuma.demo.stackgen.com._A",
            "latency_routing_policy": [],
            "multivalue_answer_routing_policy": false,
            "name": "status.kuma.demo.stackgen.com",
            "records": [],
            "set_identifier": "",
            "ttl": 0,
            "type": "A",
            "weighted_routing_policy": [],
            "zone_id": "/hostedzone/Z0666492YR9B6F8PG8U4"
          },
          "sensitive_attributes": [],
          "private": "eyJzY2hlbWFfdmVyc2lvbiI6Mn0=",
          "dependencies": [
            "aws_launch_template.lt_09941c90104dafb26",
            "aws_vpc.aws_aidevops_default_vpc",
            "aws_route53_zone._hostedzone_z0666492yr9b6f8pg8u4",
            "aws_iam_policy.arn_aws_iam__180217099948_policy_api_suite_automation_policy"
          ]
        }
      ]
    },
    {
      "mode": "managed",
      "type": "aws_route53_record",
      "name": "_hostedzone_z0666492yr9b6f8pg8u4_terminal_demo_stackgen_com__a",
      "provider": "provider[\"registry.terraform.io/hashicorp/aws\"]",
      "instances": [
        {
          "schema_version": 2,
          "attributes": {
            "alias": [
              {
                "evaluate_target_health": true,
                "name": "k8s-terminal-terminal-a3c27c6fe0-1093999360.us-west-1.elb.amazonaws.com",
                "zone_id": "Z368ELLRRE2KJ0"
              }
            ],
            "allow_overwrite": null,
            "cidr_routing_policy": [],
            "failover_routing_policy": [],
            "fqdn": "terminal.demo.stackgen.com",
            "geolocation_routing_policy": [],
            "geoproximity_routing_policy": [],
            "health_check_id": "",
            "id": "/hostedzone/Z0666492YR9B6F8PG8U4_terminal.demo.stackgen.com._A",
            "latency_routing_policy": [],
            "multivalue_answer_routing_policy": false,
            "name": "terminal.demo.stackgen.com",
            "records": [],
            "set_identifier": "",
            "ttl": 0,
            "type": "A",
            "weighted_routing_policy": [],
            "zone_id": "/hostedzone/Z0666492YR9B6F8PG8U4"
          },
          "sensitive_attributes": [],
          "private": "eyJzY2hlbWFfdmVyc2lvbiI6Mn0=",
          "dependencies": [
            "aws_iam_policy.arn_aws_iam__180217099948_policy_api_suite_automation_policy",
            "aws_vpc.aws_aidevops_default_vpc",
            "aws_launch_template.lt_09941c90104dafb26",
            "aws_route53_zone._hostedzone_z0666492yr9b6f8pg8u4"
          ]
        }
      ]
    },
    {
      "mode": "managed",
      "type": "aws_route53_record",
      "name": "_hostedzone_z0919566osvcsp5866s7__110a10fcd5ccb2e979d9f35e5381c906_enterprisetest_appcd_io__cname",
      "provider": "provider[\"registry.terraform.io/hashicorp/aws\"]",
      "instances": [
        {
          "schema_version": 2,
          "attributes": {
            "alias": [],
            "allow_overwrite": null,
            "cidr_routing_policy": [],
            "failover_routing_policy": [],
            "fqdn": "_110a10fcd5ccb2e979d9f35e5381c906.enterprisetest.appcd.io",
            "geolocation_routing_policy": [],
            "geoproximity_routing_policy": [],
            "health_check_id": "",
            "id": "/hostedzone/Z0919566OSVCSP5866S7__110a10fcd5ccb2e979d9f35e5381c906.enterprisetest.appcd.io._CNAME",
            "latency_routing_policy": [],
            "multivalue_answer_routing_policy": false,
            "name": "_110a10fcd5ccb2e979d9f35e5381c906.enterprisetest.appcd.io",
            "records": [
              "_b69d58da766241b9b9ec41f92c65da0c.mhbtsbpdnt.acm-validations.aws."
            ],
            "set_identifier": "",
            "ttl": 300,
            "type": "CNAME",
            "weighted_routing_policy": [],
            "zone_id": "/hostedzone/Z0919566OSVCSP5866S7"
          },
          "sensitive_attributes": [],
          "private": "eyJzY2hlbWFfdmVyc2lvbiI6Mn0=",
          "dependencies": [
            "aws_vpc.aws_aidevops_default_vpc",
            "aws_launch_template.lt_09941c90104dafb26",
            "aws_iam_policy.arn_aws_iam__180217099948_policy_api_suite_automation_policy",
            "aws_route53_zone._hostedzone_z0919566osvcsp5866s7"
          ]
        }
      ]
    },
    {
      "mode": "managed",
      "type": "aws_route53_record",
      "name": "_hostedzone_z0919566osvcsp5866s7_enterprisetest_appcd_io__a",
      "provider": "provider[\"registry.terraform.io/hashicorp/aws\"]",
      "instances": [
        {
          "schema_version": 2,
          "attributes": {
            "alias": [
              {
                "evaluate_target_health": true,
                "name": "a51d68257f3cd4779b7b9dc2242608d5-da37d6252f102a99.elb.us-east-1.amazonaws.com",
                "zone_id": "Z26RNL4JYFTOTI"
              }
            ],
            "allow_overwrite": null,
            "cidr_routing_policy": [],
            "failover_routing_policy": [],
            "fqdn": "enterprisetest.appcd.io",
            "geolocation_routing_policy": [],
            "geoproximity_routing_policy": [],
            "health_check_id": "",
            "id": "/hostedzone/Z0919566OSVCSP5866S7_enterprisetest.appcd.io._A",
            "latency_routing_policy": [],
            "multivalue_answer_routing_policy": false,
            "name": "enterprisetest.appcd.io",
            "records": [],
            "set_identifier": "",
            "ttl": 0,
            "type": "A",
            "weighted_routing_policy": [],
            "zone_id": "/hostedzone/Z0919566OSVCSP5866S7"
          },
          "sensitive_attributes": [],
          "private": "eyJzY2hlbWFfdmVyc2lvbiI6Mn0=",
          "dependencies": [
            "aws_vpc.aws_aidevops_default_vpc",
            "aws_launch_template.lt_09941c90104dafb26",
            "aws_iam_policy.arn_aws_iam__180217099948_policy_api_suite_automation_policy",
            "aws_route53_zone._hostedzone_z0919566osvcsp5866s7"
          ]
        }
      ]
    },
    {
      "mode": "managed",
      "type": "aws_route53_record",
      "name": "_hostedzone_z0919566osvcsp5866s7_enterprisetest_appcd_io__ns",
      "provider": "provider[\"registry.terraform.io/hashicorp/aws\"]",
      "instances": [
        {
          "schema_version": 2,
          "attributes": {
            "alias": [],
            "allow_overwrite": null,
            "cidr_routing_policy": [],
            "failover_routing_policy": [],
            "fqdn": "enterprisetest.appcd.io",
            "geolocation_routing_policy": [],
            "geoproximity_routing_policy": [],
            "health_check_id": "",
            "id": "/hostedzone/Z0919566OSVCSP5866S7_enterprisetest.appcd.io._NS",
            "latency_routing_policy": [],
            "multivalue_answer_routing_policy": false,
            "name": "enterprisetest.appcd.io",
            "records": [
              "ns-1521.awsdns-62.org.",
              "ns-1598.awsdns-07.co.uk.",
              "ns-417.awsdns-52.com.",
              "ns-723.awsdns-26.net."
            ],
            "set_identifier": "",
            "ttl": 172800,
            "type": "NS",
            "weighted_routing_policy": [],
            "zone_id": "/hostedzone/Z0919566OSVCSP5866S7"
          },
          "sensitive_attributes": [],
          "private": "eyJzY2hlbWFfdmVyc2lvbiI6Mn0=",
          "dependencies": [
            "aws_vpc.aws_aidevops_default_vpc",
            "aws_iam_policy.arn_aws_iam__180217099948_policy_api_suite_automation_policy"
          ]
        }
      ]
    },
    {
      "mode": "managed",
      "type": "aws_route53_record",
      "name": "_hostedzone_z0919566osvcsp5866s7_enterprisetest_appcd_io__soa",
      "provider": "provider[\"registry.terraform.io/hashicorp/aws\"]",
      "instances": [
        {
          "schema_version": 2,
          "attributes": {
            "alias": [],
            "allow_overwrite": null,
            "cidr_routing_policy": [],
            "failover_routing_policy": [],
            "fqdn": "enterprisetest.appcd.io",
            "geolocation_routing_policy": [],
            "geoproximity_routing_policy": [],
            "health_check_id": "",
            "id": "/hostedzone/Z0919566OSVCSP5866S7_enterprisetest.appcd.io._SOA",
            "latency_routing_policy": [],
            "multivalue_answer_routing_policy": false,
            "name": "enterprisetest.appcd.io",
            "records": [
              "ns-1598.awsdns-07.co.uk. awsdns-hostmaster.amazon.com. 1 7200 900 1209600 86400"
            ],
            "set_identifier": "",
            "ttl": 900,
            "type": "SOA",
            "weighted_routing_policy": [],
            "zone_id": "/hostedzone/Z0919566OSVCSP5866S7"
          },
          "sensitive_attributes": [],
          "private": "eyJzY2hlbWFfdmVyc2lvbiI6Mn0=",
          "dependencies": [
            "aws_iam_policy.arn_aws_iam__180217099948_policy_api_suite_automation_policy",
            "aws_launch_template.lt_09941c90104dafb26",
            "aws_route53_zone._hostedzone_z0919566osvcsp5866s7",
            "aws_vpc.aws_aidevops_default_vpc"
          ]
        }
      ]
    },
    {
      "mode": "managed",
      "type": "aws_route53_record",
      "name": "_hostedzone_z0965387ihyqb8ukj8x6__5dbb555f027f7846404c3ece8560cf32_retroboard_demo_appcd_io__cname",
      "provider": "provider[\"registry.terraform.io/hashicorp/aws\"]",
      "instances": [
        {
          "schema_version": 2,
          "attributes": {
            "alias": [],
            "allow_overwrite": null,
            "cidr_routing_policy": [],
            "failover_routing_policy": [],
            "fqdn": "_5dbb555f027f7846404c3ece8560cf32.retroboard.demo.appcd.io",
            "geolocation_routing_policy": [],
            "geoproximity_routing_policy": [],
            "health_check_id": "",
            "id": "/hostedzone/Z0965387IHYQB8UKJ8X6__5dbb555f027f7846404c3ece8560cf32.retroboard.demo.appcd.io._CNAME",
            "latency_routing_policy": [],
            "multivalue_answer_routing_policy": false,
            "name": "_5dbb555f027f7846404c3ece8560cf32.retroboard.demo.appcd.io",
            "records": [
              "_65f4b93eac61c1af17ba18473fd195fc.djqtsrsxkq.acm-validations.aws."
            ],
            "set_identifier": "",
            "ttl": 300,
            "type": "CNAME",
            "weighted_routing_policy": [],
            "zone_id": "/hostedzone/Z0965387IHYQB8UKJ8X6"
          },
          "sensitive_attributes": [],
          "private": "eyJzY2hlbWFfdmVyc2lvbiI6Mn0=",
          "dependencies": [
            "aws_launch_template.lt_09941c90104dafb26",
            "aws_iam_policy.arn_aws_iam__180217099948_policy_api_suite_automation_policy",
            "aws_route53_zone._hostedzone_z0965387ihyqb8ukj8x6",
            "aws_vpc.aws_aidevops_default_vpc"
          ]
        }
      ]
    },
    {
      "mode": "managed",
      "type": "aws_route53_record",
      "name": "_hostedzone_z0965387ihyqb8ukj8x6__78eca873951c614f9d4eb3e10007a88c_demo_appcd_io__cname",
      "provider": "provider[\"registry.terraform.io/hashicorp/aws\"]",
      "instances": [
        {
          "schema_version": 2,
          "attributes": {
            "alias": [],
            "allow_overwrite": null,
            "cidr_routing_policy": [],
            "failover_routing_policy": [],
            "fqdn": "_78eca873951c614f9d4eb3e10007a88c.demo.appcd.io",
            "geolocation_routing_policy": [],
            "geoproximity_routing_policy": [],
            "health_check_id": "",
            "id": "/hostedzone/Z0965387IHYQB8UKJ8X6__78eca873951c614f9d4eb3e10007a88c.demo.appcd.io._CNAME",
            "latency_routing_policy": [],
            "multivalue_answer_routing_policy": false,
            "name": "_78eca873951c614f9d4eb3e10007a88c.demo.appcd.io",
            "records": [
              "_1eaaaa774758f08215838e1422b67a36.djqtsrsxkq.acm-validations.aws."
            ],
            "set_identifier": "",
            "ttl": 300,
            "type": "CNAME",
            "weighted_routing_policy": [],
            "zone_id": "/hostedzone/Z0965387IHYQB8UKJ8X6"
          },
          "sensitive_attributes": [],
          "private": "eyJzY2hlbWFfdmVyc2lvbiI6Mn0=",
          "dependencies": [
            "aws_vpc.aws_aidevops_default_vpc",
            "aws_launch_template.lt_09941c90104dafb26",
            "aws_route53_zone._hostedzone_z0965387ihyqb8ukj8x6",
            "aws_iam_policy.arn_aws_iam__180217099948_policy_api_suite_automation_policy"
          ]
        }
      ]
    },
    {
      "mode": "managed",
      "type": "aws_route53_record",
      "name": "_hostedzone_z0965387ihyqb8ukj8x6__dbe77ae8af09053ba6f2debfcbc33906_on_prem_demo_appcd_io__cname",
      "provider": "provider[\"registry.terraform.io/hashicorp/aws\"]",
      "instances": [
        {
          "schema_version": 2,
          "attributes": {
            "alias": [],
            "allow_overwrite": null,
            "cidr_routing_policy": [],
            "failover_routing_policy": [],
            "fqdn": "_dbe77ae8af09053ba6f2debfcbc33906.on-prem.demo.appcd.io",
            "geolocation_routing_policy": [],
            "geoproximity_routing_policy": [],
            "health_check_id": "",
            "id": "/hostedzone/Z0965387IHYQB8UKJ8X6__dbe77ae8af09053ba6f2debfcbc33906.on-prem.demo.appcd.io._CNAME",
            "latency_routing_policy": [],
            "multivalue_answer_routing_policy": false,
            "name": "_dbe77ae8af09053ba6f2debfcbc33906.on-prem.demo.appcd.io",
            "records": [
              "_8928128713b8e41cdb67b9d72f30c889.sdgjtdhdhz.acm-validations.aws."
            ],
            "set_identifier": "",
            "ttl": 300,
            "type": "CNAME",
            "weighted_routing_policy": [],
            "zone_id": "/hostedzone/Z0965387IHYQB8UKJ8X6"
          },
          "sensitive_attributes": [],
          "private": "eyJzY2hlbWFfdmVyc2lvbiI6Mn0=",
          "dependencies": [
            "aws_iam_policy.arn_aws_iam__180217099948_policy_api_suite_automation_policy",
            "aws_vpc.aws_aidevops_default_vpc",
            "aws_launch_template.lt_09941c90104dafb26",
            "aws_route53_zone._hostedzone_z0965387ihyqb8ukj8x6"
          ]
        }
      ]
    },
    {
      "mode": "managed",
      "type": "aws_route53_record",
      "name": "_hostedzone_z0965387ihyqb8ukj8x6__fad5b995e99cb46cd2a22b7260b09541_test_demo_appcd_io__cname",
      "provider": "provider[\"registry.terraform.io/hashicorp/aws\"]",
      "instances": [
        {
          "schema_version": 2,
          "attributes": {
            "alias": [],
            "allow_overwrite": null,
            "cidr_routing_policy": [],
            "failover_routing_policy": [],
            "fqdn": "_fad5b995e99cb46cd2a22b7260b09541.test.demo.appcd.io",
            "geolocation_routing_policy": [],
            "geoproximity_routing_policy": [],
            "health_check_id": "",
            "id": "/hostedzone/Z0965387IHYQB8UKJ8X6__fad5b995e99cb46cd2a22b7260b09541.test.demo.appcd.io._CNAME",
            "latency_routing_policy": [],
            "multivalue_answer_routing_policy": false,
            "name": "_fad5b995e99cb46cd2a22b7260b09541.test.demo.appcd.io",
            "records": [
              "_35d01ca18f98183805c9c21b967f39d3.sdgjtdhdhz.acm-validations.aws."
            ],
            "set_identifier": "",
            "ttl": 300,
            "type": "CNAME",
            "weighted_routing_policy": [],
            "zone_id": "/hostedzone/Z0965387IHYQB8UKJ8X6"
          },
          "sensitive_attributes": [],
          "private": "eyJzY2hlbWFfdmVyc2lvbiI6Mn0=",
          "dependencies": [
            "aws_iam_policy.arn_aws_iam__180217099948_policy_api_suite_automation_policy",
            "aws_vpc.aws_aidevops_default_vpc",
            "aws_launch_template.lt_09941c90104dafb26",
            "aws_route53_zone._hostedzone_z0965387ihyqb8ukj8x6"
          ]
        }
      ]
    },
    {
      "mode": "managed",
      "type": "aws_route53_record",
      "name": "_hostedzone_z0965387ihyqb8ukj8x6_demo_appcd_io__ns",
      "provider": "provider[\"registry.terraform.io/hashicorp/aws\"]",
      "instances": [
        {
          "schema_version": 2,
          "attributes": {
            "alias": [],
            "allow_overwrite": null,
            "cidr_routing_policy": [],
            "failover_routing_policy": [],
            "fqdn": "demo.appcd.io",
            "geolocation_routing_policy": [],
            "geoproximity_routing_policy": [],
            "health_check_id": "",
            "id": "/hostedzone/Z0965387IHYQB8UKJ8X6_demo.appcd.io._NS",
            "latency_routing_policy": [],
            "multivalue_answer_routing_policy": false,
            "name": "demo.appcd.io",
            "records": [
              "ns-1293.awsdns-33.org.",
              "ns-1937.awsdns-50.co.uk.",
              "ns-362.awsdns-45.com.",
              "ns-835.awsdns-40.net."
            ],
            "set_identifier": "",
            "ttl": 172800,
            "type": "NS",
            "weighted_routing_policy": [],
            "zone_id": "/hostedzone/Z0965387IHYQB8UKJ8X6"
          },
          "sensitive_attributes": [],
          "private": "eyJzY2hlbWFfdmVyc2lvbiI6Mn0=",
          "dependencies": [
            "aws_iam_policy.arn_aws_iam__180217099948_policy_api_suite_automation_policy",
            "aws_vpc.aws_aidevops_default_vpc",
            "aws_route53_zone._hostedzone_z0965387ihyqb8ukj8x6"
          ]
        }
      ]
    },
    {
      "mode": "managed",
      "type": "aws_route53_record",
      "name": "_hostedzone_z0965387ihyqb8ukj8x6_demo_appcd_io__soa",
      "provider": "provider[\"registry.terraform.io/hashicorp/aws\"]",
      "instances": [
        {
          "schema_version": 2,
          "attributes": {
            "alias": [],
            "allow_overwrite": null,
            "cidr_routing_policy": [],
            "failover_routing_policy": [],
            "fqdn": "demo.appcd.io",
            "geolocation_routing_policy": [],
            "geoproximity_routing_policy": [],
            "health_check_id": "",
            "id": "/hostedzone/Z0965387IHYQB8UKJ8X6_demo.appcd.io._SOA",
            "latency_routing_policy": [],
            "multivalue_answer_routing_policy": false,
            "name": "demo.appcd.io",
            "records": [
              "ns-1937.awsdns-50.co.uk. awsdns-hostmaster.amazon.com. 1 7200 900 1209600 86400"
            ],
            "set_identifier": "",
            "ttl": 900,
            "type": "SOA",
            "weighted_routing_policy": [],
            "zone_id": "/hostedzone/Z0965387IHYQB8UKJ8X6"
          },
          "sensitive_attributes": [],
          "private": "eyJzY2hlbWFfdmVyc2lvbiI6Mn0=",
          "dependencies": [
            "aws_launch_template.lt_09941c90104dafb26",
            "aws_iam_policy.arn_aws_iam__180217099948_policy_api_suite_automation_policy",
            "aws_route53_zone._hostedzone_z0965387ihyqb8ukj8x6",
            "aws_vpc.aws_aidevops_default_vpc"
          ]
        }
      ]
    },
    {
      "mode": "managed",
      "type": "aws_route53_record",
      "name": "_hostedzone_z0965387ihyqb8ukj8x6_retroboard_demo_appcd_io__a",
      "provider": "provider[\"registry.terraform.io/hashicorp/aws\"]",
      "instances": [
        {
          "schema_version": 2,
          "attributes": {
            "alias": [
              {
                "evaluate_target_health": true,
                "name": "d3bwjxax1pld8s.cloudfront.net",
                "zone_id": "Z2FDTNDATAQYW2"
              }
            ],
            "allow_overwrite": null,
            "cidr_routing_policy": [],
            "failover_routing_policy": [],
            "fqdn": "retroboard.demo.appcd.io",
            "geolocation_routing_policy": [],
            "geoproximity_routing_policy": [],
            "health_check_id": "",
            "id": "/hostedzone/Z0965387IHYQB8UKJ8X6_retroboard.demo.appcd.io._A",
            "latency_routing_policy": [],
            "multivalue_answer_routing_policy": false,
            "name": "retroboard.demo.appcd.io",
            "records": [],
            "set_identifier": "",
            "ttl": 0,
            "type": "A",
            "weighted_routing_policy": [],
            "zone_id": "/hostedzone/Z0965387IHYQB8UKJ8X6"
          },
          "sensitive_attributes": [],
          "private": "eyJzY2hlbWFfdmVyc2lvbiI6Mn0=",
          "dependencies": [
            "aws_launch_template.lt_09941c90104dafb26",
            "aws_route53_zone._hostedzone_z0965387ihyqb8ukj8x6",
            "aws_cloudfront_distribution.e1v0q90q7e9yjo",
            "aws_iam_policy.arn_aws_iam__180217099948_policy_api_suite_automation_policy",
            "aws_vpc.aws_aidevops_default_vpc",
            "aws_s3_bucket.retroboard_demo_appcd_io"
          ]
        }
      ]
    },
    {
      "mode": "managed",
      "type": "aws_route53_record",
      "name": "_hostedzone_z0965387ihyqb8ukj8x6_test_demo_appcd_io__a",
      "provider": "provider[\"registry.terraform.io/hashicorp/aws\"]",
      "instances": [
        {
          "schema_version": 2,
          "attributes": {
            "alias": [
              {
                "evaluate_target_health": true,
                "name": "a62acfbfe7bdc4ec4986eeb602e567de-cf40d5b51213011f.elb.us-west-2.amazonaws.com",
                "zone_id": "Z18D5FSROUN65G"
              }
            ],
            "allow_overwrite": null,
            "cidr_routing_policy": [],
            "failover_routing_policy": [],
            "fqdn": "test.demo.appcd.io",
            "geolocation_routing_policy": [],
            "geoproximity_routing_policy": [],
            "health_check_id": "",
            "id": "/hostedzone/Z0965387IHYQB8UKJ8X6_test.demo.appcd.io._A",
            "latency_routing_policy": [],
            "multivalue_answer_routing_policy": false,
            "name": "test.demo.appcd.io",
            "records": [],
            "set_identifier": "",
            "ttl": 0,
            "type": "A",
            "weighted_routing_policy": [],
            "zone_id": "/hostedzone/Z0965387IHYQB8UKJ8X6"
          },
          "sensitive_attributes": [],
          "private": "eyJzY2hlbWFfdmVyc2lvbiI6Mn0=",
          "dependencies": [
            "aws_iam_policy.arn_aws_iam__180217099948_policy_api_suite_automation_policy",
            "aws_vpc.aws_aidevops_default_vpc",
            "aws_launch_template.lt_09941c90104dafb26",
            "aws_route53_zone._hostedzone_z0965387ihyqb8ukj8x6"
          ]
        }
      ]
    },
    {
      "mode": "managed",
      "type": "aws_route53_resolver_rule_association",
      "name": "rslvr_autodefined_assoc_vpc_02814c9f8a44aee3d_internet_resolver",
      "provider": "provider[\"registry.terraform.io/hashicorp/aws\"]",
      "instances": [
        {
          "schema_version": 0,
          "attributes": {
            "id": "rslvr-autodefined-assoc-vpc-02814c9f8a44aee3d-internet-resolver",
            "name": "System Rule Association",
            "resolver_rule_id": "rslvr-autodefined-rr-internet-resolver",
            "timeouts": null,
            "vpc_id": "vpc-02814c9f8a44aee3d"
          },
          "sensitive_attributes": [],
          "private": "eyJzY2hlbWFfdmVyc2lvbiI6MH0=",
          "dependencies": [
            "aws_vpc.workshop_vpc"
          ]
        }
      ]
    },
    {
      "mode": "managed",
      "type": "aws_route53_resolver_rule_association",
      "name": "rslvr_autodefined_assoc_vpc_03aecb1e85e749ec9_internet_resolver",
      "provider": "provider[\"registry.terraform.io/hashicorp/aws\"]",
      "instances": [
        {
          "schema_version": 0,
          "attributes": {
            "id": "rslvr-autodefined-assoc-vpc-03aecb1e85e749ec9-internet-resolver",
            "name": "System Rule Association",
            "resolver_rule_id": "rslvr-autodefined-rr-internet-resolver",
            "timeouts": null,
            "vpc_id": "vpc-03aecb1e85e749ec9"
          },
          "sensitive_attributes": [],
          "private": "eyJzY2hlbWFfdmVyc2lvbiI6MH0=",
          "dependencies": [
            "aws_vpc.aws_aidevops_default_vpc"
          ]
        }
      ]
    },
    {
      "mode": "managed",
      "type": "aws_route53_resolver_rule_association",
      "name": "rslvr_autodefined_assoc_vpc_06cab6363775ce4b0_internet_resolver",
      "provider": "provider[\"registry.terraform.io/hashicorp/aws\"]",
      "instances": [
        {
          "schema_version": 0,
          "attributes": {
            "id": "rslvr-autodefined-assoc-vpc-06cab6363775ce4b0-internet-resolver",
            "name": "System Rule Association",
            "resolver_rule_id": "rslvr-autodefined-rr-internet-resolver",
            "timeouts": null,
            "vpc_id": "vpc-06cab6363775ce4b0"
          },
          "sensitive_attributes": [],
          "private": "eyJzY2hlbWFfdmVyc2lvbiI6MH0=",
          "dependencies": [
            "aws_vpc.vpc_06cab6363775ce4b0"
          ]
        }
      ]
    },
    {
      "mode": "managed",
      "type": "aws_route53_resolver_rule_association",
      "name": "rslvr_autodefined_assoc_vpc_08addde25db60cdd3_internet_resolver",
      "provider": "provider[\"registry.terraform.io/hashicorp/aws\"]",
      "instances": [
        {
          "schema_version": 0,
          "attributes": {
            "id": "rslvr-autodefined-assoc-vpc-08addde25db60cdd3-internet-resolver",
            "name": "System Rule Association",
            "resolver_rule_id": "rslvr-autodefined-rr-internet-resolver",
            "timeouts": null,
            "vpc_id": "vpc-08addde25db60cdd3"
          },
          "sensitive_attributes": [],
          "private": "eyJzY2hlbWFfdmVyc2lvbiI6MH0=",
          "dependencies": [
            "aws_vpc.ai_sre_demo"
          ]
        }
      ]
    },
    {
      "mode": "managed",
      "type": "aws_route53_zone",
      "name": "_hostedzone_z0666492yr9b6f8pg8u4",
      "provider": "provider[\"registry.terraform.io/hashicorp/aws\"]",
      "instances": [
        {
          "schema_version": 0,
          "attributes": {
            "arn": "arn:aws:route53:::hostedzone/Z0666492YR9B6F8PG8U4",
            "comment": "",
            "delegation_set_id": "",
            "force_destroy": null,
            "id": "/hostedzone/Z0666492YR9B6F8PG8U4",
            "name": "demo.stackgen.com",
            "name_servers": [
              "ns-1040.awsdns-02.org",
              "ns-1775.awsdns-29.co.uk",
              "ns-343.awsdns-42.com",
              "ns-947.awsdns-54.net"
            ],
            "primary_name_server": "ns-1775.awsdns-29.co.uk",
            "tags": {
              "team": "platform"
            },
            "tags_all": {
              "team": "platform"
            },
            "vpc": [],
            "zone_id": "Z0666492YR9B6F8PG8U4"
          },
          "sensitive_attributes": [],
          "private": "eyJzY2hlbWFfdmVyc2lvbiI6MH0=",
          "dependencies": [
            "aws_launch_template.lt_09941c90104dafb26",
            "aws_iam_policy.arn_aws_iam__180217099948_policy_api_suite_automation_policy"
          ]
        }
      ]
    },
    {
      "mode": "managed",
      "type": "aws_route53_zone",
      "name": "_hostedzone_z0919566osvcsp5866s7",
      "provider": "provider[\"registry.terraform.io/hashicorp/aws\"]",
      "instances": [
        {
          "schema_version": 0,
          "attributes": {
            "arn": "arn:aws:route53:::hostedzone/Z0919566OSVCSP5866S7",
            "comment": "",
            "delegation_set_id": "",
            "force_destroy": null,
            "id": "/hostedzone/Z0919566OSVCSP5866S7",
            "name": "enterprisetest.appcd.io",
            "name_servers": [
              "ns-1521.awsdns-62.org",
              "ns-1598.awsdns-07.co.uk",
              "ns-417.awsdns-52.com",
              "ns-723.awsdns-26.net"
            ],
            "primary_name_server": "ns-1598.awsdns-07.co.uk",
            "tags": {},
            "tags_all": {},
            "vpc": [],
            "zone_id": "Z0919566OSVCSP5866S7"
          },
          "sensitive_attributes": [],
          "private": "eyJzY2hlbWFfdmVyc2lvbiI6MH0=",
          "dependencies": [
            "aws_route53_record._hostedzone_z0919566osvcsp5866s7_enterprisetest_appcd_io__ns",
            "aws_iam_policy.arn_aws_iam__180217099948_policy_api_suite_automation_policy"
          ]
        }
      ]
    },
    {
      "mode": "managed",
      "type": "aws_route53_zone",
      "name": "_hostedzone_z0965387ihyqb8ukj8x6",
      "provider": "provider[\"registry.terraform.io/hashicorp/aws\"]",
      "instances": [
        {
          "schema_version": 0,
          "attributes": {
            "arn": "arn:aws:route53:::hostedzone/Z0965387IHYQB8UKJ8X6",
            "comment": "",
            "delegation_set_id": "",
            "force_destroy": null,
            "id": "/hostedzone/Z0965387IHYQB8UKJ8X6",
            "name": "demo.appcd.io",
            "name_servers": [
              "ns-1293.awsdns-33.org",
              "ns-1937.awsdns-50.co.uk",
              "ns-362.awsdns-45.com",
              "ns-835.awsdns-40.net"
            ],
            "primary_name_server": "ns-1937.awsdns-50.co.uk",
            "tags": {
              "team": "platform"
            },
            "tags_all": {
              "team": "platform"
            },
            "vpc": [],
            "zone_id": "Z0965387IHYQB8UKJ8X6"
          },
          "sensitive_attributes": [],
          "private": "eyJzY2hlbWFfdmVyc2lvbiI6MH0=",
          "dependencies": [
            "aws_launch_template.lt_09941c90104dafb26",
            "aws_iam_policy.arn_aws_iam__180217099948_policy_api_suite_automation_policy"
          ]
        }
      ]
    },
    {
      "mode": "managed",
      "type": "aws_route_table",
      "name": "ai_sre_demo_private",
      "provider": "provider[\"registry.terraform.io/hashicorp/aws\"]",
      "instances": [
        {
          "schema_version": 0,
          "attributes": {
            "arn": "arn:aws:ec2:us-west-2:180217099948:route-table/rtb-05e72752af586e03b",
            "id": "rtb-05e72752af586e03b",
            "owner_id": "180217099948",
            "propagating_vgws": [],
            "route": [
              {
                "carrier_gateway_id": "",
                "cidr_block": "0.0.0.0/0",
                "core_network_arn": "",
                "destination_prefix_list_id": "",
                "egress_only_gateway_id": "",
                "gateway_id": "",
                "ipv6_cidr_block": "",
                "local_gateway_id": "",
                "nat_gateway_id": "nat-0004e04fd70cbfdc9",
                "network_interface_id": "",
                "transit_gateway_id": "",
                "vpc_endpoint_id": "",
                "vpc_peering_connection_id": ""
              }
            ],
            "tags": {
              "DoNotDelete": "true",
              "Environment": "production",
              "ManagedBy": "terraform",
              "Name": "ai-sre-demo-private",
              "Project": "ai-sre-demo",
              "do-not-delete": "true",
              "donotdelete": "true"
            },
            "tags_all": {
              "DoNotDelete": "true",
              "Environment": "production",
              "ManagedBy": "terraform",
              "Name": "ai-sre-demo-private",
              "Project": "ai-sre-demo",
              "do-not-delete": "true",
              "donotdelete": "true"
            },
            "timeouts": null,
            "vpc_id": "vpc-08addde25db60cdd3"
          },
          "sensitive_attributes": [],
          "private": "eyJzY2hlbWFfdmVyc2lvbiI6MH0=",
          "dependencies": [
            "aws_sns_topic_policy.arn_aws_sns_us_west_2_180217099948_retroboard_alerts",
            "aws_iam_policy.arn_aws_iam__180217099948_policy_api_suite_automation_policy",
            "aws_nat_gateway.ai_sre_demo",
            "aws_eks_cluster.ai_sre_demo",
            "aws_vpc.ai_sre_demo",
            "aws_launch_template.lt_09941c90104dafb26",
            "aws_lambda_function.retroboard_slack_alerts",
            "aws_vpc.aws_aidevops_default_vpc"
          ]
        }
      ]
    },
    {
      "mode": "managed",
      "type": "aws_route_table",
      "name": "ai_sre_demo_public",
      "provider": "provider[\"registry.terraform.io/hashicorp/aws\"]",
      "instances": [
        {
          "schema_version": 0,
          "attributes": {
            "arn": "arn:aws:ec2:us-west-2:180217099948:route-table/rtb-04b6a8b9e14d7c684",
            "id": "rtb-04b6a8b9e14d7c684",
            "owner_id": "180217099948",
            "propagating_vgws": [],
            "route": [
              {
                "carrier_gateway_id": "",
                "cidr_block": "0.0.0.0/0",
                "core_network_arn": "",
                "destination_prefix_list_id": "",
                "egress_only_gateway_id": "",
                "gateway_id": "igw-071833f3abb385c8e",
                "ipv6_cidr_block": "",
                "local_gateway_id": "",
                "nat_gateway_id": "",
                "network_interface_id": "",
                "transit_gateway_id": "",
                "vpc_endpoint_id": "",
                "vpc_peering_connection_id": ""
              }
            ],
            "tags": {
              "DoNotDelete": "true",
              "Environment": "production",
              "ManagedBy": "terraform",
              "Name": "ai-sre-demo-public",
              "Project": "ai-sre-demo",
              "do-not-delete": "true",
              "donotdelete": "true"
            },
            "tags_all": {
              "DoNotDelete": "true",
              "Environment": "production",
              "ManagedBy": "terraform",
              "Name": "ai-sre-demo-public",
              "Project": "ai-sre-demo",
              "do-not-delete": "true",
              "donotdelete": "true"
            },
            "timeouts": null,
            "vpc_id": "vpc-08addde25db60cdd3"
          },
          "sensitive_attributes": [],
          "private": "eyJzY2hlbWFfdmVyc2lvbiI6MH0=",
          "dependencies": [
            "aws_eks_cluster.ai_sre_demo",
            "aws_vpc.ai_sre_demo",
            "aws_launch_template.lt_09941c90104dafb26",
            "aws_lambda_function.retroboard_slack_alerts",
            "aws_internet_gateway.ai_sre_demo",
            "aws_vpc.aws_aidevops_default_vpc",
            "aws_sns_topic_policy.arn_aws_sns_us_west_2_180217099948_retroboard_alerts",
            "aws_iam_policy.arn_aws_iam__180217099948_policy_api_suite_automation_policy"
          ]
        }
      ]
    },
    {
      "mode": "managed",
      "type": "aws_route_table",
      "name": "aws_aidevops_public_rt",
      "provider": "provider[\"registry.terraform.io/hashicorp/aws\"]",
      "instances": [
        {
          "schema_version": 0,
          "attributes": {
            "arn": "arn:aws:ec2:us-west-2:180217099948:route-table/rtb-0ed1587b1f1034dec",
            "id": "rtb-0ed1587b1f1034dec",
            "owner_id": "180217099948",
            "propagating_vgws": [],
            "route": [
              {
                "carrier_gateway_id": "",
                "cidr_block": "0.0.0.0/0",
                "core_network_arn": "",
                "destination_prefix_list_id": "",
                "egress_only_gateway_id": "",
                "gateway_id": "igw-0b2a31e01de323c10",
                "ipv6_cidr_block": "",
                "local_gateway_id": "",
                "nat_gateway_id": "",
                "network_interface_id": "",
                "transit_gateway_id": "",
                "vpc_endpoint_id": "",
                "vpc_peering_connection_id": ""
              }
            ],
            "tags": {
              "Name": "AWS-AIDevOps-Public-RT"
            },
            "tags_all": {
              "Name": "AWS-AIDevOps-Public-RT"
            },
            "timeouts": null,
            "vpc_id": "vpc-03aecb1e85e749ec9"
          },
          "sensitive_attributes": [],
          "private": "eyJzY2hlbWFfdmVyc2lvbiI6MH0=",
          "dependencies": [
            "aws_iam_policy.arn_aws_iam__180217099948_policy_api_suite_automation_policy",
            "aws_launch_template.lt_09941c90104dafb26",
            "aws_vpc.aws_aidevops_default_vpc",
            "aws_sns_topic_policy.arn_aws_sns_us_west_2_180217099948_retroboard_alerts",
            "aws_internet_gateway.aws_aidevops_igw"
          ]
        }
      ]
    },
    {
      "mode": "managed",
      "type": "aws_route_table",
      "name": "rtb_00d53d08f1765a46b",
      "provider": "provider[\"registry.terraform.io/hashicorp/aws\"]",
      "instances": [
        {
          "schema_version": 0,
          "attributes": {
            "arn": "arn:aws:ec2:us-west-2:180217099948:route-table/rtb-00d53d08f1765a46b",
            "id": "rtb-00d53d08f1765a46b",
            "owner_id": "180217099948",
            "propagating_vgws": [],
            "route": [],
            "tags": {},
            "tags_all": {},
            "timeouts": null,
            "vpc_id": "vpc-03aecb1e85e749ec9"
          },
          "sensitive_attributes": [],
          "private": "eyJzY2hlbWFfdmVyc2lvbiI6MH0=",
          "dependencies": [
            "aws_sns_topic_policy.arn_aws_sns_us_west_2_180217099948_retroboard_alerts",
            "aws_iam_policy.arn_aws_iam__180217099948_policy_api_suite_automation_policy",
            "aws_vpc.aws_aidevops_default_vpc"
          ]
        }
      ]
    },
    {
      "mode": "managed",
      "type": "aws_route_table",
      "name": "rtb_03cda02ae77802074",
      "provider": "provider[\"registry.terraform.io/hashicorp/aws\"]",
      "instances": [
        {
          "schema_version": 0,
          "attributes": {
            "arn": "arn:aws:ec2:us-west-2:180217099948:route-table/rtb-03cda02ae77802074",
            "id": "rtb-03cda02ae77802074",
            "owner_id": "180217099948",
            "propagating_vgws": [],
            "route": [],
            "tags": {},
            "tags_all": {},
            "timeouts": null,
            "vpc_id": "vpc-08addde25db60cdd3"
          },
          "sensitive_attributes": [],
          "private": "eyJzY2hlbWFfdmVyc2lvbiI6MH0=",
          "dependencies": [
            "aws_vpc.ai_sre_demo",
            "aws_sns_topic_policy.arn_aws_sns_us_west_2_180217099948_retroboard_alerts",
            "aws_iam_policy.arn_aws_iam__180217099948_policy_api_suite_automation_policy"
          ]
        }
      ]
    },
    {
      "mode": "managed",
      "type": "aws_route_table",
      "name": "rtb_04b00234d3effc208",
      "provider": "provider[\"registry.terraform.io/hashicorp/aws\"]",
      "instances": [
        {
          "schema_version": 0,
          "attributes": {
            "arn": "arn:aws:ec2:us-west-2:180217099948:route-table/rtb-04b00234d3effc208",
            "id": "rtb-04b00234d3effc208",
            "owner_id": "180217099948",
            "propagating_vgws": [],
            "route": [],
            "tags": {},
            "tags_all": {},
            "timeouts": null,
            "vpc_id": "vpc-02814c9f8a44aee3d"
          },
          "sensitive_attributes": [],
          "private": "eyJzY2hlbWFfdmVyc2lvbiI6MH0=",
          "dependencies": [
            "aws_iam_policy.arn_aws_iam__180217099948_policy_api_suite_automation_policy",
            "aws_vpc.workshop_vpc",
            "aws_sns_topic_policy.arn_aws_sns_us_west_2_180217099948_retroboard_alerts"
          ]
        }
      ]
    },
    {
      "mode": "managed",
      "type": "aws_route_table",
      "name": "rtb_0affc75d8b5f746ee",
      "provider": "provider[\"registry.terraform.io/hashicorp/aws\"]",
      "instances": [
        {
          "schema_version": 0,
          "attributes": {
            "arn": "arn:aws:ec2:us-west-2:180217099948:route-table/rtb-0affc75d8b5f746ee",
            "id": "rtb-0affc75d8b5f746ee",
            "owner_id": "180217099948",
            "propagating_vgws": [],
            "route": [
              {
                "carrier_gateway_id": "",
                "cidr_block": "0.0.0.0/0",
                "core_network_arn": "",
                "destination_prefix_list_id": "",
                "egress_only_gateway_id": "",
                "gateway_id": "igw-02c1ecab69a1c2a3b",
                "ipv6_cidr_block": "",
                "local_gateway_id": "",
                "nat_gateway_id": "",
                "network_interface_id": "",
                "transit_gateway_id": "",
                "vpc_endpoint_id": "",
                "vpc_peering_connection_id": ""
              }
            ],
            "tags": {},
            "tags_all": {},
            "timeouts": null,
            "vpc_id": "vpc-06cab6363775ce4b0"
          },
          "sensitive_attributes": [],
          "private": "eyJzY2hlbWFfdmVyc2lvbiI6MH0=",
          "dependencies": [
            "aws_iam_policy.arn_aws_iam__180217099948_policy_api_suite_automation_policy",
            "aws_vpc.vpc_06cab6363775ce4b0",
            "aws_sns_topic_policy.arn_aws_sns_us_west_2_180217099948_retroboard_alerts",
            "aws_internet_gateway.main_igw",
            "aws_launch_template.lt_09941c90104dafb26"
          ]
        }
      ]
    },
    {
      "mode": "managed",
      "type": "aws_route_table",
      "name": "workshop_public_rt",
      "provider": "provider[\"registry.terraform.io/hashicorp/aws\"]",
      "instances": [
        {
          "schema_version": 0,
          "attributes": {
            "arn": "arn:aws:ec2:us-west-2:180217099948:route-table/rtb-086c7bea4a0641cbf",
            "id": "rtb-086c7bea4a0641cbf",
            "owner_id": "180217099948",
            "propagating_vgws": [],
            "route": [
              {
                "carrier_gateway_id": "",
                "cidr_block": "0.0.0.0/0",
                "core_network_arn": "",
                "destination_prefix_list_id": "",
                "egress_only_gateway_id": "",
                "gateway_id": "igw-0fc548dd23a66c623",
                "ipv6_cidr_block": "",
                "local_gateway_id": "",
                "nat_gateway_id": "",
                "network_interface_id": "",
                "transit_gateway_id": "",
                "vpc_endpoint_id": "",
                "vpc_peering_connection_id": ""
              }
            ],
            "tags": {
              "Component": "network",
              "ManagedBy": "Terraform",
              "Name": "workshop-public-rt",
              "Project": "workshop",
              "do-not-delete": "true"
            },
            "tags_all": {
              "Component": "network",
              "ManagedBy": "Terraform",
              "Name": "workshop-public-rt",
              "Project": "workshop",
              "do-not-delete": "true"
            },
            "timeouts": null,
            "vpc_id": "vpc-02814c9f8a44aee3d"
          },
          "sensitive_attributes": [],
          "private": "eyJzY2hlbWFfdmVyc2lvbiI6MH0=",
          "dependencies": [
            "aws_launch_template.lt_09941c90104dafb26",
            "aws_vpc.workshop_vpc",
            "aws_iam_policy.arn_aws_iam__180217099948_policy_api_suite_automation_policy",
            "aws_vpc.aws_aidevops_default_vpc",
            "aws_internet_gateway.workshop_igw",
            "aws_sns_topic_policy.arn_aws_sns_us_west_2_180217099948_retroboard_alerts"
          ]
        }
      ]
    },
    {
      "mode": "managed",
      "type": "aws_s3_bucket",
      "name": "ai_sre_demo_tfstate",
      "provider": "provider[\"registry.terraform.io/hashicorp/aws\"]",
      "instances": [
        {
          "schema_version": 0,
          "attributes": {
            "acceleration_status": "",
            "acl": null,
            "arn": "arn:aws:s3:::ai-sre-demo-tfstate",
            "bucket": "ai-sre-demo-tfstate",
            "bucket_domain_name": "ai-sre-demo-tfstate.s3.amazonaws.com",
            "bucket_prefix": "",
            "bucket_regional_domain_name": "ai-sre-demo-tfstate.s3.us-west-2.amazonaws.com",
            "cors_rule": [],
            "force_destroy": null,
            "grant": [
              {
                "id": "194e719b2a02c39a2894fa0aaca1765a4bc78a03a7dcb9a95c889e9808dbd7a9",
                "permissions": [
                  "FULL_CONTROL"
                ],
                "type": "CanonicalUser",
                "uri": ""
              }
            ],
            "hosted_zone_id": "Z3BJ6K6RIION7M",
            "id": "ai-sre-demo-tfstate",
            "lifecycle_rule": [],
            "logging": [],
            "object_lock_configuration": [],
            "object_lock_enabled": false,
            "policy": "",
            "region": "us-west-2",
            "replication_configuration": [],
            "request_payer": "BucketOwner",
            "server_side_encryption_configuration": [
              {
                "rule": [
                  {
                    "apply_server_side_encryption_by_default": [
                      {
                        "kms_master_key_id": "",
                        "sse_algorithm": "AES256"
                      }
                    ],
                    "bucket_key_enabled": false
                  }
                ]
              }
            ],
            "tags": {
              "DoNotDelete": "true",
              "ManagedBy": "terraform",
              "Project": "ai-sre-demo",
              "do-not-delete": "true"
            },
            "tags_all": {
              "DoNotDelete": "true",
              "ManagedBy": "terraform",
              "Project": "ai-sre-demo",
              "do-not-delete": "true"
            },
            "timeouts": null,
            "versioning": [
              {
                "enabled": true,
                "mfa_delete": false
              }
            ],
            "website": [],
            "website_domain": null,
            "website_endpoint": null
          },
          "sensitive_attributes": [],
          "private": "eyJzY2hlbWFfdmVyc2lvbiI6MH0=",
          "dependencies": [
            "aws_launch_template.lt_09941c90104dafb26",
            "aws_vpc.aws_aidevops_default_vpc",
            "aws_iam_policy.arn_aws_iam__180217099948_policy_api_suite_automation_policy",
            "aws_eks_cluster.ai_sre_demo"
          ]
        }
      ]
    },
    {
      "mode": "managed",
      "type": "aws_s3_bucket",
      "name": "aiden_eval_reports",
      "provider": "provider[\"registry.terraform.io/hashicorp/aws\"]",
      "instances": [
        {
          "schema_version": 0,
          "attributes": {
            "acceleration_status": "",
            "acl": null,
            "arn": "arn:aws:s3:::aiden-eval-reports",
            "bucket": "aiden-eval-reports",
            "bucket_domain_name": "aiden-eval-reports.s3.amazonaws.com",
            "bucket_prefix": "",
            "bucket_regional_domain_name": "aiden-eval-reports.s3.us-west-2.amazonaws.com",
            "cors_rule": [],
            "force_destroy": null,
            "grant": [
              {
                "id": "194e719b2a02c39a2894fa0aaca1765a4bc78a03a7dcb9a95c889e9808dbd7a9",
                "permissions": [
                  "FULL_CONTROL"
                ],
                "type": "CanonicalUser",
                "uri": ""
              }
            ],
            "hosted_zone_id": "Z3BJ6K6RIION7M",
            "id": "aiden-eval-reports",
            "lifecycle_rule": [],
            "logging": [],
            "object_lock_configuration": [],
            "object_lock_enabled": false,
            "policy": "{\"Statement\":[{\"Action\":\"s3:GetObject\",\"Effect\":\"Allow\",\"Principal\":\"*\",\"Resource\":\"arn:aws:s3:::aiden-eval-reports/*\",\"Sid\":\"PublicReadGetObject\"}],\"Version\":\"2012-10-17\"}",
            "region": "us-west-2",
            "replication_configuration": [],
            "request_payer": "BucketOwner",
            "server_side_encryption_configuration": [
              {
                "rule": [
                  {
                    "apply_server_side_encryption_by_default": [
                      {
                        "kms_master_key_id": "",
                        "sse_algorithm": "AES256"
                      }
                    ],
                    "bucket_key_enabled": true
                  }
                ]
              }
            ],
            "tags": {
              "owner": "Gaurav Chavan",
              "purpose": "aiden evaluation report",
              "team": "qa"
            },
            "tags_all": {
              "owner": "Gaurav Chavan",
              "purpose": "aiden evaluation report",
              "team": "qa"
            },
            "timeouts": null,
            "versioning": [
              {
                "enabled": false,
                "mfa_delete": false
              }
            ],
            "website": [
              {
                "error_document": "",
                "index_document": "report.html",
                "redirect_all_requests_to": "",
                "routing_rules": ""
              }
            ],
            "website_domain": "s3-website-us-west-2.amazonaws.com",
            "website_endpoint": "aiden-eval-reports.s3-website-us-west-2.amazonaws.com"
          },
          "sensitive_attributes": [],
          "private": "eyJzY2hlbWFfdmVyc2lvbiI6MH0=",
          "dependencies": [
            "aws_iam_policy.arn_aws_iam__180217099948_policy_api_suite_automation_policy",
            "aws_vpc.aws_aidevops_default_vpc",
            "aws_launch_template.lt_09941c90104dafb26"
          ]
        }
      ]
    },
    {
      "mode": "managed",
      "type": "aws_s3_bucket",
      "name": "aiden_reports",
      "provider": "provider[\"registry.terraform.io/hashicorp/aws\"]",
      "instances": [
        {
          "schema_version": 0,
          "attributes": {
            "acceleration_status": "",
            "acl": null,
            "arn": "arn:aws:s3:::aiden-reports",
            "bucket": "aiden-reports",
            "bucket_domain_name": "aiden-reports.s3.amazonaws.com",
            "bucket_prefix": "",
            "bucket_regional_domain_name": "aiden-reports.s3.us-west-2.amazonaws.com",
            "cors_rule": [],
            "force_destroy": null,
            "grant": [
              {
                "id": "194e719b2a02c39a2894fa0aaca1765a4bc78a03a7dcb9a95c889e9808dbd7a9",
                "permissions": [
                  "FULL_CONTROL"
                ],
                "type": "CanonicalUser",
                "uri": ""
              }
            ],
            "hosted_zone_id": "Z3BJ6K6RIION7M",
            "id": "aiden-reports",
            "lifecycle_rule": [],
            "logging": [],
            "object_lock_configuration": [],
            "object_lock_enabled": false,
            "policy": "{\"Statement\":[{\"Action\":\"s3:GetObject\",\"Effect\":\"Allow\",\"Principal\":\"*\",\"Resource\":\"arn:aws:s3:::aiden-reports/*\",\"Sid\":\"PublicReadGetObject\"}],\"Version\":\"2012-10-17\"}",
            "region": "us-west-2",
            "replication_configuration": [],
            "request_payer": "BucketOwner",
            "server_side_encryption_configuration": [
              {
                "rule": [
                  {
                    "apply_server_side_encryption_by_default": [
                      {
                        "kms_master_key_id": "",
                        "sse_algorithm": "AES256"
                      }
                    ],
                    "bucket_key_enabled": true
                  }
                ]
              }
            ],
            "tags": {
              "do-not-delete": "true",
              "owner": "Gaurav Chavan",
              "purpose": "aiden-reports"
            },
            "tags_all": {
              "do-not-delete": "true",
              "owner": "Gaurav Chavan",
              "purpose": "aiden-reports"
            },
            "timeouts": null,
            "versioning": [
              {
                "enabled": false,
                "mfa_delete": false
              }
            ],
            "website": [
              {
                "error_document": "",
                "index_document": "index.html",
                "redirect_all_requests_to": "",
                "routing_rules": ""
              }
            ],
            "website_domain": "s3-website-us-west-2.amazonaws.com",
            "website_endpoint": "aiden-reports.s3-website-us-west-2.amazonaws.com"
          },
          "sensitive_attributes": [],
          "private": "eyJzY2hlbWFfdmVyc2lvbiI6MH0=",
          "dependencies": [
            "aws_vpc.aws_aidevops_default_vpc",
            "aws_launch_template.lt_09941c90104dafb26",
            "aws_iam_policy.arn_aws_iam__180217099948_policy_api_suite_automation_policy"
          ]
        }
      ]
    },
    {
      "mode": "managed",
      "type": "aws_s3_bucket",
      "name": "digant_test_state",
      "provider": "provider[\"registry.terraform.io/hashicorp/aws\"]",
      "instances": [
        {
          "schema_version": 0,
          "attributes": {
            "acceleration_status": "",
            "acl": null,
            "arn": "arn:aws:s3:::digant-test-state",
            "bucket": "digant-test-state",
            "bucket_domain_name": "digant-test-state.s3.amazonaws.com",
            "bucket_prefix": "",
            "bucket_regional_domain_name": "digant-test-state.s3.us-west-2.amazonaws.com",
            "cors_rule": [],
            "force_destroy": null,
            "grant": [
              {
                "id": "194e719b2a02c39a2894fa0aaca1765a4bc78a03a7dcb9a95c889e9808dbd7a9",
                "permissions": [
                  "FULL_CONTROL"
                ],
                "type": "CanonicalUser",
                "uri": ""
              }
            ],
            "hosted_zone_id": "Z3BJ6K6RIION7M",
            "id": "digant-test-state",
            "lifecycle_rule": [],
            "logging": [],
            "object_lock_configuration": [],
            "object_lock_enabled": false,
            "policy": "",
            "region": "us-west-2",
            "replication_configuration": [],
            "request_payer": "BucketOwner",
            "server_side_encryption_configuration": [
              {
                "rule": [
                  {
                    "apply_server_side_encryption_by_default": [
                      {
                        "kms_master_key_id": "",
                        "sse_algorithm": "AES256"
                      }
                    ],
                    "bucket_key_enabled": false
                  }
                ]
              }
            ],
            "tags": {
              "do-not-delete": "true"
            },
            "tags_all": {
              "do-not-delete": "true"
            },
            "timeouts": null,
            "versioning": [
              {
                "enabled": true,
                "mfa_delete": false
              }
            ],
            "website": [],
            "website_domain": null,
            "website_endpoint": null
          },
          "sensitive_attributes": [],
          "private": "eyJzY2hlbWFfdmVyc2lvbiI6MH0=",
          "dependencies": [
            "aws_vpc.aws_aidevops_default_vpc",
            "aws_iam_policy.arn_aws_iam__180217099948_policy_api_suite_automation_policy",
            "aws_launch_template.lt_09941c90104dafb26"
          ]
        }
      ]
    },
    {
      "mode": "managed",
      "type": "aws_s3_bucket",
      "name": "hello_kitty_images_renewing_alpaca",
      "provider": "provider[\"registry.terraform.io/hashicorp/aws\"]",
      "instances": [
        {
          "schema_version": 0,
          "attributes": {
            "acceleration_status": "",
            "acl": null,
            "arn": "arn:aws:s3:::hello-kitty-images-renewing-alpaca",
            "bucket": "hello-kitty-images-renewing-alpaca",
            "bucket_domain_name": "hello-kitty-images-renewing-alpaca.s3.amazonaws.com",
            "bucket_prefix": "",
            "bucket_regional_domain_name": "hello-kitty-images-renewing-alpaca.s3.us-west-2.amazonaws.com",
            "cors_rule": [],
            "force_destroy": null,
            "grant": [
              {
                "id": "194e719b2a02c39a2894fa0aaca1765a4bc78a03a7dcb9a95c889e9808dbd7a9",
                "permissions": [
                  "FULL_CONTROL"
                ],
                "type": "CanonicalUser",
                "uri": ""
              }
            ],
            "hosted_zone_id": "Z3BJ6K6RIION7M",
            "id": "hello-kitty-images-renewing-alpaca",
            "lifecycle_rule": [],
            "logging": [],
            "object_lock_configuration": [],
            "object_lock_enabled": false,
            "policy": "",
            "region": "us-west-2",
            "replication_configuration": [],
            "request_payer": "BucketOwner",
            "server_side_encryption_configuration": [
              {
                "rule": [
                  {
                    "apply_server_side_encryption_by_default": [
                      {
                        "kms_master_key_id": "",
                        "sse_algorithm": "AES256"
                      }
                    ],
                    "bucket_key_enabled": false
                  }
                ]
              }
            ],
            "tags": {
              "Application": "hello-kitty",
              "Environment": "demo",
              "Repository": "sample-apps-infra",
              "Terraform": "true"
            },
            "tags_all": {
              "Application": "hello-kitty",
              "Environment": "demo",
              "Repository": "sample-apps-infra",
              "Terraform": "true"
            },
            "timeouts": null,
            "versioning": [
              {
                "enabled": false,
                "mfa_delete": false
              }
            ],
            "website": [],
            "website_domain": null,
            "website_endpoint": null
          },
          "sensitive_attributes": [],
          "private": "eyJzY2hlbWFfdmVyc2lvbiI6MH0=",
          "dependencies": [
            "aws_vpc.aws_aidevops_default_vpc",
            "aws_iam_policy.arn_aws_iam__180217099948_policy_api_suite_automation_policy",
            "aws_launch_template.lt_09941c90104dafb26"
          ]
        }
      ]
    },
    {
      "mode": "managed",
      "type": "aws_s3_bucket",
      "name": "jaingounchained_mcp_deploy_backends",
      "provider": "provider[\"registry.terraform.io/hashicorp/aws\"]",
      "instances": [
        {
          "schema_version": 0,
          "attributes": {
            "acceleration_status": "",
            "acl": null,
            "arn": "arn:aws:s3:::jaingounchained-mcp-deploy-backends",
            "bucket": "jaingounchained-mcp-deploy-backends",
            "bucket_domain_name": "jaingounchained-mcp-deploy-backends.s3.amazonaws.com",
            "bucket_prefix": "",
            "bucket_regional_domain_name": "jaingounchained-mcp-deploy-backends.s3.us-west-2.amazonaws.com",
            "cors_rule": [],
            "force_destroy": null,
            "grant": [
              {
                "id": "194e719b2a02c39a2894fa0aaca1765a4bc78a03a7dcb9a95c889e9808dbd7a9",
                "permissions": [
                  "FULL_CONTROL"
                ],
                "type": "CanonicalUser",
                "uri": ""
              }
            ],
            "hosted_zone_id": "Z3BJ6K6RIION7M",
            "id": "jaingounchained-mcp-deploy-backends",
            "lifecycle_rule": [],
            "logging": [],
            "object_lock_configuration": [],
            "object_lock_enabled": false,
            "policy": "",
            "region": "us-west-2",
            "replication_configuration": [],
            "request_payer": "BucketOwner",
            "server_side_encryption_configuration": [
              {
                "rule": [
                  {
                    "apply_server_side_encryption_by_default": [
                      {
                        "kms_master_key_id": "",
                        "sse_algorithm": "AES256"
                      }
                    ],
                    "bucket_key_enabled": true
                  }
                ]
              }
            ],
            "tags": {
              "created-by": "jaingounchained",
              "do-not-delete": "true"
            },
            "tags_all": {
              "created-by": "jaingounchained",
              "do-not-delete": "true"
            },
            "timeouts": null,
            "versioning": [
              {
                "enabled": true,
                "mfa_delete": false
              }
            ],
            "website": [],
            "website_domain": null,
            "website_endpoint": null
          },
          "sensitive_attributes": [],
          "private": "eyJzY2hlbWFfdmVyc2lvbiI6MH0=",
          "dependencies": [
            "aws_iam_policy.arn_aws_iam__180217099948_policy_api_suite_automation_policy",
            "aws_vpc.aws_aidevops_default_vpc",
            "aws_launch_template.lt_09941c90104dafb26"
          ]
        }
      ]
    },
    {
      "mode": "managed",
      "type": "aws_s3_bucket",
      "name": "nsrk_test_delete_me",
      "provider": "provider[\"registry.terraform.io/hashicorp/aws\"]",
      "instances": [
        {
          "schema_version": 0,
          "attributes": {
            "acceleration_status": "",
            "acl": null,
            "arn": "arn:aws:s3:::nsrk-test-delete-me",
            "bucket": "nsrk-test-delete-me",
            "bucket_domain_name": "nsrk-test-delete-me.s3.amazonaws.com",
            "bucket_prefix": "",
            "bucket_regional_domain_name": "nsrk-test-delete-me.s3.us-west-2.amazonaws.com",
            "cors_rule": [],
            "force_destroy": null,
            "grant": [
              {
                "id": "194e719b2a02c39a2894fa0aaca1765a4bc78a03a7dcb9a95c889e9808dbd7a9",
                "permissions": [
                  "FULL_CONTROL"
                ],
                "type": "CanonicalUser",
                "uri": ""
              }
            ],
            "hosted_zone_id": "Z3BJ6K6RIION7M",
            "id": "nsrk-test-delete-me",
            "lifecycle_rule": [],
            "logging": [],
            "object_lock_configuration": [],
            "object_lock_enabled": false,
            "policy": "",
            "region": "us-west-2",
            "replication_configuration": [],
            "request_payer": "BucketOwner",
            "server_side_encryption_configuration": [
              {
                "rule": [
                  {
                    "apply_server_side_encryption_by_default": [
                      {
                        "kms_master_key_id": "",
                        "sse_algorithm": "AES256"
                      }
                    ],
                    "bucket_key_enabled": false
                  }
                ]
              }
            ],
            "tags": {
              "owner": "nsrk"
            },
            "tags_all": {
              "owner": "nsrk"
            },
            "timeouts": null,
            "versioning": [
              {
                "enabled": false,
                "mfa_delete": false
              }
            ],
            "website": [],
            "website_domain": null,
            "website_endpoint": null
          },
          "sensitive_attributes": [],
          "private": "eyJzY2hlbWFfdmVyc2lvbiI6MH0=",
          "dependencies": [
            "aws_iam_policy.arn_aws_iam__180217099948_policy_api_suite_automation_policy",
            "aws_launch_template.lt_09941c90104dafb26",
            "aws_vpc.aws_aidevops_default_vpc"
          ]
        }
      ]
    },
    {
      "mode": "managed",
      "type": "aws_s3_bucket",
      "name": "pxgDx",
      "provider": "provider[\"registry.terraform.io/hashicorp/aws\"]",
      "instances": [
        {
          "schema_version": 0,
          "attributes": {
            "acceleration_status": "",
            "acl": null,
            "arn": "arn:aws:s3:::180217099948-states",
            "bucket": "180217099948-states",
            "bucket_domain_name": "180217099948-states.s3.amazonaws.com",
            "bucket_prefix": "",
            "bucket_regional_domain_name": "180217099948-states.s3.us-west-2.amazonaws.com",
            "cors_rule": [],
            "force_destroy": null,
            "grant": [
              {
                "id": "194e719b2a02c39a2894fa0aaca1765a4bc78a03a7dcb9a95c889e9808dbd7a9",
                "permissions": [
                  "FULL_CONTROL"
                ],
                "type": "CanonicalUser",
                "uri": ""
              }
            ],
            "hosted_zone_id": "Z3BJ6K6RIION7M",
            "id": "180217099948-states",
            "lifecycle_rule": [],
            "logging": [],
            "object_lock_configuration": [],
            "object_lock_enabled": false,
            "policy": "{\"Statement\":[{\"Action\":\"s3:PutObject\",\"Condition\":{\"StringNotEquals\":{\"s3:x-amz-server-side-encryption\":[\"AES256\",\"aws:kms\"]}},\"Effect\":\"Deny\",\"Principal\":{\"AWS\":\"*\"},\"Resource\":\"arn:aws:s3:::180217099948-states/*\",\"Sid\":\"DenyIncorrectEncryptionHeader\"},{\"Action\":\"s3:PutObject\",\"Condition\":{\"Null\":{\"s3:x-amz-server-side-encryption\":\"true\"}},\"Effect\":\"Deny\",\"Principal\":{\"AWS\":\"*\"},\"Resource\":\"arn:aws:s3:::180217099948-states/*\",\"Sid\":\"DenyUnEncryptedObjectUploads\"},{\"Action\":\"s3:*\",\"Condition\":{\"Bool\":{\"aws:SecureTransport\":\"false\"}},\"Effect\":\"Deny\",\"Principal\":{\"AWS\":\"*\"},\"Resource\":[\"arn:aws:s3:::180217099948-states/*\",\"arn:aws:s3:::180217099948-states\"],\"Sid\":\"EnforceTlsRequestsOnly\"}],\"Version\":\"2012-10-17\"}",
            "region": "us-west-2",
            "replication_configuration": [],
            "request_payer": "BucketOwner",
            "server_side_encryption_configuration": [
              {
                "rule": [
                  {
                    "apply_server_side_encryption_by_default": [
                      {
                        "kms_master_key_id": "",
                        "sse_algorithm": "AES256"
                      }
                    ],
                    "bucket_key_enabled": false
                  }
                ]
              }
            ],
            "tags": {
              "Attributes": "state",
              "Name": "180217099948-states",
              "Namespace": "180217099948",
              "Repository": "infra"
            },
            "tags_all": {
              "Attributes": "state",
              "Name": "180217099948-states",
              "Namespace": "180217099948",
              "Repository": "infra"
            },
            "timeouts": null,
            "versioning": [
              {
                "enabled": true,
                "mfa_delete": false
              }
            ],
            "website": [],
            "website_domain": null,
            "website_endpoint": null
          },
          "sensitive_attributes": [],
          "private": "eyJzY2hlbWFfdmVyc2lvbiI6MH0=",
          "dependencies": [
            "aws_vpc.aws_aidevops_default_vpc",
            "aws_launch_template.lt_09941c90104dafb26",
            "aws_sns_topic_policy.arn_aws_sns_us_west_2_180217099948_retroboard_alerts",
            "aws_iam_policy.arn_aws_iam__180217099948_policy_api_suite_automation_policy"
          ]
        }
      ]
    },
    {
      "mode": "managed",
      "type": "aws_s3_bucket",
      "name": "retroboard_demo_appcd_io",
      "provider": "provider[\"registry.terraform.io/hashicorp/aws\"]",
      "instances": [
        {
          "schema_version": 0,
          "attributes": {
            "acceleration_status": "",
            "acl": null,
            "arn": "arn:aws:s3:::retroboard.demo.appcd.io",
            "bucket": "retroboard.demo.appcd.io",
            "bucket_domain_name": "retroboard.demo.appcd.io.s3.amazonaws.com",
            "bucket_prefix": "",
            "bucket_regional_domain_name": "retroboard.demo.appcd.io.s3.us-west-2.amazonaws.com",
            "cors_rule": [],
            "force_destroy": null,
            "grant": [
              {
                "id": "194e719b2a02c39a2894fa0aaca1765a4bc78a03a7dcb9a95c889e9808dbd7a9",
                "permissions": [
                  "FULL_CONTROL"
                ],
                "type": "CanonicalUser",
                "uri": ""
              }
            ],
            "hosted_zone_id": "Z3BJ6K6RIION7M",
            "id": "retroboard.demo.appcd.io",
            "lifecycle_rule": [],
            "logging": [],
            "object_lock_configuration": [],
            "object_lock_enabled": false,
            "policy": "{\"Statement\":[{\"Action\":\"s3:GetObject\",\"Effect\":\"Allow\",\"Principal\":{\"AWS\":\"*\"},\"Resource\":\"arn:aws:s3:::retroboard.demo.appcd.io/*\"}],\"Version\":\"2012-10-17\"}",
            "region": "us-west-2",
            "replication_configuration": [],
            "request_payer": "BucketOwner",
            "server_side_encryption_configuration": [
              {
                "rule": [
                  {
                    "apply_server_side_encryption_by_default": [
                      {
                        "kms_master_key_id": "",
                        "sse_algorithm": "AES256"
                      }
                    ],
                    "bucket_key_enabled": false
                  }
                ]
              }
            ],
            "tags": {
              "Application": "retroboard",
              "Environment": "sandbox",
              "Repository": "infra",
              "Terraform": "true"
            },
            "tags_all": {
              "Application": "retroboard",
              "Environment": "sandbox",
              "Repository": "infra",
              "Terraform": "true"
            },
            "timeouts": null,
            "versioning": [
              {
                "enabled": false,
                "mfa_delete": false
              }
            ],
            "website": [
              {
                "error_document": "404.html",
                "index_document": "index.html",
                "redirect_all_requests_to": "",
                "routing_rules": ""
              }
            ],
            "website_domain": "s3-website-us-west-2.amazonaws.com",
            "website_endpoint": "retroboard.demo.appcd.io.s3-website-us-west-2.amazonaws.com"
          },
          "sensitive_attributes": [],
          "private": "eyJzY2hlbWFfdmVyc2lvbiI6MH0=",
          "dependencies": [
            "aws_vpc.aws_aidevops_default_vpc",
            "aws_launch_template.lt_09941c90104dafb26",
            "aws_iam_policy.arn_aws_iam__180217099948_policy_api_suite_automation_policy"
          ]
        }
      ]
    },
    {
      "mode": "managed",
      "type": "aws_s3_bucket",
      "name": "sg_deployment_test_statefiles",
      "provider": "provider[\"registry.terraform.io/hashicorp/aws\"]",
      "instances": [
        {
          "schema_version": 0,
          "attributes": {
            "acceleration_status": "",
            "acl": null,
            "arn": "arn:aws:s3:::sg-deployment-test-statefiles",
            "bucket": "sg-deployment-test-statefiles",
            "bucket_domain_name": "sg-deployment-test-statefiles.s3.amazonaws.com",
            "bucket_prefix": "",
            "bucket_regional_domain_name": "sg-deployment-test-statefiles.s3.us-west-2.amazonaws.com",
            "cors_rule": [],
            "force_destroy": null,
            "grant": [
              {
                "id": "194e719b2a02c39a2894fa0aaca1765a4bc78a03a7dcb9a95c889e9808dbd7a9",
                "permissions": [
                  "FULL_CONTROL"
                ],
                "type": "CanonicalUser",
                "uri": ""
              }
            ],
            "hosted_zone_id": "Z3BJ6K6RIION7M",
            "id": "sg-deployment-test-statefiles",
            "lifecycle_rule": [],
            "logging": [],
            "object_lock_configuration": [],
            "object_lock_enabled": false,
            "policy": "{\"Statement\":[{\"Action\":\"s3:PutObject\",\"Condition\":{\"StringNotEquals\":{\"s3:x-amz-server-side-encryption\":[\"AES256\",\"aws:kms\"]}},\"Effect\":\"Deny\",\"Principal\":{\"AWS\":\"*\"},\"Resource\":\"arn:aws:s3:::sg-deployment-test-statefiles/*\",\"Sid\":\"DenyIncorrectEncryptionHeader\"},{\"Action\":\"s3:PutObject\",\"Condition\":{\"Null\":{\"s3:x-amz-server-side-encryption\":\"true\"}},\"Effect\":\"Deny\",\"Principal\":{\"AWS\":\"*\"},\"Resource\":\"arn:aws:s3:::sg-deployment-test-statefiles/*\",\"Sid\":\"DenyUnEncryptedObjectUploads\"},{\"Action\":\"s3:*\",\"Condition\":{\"Bool\":{\"aws:SecureTransport\":\"false\"}},\"Effect\":\"Deny\",\"Principal\":{\"AWS\":\"*\"},\"Resource\":[\"arn:aws:s3:::sg-deployment-test-statefiles/*\",\"arn:aws:s3:::sg-deployment-test-statefiles\"],\"Sid\":\"EnforceTlsRequestsOnly\"}],\"Version\":\"2012-10-17\"}",
            "region": "us-west-2",
            "replication_configuration": [],
            "request_payer": "BucketOwner",
            "server_side_encryption_configuration": [
              {
                "rule": [
                  {
                    "apply_server_side_encryption_by_default": [
                      {
                        "kms_master_key_id": "",
                        "sse_algorithm": "AES256"
                      }
                    ],
                    "bucket_key_enabled": false
                  }
                ]
              }
            ],
            "tags": {
              "Name": "sg-deployment-test-statefiles",
              "Namespace": "sg-deployment-test-statefiles",
              "created-by": "nasir",
              "do-not-delete": "true",
              "purpose": "store statefile for stackgen apply",
              "statefile-storage-location": "provision_test",
              "who-has-the-statefile": "nasir-mac"
            },
            "tags_all": {
              "Name": "sg-deployment-test-statefiles",
              "Namespace": "sg-deployment-test-statefiles",
              "created-by": "nasir",
              "do-not-delete": "true",
              "purpose": "store statefile for stackgen apply",
              "statefile-storage-location": "provision_test",
              "who-has-the-statefile": "nasir-mac"
            },
            "timeouts": null,
            "versioning": [
              {
                "enabled": true,
                "mfa_delete": false
              }
            ],
            "website": [],
            "website_domain": null,
            "website_endpoint": null
          },
          "sensitive_attributes": [],
          "private": "eyJzY2hlbWFfdmVyc2lvbiI6MH0=",
          "dependencies": [
            "aws_vpc.aws_aidevops_default_vpc",
            "aws_iam_policy.arn_aws_iam__180217099948_policy_api_suite_automation_policy",
            "aws_launch_template.lt_09941c90104dafb26",
            "aws_lambda_function.retroboard_slack_alerts"
          ]
        }
      ]
    },
    {
      "mode": "managed",
      "type": "aws_s3_bucket",
      "name": "workshop_lambda_code_bucket_180217099948",
      "provider": "provider[\"registry.terraform.io/hashicorp/aws\"]",
      "instances": [
        {
          "schema_version": 0,
          "attributes": {
            "acceleration_status": "",
            "acl": null,
            "arn": "arn:aws:s3:::workshop-lambda-code-bucket-180217099948",
            "bucket": "workshop-lambda-code-bucket-180217099948",
            "bucket_domain_name": "workshop-lambda-code-bucket-180217099948.s3.amazonaws.com",
            "bucket_prefix": "",
            "bucket_regional_domain_name": "workshop-lambda-code-bucket-180217099948.s3.us-west-2.amazonaws.com",
            "cors_rule": [],
            "force_destroy": null,
            "grant": [
              {
                "id": "194e719b2a02c39a2894fa0aaca1765a4bc78a03a7dcb9a95c889e9808dbd7a9",
                "permissions": [
                  "FULL_CONTROL"
                ],
                "type": "CanonicalUser",
                "uri": ""
              }
            ],
            "hosted_zone_id": "Z3BJ6K6RIION7M",
            "id": "workshop-lambda-code-bucket-180217099948",
            "lifecycle_rule": [],
            "logging": [],
            "object_lock_configuration": [],
            "object_lock_enabled": false,
            "policy": "",
            "region": "us-west-2",
            "replication_configuration": [],
            "request_payer": "BucketOwner",
            "server_side_encryption_configuration": [
              {
                "rule": [
                  {
                    "apply_server_side_encryption_by_default": [
                      {
                        "kms_master_key_id": "",
                        "sse_algorithm": "AES256"
                      }
                    ],
                    "bucket_key_enabled": false
                  }
                ]
              }
            ],
            "tags": {
              "Component": "app-source",
              "ManagedBy": "Terraform",
              "Project": "workshop",
              "do-not-delete": "true"
            },
            "tags_all": {
              "Component": "app-source",
              "ManagedBy": "Terraform",
              "Project": "workshop",
              "do-not-delete": "true"
            },
            "timeouts": null,
            "versioning": [
              {
                "enabled": false,
                "mfa_delete": false
              }
            ],
            "website": [],
            "website_domain": null,
            "website_endpoint": null
          },
          "sensitive_attributes": [],
          "private": "eyJzY2hlbWFfdmVyc2lvbiI6MH0=",
          "dependencies": [
            "aws_iam_policy.arn_aws_iam__180217099948_policy_api_suite_automation_policy",
            "aws_vpc.aws_aidevops_default_vpc",
            "aws_launch_template.lt_09941c90104dafb26"
          ]
        }
      ]
    },
    {
      "mode": "managed",
      "type": "aws_security_group",
      "name": "aws_aidevops_test_sg",
      "provider": "provider[\"registry.terraform.io/hashicorp/aws\"]",
      "instances": [
        {
          "schema_version": 1,
          "attributes": {
            "arn": "arn:aws:ec2:us-west-2:180217099948:security-group/sg-0f3ae20de1f8d6d11",
            "description": "AWS AIDevOps beta testing security group",
            "egress": [
              {
                "cidr_blocks": [
                  "0.0.0.0/0"
                ],
                "description": "",
                "from_port": 0,
                "ipv6_cidr_blocks": [],
                "prefix_list_ids": [],
                "protocol": "-1",
                "security_groups": [],
                "self": false,
                "to_port": 0
              }
            ],
            "id": "sg-0f3ae20de1f8d6d11",
            "ingress": [
              {
                "cidr_blocks": [
                  "0.0.0.0/0"
                ],
                "description": "Jenkins",
                "from_port": 8080,
                "ipv6_cidr_blocks": [],
                "prefix_list_ids": [],
                "protocol": "tcp",
                "security_groups": [],
                "self": false,
                "to_port": 8080
              },
              {
                "cidr_blocks": [
                  "0.0.0.0/0"
                ],
                "description": "SSH access from your IP",
                "from_port": 22,
                "ipv6_cidr_blocks": [],
                "prefix_list_ids": [],
                "protocol": "tcp",
                "security_groups": [],
                "self": false,
                "to_port": 22
              }
            ],
            "name": "aws-aidevops-cpu-test-TestSecurityGroup-AaRJwoqh7c21",
            "name_prefix": "",
            "owner_id": "180217099948",
            "revoke_rules_on_delete": null,
            "tags": {
              "Name": "AWS-AIDevOps-Test-SG",
              "Purpose": "AWS-AIDevOps-Testing"
            },
            "tags_all": {
              "Name": "AWS-AIDevOps-Test-SG",
              "Purpose": "AWS-AIDevOps-Testing"
            },
            "timeouts": null,
            "vpc_id": "vpc-03aecb1e85e749ec9"
          },
          "sensitive_attributes": [],
          "private": "eyJzY2hlbWFfdmVyc2lvbiI6MX0=",
          "dependencies": [
            "aws_vpc.aws_aidevops_default_vpc",
            "aws_lambda_function.retroboard_send_email",
            "aws_iam_policy.arn_aws_iam__180217099948_policy_api_suite_automation_policy",
            "aws_sns_topic_policy.arn_aws_sns_us_west_2_180217099948_retroboard_alerts",
            "aws_launch_template.lt_09941c90104dafb26"
          ]
        }
      ]
    },
    {
      "mode": "managed",
      "type": "aws_security_group",
      "name": "eks_cluster_sg_ai_sre_demo_1803631249",
      "provider": "provider[\"registry.terraform.io/hashicorp/aws\"]",
      "instances": [
        {
          "schema_version": 1,
          "attributes": {
            "arn": "arn:aws:ec2:us-west-2:180217099948:security-group/sg-089d2e112f21c23e9",
            "description": "EKS created security group applied to ENI that is attached to EKS Control Plane master nodes, as well as any managed workloads.",
            "egress": [
              {
                "cidr_blocks": [
                  "0.0.0.0/0"
                ],
                "description": "",
                "from_port": 0,
                "ipv6_cidr_blocks": [],
                "prefix_list_ids": [],
                "protocol": "-1",
                "security_groups": [],
                "self": false,
                "to_port": 0
              }
            ],
            "id": "sg-089d2e112f21c23e9",
            "ingress": [
              {
                "cidr_blocks": [],
                "description": "",
                "from_port": 0,
                "ipv6_cidr_blocks": [],
                "prefix_list_ids": [],
                "protocol": "-1",
                "security_groups": [],
                "self": true,
                "to_port": 0
              }
            ],
            "name": "eks-cluster-sg-ai-sre-demo-1803631249",
            "name_prefix": "",
            "owner_id": "180217099948",
            "revoke_rules_on_delete": null,
            "tags": {
              "Name": "eks-cluster-sg-ai-sre-demo-1803631249",
              "do-not-delete": "true",
              "donotdelete": "true",
              "kubernetes.io/cluster/ai-sre-demo": "owned",
              "project": "ai-sre-demo"
            },
            "tags_all": {
              "Name": "eks-cluster-sg-ai-sre-demo-1803631249",
              "do-not-delete": "true",
              "donotdelete": "true",
              "kubernetes.io/cluster/ai-sre-demo": "owned",
              "project": "ai-sre-demo"
            },
            "timeouts": null,
            "vpc_id": "vpc-08addde25db60cdd3"
          },
          "sensitive_attributes": [],
          "private": "eyJzY2hlbWFfdmVyc2lvbiI6MX0=",
          "dependencies": [
            "aws_vpc.ai_sre_demo",
            "aws_vpc.aws_aidevops_default_vpc",
            "aws_sns_topic_policy.arn_aws_sns_us_west_2_180217099948_retroboard_alerts",
            "aws_iam_policy.arn_aws_iam__180217099948_policy_api_suite_automation_policy",
            "aws_launch_template.lt_09941c90104dafb26",
            "aws_eks_cluster.ai_sre_demo"
          ]
        }
      ]
    },
    {
      "mode": "managed",
      "type": "aws_security_group",
      "name": "sg_07e6a004511fed45e",
      "provider": "provider[\"registry.terraform.io/hashicorp/aws\"]",
      "instances": [
        {
          "schema_version": 1,
          "attributes": {
            "arn": "arn:aws:ec2:us-west-2:180217099948:security-group/sg-07e6a004511fed45e",
            "description": "default VPC security group",
            "egress": [
              {
                "cidr_blocks": [
                  "0.0.0.0/0"
                ],
                "description": "",
                "from_port": 0,
                "ipv6_cidr_blocks": [],
                "prefix_list_ids": [],
                "protocol": "-1",
                "security_groups": [],
                "self": false,
                "to_port": 0
              }
            ],
            "id": "sg-07e6a004511fed45e",
            "ingress": [
              {
                "cidr_blocks": [
                  "0.0.0.0/0"
                ],
                "description": "",
                "from_port": 22,
                "ipv6_cidr_blocks": [],
                "prefix_list_ids": [],
                "protocol": "tcp",
                "security_groups": [],
                "self": false,
                "to_port": 22
              },
              {
                "cidr_blocks": [
                  "0.0.0.0/0"
                ],
                "description": "",
                "from_port": 80,
                "ipv6_cidr_blocks": [],
                "prefix_list_ids": [],
                "protocol": "tcp",
                "security_groups": [],
                "self": false,
                "to_port": 80
              }
            ],
            "name": "default",
            "name_prefix": "",
            "owner_id": "180217099948",
            "revoke_rules_on_delete": null,
            "tags": {},
            "tags_all": {},
            "timeouts": null,
            "vpc_id": "vpc-06cab6363775ce4b0"
          },
          "sensitive_attributes": [],
          "private": "eyJzY2hlbWFfdmVyc2lvbiI6MX0=",
          "dependencies": [
            "aws_vpc.vpc_06cab6363775ce4b0",
            "aws_iam_policy.arn_aws_iam__180217099948_policy_api_suite_automation_policy",
            "aws_lambda_function.retroboard_send_email",
            "aws_vpc.aws_aidevops_default_vpc",
            "aws_launch_template.lt_09941c90104dafb26",
            "aws_sns_topic_policy.arn_aws_sns_us_west_2_180217099948_retroboard_alerts"
          ]
        }
      ]
    },
    {
      "mode": "managed",
      "type": "aws_security_group",
      "name": "sg_087a882b795afe148",
      "provider": "provider[\"registry.terraform.io/hashicorp/aws\"]",
      "instances": [
        {
          "schema_version": 1,
          "attributes": {
            "arn": "arn:aws:ec2:us-west-2:180217099948:security-group/sg-087a882b795afe148",
            "description": "default VPC security group",
            "egress": [
              {
                "cidr_blocks": [
                  "0.0.0.0/0"
                ],
                "description": "",
                "from_port": 0,
                "ipv6_cidr_blocks": [],
                "prefix_list_ids": [],
                "protocol": "-1",
                "security_groups": [],
                "self": false,
                "to_port": 0
              }
            ],
            "id": "sg-087a882b795afe148",
            "ingress": [
              {
                "cidr_blocks": [],
                "description": "",
                "from_port": 0,
                "ipv6_cidr_blocks": [],
                "prefix_list_ids": [],
                "protocol": "-1",
                "security_groups": [],
                "self": true,
                "to_port": 0
              }
            ],
            "name": "default",
            "name_prefix": "",
            "owner_id": "180217099948",
            "revoke_rules_on_delete": null,
            "tags": {},
            "tags_all": {},
            "timeouts": null,
            "vpc_id": "vpc-03aecb1e85e749ec9"
          },
          "sensitive_attributes": [],
          "private": "eyJzY2hlbWFfdmVyc2lvbiI6MX0=",
          "dependencies": [
            "aws_vpc.aws_aidevops_default_vpc",
            "aws_iam_policy.arn_aws_iam__180217099948_policy_api_suite_automation_policy",
            "aws_launch_template.lt_09941c90104dafb26",
            "aws_sns_topic_policy.arn_aws_sns_us_west_2_180217099948_retroboard_alerts"
          ]
        }
      ]
    },
    {
      "mode": "managed",
      "type": "aws_security_group",
      "name": "sg_0b575c05f44b7716e",
      "provider": "provider[\"registry.terraform.io/hashicorp/aws\"]",
      "instances": [
        {
          "schema_version": 1,
          "attributes": {
            "arn": "arn:aws:ec2:us-west-2:180217099948:security-group/sg-0b575c05f44b7716e",
            "description": "default VPC security group",
            "egress": [
              {
                "cidr_blocks": [
                  "0.0.0.0/0"
                ],
                "description": "",
                "from_port": 0,
                "ipv6_cidr_blocks": [],
                "prefix_list_ids": [],
                "protocol": "-1",
                "security_groups": [],
                "self": false,
                "to_port": 0
              }
            ],
            "id": "sg-0b575c05f44b7716e",
            "ingress": [
              {
                "cidr_blocks": [],
                "description": "",
                "from_port": 0,
                "ipv6_cidr_blocks": [],
                "prefix_list_ids": [],
                "protocol": "-1",
                "security_groups": [],
                "self": true,
                "to_port": 0
              }
            ],
            "name": "default",
            "name_prefix": "",
            "owner_id": "180217099948",
            "revoke_rules_on_delete": null,
            "tags": {},
            "tags_all": {},
            "timeouts": null,
            "vpc_id": "vpc-02814c9f8a44aee3d"
          },
          "sensitive_attributes": [],
          "private": "eyJzY2hlbWFfdmVyc2lvbiI6MX0=",
          "dependencies": [
            "aws_iam_policy.arn_aws_iam__180217099948_policy_api_suite_automation_policy",
            "aws_vpc.workshop_vpc",
            "aws_launch_template.lt_09941c90104dafb26",
            "aws_vpc.aws_aidevops_default_vpc",
            "aws_sns_topic_policy.arn_aws_sns_us_west_2_180217099948_retroboard_alerts"
          ]
        }
      ]
    },
    {
      "mode": "managed",
      "type": "aws_security_group",
      "name": "sg_0f6869c58b81b7469",
      "provider": "provider[\"registry.terraform.io/hashicorp/aws\"]",
      "instances": [
        {
          "schema_version": 1,
          "attributes": {
            "arn": "arn:aws:ec2:us-west-2:180217099948:security-group/sg-0f6869c58b81b7469",
            "description": "default VPC security group",
            "egress": [
              {
                "cidr_blocks": [
                  "0.0.0.0/0"
                ],
                "description": "",
                "from_port": 0,
                "ipv6_cidr_blocks": [],
                "prefix_list_ids": [],
                "protocol": "-1",
                "security_groups": [],
                "self": false,
                "to_port": 0
              }
            ],
            "id": "sg-0f6869c58b81b7469",
            "ingress": [
              {
                "cidr_blocks": [],
                "description": "",
                "from_port": 0,
                "ipv6_cidr_blocks": [],
                "prefix_list_ids": [],
                "protocol": "-1",
                "security_groups": [],
                "self": true,
                "to_port": 0
              }
            ],
            "name": "default",
            "name_prefix": "",
            "owner_id": "180217099948",
            "revoke_rules_on_delete": null,
            "tags": {},
            "tags_all": {},
            "timeouts": null,
            "vpc_id": "vpc-08addde25db60cdd3"
          },
          "sensitive_attributes": [],
          "private": "eyJzY2hlbWFfdmVyc2lvbiI6MX0=",
          "dependencies": [
            "aws_vpc.aws_aidevops_default_vpc",
            "aws_sns_topic_policy.arn_aws_sns_us_west_2_180217099948_retroboard_alerts",
            "aws_vpc.ai_sre_demo",
            "aws_launch_template.lt_09941c90104dafb26",
            "aws_iam_policy.arn_aws_iam__180217099948_policy_api_suite_automation_policy"
          ]
        }
      ]
    },
    {
      "mode": "managed",
      "type": "aws_security_group",
      "name": "terraform_testing_env_sg",
      "provider": "provider[\"registry.terraform.io/hashicorp/aws\"]",
      "instances": [
        {
          "schema_version": 1,
          "attributes": {
            "arn": "arn:aws:ec2:us-west-2:180217099948:security-group/sg-0999c1cfa9344bb06",
            "description": "Security group for Terraform testing EC2 instance",
            "egress": [
              {
                "cidr_blocks": [
                  "0.0.0.0/0"
                ],
                "description": "",
                "from_port": 0,
                "ipv6_cidr_blocks": [],
                "prefix_list_ids": [],
                "protocol": "-1",
                "security_groups": [],
                "self": false,
                "to_port": 0
              }
            ],
            "id": "sg-0999c1cfa9344bb06",
            "ingress": [
              {
                "cidr_blocks": [
                  "0.0.0.0/0"
                ],
                "description": "Allow SSH access",
                "from_port": 22,
                "ipv6_cidr_blocks": [],
                "prefix_list_ids": [],
                "protocol": "tcp",
                "security_groups": [],
                "self": false,
                "to_port": 22
              }
            ],
            "name": "terraform-testing-env-sg",
            "name_prefix": "",
            "owner_id": "180217099948",
            "revoke_rules_on_delete": null,
            "tags": {
              "Name": "terraform-testing-env-sg"
            },
            "tags_all": {
              "Name": "terraform-testing-env-sg"
            },
            "timeouts": null,
            "vpc_id": "vpc-08addde25db60cdd3"
          },
          "sensitive_attributes": [],
          "private": "eyJzY2hlbWFfdmVyc2lvbiI6MX0=",
          "dependencies": [
            "aws_sns_topic_policy.arn_aws_sns_us_west_2_180217099948_retroboard_alerts",
            "aws_iam_policy.arn_aws_iam__180217099948_policy_api_suite_automation_policy",
            "aws_vpc.aws_aidevops_default_vpc",
            "aws_lambda_function.retroboard_send_email",
            "aws_vpc.ai_sre_demo",
            "aws_launch_template.lt_09941c90104dafb26"
          ]
        }
      ]
    },
    {
      "mode": "managed",
      "type": "aws_security_group",
      "name": "workshop_lambda_sg",
      "provider": "provider[\"registry.terraform.io/hashicorp/aws\"]",
      "instances": [
        {
          "schema_version": 1,
          "attributes": {
            "arn": "arn:aws:ec2:us-west-2:180217099948:security-group/sg-0196611e7b8d2f201",
            "description": "Security group for the Lambda function",
            "egress": [
              {
                "cidr_blocks": [
                  "0.0.0.0/0"
                ],
                "description": "",
                "from_port": 0,
                "ipv6_cidr_blocks": [],
                "prefix_list_ids": [],
                "protocol": "-1",
                "security_groups": [],
                "self": false,
                "to_port": 0
              }
            ],
            "id": "sg-0196611e7b8d2f201",
            "ingress": [
              {
                "cidr_blocks": [
                  "0.0.0.0/0"
                ],
                "description": "",
                "from_port": 2000,
                "ipv6_cidr_blocks": [],
                "prefix_list_ids": [],
                "protocol": "tcp",
                "security_groups": [],
                "self": false,
                "to_port": 2000
              }
            ],
            "name": "workshop-lambda-sg",
            "name_prefix": "",
            "owner_id": "180217099948",
            "revoke_rules_on_delete": null,
            "tags": {
              "Component": "application",
              "ManagedBy": "Terraform",
              "Name": "workshop-lambda-sg",
              "Project": "workshop",
              "do-not-delete": "true"
            },
            "tags_all": {
              "Component": "application",
              "ManagedBy": "Terraform",
              "Name": "workshop-lambda-sg",
              "Project": "workshop",
              "do-not-delete": "true"
            },
            "timeouts": null,
            "vpc_id": "vpc-02814c9f8a44aee3d"
          },
          "sensitive_attributes": [],
          "private": "eyJzY2hlbWFfdmVyc2lvbiI6MX0=",
          "dependencies": [
            "aws_vpc.workshop_vpc",
            "aws_vpc.aws_aidevops_default_vpc",
            "aws_sns_topic_policy.arn_aws_sns_us_west_2_180217099948_retroboard_alerts",
            "aws_launch_template.lt_09941c90104dafb26",
            "aws_iam_policy.arn_aws_iam__180217099948_policy_api_suite_automation_policy"
          ]
        }
      ]
    },
    {
      "mode": "managed",
      "type": "aws_ses_active_receipt_rule_set",
      "name": "testaccessdenied",
      "provider": "provider[\"registry.terraform.io/hashicorp/aws\"]",
      "instances": [
        {
          "schema_version": 0,
          "attributes": {
            "arn": "arn:aws:ses:us-west-2:180217099948:receipt-rule-set/testaccessdenied",
            "id": "testaccessdenied",
            "rule_set_name": "testaccessdenied"
          },
          "sensitive_attributes": [],
          "private": "eyJzY2hlbWFfdmVyc2lvbiI6MH0=",
          "dependencies": [
            "aws_ses_receipt_rule_set.testaccessdenied"
          ]
        }
      ]
    },
    {
      "mode": "managed",
      "type": "aws_ses_domain_dkim",
      "name": "asif_appcd_com",
      "provider": "provider[\"registry.terraform.io/hashicorp/aws\"]",
      "instances": [
        {
          "schema_version": 0,
          "attributes": {
            "dkim_tokens": [],
            "domain": "asif@appcd.com",
            "id": "asif@appcd.com"
          },
          "sensitive_attributes": [],
          "private": "eyJzY2hlbWFfdmVyc2lvbiI6MH0=",
          "dependencies": [
            "aws_iam_policy.arn_aws_iam__180217099948_policy_api_suite_automation_policy"
          ]
        }
      ]
    },
    {
      "mode": "managed",
      "type": "aws_ses_domain_dkim",
      "name": "demo_mailer_stackgen_com",
      "provider": "provider[\"registry.terraform.io/hashicorp/aws\"]",
      "instances": [
        {
          "schema_version": 0,
          "attributes": {
            "dkim_tokens": [
              "2fzmugvf57lk2u2yhs3ovta7klqzwnqo",
              "uupkox27rkln3xecot5qc5ddxeypy5c7",
              "vykahglg4hrjlqkse3knoxzkkqwl3h4b"
            ],
            "domain": "demo.mailer.stackgen.com",
            "id": "demo.mailer.stackgen.com"
          },
          "sensitive_attributes": [],
          "private": "eyJzY2hlbWFfdmVyc2lvbiI6MH0="
        }
      ]
    },
    {
      "mode": "managed",
      "type": "aws_ses_domain_dkim",
      "name": "gaurav_appcd_com",
      "provider": "provider[\"registry.terraform.io/hashicorp/aws\"]",
      "instances": [
        {
          "schema_version": 0,
          "attributes": {
            "dkim_tokens": [],
            "domain": "gaurav@appcd.com",
            "id": "gaurav@appcd.com"
          },
          "sensitive_attributes": [],
          "private": "eyJzY2hlbWFfdmVyc2lvbiI6MH0=",
          "dependencies": [
            "aws_iam_policy.arn_aws_iam__180217099948_policy_api_suite_automation_policy",
            "aws_ses_domain_mail_from.Peqlt"
          ]
        }
      ]
    },
    {
      "mode": "managed",
      "type": "aws_ses_domain_dkim",
      "name": "jigar_appcd_com",
      "provider": "provider[\"registry.terraform.io/hashicorp/aws\"]",
      "instances": [
        {
          "schema_version": 0,
          "attributes": {
            "dkim_tokens": [],
            "domain": "jigar@appcd.com",
            "id": "jigar@appcd.com"
          },
          "sensitive_attributes": [],
          "private": "eyJzY2hlbWFfdmVyc2lvbiI6MH0=",
          "dependencies": [
            "aws_iam_policy.arn_aws_iam__180217099948_policy_api_suite_automation_policy",
            "aws_ses_domain_mail_from.HcueC"
          ]
        }
      ]
    },
    {
      "mode": "managed",
      "type": "aws_ses_domain_dkim",
      "name": "kunal_appcd_com",
      "provider": "provider[\"registry.terraform.io/hashicorp/aws\"]",
      "instances": [
        {
          "schema_version": 0,
          "attributes": {
            "dkim_tokens": [],
            "domain": "kunal@appcd.com",
            "id": "kunal@appcd.com"
          },
          "sensitive_attributes": [],
          "private": "eyJzY2hlbWFfdmVyc2lvbiI6MH0=",
          "dependencies": [
            "aws_iam_policy.arn_aws_iam__180217099948_policy_api_suite_automation_policy"
          ]
        }
      ]
    },
    {
      "mode": "managed",
      "type": "aws_ses_domain_dkim",
      "name": "niraj_appcd_com",
      "provider": "provider[\"registry.terraform.io/hashicorp/aws\"]",
      "instances": [
        {
          "schema_version": 0,
          "attributes": {
            "dkim_tokens": [],
            "domain": "niraj@appcd.com",
            "id": "niraj@appcd.com"
          },
          "sensitive_attributes": [],
          "private": "eyJzY2hlbWFfdmVyc2lvbiI6MH0=",
          "dependencies": [
            "aws_ses_domain_mail_from.TrrzY",
            "aws_iam_policy.arn_aws_iam__180217099948_policy_api_suite_automation_policy"
          ]
        }
      ]
    },
    {
      "mode": "managed",
      "type": "aws_ses_domain_dkim",
      "name": "nirajftw_gmail_com",
      "provider": "provider[\"registry.terraform.io/hashicorp/aws\"]",
      "instances": [
        {
          "schema_version": 0,
          "attributes": {
            "dkim_tokens": [],
            "domain": "nirajftw@gmail.com",
            "id": "nirajftw@gmail.com"
          },
          "sensitive_attributes": [],
          "private": "eyJzY2hlbWFfdmVyc2lvbiI6MH0=",
          "dependencies": [
            "aws_ses_domain_mail_from.pcjLp",
            "aws_iam_policy.arn_aws_iam__180217099948_policy_api_suite_automation_policy"
          ]
        }
      ]
    },
    {
      "mode": "managed",
      "type": "aws_ses_domain_dkim",
      "name": "notifications_stackgen_com",
      "provider": "provider[\"registry.terraform.io/hashicorp/aws\"]",
      "instances": [
        {
          "schema_version": 0,
          "attributes": {
            "dkim_tokens": [],
            "domain": "notifications@stackgen.com",
            "id": "notifications@stackgen.com"
          },
          "sensitive_attributes": [],
          "private": "eyJzY2hlbWFfdmVyc2lvbiI6MH0=",
          "dependencies": [
            "aws_iam_policy.arn_aws_iam__180217099948_policy_api_suite_automation_policy"
          ]
        }
      ]
    },
    {
      "mode": "managed",
      "type": "aws_ses_domain_dkim",
      "name": "vishwajeet_stackgen_com",
      "provider": "provider[\"registry.terraform.io/hashicorp/aws\"]",
      "instances": [
        {
          "schema_version": 0,
          "attributes": {
            "dkim_tokens": [],
            "domain": "vishwajeet@stackgen.com",
            "id": "vishwajeet@stackgen.com"
          },
          "sensitive_attributes": [],
          "private": "eyJzY2hlbWFfdmVyc2lvbiI6MH0=",
          "dependencies": [
            "aws_iam_policy.arn_aws_iam__180217099948_policy_api_suite_automation_policy"
          ]
        }
      ]
    },
    {
      "mode": "managed",
      "type": "aws_ses_domain_identity",
      "name": "asif_appcd_com",
      "provider": "provider[\"registry.terraform.io/hashicorp/aws\"]",
      "instances": [
        {
          "schema_version": 0,
          "attributes": {
            "arn": "arn:aws:ses:us-west-2:180217099948:identity/asif@appcd.com",
            "domain": "asif@appcd.com",
            "id": "asif@appcd.com",
            "verification_token": ""
          },
          "sensitive_attributes": [],
          "private": "eyJzY2hlbWFfdmVyc2lvbiI6MH0=",
          "dependencies": [
            "aws_ses_domain_dkim.asif_appcd_com",
            "aws_ses_domain_mail_from.IiODz"
          ]
        }
      ]
    },
    {
      "mode": "managed",
      "type": "aws_ses_domain_identity",
      "name": "demo_mailer_stackgen_com",
      "provider": "provider[\"registry.terraform.io/hashicorp/aws\"]",
      "instances": [
        {
          "schema_version": 0,
          "attributes": {
            "arn": "arn:aws:ses:us-west-2:180217099948:identity/demo.mailer.stackgen.com",
            "domain": "demo.mailer.stackgen.com",
            "id": "demo.mailer.stackgen.com",
            "verification_token": "U2ViP4j+MO/MefcmraoXdTRGduujMvFIr1bVtzlEdrw="
          },
          "sensitive_attributes": [],
          "private": "eyJzY2hlbWFfdmVyc2lvbiI6MH0=",
          "dependencies": [
            "aws_ses_domain_dkim.demo_mailer_stackgen_com",
            "aws_ses_domain_mail_from.rVLms"
          ]
        }
      ]
    },
    {
      "mode": "managed",
      "type": "aws_ses_domain_identity",
      "name": "gaurav_appcd_com",
      "provider": "provider[\"registry.terraform.io/hashicorp/aws\"]",
      "instances": [
        {
          "schema_version": 0,
          "attributes": {
            "arn": "arn:aws:ses:us-west-2:180217099948:identity/gaurav@appcd.com",
            "domain": "gaurav@appcd.com",
            "id": "gaurav@appcd.com",
            "verification_token": ""
          },
          "sensitive_attributes": [],
          "private": "eyJzY2hlbWFfdmVyc2lvbiI6MH0=",
          "dependencies": [
            "aws_ses_domain_dkim.gaurav_appcd_com",
            "aws_ses_domain_mail_from.Peqlt"
          ]
        }
      ]
    },
    {
      "mode": "managed",
      "type": "aws_ses_domain_identity",
      "name": "jigar_appcd_com",
      "provider": "provider[\"registry.terraform.io/hashicorp/aws\"]",
      "instances": [
        {
          "schema_version": 0,
          "attributes": {
            "arn": "arn:aws:ses:us-west-2:180217099948:identity/jigar@appcd.com",
            "domain": "jigar@appcd.com",
            "id": "jigar@appcd.com",
            "verification_token": ""
          },
          "sensitive_attributes": [],
          "private": "eyJzY2hlbWFfdmVyc2lvbiI6MH0=",
          "dependencies": [
            "aws_ses_domain_dkim.jigar_appcd_com",
            "aws_ses_domain_mail_from.HcueC"
          ]
        }
      ]
    },
    {
      "mode": "managed",
      "type": "aws_ses_domain_identity",
      "name": "kunal_appcd_com",
      "provider": "provider[\"registry.terraform.io/hashicorp/aws\"]",
      "instances": [
        {
          "schema_version": 0,
          "attributes": {
            "arn": "arn:aws:ses:us-west-2:180217099948:identity/kunal@appcd.com",
            "domain": "kunal@appcd.com",
            "id": "kunal@appcd.com",
            "verification_token": ""
          },
          "sensitive_attributes": [],
          "private": "eyJzY2hlbWFfdmVyc2lvbiI6MH0=",
          "dependencies": [
            "aws_ses_domain_dkim.kunal_appcd_com",
            "aws_ses_domain_mail_from.lQsCh"
          ]
        }
      ]
    },
    {
      "mode": "managed",
      "type": "aws_ses_domain_identity",
      "name": "niraj_appcd_com",
      "provider": "provider[\"registry.terraform.io/hashicorp/aws\"]",
      "instances": [
        {
          "schema_version": 0,
          "attributes": {
            "arn": "arn:aws:ses:us-west-2:180217099948:identity/niraj@appcd.com",
            "domain": "niraj@appcd.com",
            "id": "niraj@appcd.com",
            "verification_token": ""
          },
          "sensitive_attributes": [],
          "private": "eyJzY2hlbWFfdmVyc2lvbiI6MH0=",
          "dependencies": [
            "aws_ses_domain_dkim.niraj_appcd_com",
            "aws_ses_domain_mail_from.TrrzY"
          ]
        }
      ]
    },
    {
      "mode": "managed",
      "type": "aws_ses_domain_identity",
      "name": "nirajftw_gmail_com",
      "provider": "provider[\"registry.terraform.io/hashicorp/aws\"]",
      "instances": [
        {
          "schema_version": 0,
          "attributes": {
            "arn": "arn:aws:ses:us-west-2:180217099948:identity/nirajftw@gmail.com",
            "domain": "nirajftw@gmail.com",
            "id": "nirajftw@gmail.com",
            "verification_token": ""
          },
          "sensitive_attributes": [],
          "private": "eyJzY2hlbWFfdmVyc2lvbiI6MH0=",
          "dependencies": [
            "aws_ses_domain_mail_from.pcjLp",
            "aws_ses_domain_dkim.nirajftw_gmail_com"
          ]
        }
      ]
    },
    {
      "mode": "managed",
      "type": "aws_ses_domain_identity",
      "name": "notifications_stackgen_com",
      "provider": "provider[\"registry.terraform.io/hashicorp/aws\"]",
      "instances": [
        {
          "schema_version": 0,
          "attributes": {
            "arn": "arn:aws:ses:us-west-2:180217099948:identity/notifications@stackgen.com",
            "domain": "notifications@stackgen.com",
            "id": "notifications@stackgen.com",
            "verification_token": ""
          },
          "sensitive_attributes": [],
          "private": "eyJzY2hlbWFfdmVyc2lvbiI6MH0=",
          "dependencies": [
            "aws_ses_domain_dkim.notifications_stackgen_com",
            "aws_ses_domain_mail_from.dULmM"
          ]
        }
      ]
    },
    {
      "mode": "managed",
      "type": "aws_ses_domain_identity",
      "name": "vishwajeet_stackgen_com",
      "provider": "provider[\"registry.terraform.io/hashicorp/aws\"]",
      "instances": [
        {
          "schema_version": 0,
          "attributes": {
            "arn": "arn:aws:ses:us-west-2:180217099948:identity/vishwajeet@stackgen.com",
            "domain": "vishwajeet@stackgen.com",
            "id": "vishwajeet@stackgen.com",
            "verification_token": ""
          },
          "sensitive_attributes": [],
          "private": "eyJzY2hlbWFfdmVyc2lvbiI6MH0=",
          "dependencies": [
            "aws_ses_domain_dkim.vishwajeet_stackgen_com",
            "aws_ses_domain_mail_from.BEUtG"
          ]
        }
      ]
    },
    {
      "mode": "managed",
      "type": "aws_ses_domain_mail_from",
      "name": "BEUtG",
      "provider": "provider[\"registry.terraform.io/hashicorp/aws\"]",
      "instances": [
        {
          "schema_version": 0,
          "attributes": {
            "behavior_on_mx_failure": "UseDefaultValue",
            "domain": "vishwajeet@stackgen.com",
            "id": "vishwajeet@stackgen.com",
            "mail_from_domain": ""
          },
          "sensitive_attributes": [],
          "private": "eyJzY2hlbWFfdmVyc2lvbiI6MH0=",
          "dependencies": [
            "aws_ses_domain_dkim.vishwajeet_stackgen_com"
          ]
        }
      ]
    },
    {
      "mode": "managed",
      "type": "aws_ses_domain_mail_from",
      "name": "HcueC",
      "provider": "provider[\"registry.terraform.io/hashicorp/aws\"]",
      "instances": [
        {
          "schema_version": 0,
          "attributes": {
            "behavior_on_mx_failure": "UseDefaultValue",
            "domain": "jigar@appcd.com",
            "id": "jigar@appcd.com",
            "mail_from_domain": ""
          },
          "sensitive_attributes": [],
          "private": "eyJzY2hlbWFfdmVyc2lvbiI6MH0="
        }
      ]
    },
    {
      "mode": "managed",
      "type": "aws_ses_domain_mail_from",
      "name": "IiODz",
      "provider": "provider[\"registry.terraform.io/hashicorp/aws\"]",
      "instances": [
        {
          "schema_version": 0,
          "attributes": {
            "behavior_on_mx_failure": "UseDefaultValue",
            "domain": "asif@appcd.com",
            "id": "asif@appcd.com",
            "mail_from_domain": ""
          },
          "sensitive_attributes": [],
          "private": "eyJzY2hlbWFfdmVyc2lvbiI6MH0=",
          "dependencies": [
            "aws_ses_domain_dkim.asif_appcd_com"
          ]
        }
      ]
    },
    {
      "mode": "managed",
      "type": "aws_ses_domain_mail_from",
      "name": "Peqlt",
      "provider": "provider[\"registry.terraform.io/hashicorp/aws\"]",
      "instances": [
        {
          "schema_version": 0,
          "attributes": {
            "behavior_on_mx_failure": "UseDefaultValue",
            "domain": "gaurav@appcd.com",
            "id": "gaurav@appcd.com",
            "mail_from_domain": ""
          },
          "sensitive_attributes": [],
          "private": "eyJzY2hlbWFfdmVyc2lvbiI6MH0="
        }
      ]
    },
    {
      "mode": "managed",
      "type": "aws_ses_domain_mail_from",
      "name": "TrrzY",
      "provider": "provider[\"registry.terraform.io/hashicorp/aws\"]",
      "instances": [
        {
          "schema_version": 0,
          "attributes": {
            "behavior_on_mx_failure": "UseDefaultValue",
            "domain": "niraj@appcd.com",
            "id": "niraj@appcd.com",
            "mail_from_domain": ""
          },
          "sensitive_attributes": [],
          "private": "eyJzY2hlbWFfdmVyc2lvbiI6MH0="
        }
      ]
    },
    {
      "mode": "managed",
      "type": "aws_ses_domain_mail_from",
      "name": "asif_appcd_com",
      "provider": "provider[\"registry.terraform.io/hashicorp/aws\"]",
      "instances": [
        {
          "schema_version": 0,
          "attributes": {
            "behavior_on_mx_failure": "UseDefaultValue",
            "domain": "asif@appcd.com",
            "id": "asif@appcd.com",
            "mail_from_domain": ""
          },
          "sensitive_attributes": [],
          "private": "eyJzY2hlbWFfdmVyc2lvbiI6MH0=",
          "dependencies": [
            "aws_ses_domain_dkim.asif_appcd_com"
          ]
        }
      ]
    },
    {
      "mode": "managed",
      "type": "aws_ses_domain_mail_from",
      "name": "dULmM",
      "provider": "provider[\"registry.terraform.io/hashicorp/aws\"]",
      "instances": [
        {
          "schema_version": 0,
          "attributes": {
            "behavior_on_mx_failure": "UseDefaultValue",
            "domain": "notifications@stackgen.com",
            "id": "notifications@stackgen.com",
            "mail_from_domain": ""
          },
          "sensitive_attributes": [],
          "private": "eyJzY2hlbWFfdmVyc2lvbiI6MH0=",
          "dependencies": [
            "aws_ses_domain_dkim.notifications_stackgen_com"
          ]
        }
      ]
    },
    {
      "mode": "managed",
      "type": "aws_ses_domain_mail_from",
      "name": "demo_mailer_stackgen_com",
      "provider": "provider[\"registry.terraform.io/hashicorp/aws\"]",
      "instances": [
        {
          "schema_version": 0,
          "attributes": {
            "behavior_on_mx_failure": "UseDefaultValue",
            "domain": "demo.mailer.stackgen.com",
            "id": "demo.mailer.stackgen.com",
            "mail_from_domain": ""
          },
          "sensitive_attributes": [],
          "private": "eyJzY2hlbWFfdmVyc2lvbiI6MH0=",
          "dependencies": [
            "aws_ses_domain_dkim.demo_mailer_stackgen_com"
          ]
        }
      ]
    },
    {
      "mode": "managed",
      "type": "aws_ses_domain_mail_from",
      "name": "gaurav_appcd_com",
      "provider": "provider[\"registry.terraform.io/hashicorp/aws\"]",
      "instances": [
        {
          "schema_version": 0,
          "attributes": {
            "behavior_on_mx_failure": "UseDefaultValue",
            "domain": "gaurav@appcd.com",
            "id": "gaurav@appcd.com",
            "mail_from_domain": ""
          },
          "sensitive_attributes": [],
          "private": "eyJzY2hlbWFfdmVyc2lvbiI6MH0=",
          "dependencies": [
            "aws_ses_domain_dkim.gaurav_appcd_com"
          ]
        }
      ]
    },
    {
      "mode": "managed",
      "type": "aws_ses_domain_mail_from",
      "name": "jigar_appcd_com",
      "provider": "provider[\"registry.terraform.io/hashicorp/aws\"]",
      "instances": [
        {
          "schema_version": 0,
          "attributes": {
            "behavior_on_mx_failure": "UseDefaultValue",
            "domain": "jigar@appcd.com",
            "id": "jigar@appcd.com",
            "mail_from_domain": ""
          },
          "sensitive_attributes": [],
          "private": "eyJzY2hlbWFfdmVyc2lvbiI6MH0=",
          "dependencies": [
            "aws_ses_domain_dkim.jigar_appcd_com"
          ]
        }
      ]
    },
    {
      "mode": "managed",
      "type": "aws_ses_domain_mail_from",
      "name": "kunal_appcd_com",
      "provider": "provider[\"registry.terraform.io/hashicorp/aws\"]",
      "instances": [
        {
          "schema_version": 0,
          "attributes": {
            "behavior_on_mx_failure": "UseDefaultValue",
            "domain": "kunal@appcd.com",
            "id": "kunal@appcd.com",
            "mail_from_domain": ""
          },
          "sensitive_attributes": [],
          "private": "eyJzY2hlbWFfdmVyc2lvbiI6MH0=",
          "dependencies": [
            "aws_ses_domain_dkim.kunal_appcd_com"
          ]
        }
      ]
    },
    {
      "mode": "managed",
      "type": "aws_ses_domain_mail_from",
      "name": "lQsCh",
      "provider": "provider[\"registry.terraform.io/hashicorp/aws\"]",
      "instances": [
        {
          "schema_version": 0,
          "attributes": {
            "behavior_on_mx_failure": "UseDefaultValue",
            "domain": "kunal@appcd.com",
            "id": "kunal@appcd.com",
            "mail_from_domain": ""
          },
          "sensitive_attributes": [],
          "private": "eyJzY2hlbWFfdmVyc2lvbiI6MH0=",
          "dependencies": [
            "aws_ses_domain_dkim.kunal_appcd_com"
          ]
        }
      ]
    },
    {
      "mode": "managed",
      "type": "aws_ses_domain_mail_from",
      "name": "niraj_appcd_com",
      "provider": "provider[\"registry.terraform.io/hashicorp/aws\"]",
      "instances": [
        {
          "schema_version": 0,
          "attributes": {
            "behavior_on_mx_failure": "UseDefaultValue",
            "domain": "niraj@appcd.com",
            "id": "niraj@appcd.com",
            "mail_from_domain": ""
          },
          "sensitive_attributes": [],
          "private": "eyJzY2hlbWFfdmVyc2lvbiI6MH0=",
          "dependencies": [
            "aws_ses_domain_dkim.niraj_appcd_com"
          ]
        }
      ]
    },
    {
      "mode": "managed",
      "type": "aws_ses_domain_mail_from",
      "name": "nirajftw_gmail_com",
      "provider": "provider[\"registry.terraform.io/hashicorp/aws\"]",
      "instances": [
        {
          "schema_version": 0,
          "attributes": {
            "behavior_on_mx_failure": "UseDefaultValue",
            "domain": "nirajftw@gmail.com",
            "id": "nirajftw@gmail.com",
            "mail_from_domain": ""
          },
          "sensitive_attributes": [],
          "private": "eyJzY2hlbWFfdmVyc2lvbiI6MH0=",
          "dependencies": [
            "aws_ses_domain_dkim.nirajftw_gmail_com"
          ]
        }
      ]
    },
    {
      "mode": "managed",
      "type": "aws_ses_domain_mail_from",
      "name": "notifications_stackgen_com",
      "provider": "provider[\"registry.terraform.io/hashicorp/aws\"]",
      "instances": [
        {
          "schema_version": 0,
          "attributes": {
            "behavior_on_mx_failure": "UseDefaultValue",
            "domain": "notifications@stackgen.com",
            "id": "notifications@stackgen.com",
            "mail_from_domain": ""
          },
          "sensitive_attributes": [],
          "private": "eyJzY2hlbWFfdmVyc2lvbiI6MH0=",
          "dependencies": [
            "aws_ses_domain_dkim.notifications_stackgen_com"
          ]
        }
      ]
    },
    {
      "mode": "managed",
      "type": "aws_ses_domain_mail_from",
      "name": "pcjLp",
      "provider": "provider[\"registry.terraform.io/hashicorp/aws\"]",
      "instances": [
        {
          "schema_version": 0,
          "attributes": {
            "behavior_on_mx_failure": "UseDefaultValue",
            "domain": "nirajftw@gmail.com",
            "id": "nirajftw@gmail.com",
            "mail_from_domain": ""
          },
          "sensitive_attributes": [],
          "private": "eyJzY2hlbWFfdmVyc2lvbiI6MH0="
        }
      ]
    },
    {
      "mode": "managed",
      "type": "aws_ses_domain_mail_from",
      "name": "rVLms",
      "provider": "provider[\"registry.terraform.io/hashicorp/aws\"]",
      "instances": [
        {
          "schema_version": 0,
          "attributes": {
            "behavior_on_mx_failure": "UseDefaultValue",
            "domain": "demo.mailer.stackgen.com",
            "id": "demo.mailer.stackgen.com",
            "mail_from_domain": ""
          },
          "sensitive_attributes": [],
          "private": "eyJzY2hlbWFfdmVyc2lvbiI6MH0=",
          "dependencies": [
            "aws_ses_domain_dkim.demo_mailer_stackgen_com"
          ]
        }
      ]
    },
    {
      "mode": "managed",
      "type": "aws_ses_domain_mail_from",
      "name": "vishwajeet_stackgen_com",
      "provider": "provider[\"registry.terraform.io/hashicorp/aws\"]",
      "instances": [
        {
          "schema_version": 0,
          "attributes": {
            "behavior_on_mx_failure": "UseDefaultValue",
            "domain": "vishwajeet@stackgen.com",
            "id": "vishwajeet@stackgen.com",
            "mail_from_domain": ""
          },
          "sensitive_attributes": [],
          "private": "eyJzY2hlbWFfdmVyc2lvbiI6MH0=",
          "dependencies": [
            "aws_ses_domain_dkim.vishwajeet_stackgen_com"
          ]
        }
      ]
    },
    {
      "mode": "managed",
      "type": "aws_ses_receipt_rule",
      "name": "testaccessdenied_accessdenied",
      "provider": "provider[\"registry.terraform.io/hashicorp/aws\"]",
      "instances": [
        {
          "schema_version": 0,
          "attributes": {
            "add_header_action": [],
            "after": null,
            "arn": "arn:aws:ses:us-west-2:180217099948:receipt-rule-set/testaccessdenied:receipt-rule/accessdenied",
            "bounce_action": [],
            "enabled": true,
            "id": "accessdenied",
            "lambda_action": [],
            "name": "accessdenied",
            "recipients": [],
            "rule_set_name": "testaccessdenied",
            "s3_action": [],
            "scan_enabled": true,
            "sns_action": [],
            "stop_action": [],
            "tls_policy": "Optional",
            "workmail_action": []
          },
          "sensitive_attributes": [],
          "private": "eyJzY2hlbWFfdmVyc2lvbiI6MH0=",
          "dependencies": [
            "aws_iam_policy.arn_aws_iam__180217099948_policy_api_suite_automation_policy",
            "aws_vpc.aws_aidevops_default_vpc",
            "aws_ses_receipt_rule_set.testaccessdenied"
          ]
        }
      ]
    },
    {
      "mode": "managed",
      "type": "aws_ses_receipt_rule_set",
      "name": "testaccessdenied",
      "provider": "provider[\"registry.terraform.io/hashicorp/aws\"]",
      "instances": [
        {
          "schema_version": 0,
          "attributes": {
            "arn": "arn:aws:ses:us-west-2:180217099948:receipt-rule-set/testaccessdenied",
            "id": "testaccessdenied",
            "rule_set_name": "testaccessdenied"
          },
          "sensitive_attributes": [],
          "private": "eyJzY2hlbWFfdmVyc2lvbiI6MH0="
        }
      ]
    },
    {
      "mode": "managed",
      "type": "aws_ses_template",
      "name": "retroboard_summary",
      "provider": "provider[\"registry.terraform.io/hashicorp/aws\"]",
      "instances": [
        {
          "schema_version": 0,
          "attributes": {
            "arn": "arn:aws:ses:us-west-2:180217099948:template/retroboard-summary",
            "html": "\u003ch3\u003e{{board_slug}} - Summary of your board\u003c/h3\u003e\n\u003cp\u003eTotal Notes: {{total_notes}}\u003c/p\u003e\n\u003cp\u003eTotal Votes: {{total_votes}}\u003c/p\u003e\n\n\u003cp\u003eNotes:\u003c/p\u003e\n\u003cpre\u003e{{notes_text}}\u003c/pre\u003e",
            "id": "retroboard-summary",
            "name": "retroboard-summary",
            "subject": "{{board_slug}} - Summary of your board",
            "text": "{{board_slug}} - Summary of your board\n\nTotal Notes: {{total_notes}}\nTotal Votes: {{total_votes}}\n\nNotes:\n{{notes_text}}"
          },
          "sensitive_attributes": [],
          "private": "eyJzY2hlbWFfdmVyc2lvbiI6MH0="
        }
      ]
    },
    {
      "mode": "managed",
      "type": "aws_sns_topic",
      "name": "arn_aws_sns_us_west_2_180217099948_retroboard_alerts",
      "provider": "provider[\"registry.terraform.io/hashicorp/aws\"]",
      "instances": [
        {
          "schema_version": 0,
          "attributes": {
            "application_failure_feedback_role_arn": "",
            "application_success_feedback_role_arn": "",
            "application_success_feedback_sample_rate": 0,
            "archive_policy": "",
            "arn": "arn:aws:sns:us-west-2:180217099948:retroboard-alerts",
            "beginning_archive_time": "",
            "content_based_deduplication": false,
            "delivery_policy": "",
            "display_name": "",
            "fifo_topic": false,
            "firehose_failure_feedback_role_arn": "",
            "firehose_success_feedback_role_arn": "",
            "firehose_success_feedback_sample_rate": 0,
            "http_failure_feedback_role_arn": "",
            "http_success_feedback_role_arn": "",
            "http_success_feedback_sample_rate": 0,
            "id": "arn:aws:sns:us-west-2:180217099948:retroboard-alerts",
            "kms_master_key_id": "",
            "lambda_failure_feedback_role_arn": "",
            "lambda_success_feedback_role_arn": "",
            "lambda_success_feedback_sample_rate": 0,
            "name": "retroboard-alerts",
            "name_prefix": "",
            "owner": "180217099948",
            "policy": "{\"Statement\":[{\"Action\":[\"sns:Subscribe\",\"sns:SetTopicAttributes\",\"sns:RemovePermission\",\"sns:Publish\",\"sns:ListSubscriptionsByTopic\",\"sns:GetTopicAttributes\",\"sns:DeleteTopic\",\"sns:AddPermission\"],\"Condition\":{\"StringEquals\":{\"AWS:SourceOwner\":\"180217099948\"}},\"Effect\":\"Allow\",\"Principal\":{\"AWS\":\"*\"},\"Resource\":\"arn:aws:sns:us-west-2:180217099948:retroboard-alerts\",\"Sid\":\"__default_statement_ID\"}],\"Version\":\"2012-10-17\"}",
            "signature_version": 0,
            "sqs_failure_feedback_role_arn": "",
            "sqs_success_feedback_role_arn": "",
            "sqs_success_feedback_sample_rate": 0,
            "tags": {
              "Application": "retroboard",
              "Environment": "sandbox",
              "Repository": "infra",
              "Terraform": "true"
            },
            "tags_all": {
              "Application": "retroboard",
              "Environment": "sandbox",
              "Repository": "infra",
              "Terraform": "true"
            },
            "tracing_config": ""
          },
          "sensitive_attributes": [],
          "private": "eyJzY2hlbWFfdmVyc2lvbiI6MH0=",
          "dependencies": [
            "aws_iam_policy.arn_aws_iam__180217099948_policy_api_suite_automation_policy",
            "aws_vpc.aws_aidevops_default_vpc",
            "aws_sns_topic_policy.arn_aws_sns_us_west_2_180217099948_retroboard_alerts"
          ]
        }
      ]
    },
    {
      "mode": "managed",
      "type": "aws_sns_topic_policy",
      "name": "arn_aws_sns_us_west_2_180217099948_retroboard_alerts",
      "provider": "provider[\"registry.terraform.io/hashicorp/aws\"]",
      "instances": [
        {
          "schema_version": 0,
          "attributes": {
            "arn": "arn:aws:sns:us-west-2:180217099948:retroboard-alerts",
            "id": "arn:aws:sns:us-west-2:180217099948:retroboard-alerts",
            "owner": "180217099948",
            "policy": "{\"Statement\":[{\"Action\":[\"sns:Subscribe\",\"sns:SetTopicAttributes\",\"sns:RemovePermission\",\"sns:Publish\",\"sns:ListSubscriptionsByTopic\",\"sns:GetTopicAttributes\",\"sns:DeleteTopic\",\"sns:AddPermission\"],\"Condition\":{\"StringEquals\":{\"AWS:SourceOwner\":\"180217099948\"}},\"Effect\":\"Allow\",\"Principal\":{\"AWS\":\"*\"},\"Resource\":\"arn:aws:sns:us-west-2:180217099948:retroboard-alerts\",\"Sid\":\"__default_statement_ID\"}],\"Version\":\"2012-10-17\"}"
          },
          "sensitive_attributes": [],
          "private": "eyJzY2hlbWFfdmVyc2lvbiI6MH0="
        }
      ]
    },
    {
      "mode": "managed",
      "type": "aws_sqs_queue",
      "name": "https___sqs_us_west_2_amazonaws_com_180217099948_retroboard_emails",
      "provider": "provider[\"registry.terraform.io/hashicorp/aws\"]",
      "instances": [
        {
          "schema_version": 0,
          "attributes": {
            "arn": "arn:aws:sqs:us-west-2:180217099948:retroboard-emails",
            "content_based_deduplication": false,
            "deduplication_scope": "",
            "delay_seconds": 0,
            "fifo_queue": false,
            "fifo_throughput_limit": "",
            "id": "https://sqs.us-west-2.amazonaws.com/180217099948/retroboard-emails",
            "kms_data_key_reuse_period_seconds": 300,
            "kms_master_key_id": "",
            "max_message_size": 262144,
            "message_retention_seconds": 345600,
            "name": "retroboard-emails",
            "name_prefix": "",
            "policy": "{\"Id\":\"arn:aws:sqs:ap-south-1:[object Promise]:undefined/SQSDefaultPolicy\",\"Statement\":[{\"Action\":\"SQS:SendMessage\",\"Condition\":{\"ArnLike\":{\"aws:SourceArn\":\"arn:aws:sns:ap-south-1:180217099948:c2c-test.fifo\"}},\"Effect\":\"Allow\",\"Principal\":{\"Service\":\"sns.amazonaws.com\"},\"Resource\":\"arn:aws:sqs:us-west-2:180217099948:retroboard-emails\",\"Sid\":\"topic-subscription-arn:aws:sns:ap-south-1:180217099948:c2c-test.fifo\"}],\"Version\":\"2012-10-17\"}",
            "receive_wait_time_seconds": 0,
            "redrive_allow_policy": "",
            "redrive_policy": "",
            "sqs_managed_sse_enabled": true,
            "tags": {
              "Application": "retroboard",
              "Environment": "sandbox",
              "Repository": "infra",
              "Terraform": "true"
            },
            "tags_all": {
              "Application": "retroboard",
              "Environment": "sandbox",
              "Repository": "infra",
              "Terraform": "true"
            },
            "timeouts": null,
            "url": "https://sqs.us-west-2.amazonaws.com/180217099948/retroboard-emails",
            "visibility_timeout_seconds": 30
          },
          "sensitive_attributes": [],
          "private": "eyJzY2hlbWFfdmVyc2lvbiI6MH0=",
          "dependencies": [
            "aws_vpc.aws_aidevops_default_vpc",
            "aws_iam_policy.arn_aws_iam__180217099948_policy_api_suite_automation_policy"
          ]
        }
      ]
    },
    {
      "mode": "managed",
      "type": "aws_subnet",
      "name": "ai_sre_demo_private_0",
      "provider": "provider[\"registry.terraform.io/hashicorp/aws\"]",
      "instances": [
        {
          "schema_version": 1,
          "attributes": {
            "arn": "arn:aws:ec2:us-west-2:180217099948:subnet/subnet-0502e3b29ddbc5a61",
            "assign_ipv6_address_on_creation": false,
            "availability_zone": "us-west-2a",
            "availability_zone_id": "usw2-az1",
            "cidr_block": "10.0.10.0/24",
            "customer_owned_ipv4_pool": "",
            "enable_dns64": false,
            "enable_lni_at_device_index": 0,
            "enable_resource_name_dns_a_record_on_launch": false,
            "enable_resource_name_dns_aaaa_record_on_launch": false,
            "id": "subnet-0502e3b29ddbc5a61",
            "ipv6_cidr_block": "",
            "ipv6_cidr_block_association_id": "",
            "ipv6_native": false,
            "map_customer_owned_ip_on_launch": false,
            "map_public_ip_on_launch": false,
            "outpost_arn": "",
            "owner_id": "180217099948",
            "private_dns_hostname_type_on_launch": "ip-name",
            "tags": {
              "DoNotDelete": "true",
              "Environment": "production",
              "ManagedBy": "terraform",
              "Name": "ai-sre-demo-private-0",
              "Project": "ai-sre-demo",
              "do-not-delete": "true",
              "donotdelete": "true",
              "kubernetes.io/cluster/ai-sre-demo": "shared",
              "kubernetes.io/role/internal-elb": "1"
            },
            "tags_all": {
              "DoNotDelete": "true",
              "Environment": "production",
              "ManagedBy": "terraform",
              "Name": "ai-sre-demo-private-0",
              "Project": "ai-sre-demo",
              "do-not-delete": "true",
              "donotdelete": "true",
              "kubernetes.io/cluster/ai-sre-demo": "shared",
              "kubernetes.io/role/internal-elb": "1"
            },
            "timeouts": null,
            "vpc_id": "vpc-08addde25db60cdd3"
          },
          "sensitive_attributes": [],
          "private": "eyJzY2hlbWFfdmVyc2lvbiI6MX0=",
          "dependencies": [
            "aws_iam_policy.arn_aws_iam__180217099948_policy_api_suite_automation_policy",
            "aws_launch_template.lt_09941c90104dafb26",
            "aws_vpc.ai_sre_demo",
            "aws_vpc.aws_aidevops_default_vpc",
            "aws_sns_topic_policy.arn_aws_sns_us_west_2_180217099948_retroboard_alerts"
          ]
        }
      ]
    },
    {
      "mode": "managed",
      "type": "aws_subnet",
      "name": "ai_sre_demo_private_1",
      "provider": "provider[\"registry.terraform.io/hashicorp/aws\"]",
      "instances": [
        {
          "schema_version": 1,
          "attributes": {
            "arn": "arn:aws:ec2:us-west-2:180217099948:subnet/subnet-0bf98b66db21a26d1",
            "assign_ipv6_address_on_creation": false,
            "availability_zone": "us-west-2b",
            "availability_zone_id": "usw2-az2",
            "cidr_block": "10.0.11.0/24",
            "customer_owned_ipv4_pool": "",
            "enable_dns64": false,
            "enable_lni_at_device_index": 0,
            "enable_resource_name_dns_a_record_on_launch": false,
            "enable_resource_name_dns_aaaa_record_on_launch": false,
            "id": "subnet-0bf98b66db21a26d1",
            "ipv6_cidr_block": "",
            "ipv6_cidr_block_association_id": "",
            "ipv6_native": false,
            "map_customer_owned_ip_on_launch": false,
            "map_public_ip_on_launch": false,
            "outpost_arn": "",
            "owner_id": "180217099948",
            "private_dns_hostname_type_on_launch": "ip-name",
            "tags": {
              "DoNotDelete": "true",
              "Environment": "production",
              "ManagedBy": "terraform",
              "Name": "ai-sre-demo-private-1",
              "Project": "ai-sre-demo",
              "do-not-delete": "true",
              "donotdelete": "true",
              "kubernetes.io/cluster/ai-sre-demo": "shared",
              "kubernetes.io/role/internal-elb": "1"
            },
            "tags_all": {
              "DoNotDelete": "true",
              "Environment": "production",
              "ManagedBy": "terraform",
              "Name": "ai-sre-demo-private-1",
              "Project": "ai-sre-demo",
              "do-not-delete": "true",
              "donotdelete": "true",
              "kubernetes.io/cluster/ai-sre-demo": "shared",
              "kubernetes.io/role/internal-elb": "1"
            },
            "timeouts": null,
            "vpc_id": "vpc-08addde25db60cdd3"
          },
          "sensitive_attributes": [],
          "private": "eyJzY2hlbWFfdmVyc2lvbiI6MX0=",
          "dependencies": [
            "aws_iam_policy.arn_aws_iam__180217099948_policy_api_suite_automation_policy",
            "aws_eks_cluster.ai_sre_demo",
            "aws_vpc.aws_aidevops_default_vpc",
            "aws_launch_template.lt_09941c90104dafb26",
            "aws_vpc.ai_sre_demo",
            "aws_sns_topic_policy.arn_aws_sns_us_west_2_180217099948_retroboard_alerts"
          ]
        }
      ]
    },
    {
      "mode": "managed",
      "type": "aws_subnet",
      "name": "ai_sre_demo_public_0",
      "provider": "provider[\"registry.terraform.io/hashicorp/aws\"]",
      "instances": [
        {
          "schema_version": 1,
          "attributes": {
            "arn": "arn:aws:ec2:us-west-2:180217099948:subnet/subnet-065df000346eca07d",
            "assign_ipv6_address_on_creation": false,
            "availability_zone": "us-west-2a",
            "availability_zone_id": "usw2-az1",
            "cidr_block": "10.0.0.0/24",
            "customer_owned_ipv4_pool": "",
            "enable_dns64": false,
            "enable_lni_at_device_index": 0,
            "enable_resource_name_dns_a_record_on_launch": false,
            "enable_resource_name_dns_aaaa_record_on_launch": false,
            "id": "subnet-065df000346eca07d",
            "ipv6_cidr_block": "",
            "ipv6_cidr_block_association_id": "",
            "ipv6_native": false,
            "map_customer_owned_ip_on_launch": false,
            "map_public_ip_on_launch": true,
            "outpost_arn": "",
            "owner_id": "180217099948",
            "private_dns_hostname_type_on_launch": "ip-name",
            "tags": {
              "DoNotDelete": "true",
              "Environment": "production",
              "ManagedBy": "terraform",
              "Name": "ai-sre-demo-public-0",
              "Project": "ai-sre-demo",
              "do-not-delete": "true",
              "donotdelete": "true",
              "kubernetes.io/cluster/ai-sre-demo": "shared",
              "kubernetes.io/role/elb": "1"
            },
            "tags_all": {
              "DoNotDelete": "true",
              "Environment": "production",
              "ManagedBy": "terraform",
              "Name": "ai-sre-demo-public-0",
              "Project": "ai-sre-demo",
              "do-not-delete": "true",
              "donotdelete": "true",
              "kubernetes.io/cluster/ai-sre-demo": "shared",
              "kubernetes.io/role/elb": "1"
            },
            "timeouts": null,
            "vpc_id": "vpc-08addde25db60cdd3"
          },
          "sensitive_attributes": [],
          "private": "eyJzY2hlbWFfdmVyc2lvbiI6MX0=",
          "dependencies": [
            "aws_sns_topic_policy.arn_aws_sns_us_west_2_180217099948_retroboard_alerts",
            "aws_launch_template.lt_09941c90104dafb26",
            "aws_eks_cluster.ai_sre_demo",
            "aws_iam_policy.arn_aws_iam__180217099948_policy_api_suite_automation_policy",
            "aws_vpc.ai_sre_demo",
            "aws_vpc.aws_aidevops_default_vpc"
          ]
        }
      ]
    },
    {
      "mode": "managed",
      "type": "aws_subnet",
      "name": "ai_sre_demo_public_1",
      "provider": "provider[\"registry.terraform.io/hashicorp/aws\"]",
      "instances": [
        {
          "schema_version": 1,
          "attributes": {
            "arn": "arn:aws:ec2:us-west-2:180217099948:subnet/subnet-08b28a6fc070e3487",
            "assign_ipv6_address_on_creation": false,
            "availability_zone": "us-west-2b",
            "availability_zone_id": "usw2-az2",
            "cidr_block": "10.0.1.0/24",
            "customer_owned_ipv4_pool": "",
            "enable_dns64": false,
            "enable_lni_at_device_index": 0,
            "enable_resource_name_dns_a_record_on_launch": false,
            "enable_resource_name_dns_aaaa_record_on_launch": false,
            "id": "subnet-08b28a6fc070e3487",
            "ipv6_cidr_block": "",
            "ipv6_cidr_block_association_id": "",
            "ipv6_native": false,
            "map_customer_owned_ip_on_launch": false,
            "map_public_ip_on_launch": true,
            "outpost_arn": "",
            "owner_id": "180217099948",
            "private_dns_hostname_type_on_launch": "ip-name",
            "tags": {
              "DoNotDelete": "true",
              "Environment": "production",
              "ManagedBy": "terraform",
              "Name": "ai-sre-demo-public-1",
              "Project": "ai-sre-demo",
              "do-not-delete": "true",
              "donotdelete": "true",
              "kubernetes.io/cluster/ai-sre-demo": "shared",
              "kubernetes.io/role/elb": "1"
            },
            "tags_all": {
              "DoNotDelete": "true",
              "Environment": "production",
              "ManagedBy": "terraform",
              "Name": "ai-sre-demo-public-1",
              "Project": "ai-sre-demo",
              "do-not-delete": "true",
              "donotdelete": "true",
              "kubernetes.io/cluster/ai-sre-demo": "shared",
              "kubernetes.io/role/elb": "1"
            },
            "timeouts": null,
            "vpc_id": "vpc-08addde25db60cdd3"
          },
          "sensitive_attributes": [],
          "private": "eyJzY2hlbWFfdmVyc2lvbiI6MX0=",
          "dependencies": [
            "aws_vpc.ai_sre_demo",
            "aws_vpc.aws_aidevops_default_vpc",
            "aws_launch_template.lt_09941c90104dafb26",
            "aws_eks_cluster.ai_sre_demo",
            "aws_iam_policy.arn_aws_iam__180217099948_policy_api_suite_automation_policy",
            "aws_sns_topic_policy.arn_aws_sns_us_west_2_180217099948_retroboard_alerts"
          ]
        }
      ]
    },
    {
      "mode": "managed",
      "type": "aws_subnet",
      "name": "aws_aidevops_public_subnet",
      "provider": "provider[\"registry.terraform.io/hashicorp/aws\"]",
      "instances": [
        {
          "schema_version": 1,
          "attributes": {
            "arn": "arn:aws:ec2:us-west-2:180217099948:subnet/subnet-0c88d237ad1545753",
            "assign_ipv6_address_on_creation": false,
            "availability_zone": "us-west-2a",
            "availability_zone_id": "usw2-az1",
            "cidr_block": "10.0.1.0/24",
            "customer_owned_ipv4_pool": "",
            "enable_dns64": false,
            "enable_lni_at_device_index": 0,
            "enable_resource_name_dns_a_record_on_launch": false,
            "enable_resource_name_dns_aaaa_record_on_launch": false,
            "id": "subnet-0c88d237ad1545753",
            "ipv6_cidr_block": "",
            "ipv6_cidr_block_association_id": "",
            "ipv6_native": false,
            "map_customer_owned_ip_on_launch": false,
            "map_public_ip_on_launch": true,
            "outpost_arn": "",
            "owner_id": "180217099948",
            "private_dns_hostname_type_on_launch": "ip-name",
            "tags": {
              "Name": "AWS-AIDevOps-Public-Subnet"
            },
            "tags_all": {
              "Name": "AWS-AIDevOps-Public-Subnet"
            },
            "timeouts": null,
            "vpc_id": "vpc-03aecb1e85e749ec9"
          },
          "sensitive_attributes": [],
          "private": "eyJzY2hlbWFfdmVyc2lvbiI6MX0=",
          "dependencies": [
            "aws_iam_policy.arn_aws_iam__180217099948_policy_api_suite_automation_policy",
            "aws_vpc.aws_aidevops_default_vpc",
            "aws_launch_template.lt_09941c90104dafb26",
            "aws_sns_topic_policy.arn_aws_sns_us_west_2_180217099948_retroboard_alerts"
          ]
        }
      ]
    },
    {
      "mode": "managed",
      "type": "aws_subnet",
      "name": "private_subnet_1",
      "provider": "provider[\"registry.terraform.io/hashicorp/aws\"]",
      "instances": [
        {
          "schema_version": 1,
          "attributes": {
            "arn": "arn:aws:ec2:us-west-2:180217099948:subnet/subnet-0f2016d38678a2692",
            "assign_ipv6_address_on_creation": false,
            "availability_zone": "us-west-2a",
            "availability_zone_id": "usw2-az1",
            "cidr_block": "172.31.4.0/24",
            "customer_owned_ipv4_pool": "",
            "enable_dns64": false,
            "enable_lni_at_device_index": 0,
            "enable_resource_name_dns_a_record_on_launch": false,
            "enable_resource_name_dns_aaaa_record_on_launch": false,
            "id": "subnet-0f2016d38678a2692",
            "ipv6_cidr_block": "",
            "ipv6_cidr_block_association_id": "",
            "ipv6_native": false,
            "map_customer_owned_ip_on_launch": false,
            "map_public_ip_on_launch": false,
            "outpost_arn": "",
            "owner_id": "180217099948",
            "private_dns_hostname_type_on_launch": "ip-name",
            "tags": {
              "Name": "private-subnet-1"
            },
            "tags_all": {
              "Name": "private-subnet-1"
            },
            "timeouts": null,
            "vpc_id": "vpc-06cab6363775ce4b0"
          },
          "sensitive_attributes": [],
          "private": "eyJzY2hlbWFfdmVyc2lvbiI6MX0=",
          "dependencies": [
            "aws_launch_template.lt_09941c90104dafb26",
            "aws_sns_topic_policy.arn_aws_sns_us_west_2_180217099948_retroboard_alerts",
            "aws_iam_policy.arn_aws_iam__180217099948_policy_api_suite_automation_policy",
            "aws_vpc.vpc_06cab6363775ce4b0",
            "aws_vpc.aws_aidevops_default_vpc"
          ]
        }
      ]
    },
    {
      "mode": "managed",
      "type": "aws_subnet",
      "name": "private_subnet_2",
      "provider": "provider[\"registry.terraform.io/hashicorp/aws\"]",
      "instances": [
        {
          "schema_version": 1,
          "attributes": {
            "arn": "arn:aws:ec2:us-west-2:180217099948:subnet/subnet-05d72758e56287a36",
            "assign_ipv6_address_on_creation": false,
            "availability_zone": "us-west-2b",
            "availability_zone_id": "usw2-az2",
            "cidr_block": "172.31.5.0/24",
            "customer_owned_ipv4_pool": "",
            "enable_dns64": false,
            "enable_lni_at_device_index": 0,
            "enable_resource_name_dns_a_record_on_launch": false,
            "enable_resource_name_dns_aaaa_record_on_launch": false,
            "id": "subnet-05d72758e56287a36",
            "ipv6_cidr_block": "",
            "ipv6_cidr_block_association_id": "",
            "ipv6_native": false,
            "map_customer_owned_ip_on_launch": false,
            "map_public_ip_on_launch": false,
            "outpost_arn": "",
            "owner_id": "180217099948",
            "private_dns_hostname_type_on_launch": "ip-name",
            "tags": {
              "Name": "private-subnet-2"
            },
            "tags_all": {
              "Name": "private-subnet-2"
            },
            "timeouts": null,
            "vpc_id": "vpc-06cab6363775ce4b0"
          },
          "sensitive_attributes": [],
          "private": "eyJzY2hlbWFfdmVyc2lvbiI6MX0=",
          "dependencies": [
            "aws_launch_template.lt_09941c90104dafb26",
            "aws_iam_policy.arn_aws_iam__180217099948_policy_api_suite_automation_policy",
            "aws_vpc.vpc_06cab6363775ce4b0",
            "aws_vpc.aws_aidevops_default_vpc",
            "aws_sns_topic_policy.arn_aws_sns_us_west_2_180217099948_retroboard_alerts"
          ]
        }
      ]
    },
    {
      "mode": "managed",
      "type": "aws_subnet",
      "name": "private_subnet_3",
      "provider": "provider[\"registry.terraform.io/hashicorp/aws\"]",
      "instances": [
        {
          "schema_version": 1,
          "attributes": {
            "arn": "arn:aws:ec2:us-west-2:180217099948:subnet/subnet-0d485f8dde566837e",
            "assign_ipv6_address_on_creation": false,
            "availability_zone": "us-west-2c",
            "availability_zone_id": "usw2-az3",
            "cidr_block": "172.31.6.0/24",
            "customer_owned_ipv4_pool": "",
            "enable_dns64": false,
            "enable_lni_at_device_index": 0,
            "enable_resource_name_dns_a_record_on_launch": false,
            "enable_resource_name_dns_aaaa_record_on_launch": false,
            "id": "subnet-0d485f8dde566837e",
            "ipv6_cidr_block": "",
            "ipv6_cidr_block_association_id": "",
            "ipv6_native": false,
            "map_customer_owned_ip_on_launch": false,
            "map_public_ip_on_launch": false,
            "outpost_arn": "",
            "owner_id": "180217099948",
            "private_dns_hostname_type_on_launch": "ip-name",
            "tags": {
              "Name": "private-subnet-3"
            },
            "tags_all": {
              "Name": "private-subnet-3"
            },
            "timeouts": null,
            "vpc_id": "vpc-06cab6363775ce4b0"
          },
          "sensitive_attributes": [],
          "private": "eyJzY2hlbWFfdmVyc2lvbiI6MX0=",
          "dependencies": [
            "aws_vpc.aws_aidevops_default_vpc",
            "aws_launch_template.lt_09941c90104dafb26",
            "aws_vpc.vpc_06cab6363775ce4b0",
            "aws_sns_topic_policy.arn_aws_sns_us_west_2_180217099948_retroboard_alerts",
            "aws_iam_policy.arn_aws_iam__180217099948_policy_api_suite_automation_policy"
          ]
        }
      ]
    },
    {
      "mode": "managed",
      "type": "aws_subnet",
      "name": "private_subnet_4",
      "provider": "provider[\"registry.terraform.io/hashicorp/aws\"]",
      "instances": [
        {
          "schema_version": 1,
          "attributes": {
            "arn": "arn:aws:ec2:us-west-2:180217099948:subnet/subnet-0cfbbde7c39abbee8",
            "assign_ipv6_address_on_creation": false,
            "availability_zone": "us-west-2d",
            "availability_zone_id": "usw2-az4",
            "cidr_block": "172.31.7.0/24",
            "customer_owned_ipv4_pool": "",
            "enable_dns64": false,
            "enable_lni_at_device_index": 0,
            "enable_resource_name_dns_a_record_on_launch": false,
            "enable_resource_name_dns_aaaa_record_on_launch": false,
            "id": "subnet-0cfbbde7c39abbee8",
            "ipv6_cidr_block": "",
            "ipv6_cidr_block_association_id": "",
            "ipv6_native": false,
            "map_customer_owned_ip_on_launch": false,
            "map_public_ip_on_launch": false,
            "outpost_arn": "",
            "owner_id": "180217099948",
            "private_dns_hostname_type_on_launch": "ip-name",
            "tags": {
              "Name": "private-subnet-4"
            },
            "tags_all": {
              "Name": "private-subnet-4"
            },
            "timeouts": null,
            "vpc_id": "vpc-06cab6363775ce4b0"
          },
          "sensitive_attributes": [],
          "private": "eyJzY2hlbWFfdmVyc2lvbiI6MX0=",
          "dependencies": [
            "aws_vpc.aws_aidevops_default_vpc",
            "aws_iam_policy.arn_aws_iam__180217099948_policy_api_suite_automation_policy",
            "aws_sns_topic_policy.arn_aws_sns_us_west_2_180217099948_retroboard_alerts",
            "aws_launch_template.lt_09941c90104dafb26",
            "aws_vpc.vpc_06cab6363775ce4b0"
          ]
        }
      ]
    },
    {
      "mode": "managed",
      "type": "aws_subnet",
      "name": "public_subnet_1",
      "provider": "provider[\"registry.terraform.io/hashicorp/aws\"]",
      "instances": [
        {
          "schema_version": 1,
          "attributes": {
            "arn": "arn:aws:ec2:us-west-2:180217099948:subnet/subnet-0318055baa738f353",
            "assign_ipv6_address_on_creation": false,
            "availability_zone": "us-west-2a",
            "availability_zone_id": "usw2-az1",
            "cidr_block": "172.31.0.0/24",
            "customer_owned_ipv4_pool": "",
            "enable_dns64": false,
            "enable_lni_at_device_index": 0,
            "enable_resource_name_dns_a_record_on_launch": false,
            "enable_resource_name_dns_aaaa_record_on_launch": false,
            "id": "subnet-0318055baa738f353",
            "ipv6_cidr_block": "",
            "ipv6_cidr_block_association_id": "",
            "ipv6_native": false,
            "map_customer_owned_ip_on_launch": false,
            "map_public_ip_on_launch": false,
            "outpost_arn": "",
            "owner_id": "180217099948",
            "private_dns_hostname_type_on_launch": "ip-name",
            "tags": {
              "Name": "public-subnet-1"
            },
            "tags_all": {
              "Name": "public-subnet-1"
            },
            "timeouts": null,
            "vpc_id": "vpc-06cab6363775ce4b0"
          },
          "sensitive_attributes": [],
          "private": "eyJzY2hlbWFfdmVyc2lvbiI6MX0=",
          "dependencies": [
            "aws_sns_topic_policy.arn_aws_sns_us_west_2_180217099948_retroboard_alerts",
            "aws_iam_policy.arn_aws_iam__180217099948_policy_api_suite_automation_policy",
            "aws_vpc.aws_aidevops_default_vpc",
            "aws_launch_template.lt_09941c90104dafb26",
            "aws_vpc.vpc_06cab6363775ce4b0"
          ]
        }
      ]
    },
    {
      "mode": "managed",
      "type": "aws_subnet",
      "name": "public_subnet_2",
      "provider": "provider[\"registry.terraform.io/hashicorp/aws\"]",
      "instances": [
        {
          "schema_version": 1,
          "attributes": {
            "arn": "arn:aws:ec2:us-west-2:180217099948:subnet/subnet-01aab6338303813c9",
            "assign_ipv6_address_on_creation": false,
            "availability_zone": "us-west-2b",
            "availability_zone_id": "usw2-az2",
            "cidr_block": "172.31.1.0/24",
            "customer_owned_ipv4_pool": "",
            "enable_dns64": false,
            "enable_lni_at_device_index": 0,
            "enable_resource_name_dns_a_record_on_launch": false,
            "enable_resource_name_dns_aaaa_record_on_launch": false,
            "id": "subnet-01aab6338303813c9",
            "ipv6_cidr_block": "",
            "ipv6_cidr_block_association_id": "",
            "ipv6_native": false,
            "map_customer_owned_ip_on_launch": false,
            "map_public_ip_on_launch": false,
            "outpost_arn": "",
            "owner_id": "180217099948",
            "private_dns_hostname_type_on_launch": "ip-name",
            "tags": {
              "Name": "public-subnet-2"
            },
            "tags_all": {
              "Name": "public-subnet-2"
            },
            "timeouts": null,
            "vpc_id": "vpc-06cab6363775ce4b0"
          },
          "sensitive_attributes": [],
          "private": "eyJzY2hlbWFfdmVyc2lvbiI6MX0=",
          "dependencies": [
            "aws_iam_policy.arn_aws_iam__180217099948_policy_api_suite_automation_policy",
            "aws_launch_template.lt_09941c90104dafb26",
            "aws_sns_topic_policy.arn_aws_sns_us_west_2_180217099948_retroboard_alerts",
            "aws_vpc.vpc_06cab6363775ce4b0",
            "aws_vpc.aws_aidevops_default_vpc"
          ]
        }
      ]
    },
    {
      "mode": "managed",
      "type": "aws_subnet",
      "name": "public_subnet_3",
      "provider": "provider[\"registry.terraform.io/hashicorp/aws\"]",
      "instances": [
        {
          "schema_version": 1,
          "attributes": {
            "arn": "arn:aws:ec2:us-west-2:180217099948:subnet/subnet-0d5e0f476083b7d6b",
            "assign_ipv6_address_on_creation": false,
            "availability_zone": "us-west-2c",
            "availability_zone_id": "usw2-az3",
            "cidr_block": "172.31.2.0/24",
            "customer_owned_ipv4_pool": "",
            "enable_dns64": false,
            "enable_lni_at_device_index": 0,
            "enable_resource_name_dns_a_record_on_launch": false,
            "enable_resource_name_dns_aaaa_record_on_launch": false,
            "id": "subnet-0d5e0f476083b7d6b",
            "ipv6_cidr_block": "",
            "ipv6_cidr_block_association_id": "",
            "ipv6_native": false,
            "map_customer_owned_ip_on_launch": false,
            "map_public_ip_on_launch": false,
            "outpost_arn": "",
            "owner_id": "180217099948",
            "private_dns_hostname_type_on_launch": "ip-name",
            "tags": {
              "Name": "public-subnet-3"
            },
            "tags_all": {
              "Name": "public-subnet-3"
            },
            "timeouts": null,
            "vpc_id": "vpc-06cab6363775ce4b0"
          },
          "sensitive_attributes": [],
          "private": "eyJzY2hlbWFfdmVyc2lvbiI6MX0=",
          "dependencies": [
            "aws_launch_template.lt_09941c90104dafb26",
            "aws_vpc.aws_aidevops_default_vpc",
            "aws_vpc.vpc_06cab6363775ce4b0",
            "aws_iam_policy.arn_aws_iam__180217099948_policy_api_suite_automation_policy",
            "aws_sns_topic_policy.arn_aws_sns_us_west_2_180217099948_retroboard_alerts"
          ]
        }
      ]
    },
    {
      "mode": "managed",
      "type": "aws_subnet",
      "name": "public_subnet_4",
      "provider": "provider[\"registry.terraform.io/hashicorp/aws\"]",
      "instances": [
        {
          "schema_version": 1,
          "attributes": {
            "arn": "arn:aws:ec2:us-west-2:180217099948:subnet/subnet-00bf20f9f86d0a6b4",
            "assign_ipv6_address_on_creation": false,
            "availability_zone": "us-west-2d",
            "availability_zone_id": "usw2-az4",
            "cidr_block": "172.31.3.0/24",
            "customer_owned_ipv4_pool": "",
            "enable_dns64": false,
            "enable_lni_at_device_index": 0,
            "enable_resource_name_dns_a_record_on_launch": false,
            "enable_resource_name_dns_aaaa_record_on_launch": false,
            "id": "subnet-00bf20f9f86d0a6b4",
            "ipv6_cidr_block": "",
            "ipv6_cidr_block_association_id": "",
            "ipv6_native": false,
            "map_customer_owned_ip_on_launch": false,
            "map_public_ip_on_launch": false,
            "outpost_arn": "",
            "owner_id": "180217099948",
            "private_dns_hostname_type_on_launch": "ip-name",
            "tags": {
              "Name": "public-subnet-4"
            },
            "tags_all": {
              "Name": "public-subnet-4"
            },
            "timeouts": null,
            "vpc_id": "vpc-06cab6363775ce4b0"
          },
          "sensitive_attributes": [],
          "private": "eyJzY2hlbWFfdmVyc2lvbiI6MX0=",
          "dependencies": [
            "aws_vpc.aws_aidevops_default_vpc",
            "aws_launch_template.lt_09941c90104dafb26",
            "aws_iam_policy.arn_aws_iam__180217099948_policy_api_suite_automation_policy",
            "aws_sns_topic_policy.arn_aws_sns_us_west_2_180217099948_retroboard_alerts",
            "aws_vpc.vpc_06cab6363775ce4b0"
          ]
        }
      ]
    },
    {
      "mode": "managed",
      "type": "aws_subnet",
      "name": "workshop_public_subnet_1",
      "provider": "provider[\"registry.terraform.io/hashicorp/aws\"]",
      "instances": [
        {
          "schema_version": 1,
          "attributes": {
            "arn": "arn:aws:ec2:us-west-2:180217099948:subnet/subnet-037673c4c5b34bc86",
            "assign_ipv6_address_on_creation": false,
            "availability_zone": "us-west-2a",
            "availability_zone_id": "usw2-az1",
            "cidr_block": "10.0.1.0/24",
            "customer_owned_ipv4_pool": "",
            "enable_dns64": false,
            "enable_lni_at_device_index": 0,
            "enable_resource_name_dns_a_record_on_launch": false,
            "enable_resource_name_dns_aaaa_record_on_launch": false,
            "id": "subnet-037673c4c5b34bc86",
            "ipv6_cidr_block": "",
            "ipv6_cidr_block_association_id": "",
            "ipv6_native": false,
            "map_customer_owned_ip_on_launch": false,
            "map_public_ip_on_launch": true,
            "outpost_arn": "",
            "owner_id": "180217099948",
            "private_dns_hostname_type_on_launch": "ip-name",
            "tags": {
              "Component": "network",
              "ManagedBy": "Terraform",
              "Name": "workshop-public-subnet-1",
              "Project": "workshop",
              "do-not-delete": "true"
            },
            "tags_all": {
              "Component": "network",
              "ManagedBy": "Terraform",
              "Name": "workshop-public-subnet-1",
              "Project": "workshop",
              "do-not-delete": "true"
            },
            "timeouts": null,
            "vpc_id": "vpc-02814c9f8a44aee3d"
          },
          "sensitive_attributes": [],
          "private": "eyJzY2hlbWFfdmVyc2lvbiI6MX0=",
          "dependencies": [
            "aws_vpc.aws_aidevops_default_vpc",
            "aws_sns_topic_policy.arn_aws_sns_us_west_2_180217099948_retroboard_alerts",
            "aws_iam_policy.arn_aws_iam__180217099948_policy_api_suite_automation_policy",
            "aws_vpc.workshop_vpc"
          ]
        }
      ]
    },
    {
      "mode": "managed",
      "type": "aws_subnet",
      "name": "workshop_public_subnet_2",
      "provider": "provider[\"registry.terraform.io/hashicorp/aws\"]",
      "instances": [
        {
          "schema_version": 1,
          "attributes": {
            "arn": "arn:aws:ec2:us-west-2:180217099948:subnet/subnet-085a48c6f602378d4",
            "assign_ipv6_address_on_creation": false,
            "availability_zone": "us-west-2b",
            "availability_zone_id": "usw2-az2",
            "cidr_block": "10.0.2.0/24",
            "customer_owned_ipv4_pool": "",
            "enable_dns64": false,
            "enable_lni_at_device_index": 0,
            "enable_resource_name_dns_a_record_on_launch": false,
            "enable_resource_name_dns_aaaa_record_on_launch": false,
            "id": "subnet-085a48c6f602378d4",
            "ipv6_cidr_block": "",
            "ipv6_cidr_block_association_id": "",
            "ipv6_native": false,
            "map_customer_owned_ip_on_launch": false,
            "map_public_ip_on_launch": true,
            "outpost_arn": "",
            "owner_id": "180217099948",
            "private_dns_hostname_type_on_launch": "ip-name",
            "tags": {
              "Component": "network",
              "ManagedBy": "Terraform",
              "Name": "workshop-public-subnet-2",
              "Project": "workshop",
              "do-not-delete": "true"
            },
            "tags_all": {
              "Component": "network",
              "ManagedBy": "Terraform",
              "Name": "workshop-public-subnet-2",
              "Project": "workshop",
              "do-not-delete": "true"
            },
            "timeouts": null,
            "vpc_id": "vpc-02814c9f8a44aee3d"
          },
          "sensitive_attributes": [],
          "private": "eyJzY2hlbWFfdmVyc2lvbiI6MX0=",
          "dependencies": [
            "aws_iam_policy.arn_aws_iam__180217099948_policy_api_suite_automation_policy",
            "aws_vpc.workshop_vpc",
            "aws_sns_topic_policy.arn_aws_sns_us_west_2_180217099948_retroboard_alerts",
            "aws_vpc.aws_aidevops_default_vpc"
          ]
        }
      ]
    },
    {
      "mode": "managed",
      "type": "aws_vpc",
      "name": "ai_sre_demo",
      "provider": "provider[\"registry.terraform.io/hashicorp/aws\"]",
      "instances": [
        {
          "schema_version": 1,
          "attributes": {
            "arn": "arn:aws:ec2:us-west-2:180217099948:vpc/vpc-08addde25db60cdd3",
            "assign_generated_ipv6_cidr_block": false,
            "cidr_block": "10.0.0.0/16",
            "default_network_acl_id": "acl-08e898c17ee3d3e18",
            "default_route_table_id": "rtb-03cda02ae77802074",
            "default_security_group_id": "sg-0f6869c58b81b7469",
            "dhcp_options_id": "dopt-0bb1f14359b70c893",
            "enable_dns_hostnames": true,
            "enable_dns_support": true,
            "enable_network_address_usage_metrics": false,
            "id": "vpc-08addde25db60cdd3",
            "instance_tenancy": "default",
            "ipv4_ipam_pool_id": null,
            "ipv4_netmask_length": null,
            "ipv6_association_id": "",
            "ipv6_cidr_block": "",
            "ipv6_cidr_block_network_border_group": "",
            "ipv6_ipam_pool_id": "",
            "ipv6_netmask_length": 0,
            "main_route_table_id": "rtb-03cda02ae77802074",
            "owner_id": "180217099948",
            "tags": {
              "DoNotDelete": "true",
              "Environment": "production",
              "ManagedBy": "terraform",
              "Name": "ai-sre-demo",
              "Project": "ai-sre-demo",
              "do-not-delete": "true",
              "donotdelete": "true"
            },
            "tags_all": {
              "DoNotDelete": "true",
              "Environment": "production",
              "ManagedBy": "terraform",
              "Name": "ai-sre-demo",
              "Project": "ai-sre-demo",
              "do-not-delete": "true",
              "donotdelete": "true"
            }
          },
          "sensitive_attributes": [],
          "private": "eyJzY2hlbWFfdmVyc2lvbiI6MX0=",
          "dependencies": [
            "aws_lambda_function.retroboard_slack_alerts",
            "aws_sns_topic_policy.arn_aws_sns_us_west_2_180217099948_retroboard_alerts",
            "aws_iam_policy.arn_aws_iam__180217099948_policy_api_suite_automation_policy"
          ]
        }
      ]
    },
    {
      "mode": "managed",
      "type": "aws_vpc",
      "name": "aws_aidevops_default_vpc",
      "provider": "provider[\"registry.terraform.io/hashicorp/aws\"]",
      "instances": [
        {
          "schema_version": 1,
          "attributes": {
            "arn": "arn:aws:ec2:us-west-2:180217099948:vpc/vpc-03aecb1e85e749ec9",
            "assign_generated_ipv6_cidr_block": false,
            "cidr_block": "10.0.0.0/16",
            "default_network_acl_id": "acl-068dbffd0ee391c34",
            "default_route_table_id": "rtb-00d53d08f1765a46b",
            "default_security_group_id": "sg-087a882b795afe148",
            "dhcp_options_id": "dopt-0bb1f14359b70c893",
            "enable_dns_hostnames": true,
            "enable_dns_support": true,
            "enable_network_address_usage_metrics": false,
            "id": "vpc-03aecb1e85e749ec9",
            "instance_tenancy": "default",
            "ipv4_ipam_pool_id": null,
            "ipv4_netmask_length": null,
            "ipv6_association_id": "",
            "ipv6_cidr_block": "",
            "ipv6_cidr_block_network_border_group": "",
            "ipv6_ipam_pool_id": "",
            "ipv6_netmask_length": 0,
            "main_route_table_id": "rtb-00d53d08f1765a46b",
            "owner_id": "180217099948",
            "tags": {
              "Name": "AWS-AIDevOps-Default-VPC"
            },
            "tags_all": {
              "Name": "AWS-AIDevOps-Default-VPC"
            }
          },
          "sensitive_attributes": [],
          "private": "eyJzY2hlbWFfdmVyc2lvbiI6MX0=",
          "dependencies": [
            "aws_iam_policy.arn_aws_iam__180217099948_policy_api_suite_automation_policy",
            "aws_launch_template.lt_09941c90104dafb26",
            "aws_sns_topic_policy.arn_aws_sns_us_west_2_180217099948_retroboard_alerts"
          ]
        }
      ]
    },
    {
      "mode": "managed",
      "type": "aws_vpc",
      "name": "vpc_06cab6363775ce4b0",
      "provider": "provider[\"registry.terraform.io/hashicorp/aws\"]",
      "instances": [
        {
          "schema_version": 1,
          "attributes": {
            "arn": "arn:aws:ec2:us-west-2:180217099948:vpc/vpc-06cab6363775ce4b0",
            "assign_generated_ipv6_cidr_block": false,
            "cidr_block": "172.31.0.0/16",
            "default_network_acl_id": "acl-03ab84330896569ef",
            "default_route_table_id": "rtb-0affc75d8b5f746ee",
            "default_security_group_id": "sg-07e6a004511fed45e",
            "dhcp_options_id": "dopt-0bb1f14359b70c893",
            "enable_dns_hostnames": true,
            "enable_dns_support": true,
            "enable_network_address_usage_metrics": false,
            "id": "vpc-06cab6363775ce4b0",
            "instance_tenancy": "default",
            "ipv4_ipam_pool_id": null,
            "ipv4_netmask_length": null,
            "ipv6_association_id": "",
            "ipv6_cidr_block": "",
            "ipv6_cidr_block_network_border_group": "",
            "ipv6_ipam_pool_id": "",
            "ipv6_netmask_length": 0,
            "main_route_table_id": "rtb-0affc75d8b5f746ee",
            "owner_id": "180217099948",
            "tags": {},
            "tags_all": {}
          },
          "sensitive_attributes": [],
          "private": "eyJzY2hlbWFfdmVyc2lvbiI6MX0=",
          "dependencies": [
            "aws_iam_policy.arn_aws_iam__180217099948_policy_api_suite_automation_policy",
            "aws_sns_topic_policy.arn_aws_sns_us_west_2_180217099948_retroboard_alerts"
          ]
        }
      ]
    },
    {
      "mode": "managed",
      "type": "aws_vpc",
      "name": "workshop_vpc",
      "provider": "provider[\"registry.terraform.io/hashicorp/aws\"]",
      "instances": [
        {
          "schema_version": 1,
          "attributes": {
            "arn": "arn:aws:ec2:us-west-2:180217099948:vpc/vpc-02814c9f8a44aee3d",
            "assign_generated_ipv6_cidr_block": false,
            "cidr_block": "10.0.0.0/16",
            "default_network_acl_id": "acl-00c9867e48dddad0f",
            "default_route_table_id": "rtb-04b00234d3effc208",
            "default_security_group_id": "sg-0b575c05f44b7716e",
            "dhcp_options_id": "dopt-0bb1f14359b70c893",
            "enable_dns_hostnames": true,
            "enable_dns_support": true,
            "enable_network_address_usage_metrics": false,
            "id": "vpc-02814c9f8a44aee3d",
            "instance_tenancy": "default",
            "ipv4_ipam_pool_id": null,
            "ipv4_netmask_length": null,
            "ipv6_association_id": "",
            "ipv6_cidr_block": "",
            "ipv6_cidr_block_network_border_group": "",
            "ipv6_ipam_pool_id": "",
            "ipv6_netmask_length": 0,
            "main_route_table_id": "rtb-04b00234d3effc208",
            "owner_id": "180217099948",
            "tags": {
              "Component": "network",
              "ManagedBy": "Terraform",
              "Name": "workshop-vpc",
              "Project": "workshop",
              "do-not-delete": "true"
            },
            "tags_all": {
              "Component": "network",
              "ManagedBy": "Terraform",
              "Name": "workshop-vpc",
              "Project": "workshop",
              "do-not-delete": "true"
            }
          },
          "sensitive_attributes": [],
          "private": "eyJzY2hlbWFfdmVyc2lvbiI6MX0=",
          "dependencies": [
            "aws_iam_policy.arn_aws_iam__180217099948_policy_api_suite_automation_policy",
            "aws_sns_topic_policy.arn_aws_sns_us_west_2_180217099948_retroboard_alerts"
          ]
        }
      ]
    }
  ]
}
